{
    "version": 3,
    "terraform_version": "0.11.7",
    "serial": 2,
    "lineage": "5dc73df6-e60e-a64f-aa29-2e085815cfa1",
    "modules": [
        {
            "path": [
                "root"
            ],
            "outputs": {
                "director__internal_ip": {
                    "sensitive": false,
                    "type": "string",
                    "value": "10.0.0.6"
                },
                "director__tags": {
                    "sensitive": false,
                    "type": "list",
                    "value": [
                        "bbl-env-mweru-2018-04-19t03-43z-bosh-director"
                    ]
                },
                "director_address": {
                    "sensitive": false,
                    "type": "string",
                    "value": "https://35.184.81.106:25555"
                },
                "director_name": {
                    "sensitive": false,
                    "type": "string",
                    "value": "bosh-bbl-env-mweru-2018-04-19t03-43z"
                },
                "external_ip": {
                    "sensitive": false,
                    "type": "string",
                    "value": "35.184.81.106"
                },
                "internal_cidr": {
                    "sensitive": false,
                    "type": "string",
                    "value": "10.0.0.0/24"
                },
                "internal_gw": {
                    "sensitive": false,
                    "type": "string",
                    "value": "10.0.0.1"
                },
                "internal_tag_name": {
                    "sensitive": false,
                    "type": "string",
                    "value": "bbl-env-mweru-2018-04-19t03-43z-internal"
                },
                "jumpbox__internal_ip": {
                    "sensitive": false,
                    "type": "string",
                    "value": "10.0.0.5"
                },
                "jumpbox__tags": {
                    "sensitive": false,
                    "type": "list",
                    "value": [
                        "bbl-env-mweru-2018-04-19t03-43z-bosh-open",
                        "bbl-env-mweru-2018-04-19t03-43z-jumpbox"
                    ]
                },
                "jumpbox_url": {
                    "sensitive": false,
                    "type": "string",
                    "value": "35.184.81.106:22"
                },
                "network": {
                    "sensitive": false,
                    "type": "string",
                    "value": "bbl-env-mweru-2018-04-19t03-43z-network"
                },
                "router_backend_service": {
                    "sensitive": false,
                    "type": "string",
                    "value": "bbl-env-mweru-2018-04-19t03-43z-router-lb"
                },
                "router_lb_ip": {
                    "sensitive": false,
                    "type": "string",
                    "value": "35.190.74.166"
                },
                "ssh_proxy_lb_ip": {
                    "sensitive": false,
                    "type": "string",
                    "value": "35.184.17.59"
                },
                "ssh_proxy_target_pool": {
                    "sensitive": false,
                    "type": "string",
                    "value": "bbl-env-mweru-2018-04-19t03-43z-cf-ssh-proxy"
                },
                "subnet_cidr_1": {
                    "sensitive": false,
                    "type": "string",
                    "value": "10.0.16.0/24"
                },
                "subnet_cidr_2": {
                    "sensitive": false,
                    "type": "string",
                    "value": "10.0.32.0/24"
                },
                "subnet_cidr_3": {
                    "sensitive": false,
                    "type": "string",
                    "value": "10.0.48.0/24"
                },
                "subnet_cidr_4": {
                    "sensitive": false,
                    "type": "string",
                    "value": "10.0.64.0/24"
                },
                "subnetwork": {
                    "sensitive": false,
                    "type": "string",
                    "value": "bbl-env-mweru-2018-04-19t03-43z-subnet"
                },
                "tcp_router_lb_ip": {
                    "sensitive": false,
                    "type": "string",
                    "value": "35.184.12.11"
                },
                "tcp_router_target_pool": {
                    "sensitive": false,
                    "type": "string",
                    "value": "bbl-env-mweru-2018-04-19t03-43z-cf-tcp-router"
                },
                "ws_lb_ip": {
                    "sensitive": false,
                    "type": "string",
                    "value": "35.184.12.3"
                },
                "ws_target_pool": {
                    "sensitive": false,
                    "type": "string",
                    "value": "bbl-env-mweru-2018-04-19t03-43z-cf-ws"
                }
            },
            "resources": {
                "google_compute_address.cf-ssh-proxy": {
                    "type": "google_compute_address",
                    "depends_on": [],
                    "primary": {
                        "id": "projects/handson-lab-user8/regions/us-central1/addresses/bbl-env-mweru-2018-04-19t03-43z-cf-ssh-proxy",
                        "attributes": {
                            "address": "35.184.17.59",
                            "address_type": "EXTERNAL",
                            "id": "projects/handson-lab-user8/regions/us-central1/addresses/bbl-env-mweru-2018-04-19t03-43z-cf-ssh-proxy",
                            "name": "bbl-env-mweru-2018-04-19t03-43z-cf-ssh-proxy",
                            "project": "handson-lab-user8",
                            "region": "us-central1",
                            "self_link": "https://www.googleapis.com/compute/v1/projects/handson-lab-user8/regions/us-central1/addresses/bbl-env-mweru-2018-04-19t03-43z-cf-ssh-proxy",
                            "subnetwork": ""
                        },
                        "meta": {
                            "schema_version": "1"
                        },
                        "tainted": false
                    },
                    "deposed": [],
                    "provider": "provider.google"
                },
                "google_compute_address.cf-tcp-router": {
                    "type": "google_compute_address",
                    "depends_on": [],
                    "primary": {
                        "id": "projects/handson-lab-user8/regions/us-central1/addresses/bbl-env-mweru-2018-04-19t03-43z-cf-tcp-router",
                        "attributes": {
                            "address": "35.184.12.11",
                            "address_type": "EXTERNAL",
                            "id": "projects/handson-lab-user8/regions/us-central1/addresses/bbl-env-mweru-2018-04-19t03-43z-cf-tcp-router",
                            "name": "bbl-env-mweru-2018-04-19t03-43z-cf-tcp-router",
                            "project": "handson-lab-user8",
                            "region": "us-central1",
                            "self_link": "https://www.googleapis.com/compute/v1/projects/handson-lab-user8/regions/us-central1/addresses/bbl-env-mweru-2018-04-19t03-43z-cf-tcp-router",
                            "subnetwork": ""
                        },
                        "meta": {
                            "schema_version": "1"
                        },
                        "tainted": false
                    },
                    "deposed": [],
                    "provider": "provider.google"
                },
                "google_compute_address.cf-ws": {
                    "type": "google_compute_address",
                    "depends_on": [],
                    "primary": {
                        "id": "projects/handson-lab-user8/regions/us-central1/addresses/bbl-env-mweru-2018-04-19t03-43z-cf-ws",
                        "attributes": {
                            "address": "35.184.12.3",
                            "address_type": "EXTERNAL",
                            "id": "projects/handson-lab-user8/regions/us-central1/addresses/bbl-env-mweru-2018-04-19t03-43z-cf-ws",
                            "name": "bbl-env-mweru-2018-04-19t03-43z-cf-ws",
                            "project": "handson-lab-user8",
                            "region": "us-central1",
                            "self_link": "https://www.googleapis.com/compute/v1/projects/handson-lab-user8/regions/us-central1/addresses/bbl-env-mweru-2018-04-19t03-43z-cf-ws",
                            "subnetwork": ""
                        },
                        "meta": {
                            "schema_version": "1"
                        },
                        "tainted": false
                    },
                    "deposed": [],
                    "provider": "provider.google"
                },
                "google_compute_address.jumpbox-ip": {
                    "type": "google_compute_address",
                    "depends_on": [],
                    "primary": {
                        "id": "projects/handson-lab-user8/regions/us-central1/addresses/bbl-env-mweru-2018-04-19t03-43z-jumpbox-ip",
                        "attributes": {
                            "address": "35.184.81.106",
                            "address_type": "EXTERNAL",
                            "id": "projects/handson-lab-user8/regions/us-central1/addresses/bbl-env-mweru-2018-04-19t03-43z-jumpbox-ip",
                            "name": "bbl-env-mweru-2018-04-19t03-43z-jumpbox-ip",
                            "project": "handson-lab-user8",
                            "region": "us-central1",
                            "self_link": "https://www.googleapis.com/compute/v1/projects/handson-lab-user8/regions/us-central1/addresses/bbl-env-mweru-2018-04-19t03-43z-jumpbox-ip",
                            "subnetwork": ""
                        },
                        "meta": {
                            "schema_version": "1"
                        },
                        "tainted": false
                    },
                    "deposed": [],
                    "provider": "provider.google"
                },
                "google_compute_backend_service.router-lb-backend-service": {
                    "type": "google_compute_backend_service",
                    "depends_on": [
                        "google_compute_health_check.cf-public-health-check",
                        "google_compute_instance_group.router-lb-0",
                        "google_compute_instance_group.router-lb-1",
                        "google_compute_instance_group.router-lb-2",
                        "google_compute_instance_group.router-lb-3"
                    ],
                    "primary": {
                        "id": "bbl-env-mweru-2018-04-19t03-43z-router-lb",
                        "attributes": {
                            "backend.#": "4",
                            "backend.1289690629.balancing_mode": "UTILIZATION",
                            "backend.1289690629.capacity_scaler": "1",
                            "backend.1289690629.description": "",
                            "backend.1289690629.group": "https://www.googleapis.com/compute/v1/projects/handson-lab-user8/zones/us-central1-b/instanceGroups/bbl-env-mweru-2018-04-19t03-43z-router-lb-1-us-central1-b",
                            "backend.1289690629.max_rate": "0",
                            "backend.1289690629.max_rate_per_instance": "0",
                            "backend.1289690629.max_utilization": "0.8",
                            "backend.1348487429.balancing_mode": "UTILIZATION",
                            "backend.1348487429.capacity_scaler": "1",
                            "backend.1348487429.description": "",
                            "backend.1348487429.group": "https://www.googleapis.com/compute/v1/projects/handson-lab-user8/zones/us-central1-a/instanceGroups/bbl-env-mweru-2018-04-19t03-43z-router-lb-0-us-central1-a",
                            "backend.1348487429.max_rate": "0",
                            "backend.1348487429.max_rate_per_instance": "0",
                            "backend.1348487429.max_utilization": "0.8",
                            "backend.2803966680.balancing_mode": "UTILIZATION",
                            "backend.2803966680.capacity_scaler": "1",
                            "backend.2803966680.description": "",
                            "backend.2803966680.group": "https://www.googleapis.com/compute/v1/projects/handson-lab-user8/zones/us-central1-f/instanceGroups/bbl-env-mweru-2018-04-19t03-43z-router-lb-3-us-central1-f",
                            "backend.2803966680.max_rate": "0",
                            "backend.2803966680.max_rate_per_instance": "0",
                            "backend.2803966680.max_utilization": "0.8",
                            "backend.393135358.balancing_mode": "UTILIZATION",
                            "backend.393135358.capacity_scaler": "1",
                            "backend.393135358.description": "",
                            "backend.393135358.group": "https://www.googleapis.com/compute/v1/projects/handson-lab-user8/zones/us-central1-c/instanceGroups/bbl-env-mweru-2018-04-19t03-43z-router-lb-2-us-central1-c",
                            "backend.393135358.max_rate": "0",
                            "backend.393135358.max_rate_per_instance": "0",
                            "backend.393135358.max_utilization": "0.8",
                            "cdn_policy.#": "1",
                            "cdn_policy.0.cache_key_policy.#": "1",
                            "cdn_policy.0.cache_key_policy.0.include_host": "false",
                            "cdn_policy.0.cache_key_policy.0.include_protocol": "false",
                            "cdn_policy.0.cache_key_policy.0.include_query_string": "false",
                            "cdn_policy.0.cache_key_policy.0.query_string_blacklist.#": "0",
                            "cdn_policy.0.cache_key_policy.0.query_string_whitelist.#": "0",
                            "connection_draining_timeout_sec": "300",
                            "description": "",
                            "enable_cdn": "false",
                            "fingerprint": "3-_r68f2Ooc=",
                            "health_checks.#": "1",
                            "health_checks.1159405307": "https://www.googleapis.com/compute/v1/projects/handson-lab-user8/global/healthChecks/bbl-env-mweru-2018-04-19t03-43z-cf-public",
                            "iap.#": "0",
                            "id": "bbl-env-mweru-2018-04-19t03-43z-router-lb",
                            "name": "bbl-env-mweru-2018-04-19t03-43z-router-lb",
                            "port_name": "https",
                            "project": "handson-lab-user8",
                            "protocol": "HTTPS",
                            "security_policy": "",
                            "self_link": "https://www.googleapis.com/compute/v1/projects/handson-lab-user8/global/backendServices/bbl-env-mweru-2018-04-19t03-43z-router-lb",
                            "session_affinity": "NONE",
                            "timeout_sec": "900"
                        },
                        "meta": {
                            "schema_version": "1"
                        },
                        "tainted": false
                    },
                    "deposed": [],
                    "provider": "provider.google"
                },
                "google_compute_firewall.bosh-director": {
                    "type": "google_compute_firewall",
                    "depends_on": [
                        "google_compute_network.bbl-network"
                    ],
                    "primary": {
                        "id": "bbl-env-mweru-2018-04-19t03-43z-bosh-director",
                        "attributes": {
                            "allow.#": "1",
                            "allow.3848845357.ports.#": "0",
                            "allow.3848845357.protocol": "tcp",
                            "deny.#": "0",
                            "description": "",
                            "destination_ranges.#": "0",
                            "direction": "INGRESS",
                            "id": "bbl-env-mweru-2018-04-19t03-43z-bosh-director",
                            "name": "bbl-env-mweru-2018-04-19t03-43z-bosh-director",
                            "network": "https://www.googleapis.com/compute/v1/projects/handson-lab-user8/global/networks/bbl-env-mweru-2018-04-19t03-43z-network",
                            "priority": "1000",
                            "project": "handson-lab-user8",
                            "self_link": "https://www.googleapis.com/compute/v1/projects/handson-lab-user8/global/firewalls/bbl-env-mweru-2018-04-19t03-43z-bosh-director",
                            "source_ranges.#": "0",
                            "source_service_accounts.#": "0",
                            "source_tags.#": "1",
                            "source_tags.1063184140": "bbl-env-mweru-2018-04-19t03-43z-bosh-director",
                            "target_service_accounts.#": "0",
                            "target_tags.#": "1",
                            "target_tags.2358261763": "bbl-env-mweru-2018-04-19t03-43z-internal"
                        },
                        "meta": {
                            "schema_version": "1"
                        },
                        "tainted": false
                    },
                    "deposed": [],
                    "provider": "provider.google"
                },
                "google_compute_firewall.bosh-open": {
                    "type": "google_compute_firewall",
                    "depends_on": [
                        "google_compute_network.bbl-network"
                    ],
                    "primary": {
                        "id": "bbl-env-mweru-2018-04-19t03-43z-bosh-open",
                        "attributes": {
                            "allow.#": "1",
                            "allow.4272252387.ports.#": "5",
                            "allow.4272252387.ports.0": "22",
                            "allow.4272252387.ports.1": "6868",
                            "allow.4272252387.ports.2": "8443",
                            "allow.4272252387.ports.3": "8844",
                            "allow.4272252387.ports.4": "25555",
                            "allow.4272252387.protocol": "tcp",
                            "deny.#": "0",
                            "description": "",
                            "destination_ranges.#": "0",
                            "direction": "INGRESS",
                            "id": "bbl-env-mweru-2018-04-19t03-43z-bosh-open",
                            "name": "bbl-env-mweru-2018-04-19t03-43z-bosh-open",
                            "network": "https://www.googleapis.com/compute/v1/projects/handson-lab-user8/global/networks/bbl-env-mweru-2018-04-19t03-43z-network",
                            "priority": "1000",
                            "project": "handson-lab-user8",
                            "self_link": "https://www.googleapis.com/compute/v1/projects/handson-lab-user8/global/firewalls/bbl-env-mweru-2018-04-19t03-43z-bosh-open",
                            "source_ranges.#": "0",
                            "source_service_accounts.#": "0",
                            "source_tags.#": "1",
                            "source_tags.412261426": "bbl-env-mweru-2018-04-19t03-43z-bosh-open",
                            "target_service_accounts.#": "0",
                            "target_tags.#": "1",
                            "target_tags.1063184140": "bbl-env-mweru-2018-04-19t03-43z-bosh-director"
                        },
                        "meta": {
                            "schema_version": "1"
                        },
                        "tainted": false
                    },
                    "deposed": [],
                    "provider": "provider.google"
                },
                "google_compute_firewall.cf-health-check": {
                    "type": "google_compute_firewall",
                    "depends_on": [
                        "google_compute_backend_service.router-lb-backend-service",
                        "google_compute_network.bbl-network"
                    ],
                    "primary": {
                        "id": "bbl-env-mweru-2018-04-19t03-43z-cf-health-check",
                        "attributes": {
                            "allow.#": "1",
                            "allow.2226799243.ports.#": "2",
                            "allow.2226799243.ports.0": "8080",
                            "allow.2226799243.ports.1": "80",
                            "allow.2226799243.protocol": "tcp",
                            "deny.#": "0",
                            "description": "",
                            "destination_ranges.#": "0",
                            "direction": "INGRESS",
                            "id": "bbl-env-mweru-2018-04-19t03-43z-cf-health-check",
                            "name": "bbl-env-mweru-2018-04-19t03-43z-cf-health-check",
                            "network": "https://www.googleapis.com/compute/v1/projects/handson-lab-user8/global/networks/bbl-env-mweru-2018-04-19t03-43z-network",
                            "priority": "1000",
                            "project": "handson-lab-user8",
                            "self_link": "https://www.googleapis.com/compute/v1/projects/handson-lab-user8/global/firewalls/bbl-env-mweru-2018-04-19t03-43z-cf-health-check",
                            "source_ranges.#": "2",
                            "source_ranges.2192388802": "130.211.0.0/22",
                            "source_ranges.2394378644": "35.191.0.0/16",
                            "source_service_accounts.#": "0",
                            "source_tags.#": "0",
                            "target_service_accounts.#": "0",
                            "target_tags.#": "1",
                            "target_tags.3581345746": "bbl-env-mweru-2018-04-19t03-43z-router-lb"
                        },
                        "meta": {
                            "schema_version": "1"
                        },
                        "tainted": false
                    },
                    "deposed": [],
                    "provider": "provider.google"
                },
                "google_compute_firewall.cf-ssh-proxy": {
                    "type": "google_compute_firewall",
                    "depends_on": [
                        "google_compute_network.bbl-network",
                        "google_compute_target_pool.cf-ssh-proxy"
                    ],
                    "primary": {
                        "id": "bbl-env-mweru-2018-04-19t03-43z-cf-ssh-proxy-open",
                        "attributes": {
                            "allow.#": "1",
                            "allow.1291519450.ports.#": "1",
                            "allow.1291519450.ports.0": "2222",
                            "allow.1291519450.protocol": "tcp",
                            "deny.#": "0",
                            "description": "",
                            "destination_ranges.#": "0",
                            "direction": "INGRESS",
                            "id": "bbl-env-mweru-2018-04-19t03-43z-cf-ssh-proxy-open",
                            "name": "bbl-env-mweru-2018-04-19t03-43z-cf-ssh-proxy-open",
                            "network": "https://www.googleapis.com/compute/v1/projects/handson-lab-user8/global/networks/bbl-env-mweru-2018-04-19t03-43z-network",
                            "priority": "1000",
                            "project": "handson-lab-user8",
                            "self_link": "https://www.googleapis.com/compute/v1/projects/handson-lab-user8/global/firewalls/bbl-env-mweru-2018-04-19t03-43z-cf-ssh-proxy-open",
                            "source_ranges.#": "1",
                            "source_ranges.1080289494": "0.0.0.0/0",
                            "source_service_accounts.#": "0",
                            "source_tags.#": "0",
                            "target_service_accounts.#": "0",
                            "target_tags.#": "1",
                            "target_tags.2023441866": "bbl-env-mweru-2018-04-19t03-43z-cf-ssh-proxy"
                        },
                        "meta": {
                            "schema_version": "1"
                        },
                        "tainted": false
                    },
                    "deposed": [],
                    "provider": "provider.google"
                },
                "google_compute_firewall.cf-tcp-router": {
                    "type": "google_compute_firewall",
                    "depends_on": [
                        "google_compute_network.bbl-network",
                        "google_compute_target_pool.cf-tcp-router"
                    ],
                    "primary": {
                        "id": "bbl-env-mweru-2018-04-19t03-43z-cf-tcp-router",
                        "attributes": {
                            "allow.#": "1",
                            "allow.4283264114.ports.#": "1",
                            "allow.4283264114.ports.0": "1024-32768",
                            "allow.4283264114.protocol": "tcp",
                            "deny.#": "0",
                            "description": "",
                            "destination_ranges.#": "0",
                            "direction": "INGRESS",
                            "id": "bbl-env-mweru-2018-04-19t03-43z-cf-tcp-router",
                            "name": "bbl-env-mweru-2018-04-19t03-43z-cf-tcp-router",
                            "network": "https://www.googleapis.com/compute/v1/projects/handson-lab-user8/global/networks/bbl-env-mweru-2018-04-19t03-43z-network",
                            "priority": "1000",
                            "project": "handson-lab-user8",
                            "self_link": "https://www.googleapis.com/compute/v1/projects/handson-lab-user8/global/firewalls/bbl-env-mweru-2018-04-19t03-43z-cf-tcp-router",
                            "source_ranges.#": "1",
                            "source_ranges.1080289494": "0.0.0.0/0",
                            "source_service_accounts.#": "0",
                            "source_tags.#": "0",
                            "target_service_accounts.#": "0",
                            "target_tags.#": "1",
                            "target_tags.4092845338": "bbl-env-mweru-2018-04-19t03-43z-cf-tcp-router"
                        },
                        "meta": {
                            "schema_version": "1"
                        },
                        "tainted": false
                    },
                    "deposed": [],
                    "provider": "provider.google"
                },
                "google_compute_firewall.external": {
                    "type": "google_compute_firewall",
                    "depends_on": [
                        "google_compute_network.bbl-network"
                    ],
                    "primary": {
                        "id": "bbl-env-mweru-2018-04-19t03-43z-external",
                        "attributes": {
                            "allow.#": "1",
                            "allow.4201408149.ports.#": "3",
                            "allow.4201408149.ports.0": "22",
                            "allow.4201408149.ports.1": "6868",
                            "allow.4201408149.ports.2": "25555",
                            "allow.4201408149.protocol": "tcp",
                            "deny.#": "0",
                            "description": "",
                            "destination_ranges.#": "0",
                            "direction": "INGRESS",
                            "id": "bbl-env-mweru-2018-04-19t03-43z-external",
                            "name": "bbl-env-mweru-2018-04-19t03-43z-external",
                            "network": "https://www.googleapis.com/compute/v1/projects/handson-lab-user8/global/networks/bbl-env-mweru-2018-04-19t03-43z-network",
                            "priority": "1000",
                            "project": "handson-lab-user8",
                            "self_link": "https://www.googleapis.com/compute/v1/projects/handson-lab-user8/global/firewalls/bbl-env-mweru-2018-04-19t03-43z-external",
                            "source_ranges.#": "1",
                            "source_ranges.1080289494": "0.0.0.0/0",
                            "source_service_accounts.#": "0",
                            "source_tags.#": "0",
                            "target_service_accounts.#": "0",
                            "target_tags.#": "1",
                            "target_tags.412261426": "bbl-env-mweru-2018-04-19t03-43z-bosh-open"
                        },
                        "meta": {
                            "schema_version": "1"
                        },
                        "tainted": false
                    },
                    "deposed": [],
                    "provider": "provider.google"
                },
                "google_compute_firewall.firewall-cf": {
                    "type": "google_compute_firewall",
                    "depends_on": [
                        "google_compute_backend_service.router-lb-backend-service",
                        "google_compute_network.bbl-network"
                    ],
                    "primary": {
                        "id": "bbl-env-mweru-2018-04-19t03-43z-cf-open",
                        "attributes": {
                            "allow.#": "1",
                            "allow.1250112605.ports.#": "2",
                            "allow.1250112605.ports.0": "80",
                            "allow.1250112605.ports.1": "443",
                            "allow.1250112605.protocol": "tcp",
                            "deny.#": "0",
                            "description": "",
                            "destination_ranges.#": "0",
                            "direction": "INGRESS",
                            "id": "bbl-env-mweru-2018-04-19t03-43z-cf-open",
                            "name": "bbl-env-mweru-2018-04-19t03-43z-cf-open",
                            "network": "https://www.googleapis.com/compute/v1/projects/handson-lab-user8/global/networks/bbl-env-mweru-2018-04-19t03-43z-network",
                            "priority": "1000",
                            "project": "handson-lab-user8",
                            "self_link": "https://www.googleapis.com/compute/v1/projects/handson-lab-user8/global/firewalls/bbl-env-mweru-2018-04-19t03-43z-cf-open",
                            "source_ranges.#": "1",
                            "source_ranges.1080289494": "0.0.0.0/0",
                            "source_service_accounts.#": "0",
                            "source_tags.#": "0",
                            "target_service_accounts.#": "0",
                            "target_tags.#": "1",
                            "target_tags.3581345746": "bbl-env-mweru-2018-04-19t03-43z-router-lb"
                        },
                        "meta": {
                            "schema_version": "1"
                        },
                        "tainted": false
                    },
                    "deposed": [],
                    "provider": "provider.google"
                },
                "google_compute_firewall.internal": {
                    "type": "google_compute_firewall",
                    "depends_on": [
                        "google_compute_network.bbl-network"
                    ],
                    "primary": {
                        "id": "bbl-env-mweru-2018-04-19t03-43z-internal",
                        "attributes": {
                            "allow.#": "3",
                            "allow.1367131964.ports.#": "0",
                            "allow.1367131964.protocol": "icmp",
                            "allow.1486604749.ports.#": "0",
                            "allow.1486604749.protocol": "udp",
                            "allow.3848845357.ports.#": "0",
                            "allow.3848845357.protocol": "tcp",
                            "deny.#": "0",
                            "description": "",
                            "destination_ranges.#": "0",
                            "direction": "INGRESS",
                            "id": "bbl-env-mweru-2018-04-19t03-43z-internal",
                            "name": "bbl-env-mweru-2018-04-19t03-43z-internal",
                            "network": "https://www.googleapis.com/compute/v1/projects/handson-lab-user8/global/networks/bbl-env-mweru-2018-04-19t03-43z-network",
                            "priority": "1000",
                            "project": "handson-lab-user8",
                            "self_link": "https://www.googleapis.com/compute/v1/projects/handson-lab-user8/global/firewalls/bbl-env-mweru-2018-04-19t03-43z-internal",
                            "source_ranges.#": "0",
                            "source_service_accounts.#": "0",
                            "source_tags.#": "1",
                            "source_tags.2358261763": "bbl-env-mweru-2018-04-19t03-43z-internal",
                            "target_service_accounts.#": "0",
                            "target_tags.#": "1",
                            "target_tags.2358261763": "bbl-env-mweru-2018-04-19t03-43z-internal"
                        },
                        "meta": {
                            "schema_version": "1"
                        },
                        "tainted": false
                    },
                    "deposed": [],
                    "provider": "provider.google"
                },
                "google_compute_firewall.internal-to-director": {
                    "type": "google_compute_firewall",
                    "depends_on": [
                        "google_compute_network.bbl-network"
                    ],
                    "primary": {
                        "id": "bbl-env-mweru-2018-04-19t03-43z-internal-to-director",
                        "attributes": {
                            "allow.#": "1",
                            "allow.3979585702.ports.#": "3",
                            "allow.3979585702.ports.0": "4222",
                            "allow.3979585702.ports.1": "25250",
                            "allow.3979585702.ports.2": "25777",
                            "allow.3979585702.protocol": "tcp",
                            "deny.#": "0",
                            "description": "",
                            "destination_ranges.#": "0",
                            "direction": "INGRESS",
                            "id": "bbl-env-mweru-2018-04-19t03-43z-internal-to-director",
                            "name": "bbl-env-mweru-2018-04-19t03-43z-internal-to-director",
                            "network": "https://www.googleapis.com/compute/v1/projects/handson-lab-user8/global/networks/bbl-env-mweru-2018-04-19t03-43z-network",
                            "priority": "1000",
                            "project": "handson-lab-user8",
                            "self_link": "https://www.googleapis.com/compute/v1/projects/handson-lab-user8/global/firewalls/bbl-env-mweru-2018-04-19t03-43z-internal-to-director",
                            "source_ranges.#": "0",
                            "source_service_accounts.#": "0",
                            "source_tags.#": "1",
                            "source_tags.2358261763": "bbl-env-mweru-2018-04-19t03-43z-internal",
                            "target_service_accounts.#": "0",
                            "target_tags.#": "1",
                            "target_tags.1063184140": "bbl-env-mweru-2018-04-19t03-43z-bosh-director"
                        },
                        "meta": {
                            "schema_version": "1"
                        },
                        "tainted": false
                    },
                    "deposed": [],
                    "provider": "provider.google"
                },
                "google_compute_firewall.jumpbox-to-all": {
                    "type": "google_compute_firewall",
                    "depends_on": [
                        "google_compute_network.bbl-network"
                    ],
                    "primary": {
                        "id": "bbl-env-mweru-2018-04-19t03-43z-jumpbox-to-all",
                        "attributes": {
                            "allow.#": "1",
                            "allow.910322396.ports.#": "2",
                            "allow.910322396.ports.0": "22",
                            "allow.910322396.ports.1": "3389",
                            "allow.910322396.protocol": "tcp",
                            "deny.#": "0",
                            "description": "",
                            "destination_ranges.#": "0",
                            "direction": "INGRESS",
                            "id": "bbl-env-mweru-2018-04-19t03-43z-jumpbox-to-all",
                            "name": "bbl-env-mweru-2018-04-19t03-43z-jumpbox-to-all",
                            "network": "https://www.googleapis.com/compute/v1/projects/handson-lab-user8/global/networks/bbl-env-mweru-2018-04-19t03-43z-network",
                            "priority": "1000",
                            "project": "handson-lab-user8",
                            "self_link": "https://www.googleapis.com/compute/v1/projects/handson-lab-user8/global/firewalls/bbl-env-mweru-2018-04-19t03-43z-jumpbox-to-all",
                            "source_ranges.#": "0",
                            "source_service_accounts.#": "0",
                            "source_tags.#": "1",
                            "source_tags.2142634110": "bbl-env-mweru-2018-04-19t03-43z-jumpbox",
                            "target_service_accounts.#": "0",
                            "target_tags.#": "2",
                            "target_tags.1063184140": "bbl-env-mweru-2018-04-19t03-43z-bosh-director",
                            "target_tags.2358261763": "bbl-env-mweru-2018-04-19t03-43z-internal"
                        },
                        "meta": {
                            "schema_version": "1"
                        },
                        "tainted": false
                    },
                    "deposed": [],
                    "provider": "provider.google"
                },
                "google_compute_forwarding_rule.cf-ssh-proxy": {
                    "type": "google_compute_forwarding_rule",
                    "depends_on": [
                        "google_compute_address.cf-ssh-proxy",
                        "google_compute_target_pool.cf-ssh-proxy"
                    ],
                    "primary": {
                        "id": "bbl-env-mweru-2018-04-19t03-43z-cf-ssh-proxy",
                        "attributes": {
                            "backend_service": "",
                            "description": "",
                            "id": "bbl-env-mweru-2018-04-19t03-43z-cf-ssh-proxy",
                            "ip_address": "35.184.17.59",
                            "ip_protocol": "TCP",
                            "load_balancing_scheme": "EXTERNAL",
                            "name": "bbl-env-mweru-2018-04-19t03-43z-cf-ssh-proxy",
                            "network": "",
                            "port_range": "2222-2222",
                            "ports.#": "0",
                            "project": "handson-lab-user8",
                            "region": "us-central1",
                            "self_link": "https://www.googleapis.com/compute/v1/projects/handson-lab-user8/regions/us-central1/forwardingRules/bbl-env-mweru-2018-04-19t03-43z-cf-ssh-proxy",
                            "subnetwork": "",
                            "target": "https://www.googleapis.com/compute/v1/projects/handson-lab-user8/regions/us-central1/targetPools/bbl-env-mweru-2018-04-19t03-43z-cf-ssh-proxy"
                        },
                        "meta": {},
                        "tainted": false
                    },
                    "deposed": [],
                    "provider": "provider.google"
                },
                "google_compute_forwarding_rule.cf-tcp-router": {
                    "type": "google_compute_forwarding_rule",
                    "depends_on": [
                        "google_compute_address.cf-tcp-router",
                        "google_compute_target_pool.cf-tcp-router"
                    ],
                    "primary": {
                        "id": "bbl-env-mweru-2018-04-19t03-43z-cf-tcp-router",
                        "attributes": {
                            "backend_service": "",
                            "description": "",
                            "id": "bbl-env-mweru-2018-04-19t03-43z-cf-tcp-router",
                            "ip_address": "35.184.12.11",
                            "ip_protocol": "TCP",
                            "load_balancing_scheme": "EXTERNAL",
                            "name": "bbl-env-mweru-2018-04-19t03-43z-cf-tcp-router",
                            "network": "",
                            "port_range": "1024-32768",
                            "ports.#": "0",
                            "project": "handson-lab-user8",
                            "region": "us-central1",
                            "self_link": "https://www.googleapis.com/compute/v1/projects/handson-lab-user8/regions/us-central1/forwardingRules/bbl-env-mweru-2018-04-19t03-43z-cf-tcp-router",
                            "subnetwork": "",
                            "target": "https://www.googleapis.com/compute/v1/projects/handson-lab-user8/regions/us-central1/targetPools/bbl-env-mweru-2018-04-19t03-43z-cf-tcp-router"
                        },
                        "meta": {},
                        "tainted": false
                    },
                    "deposed": [],
                    "provider": "provider.google"
                },
                "google_compute_forwarding_rule.cf-ws-http": {
                    "type": "google_compute_forwarding_rule",
                    "depends_on": [
                        "google_compute_address.cf-ws",
                        "google_compute_target_pool.cf-ws"
                    ],
                    "primary": {
                        "id": "bbl-env-mweru-2018-04-19t03-43z-cf-ws-http",
                        "attributes": {
                            "backend_service": "",
                            "description": "",
                            "id": "bbl-env-mweru-2018-04-19t03-43z-cf-ws-http",
                            "ip_address": "35.184.12.3",
                            "ip_protocol": "TCP",
                            "load_balancing_scheme": "EXTERNAL",
                            "name": "bbl-env-mweru-2018-04-19t03-43z-cf-ws-http",
                            "network": "",
                            "port_range": "80-80",
                            "ports.#": "0",
                            "project": "handson-lab-user8",
                            "region": "us-central1",
                            "self_link": "https://www.googleapis.com/compute/v1/projects/handson-lab-user8/regions/us-central1/forwardingRules/bbl-env-mweru-2018-04-19t03-43z-cf-ws-http",
                            "subnetwork": "",
                            "target": "https://www.googleapis.com/compute/v1/projects/handson-lab-user8/regions/us-central1/targetPools/bbl-env-mweru-2018-04-19t03-43z-cf-ws"
                        },
                        "meta": {},
                        "tainted": false
                    },
                    "deposed": [],
                    "provider": "provider.google"
                },
                "google_compute_forwarding_rule.cf-ws-https": {
                    "type": "google_compute_forwarding_rule",
                    "depends_on": [
                        "google_compute_address.cf-ws",
                        "google_compute_target_pool.cf-ws"
                    ],
                    "primary": {
                        "id": "bbl-env-mweru-2018-04-19t03-43z-cf-ws-https",
                        "attributes": {
                            "backend_service": "",
                            "description": "",
                            "id": "bbl-env-mweru-2018-04-19t03-43z-cf-ws-https",
                            "ip_address": "35.184.12.3",
                            "ip_protocol": "TCP",
                            "load_balancing_scheme": "EXTERNAL",
                            "name": "bbl-env-mweru-2018-04-19t03-43z-cf-ws-https",
                            "network": "",
                            "port_range": "443-443",
                            "ports.#": "0",
                            "project": "handson-lab-user8",
                            "region": "us-central1",
                            "self_link": "https://www.googleapis.com/compute/v1/projects/handson-lab-user8/regions/us-central1/forwardingRules/bbl-env-mweru-2018-04-19t03-43z-cf-ws-https",
                            "subnetwork": "",
                            "target": "https://www.googleapis.com/compute/v1/projects/handson-lab-user8/regions/us-central1/targetPools/bbl-env-mweru-2018-04-19t03-43z-cf-ws"
                        },
                        "meta": {},
                        "tainted": false
                    },
                    "deposed": [],
                    "provider": "provider.google"
                },
                "google_compute_global_address.cf-address": {
                    "type": "google_compute_global_address",
                    "depends_on": [],
                    "primary": {
                        "id": "bbl-env-mweru-2018-04-19t03-43z-cf",
                        "attributes": {
                            "address": "35.190.74.166",
                            "id": "bbl-env-mweru-2018-04-19t03-43z-cf",
                            "ip_version": "",
                            "name": "bbl-env-mweru-2018-04-19t03-43z-cf",
                            "project": "handson-lab-user8",
                            "self_link": "https://www.googleapis.com/compute/v1/projects/handson-lab-user8/global/addresses/bbl-env-mweru-2018-04-19t03-43z-cf"
                        },
                        "meta": {},
                        "tainted": false
                    },
                    "deposed": [],
                    "provider": "provider.google"
                },
                "google_compute_global_forwarding_rule.cf-http-forwarding-rule": {
                    "type": "google_compute_global_forwarding_rule",
                    "depends_on": [
                        "google_compute_global_address.cf-address",
                        "google_compute_target_http_proxy.cf-http-lb-proxy"
                    ],
                    "primary": {
                        "id": "bbl-env-mweru-2018-04-19t03-43z-cf-http",
                        "attributes": {
                            "description": "",
                            "id": "bbl-env-mweru-2018-04-19t03-43z-cf-http",
                            "ip_address": "35.190.74.166",
                            "ip_protocol": "TCP",
                            "ip_version": "",
                            "label_fingerprint": "",
                            "labels.%": "0",
                            "name": "bbl-env-mweru-2018-04-19t03-43z-cf-http",
                            "port_range": "80-80",
                            "project": "handson-lab-user8",
                            "self_link": "https://www.googleapis.com/compute/v1/projects/handson-lab-user8/global/forwardingRules/bbl-env-mweru-2018-04-19t03-43z-cf-http",
                            "target": "https://www.googleapis.com/compute/v1/projects/handson-lab-user8/global/targetHttpProxies/bbl-env-mweru-2018-04-19t03-43z-http-proxy"
                        },
                        "meta": {},
                        "tainted": false
                    },
                    "deposed": [],
                    "provider": "provider.google"
                },
                "google_compute_global_forwarding_rule.cf-https-forwarding-rule": {
                    "type": "google_compute_global_forwarding_rule",
                    "depends_on": [
                        "google_compute_global_address.cf-address",
                        "google_compute_target_https_proxy.cf-https-lb-proxy"
                    ],
                    "primary": {
                        "id": "bbl-env-mweru-2018-04-19t03-43z-cf-https",
                        "attributes": {
                            "description": "",
                            "id": "bbl-env-mweru-2018-04-19t03-43z-cf-https",
                            "ip_address": "35.190.74.166",
                            "ip_protocol": "TCP",
                            "ip_version": "",
                            "label_fingerprint": "",
                            "labels.%": "0",
                            "name": "bbl-env-mweru-2018-04-19t03-43z-cf-https",
                            "port_range": "443-443",
                            "project": "handson-lab-user8",
                            "self_link": "https://www.googleapis.com/compute/v1/projects/handson-lab-user8/global/forwardingRules/bbl-env-mweru-2018-04-19t03-43z-cf-https",
                            "target": "https://www.googleapis.com/compute/v1/projects/handson-lab-user8/global/targetHttpsProxies/bbl-env-mweru-2018-04-19t03-43z-https-proxy"
                        },
                        "meta": {},
                        "tainted": false
                    },
                    "deposed": [],
                    "provider": "provider.google"
                },
                "google_compute_health_check.cf-public-health-check": {
                    "type": "google_compute_health_check",
                    "depends_on": [],
                    "primary": {
                        "id": "bbl-env-mweru-2018-04-19t03-43z-cf-public",
                        "attributes": {
                            "check_interval_sec": "5",
                            "description": "",
                            "healthy_threshold": "2",
                            "http_health_check.#": "1",
                            "http_health_check.0.host": "",
                            "http_health_check.0.port": "8080",
                            "http_health_check.0.proxy_header": "NONE",
                            "http_health_check.0.request_path": "/health",
                            "https_health_check.#": "0",
                            "id": "bbl-env-mweru-2018-04-19t03-43z-cf-public",
                            "name": "bbl-env-mweru-2018-04-19t03-43z-cf-public",
                            "project": "handson-lab-user8",
                            "self_link": "https://www.googleapis.com/compute/v1/projects/handson-lab-user8/global/healthChecks/bbl-env-mweru-2018-04-19t03-43z-cf-public",
                            "ssl_health_check.#": "0",
                            "tcp_health_check.#": "0",
                            "timeout_sec": "5",
                            "unhealthy_threshold": "2"
                        },
                        "meta": {},
                        "tainted": false
                    },
                    "deposed": [],
                    "provider": "provider.google"
                },
                "google_compute_http_health_check.cf-public-health-check": {
                    "type": "google_compute_http_health_check",
                    "depends_on": [],
                    "primary": {
                        "id": "bbl-env-mweru-2018-04-19t03-43z-cf",
                        "attributes": {
                            "check_interval_sec": "5",
                            "creation_timestamp": "2018-04-18T20:43:31.820-07:00",
                            "description": "",
                            "healthy_threshold": "2",
                            "host": "",
                            "id": "bbl-env-mweru-2018-04-19t03-43z-cf",
                            "name": "bbl-env-mweru-2018-04-19t03-43z-cf",
                            "port": "8080",
                            "project": "handson-lab-user8",
                            "request_path": "/health",
                            "self_link": "https://www.googleapis.com/compute/v1/projects/handson-lab-user8/global/httpHealthChecks/bbl-env-mweru-2018-04-19t03-43z-cf",
                            "timeout_sec": "5",
                            "unhealthy_threshold": "2"
                        },
                        "meta": {
                            "e2bfb730-ecaa-11e6-8f88-34363bc7c4c0": {
                                "create": 240000000000,
                                "delete": 240000000000,
                                "update": 240000000000
                            }
                        },
                        "tainted": false
                    },
                    "deposed": [],
                    "provider": "provider.google"
                },
                "google_compute_http_health_check.cf-tcp-router": {
                    "type": "google_compute_http_health_check",
                    "depends_on": [],
                    "primary": {
                        "id": "bbl-env-mweru-2018-04-19t03-43z-cf-tcp-router",
                        "attributes": {
                            "check_interval_sec": "5",
                            "creation_timestamp": "2018-04-18T20:43:31.743-07:00",
                            "description": "",
                            "healthy_threshold": "2",
                            "host": "",
                            "id": "bbl-env-mweru-2018-04-19t03-43z-cf-tcp-router",
                            "name": "bbl-env-mweru-2018-04-19t03-43z-cf-tcp-router",
                            "port": "80",
                            "project": "handson-lab-user8",
                            "request_path": "/health",
                            "self_link": "https://www.googleapis.com/compute/v1/projects/handson-lab-user8/global/httpHealthChecks/bbl-env-mweru-2018-04-19t03-43z-cf-tcp-router",
                            "timeout_sec": "5",
                            "unhealthy_threshold": "2"
                        },
                        "meta": {
                            "e2bfb730-ecaa-11e6-8f88-34363bc7c4c0": {
                                "create": 240000000000,
                                "delete": 240000000000,
                                "update": 240000000000
                            }
                        },
                        "tainted": false
                    },
                    "deposed": [],
                    "provider": "provider.google"
                },
                "google_compute_instance_group.router-lb-0": {
                    "type": "google_compute_instance_group",
                    "depends_on": [],
                    "primary": {
                        "id": "us-central1-a/bbl-env-mweru-2018-04-19t03-43z-router-lb-0-us-central1-a",
                        "attributes": {
                            "description": "terraform generated instance group that is multi-zone for https loadbalancing",
                            "id": "us-central1-a/bbl-env-mweru-2018-04-19t03-43z-router-lb-0-us-central1-a",
                            "instances.#": "0",
                            "name": "bbl-env-mweru-2018-04-19t03-43z-router-lb-0-us-central1-a",
                            "named_port.#": "1",
                            "named_port.0.name": "https",
                            "named_port.0.port": "443",
                            "network": "",
                            "project": "handson-lab-user8",
                            "self_link": "https://www.googleapis.com/compute/v1/projects/handson-lab-user8/zones/us-central1-a/instanceGroups/bbl-env-mweru-2018-04-19t03-43z-router-lb-0-us-central1-a",
                            "size": "0",
                            "zone": "us-central1-a"
                        },
                        "meta": {
                            "schema_version": "2"
                        },
                        "tainted": false
                    },
                    "deposed": [],
                    "provider": "provider.google"
                },
                "google_compute_instance_group.router-lb-1": {
                    "type": "google_compute_instance_group",
                    "depends_on": [],
                    "primary": {
                        "id": "us-central1-b/bbl-env-mweru-2018-04-19t03-43z-router-lb-1-us-central1-b",
                        "attributes": {
                            "description": "terraform generated instance group that is multi-zone for https loadbalancing",
                            "id": "us-central1-b/bbl-env-mweru-2018-04-19t03-43z-router-lb-1-us-central1-b",
                            "instances.#": "0",
                            "name": "bbl-env-mweru-2018-04-19t03-43z-router-lb-1-us-central1-b",
                            "named_port.#": "1",
                            "named_port.0.name": "https",
                            "named_port.0.port": "443",
                            "network": "",
                            "project": "handson-lab-user8",
                            "self_link": "https://www.googleapis.com/compute/v1/projects/handson-lab-user8/zones/us-central1-b/instanceGroups/bbl-env-mweru-2018-04-19t03-43z-router-lb-1-us-central1-b",
                            "size": "0",
                            "zone": "us-central1-b"
                        },
                        "meta": {
                            "schema_version": "2"
                        },
                        "tainted": false
                    },
                    "deposed": [],
                    "provider": "provider.google"
                },
                "google_compute_instance_group.router-lb-2": {
                    "type": "google_compute_instance_group",
                    "depends_on": [],
                    "primary": {
                        "id": "us-central1-c/bbl-env-mweru-2018-04-19t03-43z-router-lb-2-us-central1-c",
                        "attributes": {
                            "description": "terraform generated instance group that is multi-zone for https loadbalancing",
                            "id": "us-central1-c/bbl-env-mweru-2018-04-19t03-43z-router-lb-2-us-central1-c",
                            "instances.#": "0",
                            "name": "bbl-env-mweru-2018-04-19t03-43z-router-lb-2-us-central1-c",
                            "named_port.#": "1",
                            "named_port.0.name": "https",
                            "named_port.0.port": "443",
                            "network": "",
                            "project": "handson-lab-user8",
                            "self_link": "https://www.googleapis.com/compute/v1/projects/handson-lab-user8/zones/us-central1-c/instanceGroups/bbl-env-mweru-2018-04-19t03-43z-router-lb-2-us-central1-c",
                            "size": "0",
                            "zone": "us-central1-c"
                        },
                        "meta": {
                            "schema_version": "2"
                        },
                        "tainted": false
                    },
                    "deposed": [],
                    "provider": "provider.google"
                },
                "google_compute_instance_group.router-lb-3": {
                    "type": "google_compute_instance_group",
                    "depends_on": [],
                    "primary": {
                        "id": "us-central1-f/bbl-env-mweru-2018-04-19t03-43z-router-lb-3-us-central1-f",
                        "attributes": {
                            "description": "terraform generated instance group that is multi-zone for https loadbalancing",
                            "id": "us-central1-f/bbl-env-mweru-2018-04-19t03-43z-router-lb-3-us-central1-f",
                            "instances.#": "0",
                            "name": "bbl-env-mweru-2018-04-19t03-43z-router-lb-3-us-central1-f",
                            "named_port.#": "1",
                            "named_port.0.name": "https",
                            "named_port.0.port": "443",
                            "network": "",
                            "project": "handson-lab-user8",
                            "self_link": "https://www.googleapis.com/compute/v1/projects/handson-lab-user8/zones/us-central1-f/instanceGroups/bbl-env-mweru-2018-04-19t03-43z-router-lb-3-us-central1-f",
                            "size": "0",
                            "zone": "us-central1-f"
                        },
                        "meta": {
                            "schema_version": "2"
                        },
                        "tainted": false
                    },
                    "deposed": [],
                    "provider": "provider.google"
                },
                "google_compute_network.bbl-network": {
                    "type": "google_compute_network",
                    "depends_on": [],
                    "primary": {
                        "id": "bbl-env-mweru-2018-04-19t03-43z-network",
                        "attributes": {
                            "auto_create_subnetworks": "false",
                            "description": "",
                            "gateway_ipv4": "",
                            "id": "bbl-env-mweru-2018-04-19t03-43z-network",
                            "ipv4_range": "",
                            "name": "bbl-env-mweru-2018-04-19t03-43z-network",
                            "project": "handson-lab-user8",
                            "routing_mode": "REGIONAL",
                            "self_link": "https://www.googleapis.com/compute/v1/projects/handson-lab-user8/global/networks/bbl-env-mweru-2018-04-19t03-43z-network"
                        },
                        "meta": {},
                        "tainted": false
                    },
                    "deposed": [],
                    "provider": "provider.google"
                },
                "google_compute_ssl_certificate.cf-cert": {
                    "type": "google_compute_ssl_certificate",
                    "depends_on": [],
                    "primary": {
                        "id": "bbl-env-mweru-2018-04-19t03-43z20180419034328756800000001",
                        "attributes": {
                            "certificate": "-----BEGIN CERTIFICATE-----\nMIICwjCCAaoCCQD5kwD74M+r9TANBgkqhkiG9w0BAQsFADAjMSEwHwYDVQQDDBgq\nLnVzZXI4LmFsdG9yb3MtbGFicy54eXowHhcNMTgwNDE2MTgyMTAwWhcNMTkwNDE2\nMTgyMTAwWjAjMSEwHwYDVQQDDBgqLnVzZXI4LmFsdG9yb3MtbGFicy54eXowggEi\nMA0GCSqGSIb3DQEBAQUAA4IBDwAwggEKAoIBAQCl5rVZ0ihFNaCIwWFh2l8FpFCo\nxVHq55s39/jrxfOQl68Kaa95EhNGxSfKlTiKspSZUJPY8NuNp2aAzv0O048tPMje\nmCg6cU+CfeTpBxazJ6nYRD1ONM0rd2FKTX3WhQ5Ybqtr5K6Alim2CRn8R4m90dH5\nde+gmg0mUPMwQqgTP7URrpfwxZpNZarI2zTjcZvbwU/NudYkDbQrKyBbRHXttWhe\nHd0RJI0TKaDe2UKcTya9ZDVmc27qmkXejORF/8ivyl8OpQvXaTasakO8/qdbiRrG\n/TlUIC4hUKb52NcPBHR3R/+9d2bAC2tEZHOau3NwjY2vn6L/7pqYxyQMNJd1AgMB\nAAEwDQYJKoZIhvcNAQELBQADggEBABxTK4S1IlRKg/0og5EGncV7IttJ2hvWYpUd\nqKumegX2hLNqs7ld7nlnLR8krLSGUQQAh2Yps92470XtxNFA29eSGAW6FClJ+roJ\npxdgxf9vHjS9XgfEylo8BCLZDRltaoXyN+acIUOizAQPRwgYtLIRLLIlAfF31qJV\n/GMe6yhLr5QOgIphIhom0immgPTlULi11lMlvn16gvegNdTQxHAM4Xl1JQ/lNC5J\n7GP7L6t1zxfLTHGLFdvWfHLcYtIw7aQhsGZa0/oGqEhlYEP7XRrxJ76BqMb0HdHa\nSaj2Hk8NEv/bgV6+tSFzYCNcdkCJByZuc6OFmxxzada3zWMdWvw=\n-----END CERTIFICATE-----\n",
                            "certificate_id": "8960624743274622604",
                            "description": "user provided ssl private key / ssl certificate pair",
                            "id": "bbl-env-mweru-2018-04-19t03-43z20180419034328756800000001",
                            "name": "bbl-env-mweru-2018-04-19t03-43z20180419034328756800000001",
                            "name_prefix": "bbl-env-mweru-2018-04-19t03-43z",
                            "private_key": "-----BEGIN PRIVATE KEY-----\nMIIEvgIBADANBgkqhkiG9w0BAQEFAASCBKgwggSkAgEAAoIBAQCl5rVZ0ihFNaCI\nwWFh2l8FpFCoxVHq55s39/jrxfOQl68Kaa95EhNGxSfKlTiKspSZUJPY8NuNp2aA\nzv0O048tPMjemCg6cU+CfeTpBxazJ6nYRD1ONM0rd2FKTX3WhQ5Ybqtr5K6Alim2\nCRn8R4m90dH5de+gmg0mUPMwQqgTP7URrpfwxZpNZarI2zTjcZvbwU/NudYkDbQr\nKyBbRHXttWheHd0RJI0TKaDe2UKcTya9ZDVmc27qmkXejORF/8ivyl8OpQvXaTas\nakO8/qdbiRrG/TlUIC4hUKb52NcPBHR3R/+9d2bAC2tEZHOau3NwjY2vn6L/7pqY\nxyQMNJd1AgMBAAECggEAOWCDVB9VAiq77NBE59zohEECDHzCCiY0DrVah+CcjmOH\njGhk4dCYjh9d1biqJ33/2s59c8hJhsJgtyffaaNNn22oYyPotd2+i/kSlG15MlkD\nauKe+U9VrjTJlzMZ1HmMLpWH//bFS3+jyWt4a0Iqp1XL8yUQzVC6P4g7s3M6Qf12\nB7jCcqSusrnJiK3yARMEl4wQK3BZ9VWGWk/CXfTam9ROoH8XEH54NZl6Djbxhp4f\nNJSR2O1rDr4BezI+llYoHt1YydcdzTJxSeDDeK2xpVyRM+a/u+Ko7mHJow359fru\nvFY7gtQYYxCSX0ncE5whGcDgYQ36On84CUhdvfNKOQKBgQDQ9L6u8CyespY41o9N\nv6dCwH1l0600nsZaFONF7dl0B9rLeyRdceb77RlwPkutXZ+bt4ZkZOPqNNMB9Bui\neaUNLUy404+jE9gn5nJPEzeXY+bH7yLaq2V1LT+2dkJB9BURRiuCs+fc0TvhHt3l\n1RGnKBjy/FzJ3FAMI8CDz1Bk3wKBgQDLQHuwOHhCSsW6nBSewOJ6Dq0F+FOieRBf\nwjniuIMmCEqr1NZPWrA+LcrM/bLKMr17fxS/cAdUgOiJRdFOtmmF5Q1dJG2T57qM\nS9RuQ/qVgD/UYp3+Zo/ie4vYcoPvZL7bwc4J9R9H5HRDpfDdRLk32koog5362+fl\niBvkoisaKwKBgHk6ZR6NTPXNWoYjRQSwelOp5ZacFlL/AsjkcW7yrUQ6AmAnU1O7\nb20dg7KxEarFNIJdGWVJe0k32Gu7ugSrWmyoqWhZpW3RZ4jOk+b4mToFxbCdNrVy\n1uwCkoJDXfFxsH9THI853P0pjvnutIJQ+WrnQoJGk3axkOdaHqjaMCQ1AoGBAJkA\nQ5vWBoEwtEPTdppC7LmhDpJt6tdldvP+y4BmESOyHjPXljRKOl20LvO9DrezFnw+\nn6m0dXAhUer0CanNGwZV9IdnAq3SRNWTx6fxuFKOJn6Edhapsip1gkI/gh3Vou7e\np3FLem6uBO9fnT+TmjH3OtfgrC3JGHnqycSEZxndAoGBAJOtzInqo5ujD+YJt+5+\nBl09wLXEZwf9sj5Ei/K01qG96NFNew2Ptn9XPcKdf/k7/ZE3IL03TJVq6d/bsq6D\n56mctSI1Uc4dJ3y4rSuXasjiuFOtxm/9oiSAH/OegnRi3luLZCL0vP6Y6ieVeBZl\nDWkQwwPQAq2H0IJJSjaAnDHr\n-----END PRIVATE KEY-----\n",
                            "project": "handson-lab-user8",
                            "self_link": "https://www.googleapis.com/compute/v1/projects/handson-lab-user8/global/sslCertificates/bbl-env-mweru-2018-04-19t03-43z20180419034328756800000001"
                        },
                        "meta": {},
                        "tainted": false
                    },
                    "deposed": [],
                    "provider": "provider.google"
                },
                "google_compute_subnetwork.bbl-subnet": {
                    "type": "google_compute_subnetwork",
                    "depends_on": [
                        "google_compute_network.bbl-network"
                    ],
                    "primary": {
                        "id": "us-central1/bbl-env-mweru-2018-04-19t03-43z-subnet",
                        "attributes": {
                            "description": "",
                            "gateway_address": "10.0.0.1",
                            "id": "us-central1/bbl-env-mweru-2018-04-19t03-43z-subnet",
                            "ip_cidr_range": "10.0.0.0/16",
                            "name": "bbl-env-mweru-2018-04-19t03-43z-subnet",
                            "network": "https://www.googleapis.com/compute/v1/projects/handson-lab-user8/global/networks/bbl-env-mweru-2018-04-19t03-43z-network",
                            "private_ip_google_access": "false",
                            "project": "handson-lab-user8",
                            "region": "us-central1",
                            "secondary_ip_range.#": "0",
                            "self_link": "https://www.googleapis.com/compute/v1/projects/handson-lab-user8/regions/us-central1/subnetworks/bbl-env-mweru-2018-04-19t03-43z-subnet"
                        },
                        "meta": {
                            "e2bfb730-ecaa-11e6-8f88-34363bc7c4c0": {
                                "create": 360000000000,
                                "delete": 360000000000,
                                "update": 360000000000
                            }
                        },
                        "tainted": false
                    },
                    "deposed": [],
                    "provider": "provider.google"
                },
                "google_compute_target_http_proxy.cf-http-lb-proxy": {
                    "type": "google_compute_target_http_proxy",
                    "depends_on": [
                        "google_compute_url_map.cf-https-lb-url-map"
                    ],
                    "primary": {
                        "id": "bbl-env-mweru-2018-04-19t03-43z-http-proxy",
                        "attributes": {
                            "description": "really a load balancer but listed as an http proxy",
                            "id": "bbl-env-mweru-2018-04-19t03-43z-http-proxy",
                            "name": "bbl-env-mweru-2018-04-19t03-43z-http-proxy",
                            "project": "handson-lab-user8",
                            "proxy_id": "1091099678851051132",
                            "self_link": "https://www.googleapis.com/compute/v1/projects/handson-lab-user8/global/targetHttpProxies/bbl-env-mweru-2018-04-19t03-43z-http-proxy",
                            "url_map": "https://www.googleapis.com/compute/v1/projects/handson-lab-user8/global/urlMaps/bbl-env-mweru-2018-04-19t03-43z-cf-http"
                        },
                        "meta": {},
                        "tainted": false
                    },
                    "deposed": [],
                    "provider": "provider.google"
                },
                "google_compute_target_https_proxy.cf-https-lb-proxy": {
                    "type": "google_compute_target_https_proxy",
                    "depends_on": [
                        "google_compute_ssl_certificate.cf-cert",
                        "google_compute_url_map.cf-https-lb-url-map"
                    ],
                    "primary": {
                        "id": "bbl-env-mweru-2018-04-19t03-43z-https-proxy",
                        "attributes": {
                            "description": "really a load balancer but listed as an https proxy",
                            "id": "bbl-env-mweru-2018-04-19t03-43z-https-proxy",
                            "name": "bbl-env-mweru-2018-04-19t03-43z-https-proxy",
                            "project": "handson-lab-user8",
                            "proxy_id": "3410202282899648124",
                            "self_link": "https://www.googleapis.com/compute/v1/projects/handson-lab-user8/global/targetHttpsProxies/bbl-env-mweru-2018-04-19t03-43z-https-proxy",
                            "ssl_certificates.#": "1",
                            "ssl_certificates.0": "https://www.googleapis.com/compute/v1/projects/handson-lab-user8/global/sslCertificates/bbl-env-mweru-2018-04-19t03-43z20180419034328756800000001",
                            "url_map": "https://www.googleapis.com/compute/v1/projects/handson-lab-user8/global/urlMaps/bbl-env-mweru-2018-04-19t03-43z-cf-http"
                        },
                        "meta": {},
                        "tainted": false
                    },
                    "deposed": [],
                    "provider": "provider.google"
                },
                "google_compute_target_pool.cf-ssh-proxy": {
                    "type": "google_compute_target_pool",
                    "depends_on": [],
                    "primary": {
                        "id": "bbl-env-mweru-2018-04-19t03-43z-cf-ssh-proxy",
                        "attributes": {
                            "backup_pool": "",
                            "description": "",
                            "failover_ratio": "0",
                            "health_checks.#": "0",
                            "id": "bbl-env-mweru-2018-04-19t03-43z-cf-ssh-proxy",
                            "instances.#": "0",
                            "name": "bbl-env-mweru-2018-04-19t03-43z-cf-ssh-proxy",
                            "project": "handson-lab-user8",
                            "region": "us-central1",
                            "self_link": "https://www.googleapis.com/compute/v1/projects/handson-lab-user8/regions/us-central1/targetPools/bbl-env-mweru-2018-04-19t03-43z-cf-ssh-proxy",
                            "session_affinity": "NONE"
                        },
                        "meta": {},
                        "tainted": false
                    },
                    "deposed": [],
                    "provider": "provider.google"
                },
                "google_compute_target_pool.cf-tcp-router": {
                    "type": "google_compute_target_pool",
                    "depends_on": [
                        "google_compute_http_health_check.cf-tcp-router"
                    ],
                    "primary": {
                        "id": "bbl-env-mweru-2018-04-19t03-43z-cf-tcp-router",
                        "attributes": {
                            "backup_pool": "",
                            "description": "",
                            "failover_ratio": "0",
                            "health_checks.#": "1",
                            "health_checks.0": "https://www.googleapis.com/compute/v1/projects/handson-lab-user8/global/httpHealthChecks/bbl-env-mweru-2018-04-19t03-43z-cf-tcp-router",
                            "id": "bbl-env-mweru-2018-04-19t03-43z-cf-tcp-router",
                            "instances.#": "0",
                            "name": "bbl-env-mweru-2018-04-19t03-43z-cf-tcp-router",
                            "project": "handson-lab-user8",
                            "region": "us-central1",
                            "self_link": "https://www.googleapis.com/compute/v1/projects/handson-lab-user8/regions/us-central1/targetPools/bbl-env-mweru-2018-04-19t03-43z-cf-tcp-router",
                            "session_affinity": "NONE"
                        },
                        "meta": {},
                        "tainted": false
                    },
                    "deposed": [],
                    "provider": "provider.google"
                },
                "google_compute_target_pool.cf-ws": {
                    "type": "google_compute_target_pool",
                    "depends_on": [
                        "google_compute_http_health_check.cf-public-health-check"
                    ],
                    "primary": {
                        "id": "bbl-env-mweru-2018-04-19t03-43z-cf-ws",
                        "attributes": {
                            "backup_pool": "",
                            "description": "",
                            "failover_ratio": "0",
                            "health_checks.#": "1",
                            "health_checks.0": "https://www.googleapis.com/compute/v1/projects/handson-lab-user8/global/httpHealthChecks/bbl-env-mweru-2018-04-19t03-43z-cf",
                            "id": "bbl-env-mweru-2018-04-19t03-43z-cf-ws",
                            "instances.#": "0",
                            "name": "bbl-env-mweru-2018-04-19t03-43z-cf-ws",
                            "project": "handson-lab-user8",
                            "region": "us-central1",
                            "self_link": "https://www.googleapis.com/compute/v1/projects/handson-lab-user8/regions/us-central1/targetPools/bbl-env-mweru-2018-04-19t03-43z-cf-ws",
                            "session_affinity": "NONE"
                        },
                        "meta": {},
                        "tainted": false
                    },
                    "deposed": [],
                    "provider": "provider.google"
                },
                "google_compute_url_map.cf-https-lb-url-map": {
                    "type": "google_compute_url_map",
                    "depends_on": [
                        "google_compute_backend_service.router-lb-backend-service"
                    ],
                    "primary": {
                        "id": "bbl-env-mweru-2018-04-19t03-43z-cf-http",
                        "attributes": {
                            "default_service": "https://www.googleapis.com/compute/v1/projects/handson-lab-user8/global/backendServices/bbl-env-mweru-2018-04-19t03-43z-router-lb",
                            "fingerprint": "BnazH_gLqg4=",
                            "host_rule.#": "0",
                            "id": "bbl-env-mweru-2018-04-19t03-43z-cf-http",
                            "map_id": "982621445042843239",
                            "name": "bbl-env-mweru-2018-04-19t03-43z-cf-http",
                            "path_matcher.#": "0",
                            "project": "handson-lab-user8",
                            "self_link": "https://www.googleapis.com/compute/v1/projects/handson-lab-user8/global/urlMaps/bbl-env-mweru-2018-04-19t03-43z-cf-http",
                            "test.#": "0"
                        },
                        "meta": {},
                        "tainted": false
                    },
                    "deposed": [],
                    "provider": "provider.google"
                }
            },
            "depends_on": []
        }
    ]
}
