{
    "version": 3,
    "terraform_version": "0.11.7",
    "serial": 2,
    "lineage": "7f3c9626-554e-8386-5bac-311e8cd03828",
    "modules": [
        {
            "path": [
                "root"
            ],
            "outputs": {
                "director__internal_ip": {
                    "sensitive": false,
                    "type": "string",
                    "value": "10.0.0.6"
                },
                "director__tags": {
                    "sensitive": false,
                    "type": "list",
                    "value": [
                        "bbl-env-saimaa-2018-04-19t03-41z-bosh-director"
                    ]
                },
                "director_address": {
                    "sensitive": false,
                    "type": "string",
                    "value": "https://35.184.209.188:25555"
                },
                "director_name": {
                    "sensitive": false,
                    "type": "string",
                    "value": "bosh-bbl-env-saimaa-2018-04-19t03-41z"
                },
                "external_ip": {
                    "sensitive": false,
                    "type": "string",
                    "value": "35.184.209.188"
                },
                "internal_cidr": {
                    "sensitive": false,
                    "type": "string",
                    "value": "10.0.0.0/24"
                },
                "internal_gw": {
                    "sensitive": false,
                    "type": "string",
                    "value": "10.0.0.1"
                },
                "internal_tag_name": {
                    "sensitive": false,
                    "type": "string",
                    "value": "bbl-env-saimaa-2018-04-19t03-41z-internal"
                },
                "jumpbox__internal_ip": {
                    "sensitive": false,
                    "type": "string",
                    "value": "10.0.0.5"
                },
                "jumpbox__tags": {
                    "sensitive": false,
                    "type": "list",
                    "value": [
                        "bbl-env-saimaa-2018-04-19t03-41z-bosh-open",
                        "bbl-env-saimaa-2018-04-19t03-41z-jumpbox"
                    ]
                },
                "jumpbox_url": {
                    "sensitive": false,
                    "type": "string",
                    "value": "35.184.209.188:22"
                },
                "network": {
                    "sensitive": false,
                    "type": "string",
                    "value": "bbl-env-saimaa-2018-04-19t03-41z-network"
                },
                "router_backend_service": {
                    "sensitive": false,
                    "type": "string",
                    "value": "bbl-env-saimaa-2018-04-19t03-41z-router-lb"
                },
                "router_lb_ip": {
                    "sensitive": false,
                    "type": "string",
                    "value": "35.190.26.3"
                },
                "ssh_proxy_lb_ip": {
                    "sensitive": false,
                    "type": "string",
                    "value": "35.188.178.179"
                },
                "ssh_proxy_target_pool": {
                    "sensitive": false,
                    "type": "string",
                    "value": "bbl-env-saimaa-2018-04-19t03-41z-cf-ssh-proxy"
                },
                "subnet_cidr_1": {
                    "sensitive": false,
                    "type": "string",
                    "value": "10.0.16.0/24"
                },
                "subnet_cidr_2": {
                    "sensitive": false,
                    "type": "string",
                    "value": "10.0.32.0/24"
                },
                "subnet_cidr_3": {
                    "sensitive": false,
                    "type": "string",
                    "value": "10.0.48.0/24"
                },
                "subnet_cidr_4": {
                    "sensitive": false,
                    "type": "string",
                    "value": "10.0.64.0/24"
                },
                "subnetwork": {
                    "sensitive": false,
                    "type": "string",
                    "value": "bbl-env-saimaa-2018-04-19t03-41z-subnet"
                },
                "tcp_router_lb_ip": {
                    "sensitive": false,
                    "type": "string",
                    "value": "35.188.158.187"
                },
                "tcp_router_target_pool": {
                    "sensitive": false,
                    "type": "string",
                    "value": "bbl-env-saimaa-2018-04-19t03-41z-cf-tcp-router"
                },
                "ws_lb_ip": {
                    "sensitive": false,
                    "type": "string",
                    "value": "35.188.155.129"
                },
                "ws_target_pool": {
                    "sensitive": false,
                    "type": "string",
                    "value": "bbl-env-saimaa-2018-04-19t03-41z-cf-ws"
                }
            },
            "resources": {
                "google_compute_address.cf-ssh-proxy": {
                    "type": "google_compute_address",
                    "depends_on": [],
                    "primary": {
                        "id": "projects/handson-lab-user4/regions/us-central1/addresses/bbl-env-saimaa-2018-04-19t03-41z-cf-ssh-proxy",
                        "attributes": {
                            "address": "35.188.178.179",
                            "address_type": "EXTERNAL",
                            "id": "projects/handson-lab-user4/regions/us-central1/addresses/bbl-env-saimaa-2018-04-19t03-41z-cf-ssh-proxy",
                            "name": "bbl-env-saimaa-2018-04-19t03-41z-cf-ssh-proxy",
                            "project": "handson-lab-user4",
                            "region": "us-central1",
                            "self_link": "https://www.googleapis.com/compute/v1/projects/handson-lab-user4/regions/us-central1/addresses/bbl-env-saimaa-2018-04-19t03-41z-cf-ssh-proxy",
                            "subnetwork": ""
                        },
                        "meta": {
                            "schema_version": "1"
                        },
                        "tainted": false
                    },
                    "deposed": [],
                    "provider": "provider.google"
                },
                "google_compute_address.cf-tcp-router": {
                    "type": "google_compute_address",
                    "depends_on": [],
                    "primary": {
                        "id": "projects/handson-lab-user4/regions/us-central1/addresses/bbl-env-saimaa-2018-04-19t03-41z-cf-tcp-router",
                        "attributes": {
                            "address": "35.188.158.187",
                            "address_type": "EXTERNAL",
                            "id": "projects/handson-lab-user4/regions/us-central1/addresses/bbl-env-saimaa-2018-04-19t03-41z-cf-tcp-router",
                            "name": "bbl-env-saimaa-2018-04-19t03-41z-cf-tcp-router",
                            "project": "handson-lab-user4",
                            "region": "us-central1",
                            "self_link": "https://www.googleapis.com/compute/v1/projects/handson-lab-user4/regions/us-central1/addresses/bbl-env-saimaa-2018-04-19t03-41z-cf-tcp-router",
                            "subnetwork": ""
                        },
                        "meta": {
                            "schema_version": "1"
                        },
                        "tainted": false
                    },
                    "deposed": [],
                    "provider": "provider.google"
                },
                "google_compute_address.cf-ws": {
                    "type": "google_compute_address",
                    "depends_on": [],
                    "primary": {
                        "id": "projects/handson-lab-user4/regions/us-central1/addresses/bbl-env-saimaa-2018-04-19t03-41z-cf-ws",
                        "attributes": {
                            "address": "35.188.155.129",
                            "address_type": "EXTERNAL",
                            "id": "projects/handson-lab-user4/regions/us-central1/addresses/bbl-env-saimaa-2018-04-19t03-41z-cf-ws",
                            "name": "bbl-env-saimaa-2018-04-19t03-41z-cf-ws",
                            "project": "handson-lab-user4",
                            "region": "us-central1",
                            "self_link": "https://www.googleapis.com/compute/v1/projects/handson-lab-user4/regions/us-central1/addresses/bbl-env-saimaa-2018-04-19t03-41z-cf-ws",
                            "subnetwork": ""
                        },
                        "meta": {
                            "schema_version": "1"
                        },
                        "tainted": false
                    },
                    "deposed": [],
                    "provider": "provider.google"
                },
                "google_compute_address.jumpbox-ip": {
                    "type": "google_compute_address",
                    "depends_on": [],
                    "primary": {
                        "id": "projects/handson-lab-user4/regions/us-central1/addresses/bbl-env-saimaa-2018-04-19t03-41z-jumpbox-ip",
                        "attributes": {
                            "address": "35.184.209.188",
                            "address_type": "EXTERNAL",
                            "id": "projects/handson-lab-user4/regions/us-central1/addresses/bbl-env-saimaa-2018-04-19t03-41z-jumpbox-ip",
                            "name": "bbl-env-saimaa-2018-04-19t03-41z-jumpbox-ip",
                            "project": "handson-lab-user4",
                            "region": "us-central1",
                            "self_link": "https://www.googleapis.com/compute/v1/projects/handson-lab-user4/regions/us-central1/addresses/bbl-env-saimaa-2018-04-19t03-41z-jumpbox-ip",
                            "subnetwork": ""
                        },
                        "meta": {
                            "schema_version": "1"
                        },
                        "tainted": false
                    },
                    "deposed": [],
                    "provider": "provider.google"
                },
                "google_compute_backend_service.router-lb-backend-service": {
                    "type": "google_compute_backend_service",
                    "depends_on": [
                        "google_compute_health_check.cf-public-health-check",
                        "google_compute_instance_group.router-lb-0",
                        "google_compute_instance_group.router-lb-1",
                        "google_compute_instance_group.router-lb-2",
                        "google_compute_instance_group.router-lb-3"
                    ],
                    "primary": {
                        "id": "bbl-env-saimaa-2018-04-19t03-41z-router-lb",
                        "attributes": {
                            "backend.#": "4",
                            "backend.2295091443.balancing_mode": "UTILIZATION",
                            "backend.2295091443.capacity_scaler": "1",
                            "backend.2295091443.description": "",
                            "backend.2295091443.group": "https://www.googleapis.com/compute/v1/projects/handson-lab-user4/zones/us-central1-a/instanceGroups/bbl-env-saimaa-2018-04-19t03-41z-router-lb-0-us-central1-a",
                            "backend.2295091443.max_rate": "0",
                            "backend.2295091443.max_rate_per_instance": "0",
                            "backend.2295091443.max_utilization": "0.8",
                            "backend.3941127157.balancing_mode": "UTILIZATION",
                            "backend.3941127157.capacity_scaler": "1",
                            "backend.3941127157.description": "",
                            "backend.3941127157.group": "https://www.googleapis.com/compute/v1/projects/handson-lab-user4/zones/us-central1-b/instanceGroups/bbl-env-saimaa-2018-04-19t03-41z-router-lb-1-us-central1-b",
                            "backend.3941127157.max_rate": "0",
                            "backend.3941127157.max_rate_per_instance": "0",
                            "backend.3941127157.max_utilization": "0.8",
                            "backend.505208095.balancing_mode": "UTILIZATION",
                            "backend.505208095.capacity_scaler": "1",
                            "backend.505208095.description": "",
                            "backend.505208095.group": "https://www.googleapis.com/compute/v1/projects/handson-lab-user4/zones/us-central1-f/instanceGroups/bbl-env-saimaa-2018-04-19t03-41z-router-lb-3-us-central1-f",
                            "backend.505208095.max_rate": "0",
                            "backend.505208095.max_rate_per_instance": "0",
                            "backend.505208095.max_utilization": "0.8",
                            "backend.771704627.balancing_mode": "UTILIZATION",
                            "backend.771704627.capacity_scaler": "1",
                            "backend.771704627.description": "",
                            "backend.771704627.group": "https://www.googleapis.com/compute/v1/projects/handson-lab-user4/zones/us-central1-c/instanceGroups/bbl-env-saimaa-2018-04-19t03-41z-router-lb-2-us-central1-c",
                            "backend.771704627.max_rate": "0",
                            "backend.771704627.max_rate_per_instance": "0",
                            "backend.771704627.max_utilization": "0.8",
                            "cdn_policy.#": "1",
                            "cdn_policy.0.cache_key_policy.#": "1",
                            "cdn_policy.0.cache_key_policy.0.include_host": "false",
                            "cdn_policy.0.cache_key_policy.0.include_protocol": "false",
                            "cdn_policy.0.cache_key_policy.0.include_query_string": "false",
                            "cdn_policy.0.cache_key_policy.0.query_string_blacklist.#": "0",
                            "cdn_policy.0.cache_key_policy.0.query_string_whitelist.#": "0",
                            "connection_draining_timeout_sec": "300",
                            "description": "",
                            "enable_cdn": "false",
                            "fingerprint": "TxMcWUtNOWE=",
                            "health_checks.#": "1",
                            "health_checks.2268777763": "https://www.googleapis.com/compute/v1/projects/handson-lab-user4/global/healthChecks/bbl-env-saimaa-2018-04-19t03-41z-cf-public",
                            "iap.#": "0",
                            "id": "bbl-env-saimaa-2018-04-19t03-41z-router-lb",
                            "name": "bbl-env-saimaa-2018-04-19t03-41z-router-lb",
                            "port_name": "https",
                            "project": "handson-lab-user4",
                            "protocol": "HTTPS",
                            "security_policy": "",
                            "self_link": "https://www.googleapis.com/compute/v1/projects/handson-lab-user4/global/backendServices/bbl-env-saimaa-2018-04-19t03-41z-router-lb",
                            "session_affinity": "NONE",
                            "timeout_sec": "900"
                        },
                        "meta": {
                            "schema_version": "1"
                        },
                        "tainted": false
                    },
                    "deposed": [],
                    "provider": "provider.google"
                },
                "google_compute_firewall.bosh-director": {
                    "type": "google_compute_firewall",
                    "depends_on": [
                        "google_compute_network.bbl-network"
                    ],
                    "primary": {
                        "id": "bbl-env-saimaa-2018-04-19t03-41z-bosh-director",
                        "attributes": {
                            "allow.#": "1",
                            "allow.3848845357.ports.#": "0",
                            "allow.3848845357.protocol": "tcp",
                            "deny.#": "0",
                            "description": "",
                            "destination_ranges.#": "0",
                            "direction": "INGRESS",
                            "id": "bbl-env-saimaa-2018-04-19t03-41z-bosh-director",
                            "name": "bbl-env-saimaa-2018-04-19t03-41z-bosh-director",
                            "network": "https://www.googleapis.com/compute/v1/projects/handson-lab-user4/global/networks/bbl-env-saimaa-2018-04-19t03-41z-network",
                            "priority": "1000",
                            "project": "handson-lab-user4",
                            "self_link": "https://www.googleapis.com/compute/v1/projects/handson-lab-user4/global/firewalls/bbl-env-saimaa-2018-04-19t03-41z-bosh-director",
                            "source_ranges.#": "0",
                            "source_service_accounts.#": "0",
                            "source_tags.#": "1",
                            "source_tags.3718814928": "bbl-env-saimaa-2018-04-19t03-41z-bosh-director",
                            "target_service_accounts.#": "0",
                            "target_tags.#": "1",
                            "target_tags.3371467380": "bbl-env-saimaa-2018-04-19t03-41z-internal"
                        },
                        "meta": {
                            "schema_version": "1"
                        },
                        "tainted": false
                    },
                    "deposed": [],
                    "provider": "provider.google"
                },
                "google_compute_firewall.bosh-open": {
                    "type": "google_compute_firewall",
                    "depends_on": [
                        "google_compute_network.bbl-network"
                    ],
                    "primary": {
                        "id": "bbl-env-saimaa-2018-04-19t03-41z-bosh-open",
                        "attributes": {
                            "allow.#": "1",
                            "allow.4272252387.ports.#": "5",
                            "allow.4272252387.ports.0": "22",
                            "allow.4272252387.ports.1": "6868",
                            "allow.4272252387.ports.2": "8443",
                            "allow.4272252387.ports.3": "8844",
                            "allow.4272252387.ports.4": "25555",
                            "allow.4272252387.protocol": "tcp",
                            "deny.#": "0",
                            "description": "",
                            "destination_ranges.#": "0",
                            "direction": "INGRESS",
                            "id": "bbl-env-saimaa-2018-04-19t03-41z-bosh-open",
                            "name": "bbl-env-saimaa-2018-04-19t03-41z-bosh-open",
                            "network": "https://www.googleapis.com/compute/v1/projects/handson-lab-user4/global/networks/bbl-env-saimaa-2018-04-19t03-41z-network",
                            "priority": "1000",
                            "project": "handson-lab-user4",
                            "self_link": "https://www.googleapis.com/compute/v1/projects/handson-lab-user4/global/firewalls/bbl-env-saimaa-2018-04-19t03-41z-bosh-open",
                            "source_ranges.#": "0",
                            "source_service_accounts.#": "0",
                            "source_tags.#": "1",
                            "source_tags.3602324503": "bbl-env-saimaa-2018-04-19t03-41z-bosh-open",
                            "target_service_accounts.#": "0",
                            "target_tags.#": "1",
                            "target_tags.3718814928": "bbl-env-saimaa-2018-04-19t03-41z-bosh-director"
                        },
                        "meta": {
                            "schema_version": "1"
                        },
                        "tainted": false
                    },
                    "deposed": [],
                    "provider": "provider.google"
                },
                "google_compute_firewall.cf-health-check": {
                    "type": "google_compute_firewall",
                    "depends_on": [
                        "google_compute_backend_service.router-lb-backend-service",
                        "google_compute_network.bbl-network"
                    ],
                    "primary": {
                        "id": "bbl-env-saimaa-2018-04-19t03-41z-cf-health-check",
                        "attributes": {
                            "allow.#": "1",
                            "allow.2226799243.ports.#": "2",
                            "allow.2226799243.ports.0": "8080",
                            "allow.2226799243.ports.1": "80",
                            "allow.2226799243.protocol": "tcp",
                            "deny.#": "0",
                            "description": "",
                            "destination_ranges.#": "0",
                            "direction": "INGRESS",
                            "id": "bbl-env-saimaa-2018-04-19t03-41z-cf-health-check",
                            "name": "bbl-env-saimaa-2018-04-19t03-41z-cf-health-check",
                            "network": "https://www.googleapis.com/compute/v1/projects/handson-lab-user4/global/networks/bbl-env-saimaa-2018-04-19t03-41z-network",
                            "priority": "1000",
                            "project": "handson-lab-user4",
                            "self_link": "https://www.googleapis.com/compute/v1/projects/handson-lab-user4/global/firewalls/bbl-env-saimaa-2018-04-19t03-41z-cf-health-check",
                            "source_ranges.#": "2",
                            "source_ranges.2192388802": "130.211.0.0/22",
                            "source_ranges.2394378644": "35.191.0.0/16",
                            "source_service_accounts.#": "0",
                            "source_tags.#": "0",
                            "target_service_accounts.#": "0",
                            "target_tags.#": "1",
                            "target_tags.458457079": "bbl-env-saimaa-2018-04-19t03-41z-router-lb"
                        },
                        "meta": {
                            "schema_version": "1"
                        },
                        "tainted": false
                    },
                    "deposed": [],
                    "provider": "provider.google"
                },
                "google_compute_firewall.cf-ssh-proxy": {
                    "type": "google_compute_firewall",
                    "depends_on": [
                        "google_compute_network.bbl-network",
                        "google_compute_target_pool.cf-ssh-proxy"
                    ],
                    "primary": {
                        "id": "bbl-env-saimaa-2018-04-19t03-41z-cf-ssh-proxy-open",
                        "attributes": {
                            "allow.#": "1",
                            "allow.1291519450.ports.#": "1",
                            "allow.1291519450.ports.0": "2222",
                            "allow.1291519450.protocol": "tcp",
                            "deny.#": "0",
                            "description": "",
                            "destination_ranges.#": "0",
                            "direction": "INGRESS",
                            "id": "bbl-env-saimaa-2018-04-19t03-41z-cf-ssh-proxy-open",
                            "name": "bbl-env-saimaa-2018-04-19t03-41z-cf-ssh-proxy-open",
                            "network": "https://www.googleapis.com/compute/v1/projects/handson-lab-user4/global/networks/bbl-env-saimaa-2018-04-19t03-41z-network",
                            "priority": "1000",
                            "project": "handson-lab-user4",
                            "self_link": "https://www.googleapis.com/compute/v1/projects/handson-lab-user4/global/firewalls/bbl-env-saimaa-2018-04-19t03-41z-cf-ssh-proxy-open",
                            "source_ranges.#": "1",
                            "source_ranges.1080289494": "0.0.0.0/0",
                            "source_service_accounts.#": "0",
                            "source_tags.#": "0",
                            "target_service_accounts.#": "0",
                            "target_tags.#": "1",
                            "target_tags.916098307": "bbl-env-saimaa-2018-04-19t03-41z-cf-ssh-proxy"
                        },
                        "meta": {
                            "schema_version": "1"
                        },
                        "tainted": false
                    },
                    "deposed": [],
                    "provider": "provider.google"
                },
                "google_compute_firewall.cf-tcp-router": {
                    "type": "google_compute_firewall",
                    "depends_on": [
                        "google_compute_network.bbl-network",
                        "google_compute_target_pool.cf-tcp-router"
                    ],
                    "primary": {
                        "id": "bbl-env-saimaa-2018-04-19t03-41z-cf-tcp-router",
                        "attributes": {
                            "allow.#": "1",
                            "allow.4283264114.ports.#": "1",
                            "allow.4283264114.ports.0": "1024-32768",
                            "allow.4283264114.protocol": "tcp",
                            "deny.#": "0",
                            "description": "",
                            "destination_ranges.#": "0",
                            "direction": "INGRESS",
                            "id": "bbl-env-saimaa-2018-04-19t03-41z-cf-tcp-router",
                            "name": "bbl-env-saimaa-2018-04-19t03-41z-cf-tcp-router",
                            "network": "https://www.googleapis.com/compute/v1/projects/handson-lab-user4/global/networks/bbl-env-saimaa-2018-04-19t03-41z-network",
                            "priority": "1000",
                            "project": "handson-lab-user4",
                            "self_link": "https://www.googleapis.com/compute/v1/projects/handson-lab-user4/global/firewalls/bbl-env-saimaa-2018-04-19t03-41z-cf-tcp-router",
                            "source_ranges.#": "1",
                            "source_ranges.1080289494": "0.0.0.0/0",
                            "source_service_accounts.#": "0",
                            "source_tags.#": "0",
                            "target_service_accounts.#": "0",
                            "target_tags.#": "1",
                            "target_tags.285583046": "bbl-env-saimaa-2018-04-19t03-41z-cf-tcp-router"
                        },
                        "meta": {
                            "schema_version": "1"
                        },
                        "tainted": false
                    },
                    "deposed": [],
                    "provider": "provider.google"
                },
                "google_compute_firewall.external": {
                    "type": "google_compute_firewall",
                    "depends_on": [
                        "google_compute_network.bbl-network"
                    ],
                    "primary": {
                        "id": "bbl-env-saimaa-2018-04-19t03-41z-external",
                        "attributes": {
                            "allow.#": "1",
                            "allow.4201408149.ports.#": "3",
                            "allow.4201408149.ports.0": "22",
                            "allow.4201408149.ports.1": "6868",
                            "allow.4201408149.ports.2": "25555",
                            "allow.4201408149.protocol": "tcp",
                            "deny.#": "0",
                            "description": "",
                            "destination_ranges.#": "0",
                            "direction": "INGRESS",
                            "id": "bbl-env-saimaa-2018-04-19t03-41z-external",
                            "name": "bbl-env-saimaa-2018-04-19t03-41z-external",
                            "network": "https://www.googleapis.com/compute/v1/projects/handson-lab-user4/global/networks/bbl-env-saimaa-2018-04-19t03-41z-network",
                            "priority": "1000",
                            "project": "handson-lab-user4",
                            "self_link": "https://www.googleapis.com/compute/v1/projects/handson-lab-user4/global/firewalls/bbl-env-saimaa-2018-04-19t03-41z-external",
                            "source_ranges.#": "1",
                            "source_ranges.1080289494": "0.0.0.0/0",
                            "source_service_accounts.#": "0",
                            "source_tags.#": "0",
                            "target_service_accounts.#": "0",
                            "target_tags.#": "1",
                            "target_tags.3602324503": "bbl-env-saimaa-2018-04-19t03-41z-bosh-open"
                        },
                        "meta": {
                            "schema_version": "1"
                        },
                        "tainted": false
                    },
                    "deposed": [],
                    "provider": "provider.google"
                },
                "google_compute_firewall.firewall-cf": {
                    "type": "google_compute_firewall",
                    "depends_on": [
                        "google_compute_backend_service.router-lb-backend-service",
                        "google_compute_network.bbl-network"
                    ],
                    "primary": {
                        "id": "bbl-env-saimaa-2018-04-19t03-41z-cf-open",
                        "attributes": {
                            "allow.#": "1",
                            "allow.1250112605.ports.#": "2",
                            "allow.1250112605.ports.0": "80",
                            "allow.1250112605.ports.1": "443",
                            "allow.1250112605.protocol": "tcp",
                            "deny.#": "0",
                            "description": "",
                            "destination_ranges.#": "0",
                            "direction": "INGRESS",
                            "id": "bbl-env-saimaa-2018-04-19t03-41z-cf-open",
                            "name": "bbl-env-saimaa-2018-04-19t03-41z-cf-open",
                            "network": "https://www.googleapis.com/compute/v1/projects/handson-lab-user4/global/networks/bbl-env-saimaa-2018-04-19t03-41z-network",
                            "priority": "1000",
                            "project": "handson-lab-user4",
                            "self_link": "https://www.googleapis.com/compute/v1/projects/handson-lab-user4/global/firewalls/bbl-env-saimaa-2018-04-19t03-41z-cf-open",
                            "source_ranges.#": "1",
                            "source_ranges.1080289494": "0.0.0.0/0",
                            "source_service_accounts.#": "0",
                            "source_tags.#": "0",
                            "target_service_accounts.#": "0",
                            "target_tags.#": "1",
                            "target_tags.458457079": "bbl-env-saimaa-2018-04-19t03-41z-router-lb"
                        },
                        "meta": {
                            "schema_version": "1"
                        },
                        "tainted": false
                    },
                    "deposed": [],
                    "provider": "provider.google"
                },
                "google_compute_firewall.internal": {
                    "type": "google_compute_firewall",
                    "depends_on": [
                        "google_compute_network.bbl-network"
                    ],
                    "primary": {
                        "id": "bbl-env-saimaa-2018-04-19t03-41z-internal",
                        "attributes": {
                            "allow.#": "3",
                            "allow.1367131964.ports.#": "0",
                            "allow.1367131964.protocol": "icmp",
                            "allow.1486604749.ports.#": "0",
                            "allow.1486604749.protocol": "udp",
                            "allow.3848845357.ports.#": "0",
                            "allow.3848845357.protocol": "tcp",
                            "deny.#": "0",
                            "description": "",
                            "destination_ranges.#": "0",
                            "direction": "INGRESS",
                            "id": "bbl-env-saimaa-2018-04-19t03-41z-internal",
                            "name": "bbl-env-saimaa-2018-04-19t03-41z-internal",
                            "network": "https://www.googleapis.com/compute/v1/projects/handson-lab-user4/global/networks/bbl-env-saimaa-2018-04-19t03-41z-network",
                            "priority": "1000",
                            "project": "handson-lab-user4",
                            "self_link": "https://www.googleapis.com/compute/v1/projects/handson-lab-user4/global/firewalls/bbl-env-saimaa-2018-04-19t03-41z-internal",
                            "source_ranges.#": "0",
                            "source_service_accounts.#": "0",
                            "source_tags.#": "1",
                            "source_tags.3371467380": "bbl-env-saimaa-2018-04-19t03-41z-internal",
                            "target_service_accounts.#": "0",
                            "target_tags.#": "1",
                            "target_tags.3371467380": "bbl-env-saimaa-2018-04-19t03-41z-internal"
                        },
                        "meta": {
                            "schema_version": "1"
                        },
                        "tainted": false
                    },
                    "deposed": [],
                    "provider": "provider.google"
                },
                "google_compute_firewall.internal-to-director": {
                    "type": "google_compute_firewall",
                    "depends_on": [
                        "google_compute_network.bbl-network"
                    ],
                    "primary": {
                        "id": "bbl-env-saimaa-2018-04-19t03-41z-internal-to-director",
                        "attributes": {
                            "allow.#": "1",
                            "allow.3979585702.ports.#": "3",
                            "allow.3979585702.ports.0": "4222",
                            "allow.3979585702.ports.1": "25250",
                            "allow.3979585702.ports.2": "25777",
                            "allow.3979585702.protocol": "tcp",
                            "deny.#": "0",
                            "description": "",
                            "destination_ranges.#": "0",
                            "direction": "INGRESS",
                            "id": "bbl-env-saimaa-2018-04-19t03-41z-internal-to-director",
                            "name": "bbl-env-saimaa-2018-04-19t03-41z-internal-to-director",
                            "network": "https://www.googleapis.com/compute/v1/projects/handson-lab-user4/global/networks/bbl-env-saimaa-2018-04-19t03-41z-network",
                            "priority": "1000",
                            "project": "handson-lab-user4",
                            "self_link": "https://www.googleapis.com/compute/v1/projects/handson-lab-user4/global/firewalls/bbl-env-saimaa-2018-04-19t03-41z-internal-to-director",
                            "source_ranges.#": "0",
                            "source_service_accounts.#": "0",
                            "source_tags.#": "1",
                            "source_tags.3371467380": "bbl-env-saimaa-2018-04-19t03-41z-internal",
                            "target_service_accounts.#": "0",
                            "target_tags.#": "1",
                            "target_tags.3718814928": "bbl-env-saimaa-2018-04-19t03-41z-bosh-director"
                        },
                        "meta": {
                            "schema_version": "1"
                        },
                        "tainted": false
                    },
                    "deposed": [],
                    "provider": "provider.google"
                },
                "google_compute_firewall.jumpbox-to-all": {
                    "type": "google_compute_firewall",
                    "depends_on": [
                        "google_compute_network.bbl-network"
                    ],
                    "primary": {
                        "id": "bbl-env-saimaa-2018-04-19t03-41z-jumpbox-to-all",
                        "attributes": {
                            "allow.#": "1",
                            "allow.910322396.ports.#": "2",
                            "allow.910322396.ports.0": "22",
                            "allow.910322396.ports.1": "3389",
                            "allow.910322396.protocol": "tcp",
                            "deny.#": "0",
                            "description": "",
                            "destination_ranges.#": "0",
                            "direction": "INGRESS",
                            "id": "bbl-env-saimaa-2018-04-19t03-41z-jumpbox-to-all",
                            "name": "bbl-env-saimaa-2018-04-19t03-41z-jumpbox-to-all",
                            "network": "https://www.googleapis.com/compute/v1/projects/handson-lab-user4/global/networks/bbl-env-saimaa-2018-04-19t03-41z-network",
                            "priority": "1000",
                            "project": "handson-lab-user4",
                            "self_link": "https://www.googleapis.com/compute/v1/projects/handson-lab-user4/global/firewalls/bbl-env-saimaa-2018-04-19t03-41z-jumpbox-to-all",
                            "source_ranges.#": "0",
                            "source_service_accounts.#": "0",
                            "source_tags.#": "1",
                            "source_tags.522257426": "bbl-env-saimaa-2018-04-19t03-41z-jumpbox",
                            "target_service_accounts.#": "0",
                            "target_tags.#": "2",
                            "target_tags.3371467380": "bbl-env-saimaa-2018-04-19t03-41z-internal",
                            "target_tags.3718814928": "bbl-env-saimaa-2018-04-19t03-41z-bosh-director"
                        },
                        "meta": {
                            "schema_version": "1"
                        },
                        "tainted": false
                    },
                    "deposed": [],
                    "provider": "provider.google"
                },
                "google_compute_forwarding_rule.cf-ssh-proxy": {
                    "type": "google_compute_forwarding_rule",
                    "depends_on": [
                        "google_compute_address.cf-ssh-proxy",
                        "google_compute_target_pool.cf-ssh-proxy"
                    ],
                    "primary": {
                        "id": "bbl-env-saimaa-2018-04-19t03-41z-cf-ssh-proxy",
                        "attributes": {
                            "backend_service": "",
                            "description": "",
                            "id": "bbl-env-saimaa-2018-04-19t03-41z-cf-ssh-proxy",
                            "ip_address": "35.188.178.179",
                            "ip_protocol": "TCP",
                            "load_balancing_scheme": "EXTERNAL",
                            "name": "bbl-env-saimaa-2018-04-19t03-41z-cf-ssh-proxy",
                            "network": "",
                            "port_range": "2222-2222",
                            "ports.#": "0",
                            "project": "handson-lab-user4",
                            "region": "us-central1",
                            "self_link": "https://www.googleapis.com/compute/v1/projects/handson-lab-user4/regions/us-central1/forwardingRules/bbl-env-saimaa-2018-04-19t03-41z-cf-ssh-proxy",
                            "subnetwork": "",
                            "target": "https://www.googleapis.com/compute/v1/projects/handson-lab-user4/regions/us-central1/targetPools/bbl-env-saimaa-2018-04-19t03-41z-cf-ssh-proxy"
                        },
                        "meta": {},
                        "tainted": false
                    },
                    "deposed": [],
                    "provider": "provider.google"
                },
                "google_compute_forwarding_rule.cf-tcp-router": {
                    "type": "google_compute_forwarding_rule",
                    "depends_on": [
                        "google_compute_address.cf-tcp-router",
                        "google_compute_target_pool.cf-tcp-router"
                    ],
                    "primary": {
                        "id": "bbl-env-saimaa-2018-04-19t03-41z-cf-tcp-router",
                        "attributes": {
                            "backend_service": "",
                            "description": "",
                            "id": "bbl-env-saimaa-2018-04-19t03-41z-cf-tcp-router",
                            "ip_address": "35.188.158.187",
                            "ip_protocol": "TCP",
                            "load_balancing_scheme": "EXTERNAL",
                            "name": "bbl-env-saimaa-2018-04-19t03-41z-cf-tcp-router",
                            "network": "",
                            "port_range": "1024-32768",
                            "ports.#": "0",
                            "project": "handson-lab-user4",
                            "region": "us-central1",
                            "self_link": "https://www.googleapis.com/compute/v1/projects/handson-lab-user4/regions/us-central1/forwardingRules/bbl-env-saimaa-2018-04-19t03-41z-cf-tcp-router",
                            "subnetwork": "",
                            "target": "https://www.googleapis.com/compute/v1/projects/handson-lab-user4/regions/us-central1/targetPools/bbl-env-saimaa-2018-04-19t03-41z-cf-tcp-router"
                        },
                        "meta": {},
                        "tainted": false
                    },
                    "deposed": [],
                    "provider": "provider.google"
                },
                "google_compute_forwarding_rule.cf-ws-http": {
                    "type": "google_compute_forwarding_rule",
                    "depends_on": [
                        "google_compute_address.cf-ws",
                        "google_compute_target_pool.cf-ws"
                    ],
                    "primary": {
                        "id": "bbl-env-saimaa-2018-04-19t03-41z-cf-ws-http",
                        "attributes": {
                            "backend_service": "",
                            "description": "",
                            "id": "bbl-env-saimaa-2018-04-19t03-41z-cf-ws-http",
                            "ip_address": "35.188.155.129",
                            "ip_protocol": "TCP",
                            "load_balancing_scheme": "EXTERNAL",
                            "name": "bbl-env-saimaa-2018-04-19t03-41z-cf-ws-http",
                            "network": "",
                            "port_range": "80-80",
                            "ports.#": "0",
                            "project": "handson-lab-user4",
                            "region": "us-central1",
                            "self_link": "https://www.googleapis.com/compute/v1/projects/handson-lab-user4/regions/us-central1/forwardingRules/bbl-env-saimaa-2018-04-19t03-41z-cf-ws-http",
                            "subnetwork": "",
                            "target": "https://www.googleapis.com/compute/v1/projects/handson-lab-user4/regions/us-central1/targetPools/bbl-env-saimaa-2018-04-19t03-41z-cf-ws"
                        },
                        "meta": {},
                        "tainted": false
                    },
                    "deposed": [],
                    "provider": "provider.google"
                },
                "google_compute_forwarding_rule.cf-ws-https": {
                    "type": "google_compute_forwarding_rule",
                    "depends_on": [
                        "google_compute_address.cf-ws",
                        "google_compute_target_pool.cf-ws"
                    ],
                    "primary": {
                        "id": "bbl-env-saimaa-2018-04-19t03-41z-cf-ws-https",
                        "attributes": {
                            "backend_service": "",
                            "description": "",
                            "id": "bbl-env-saimaa-2018-04-19t03-41z-cf-ws-https",
                            "ip_address": "35.188.155.129",
                            "ip_protocol": "TCP",
                            "load_balancing_scheme": "EXTERNAL",
                            "name": "bbl-env-saimaa-2018-04-19t03-41z-cf-ws-https",
                            "network": "",
                            "port_range": "443-443",
                            "ports.#": "0",
                            "project": "handson-lab-user4",
                            "region": "us-central1",
                            "self_link": "https://www.googleapis.com/compute/v1/projects/handson-lab-user4/regions/us-central1/forwardingRules/bbl-env-saimaa-2018-04-19t03-41z-cf-ws-https",
                            "subnetwork": "",
                            "target": "https://www.googleapis.com/compute/v1/projects/handson-lab-user4/regions/us-central1/targetPools/bbl-env-saimaa-2018-04-19t03-41z-cf-ws"
                        },
                        "meta": {},
                        "tainted": false
                    },
                    "deposed": [],
                    "provider": "provider.google"
                },
                "google_compute_global_address.cf-address": {
                    "type": "google_compute_global_address",
                    "depends_on": [],
                    "primary": {
                        "id": "bbl-env-saimaa-2018-04-19t03-41z-cf",
                        "attributes": {
                            "address": "35.190.26.3",
                            "id": "bbl-env-saimaa-2018-04-19t03-41z-cf",
                            "ip_version": "",
                            "name": "bbl-env-saimaa-2018-04-19t03-41z-cf",
                            "project": "handson-lab-user4",
                            "self_link": "https://www.googleapis.com/compute/v1/projects/handson-lab-user4/global/addresses/bbl-env-saimaa-2018-04-19t03-41z-cf"
                        },
                        "meta": {},
                        "tainted": false
                    },
                    "deposed": [],
                    "provider": "provider.google"
                },
                "google_compute_global_forwarding_rule.cf-http-forwarding-rule": {
                    "type": "google_compute_global_forwarding_rule",
                    "depends_on": [
                        "google_compute_global_address.cf-address",
                        "google_compute_target_http_proxy.cf-http-lb-proxy"
                    ],
                    "primary": {
                        "id": "bbl-env-saimaa-2018-04-19t03-41z-cf-http",
                        "attributes": {
                            "description": "",
                            "id": "bbl-env-saimaa-2018-04-19t03-41z-cf-http",
                            "ip_address": "35.190.26.3",
                            "ip_protocol": "TCP",
                            "ip_version": "",
                            "label_fingerprint": "",
                            "labels.%": "0",
                            "name": "bbl-env-saimaa-2018-04-19t03-41z-cf-http",
                            "port_range": "80-80",
                            "project": "handson-lab-user4",
                            "self_link": "https://www.googleapis.com/compute/v1/projects/handson-lab-user4/global/forwardingRules/bbl-env-saimaa-2018-04-19t03-41z-cf-http",
                            "target": "https://www.googleapis.com/compute/v1/projects/handson-lab-user4/global/targetHttpProxies/bbl-env-saimaa-2018-04-19t03-41z-http-proxy"
                        },
                        "meta": {},
                        "tainted": false
                    },
                    "deposed": [],
                    "provider": "provider.google"
                },
                "google_compute_global_forwarding_rule.cf-https-forwarding-rule": {
                    "type": "google_compute_global_forwarding_rule",
                    "depends_on": [
                        "google_compute_global_address.cf-address",
                        "google_compute_target_https_proxy.cf-https-lb-proxy"
                    ],
                    "primary": {
                        "id": "bbl-env-saimaa-2018-04-19t03-41z-cf-https",
                        "attributes": {
                            "description": "",
                            "id": "bbl-env-saimaa-2018-04-19t03-41z-cf-https",
                            "ip_address": "35.190.26.3",
                            "ip_protocol": "TCP",
                            "ip_version": "",
                            "label_fingerprint": "",
                            "labels.%": "0",
                            "name": "bbl-env-saimaa-2018-04-19t03-41z-cf-https",
                            "port_range": "443-443",
                            "project": "handson-lab-user4",
                            "self_link": "https://www.googleapis.com/compute/v1/projects/handson-lab-user4/global/forwardingRules/bbl-env-saimaa-2018-04-19t03-41z-cf-https",
                            "target": "https://www.googleapis.com/compute/v1/projects/handson-lab-user4/global/targetHttpsProxies/bbl-env-saimaa-2018-04-19t03-41z-https-proxy"
                        },
                        "meta": {},
                        "tainted": false
                    },
                    "deposed": [],
                    "provider": "provider.google"
                },
                "google_compute_health_check.cf-public-health-check": {
                    "type": "google_compute_health_check",
                    "depends_on": [],
                    "primary": {
                        "id": "bbl-env-saimaa-2018-04-19t03-41z-cf-public",
                        "attributes": {
                            "check_interval_sec": "5",
                            "description": "",
                            "healthy_threshold": "2",
                            "http_health_check.#": "1",
                            "http_health_check.0.host": "",
                            "http_health_check.0.port": "8080",
                            "http_health_check.0.proxy_header": "NONE",
                            "http_health_check.0.request_path": "/health",
                            "https_health_check.#": "0",
                            "id": "bbl-env-saimaa-2018-04-19t03-41z-cf-public",
                            "name": "bbl-env-saimaa-2018-04-19t03-41z-cf-public",
                            "project": "handson-lab-user4",
                            "self_link": "https://www.googleapis.com/compute/v1/projects/handson-lab-user4/global/healthChecks/bbl-env-saimaa-2018-04-19t03-41z-cf-public",
                            "ssl_health_check.#": "0",
                            "tcp_health_check.#": "0",
                            "timeout_sec": "5",
                            "unhealthy_threshold": "2"
                        },
                        "meta": {},
                        "tainted": false
                    },
                    "deposed": [],
                    "provider": "provider.google"
                },
                "google_compute_http_health_check.cf-public-health-check": {
                    "type": "google_compute_http_health_check",
                    "depends_on": [],
                    "primary": {
                        "id": "bbl-env-saimaa-2018-04-19t03-41z-cf",
                        "attributes": {
                            "check_interval_sec": "5",
                            "creation_timestamp": "2018-04-18T20:41:33.090-07:00",
                            "description": "",
                            "healthy_threshold": "2",
                            "host": "",
                            "id": "bbl-env-saimaa-2018-04-19t03-41z-cf",
                            "name": "bbl-env-saimaa-2018-04-19t03-41z-cf",
                            "port": "8080",
                            "project": "handson-lab-user4",
                            "request_path": "/health",
                            "self_link": "https://www.googleapis.com/compute/v1/projects/handson-lab-user4/global/httpHealthChecks/bbl-env-saimaa-2018-04-19t03-41z-cf",
                            "timeout_sec": "5",
                            "unhealthy_threshold": "2"
                        },
                        "meta": {
                            "e2bfb730-ecaa-11e6-8f88-34363bc7c4c0": {
                                "create": 240000000000,
                                "delete": 240000000000,
                                "update": 240000000000
                            }
                        },
                        "tainted": false
                    },
                    "deposed": [],
                    "provider": "provider.google"
                },
                "google_compute_http_health_check.cf-tcp-router": {
                    "type": "google_compute_http_health_check",
                    "depends_on": [],
                    "primary": {
                        "id": "bbl-env-saimaa-2018-04-19t03-41z-cf-tcp-router",
                        "attributes": {
                            "check_interval_sec": "5",
                            "creation_timestamp": "2018-04-18T20:41:33.090-07:00",
                            "description": "",
                            "healthy_threshold": "2",
                            "host": "",
                            "id": "bbl-env-saimaa-2018-04-19t03-41z-cf-tcp-router",
                            "name": "bbl-env-saimaa-2018-04-19t03-41z-cf-tcp-router",
                            "port": "80",
                            "project": "handson-lab-user4",
                            "request_path": "/health",
                            "self_link": "https://www.googleapis.com/compute/v1/projects/handson-lab-user4/global/httpHealthChecks/bbl-env-saimaa-2018-04-19t03-41z-cf-tcp-router",
                            "timeout_sec": "5",
                            "unhealthy_threshold": "2"
                        },
                        "meta": {
                            "e2bfb730-ecaa-11e6-8f88-34363bc7c4c0": {
                                "create": 240000000000,
                                "delete": 240000000000,
                                "update": 240000000000
                            }
                        },
                        "tainted": false
                    },
                    "deposed": [],
                    "provider": "provider.google"
                },
                "google_compute_instance_group.router-lb-0": {
                    "type": "google_compute_instance_group",
                    "depends_on": [],
                    "primary": {
                        "id": "us-central1-a/bbl-env-saimaa-2018-04-19t03-41z-router-lb-0-us-central1-a",
                        "attributes": {
                            "description": "terraform generated instance group that is multi-zone for https loadbalancing",
                            "id": "us-central1-a/bbl-env-saimaa-2018-04-19t03-41z-router-lb-0-us-central1-a",
                            "instances.#": "0",
                            "name": "bbl-env-saimaa-2018-04-19t03-41z-router-lb-0-us-central1-a",
                            "named_port.#": "1",
                            "named_port.0.name": "https",
                            "named_port.0.port": "443",
                            "network": "",
                            "project": "handson-lab-user4",
                            "self_link": "https://www.googleapis.com/compute/v1/projects/handson-lab-user4/zones/us-central1-a/instanceGroups/bbl-env-saimaa-2018-04-19t03-41z-router-lb-0-us-central1-a",
                            "size": "0",
                            "zone": "us-central1-a"
                        },
                        "meta": {
                            "schema_version": "2"
                        },
                        "tainted": false
                    },
                    "deposed": [],
                    "provider": "provider.google"
                },
                "google_compute_instance_group.router-lb-1": {
                    "type": "google_compute_instance_group",
                    "depends_on": [],
                    "primary": {
                        "id": "us-central1-b/bbl-env-saimaa-2018-04-19t03-41z-router-lb-1-us-central1-b",
                        "attributes": {
                            "description": "terraform generated instance group that is multi-zone for https loadbalancing",
                            "id": "us-central1-b/bbl-env-saimaa-2018-04-19t03-41z-router-lb-1-us-central1-b",
                            "instances.#": "0",
                            "name": "bbl-env-saimaa-2018-04-19t03-41z-router-lb-1-us-central1-b",
                            "named_port.#": "1",
                            "named_port.0.name": "https",
                            "named_port.0.port": "443",
                            "network": "",
                            "project": "handson-lab-user4",
                            "self_link": "https://www.googleapis.com/compute/v1/projects/handson-lab-user4/zones/us-central1-b/instanceGroups/bbl-env-saimaa-2018-04-19t03-41z-router-lb-1-us-central1-b",
                            "size": "0",
                            "zone": "us-central1-b"
                        },
                        "meta": {
                            "schema_version": "2"
                        },
                        "tainted": false
                    },
                    "deposed": [],
                    "provider": "provider.google"
                },
                "google_compute_instance_group.router-lb-2": {
                    "type": "google_compute_instance_group",
                    "depends_on": [],
                    "primary": {
                        "id": "us-central1-c/bbl-env-saimaa-2018-04-19t03-41z-router-lb-2-us-central1-c",
                        "attributes": {
                            "description": "terraform generated instance group that is multi-zone for https loadbalancing",
                            "id": "us-central1-c/bbl-env-saimaa-2018-04-19t03-41z-router-lb-2-us-central1-c",
                            "instances.#": "0",
                            "name": "bbl-env-saimaa-2018-04-19t03-41z-router-lb-2-us-central1-c",
                            "named_port.#": "1",
                            "named_port.0.name": "https",
                            "named_port.0.port": "443",
                            "network": "",
                            "project": "handson-lab-user4",
                            "self_link": "https://www.googleapis.com/compute/v1/projects/handson-lab-user4/zones/us-central1-c/instanceGroups/bbl-env-saimaa-2018-04-19t03-41z-router-lb-2-us-central1-c",
                            "size": "0",
                            "zone": "us-central1-c"
                        },
                        "meta": {
                            "schema_version": "2"
                        },
                        "tainted": false
                    },
                    "deposed": [],
                    "provider": "provider.google"
                },
                "google_compute_instance_group.router-lb-3": {
                    "type": "google_compute_instance_group",
                    "depends_on": [],
                    "primary": {
                        "id": "us-central1-f/bbl-env-saimaa-2018-04-19t03-41z-router-lb-3-us-central1-f",
                        "attributes": {
                            "description": "terraform generated instance group that is multi-zone for https loadbalancing",
                            "id": "us-central1-f/bbl-env-saimaa-2018-04-19t03-41z-router-lb-3-us-central1-f",
                            "instances.#": "0",
                            "name": "bbl-env-saimaa-2018-04-19t03-41z-router-lb-3-us-central1-f",
                            "named_port.#": "1",
                            "named_port.0.name": "https",
                            "named_port.0.port": "443",
                            "network": "",
                            "project": "handson-lab-user4",
                            "self_link": "https://www.googleapis.com/compute/v1/projects/handson-lab-user4/zones/us-central1-f/instanceGroups/bbl-env-saimaa-2018-04-19t03-41z-router-lb-3-us-central1-f",
                            "size": "0",
                            "zone": "us-central1-f"
                        },
                        "meta": {
                            "schema_version": "2"
                        },
                        "tainted": false
                    },
                    "deposed": [],
                    "provider": "provider.google"
                },
                "google_compute_network.bbl-network": {
                    "type": "google_compute_network",
                    "depends_on": [],
                    "primary": {
                        "id": "bbl-env-saimaa-2018-04-19t03-41z-network",
                        "attributes": {
                            "auto_create_subnetworks": "false",
                            "description": "",
                            "gateway_ipv4": "",
                            "id": "bbl-env-saimaa-2018-04-19t03-41z-network",
                            "ipv4_range": "",
                            "name": "bbl-env-saimaa-2018-04-19t03-41z-network",
                            "project": "handson-lab-user4",
                            "routing_mode": "REGIONAL",
                            "self_link": "https://www.googleapis.com/compute/v1/projects/handson-lab-user4/global/networks/bbl-env-saimaa-2018-04-19t03-41z-network"
                        },
                        "meta": {},
                        "tainted": false
                    },
                    "deposed": [],
                    "provider": "provider.google"
                },
                "google_compute_ssl_certificate.cf-cert": {
                    "type": "google_compute_ssl_certificate",
                    "depends_on": [],
                    "primary": {
                        "id": "bbl-env-saimaa-2018-04-19t03-41z20180419034143671500000001",
                        "attributes": {
                            "certificate": "-----BEGIN CERTIFICATE-----\nMIICwjCCAaoCCQD6x/qoZa7e5DANBgkqhkiG9w0BAQsFADAjMSEwHwYDVQQDDBgq\nLnVzZXI0LmFsdG9yb3MtbGFicy54eXowHhcNMTgwNDE2MTgyMDA0WhcNMTkwNDE2\nMTgyMDA0WjAjMSEwHwYDVQQDDBgqLnVzZXI0LmFsdG9yb3MtbGFicy54eXowggEi\nMA0GCSqGSIb3DQEBAQUAA4IBDwAwggEKAoIBAQCR+wuAT8LNybnyVd9/KsPSXJpb\nFJ9HBaNzVWWUhkFamAvO1/x+NCeBh0rLmG7JPZCm/Nq8NRKviL86WNaniUPMMsRh\nyBgEzl9pXbeNoKb0BmVCASNOAj1HXg0jZ6qoIEd2ZDxqk/WpeO2kx96bYh09zmxQ\nIiTDdmN1SNIeb1ypaNjFalCz7q9yCTieBsleOPubSyfasDgr8LzR+DyFoItrsM5c\nhsev7MKf8g3up6mjRI3LnVJf+uUZI8sWsKRtxjD6ZPko+MlP2sfy0/GO75+uWp8p\ns9bu2TrYmiRn6cSEFJ+RhROs0P15BgdOmTKVBCmq1W2nITEa9gkzoI9x09VfAgMB\nAAEwDQYJKoZIhvcNAQELBQADggEBAFMq3zNsFYOBxJfpkvQYcI2uCR9HoGase71c\nQRF6CYaQ38AfZapGBz1s/S3O9oeopQ4H+NvKSC7urRT6MQszYQZrisU4q2k9ciYE\nuaRNnOxfrRz5i27vhZnpkX0RWqe9tIsZ28bPXg9MhB7a36SgB585wRLoTzHQH0C9\niKh4ow8u+2MpFIKOC2664VYQ74HiQf+C1xo5s6LeJ3R0oZOr73uXZ2aHP9fNgSYq\nXlmKZWo2XLJW5siE912fJ9b70MUgjjxf0GMt4EVVr5vkAjJbOm4Wtl8h4+sS7PQv\nUeWqLUhM2GyBgmaLF2TTtIMu3KxlpFc3bHBkcqOcw0kx3N1ZdIA=\n-----END CERTIFICATE-----\n",
                            "certificate_id": "6029718878432899351",
                            "description": "user provided ssl private key / ssl certificate pair",
                            "id": "bbl-env-saimaa-2018-04-19t03-41z20180419034143671500000001",
                            "name": "bbl-env-saimaa-2018-04-19t03-41z20180419034143671500000001",
                            "name_prefix": "bbl-env-saimaa-2018-04-19t03-41z",
                            "private_key": "-----BEGIN PRIVATE KEY-----\nMIIEvgIBADANBgkqhkiG9w0BAQEFAASCBKgwggSkAgEAAoIBAQCR+wuAT8LNybny\nVd9/KsPSXJpbFJ9HBaNzVWWUhkFamAvO1/x+NCeBh0rLmG7JPZCm/Nq8NRKviL86\nWNaniUPMMsRhyBgEzl9pXbeNoKb0BmVCASNOAj1HXg0jZ6qoIEd2ZDxqk/WpeO2k\nx96bYh09zmxQIiTDdmN1SNIeb1ypaNjFalCz7q9yCTieBsleOPubSyfasDgr8LzR\n+DyFoItrsM5chsev7MKf8g3up6mjRI3LnVJf+uUZI8sWsKRtxjD6ZPko+MlP2sfy\n0/GO75+uWp8ps9bu2TrYmiRn6cSEFJ+RhROs0P15BgdOmTKVBCmq1W2nITEa9gkz\noI9x09VfAgMBAAECggEATmHCginRild3XTRYpdpbfLc2NhNzllnjsoi22zHfI3qi\nVHTKYSU11SnEsl7tlWZWJiN8ezPwDYpaS0TqNNjSK3FS2sHqi6IXvuaQKR6KplpM\nwk0EHN2883X/jfQawN1cIaiefAdoD5Ab4a9jyoC6/LW6mKhMnxsROidYkvjugxM2\nP5OFk951Kl5db7rY2Gie3DsDUr8T1uB0BvdYp8SY0bwzcEBDpU04+cyXMNSFS7PQ\nMwk6NSVfHysD18sDB79mrY64dSw+nkePtc0YvCie+bqhemdJKO+WB/qGyy6dC+6X\nqi1tBPZocuu3XgBvgPbd3TLBAfjyPQuvS4SB/FbR6QKBgQDCSUfbcmwKXAYIlA4P\naJfOPiqEQ8kJ2lRrVzILDOElwdVW9Ny4aSvZttcGLpiwdPr/ycCJ17KkWx6nRzfZ\nEPfTvs06ahmurJnO7KLN+SKlH7KY/wua/M0BQzqVAd5616Sq1kfkT9hTIl0GO9lu\nDH5UyGwSJWp/Ziaq7ZJGsewWkwKBgQDAWbYCK3ledieuM4nz+6g9QOMJnaa98xAF\nRVnkoABwSjSXWJ8rdKNQJmLVqKZOmE/408PSLv3v02Z6tFZP6i9yK6hYtuhUjNhy\nE9sWHgXCVzz+Jjp43V/BuUdUKuyqZ8G1RfNmiLDk/pSeF3UbpChmZgTjYGi2PvZ9\noJ+r4UFZhQKBgQC8BCqz5ZFEnTWBi7Xnl3KBNovyn56oGE9l6WYWZ4pi/ae1lRUc\nqTq0YErKQsGk0jAs5VOckc7hWwTZIQSc3dzXX2hARXlBHuth4oLTDWxHm9s8UGUs\nwcSqmiLRHJPvEUzbvq6n9dUE7tZTOAv8gb6n0aU0El1zmKmG9I2AOKKeXQKBgEJB\n5MdEkG8whiSkjj2kD2TiKBLU4m4F/xvBsuBlGSGU/h6wIUwHxoXCY0Mz7+2c29db\notWQ6FonWOKloiGvCp7qWPgOMWOGjLxnCI3K07MI9/KX2oZtwyFpIB/nFVTxnrFB\nokFMjpqi8zCt5eIanuv+8moceJVmhOPrY3UCh889AoGBALdI84TqtymRL0XEiY+y\ntnFnWA81lqEw0sUQGbERRGmrFnbrwnFvFDp3aZZI36fzMojMAcRPt1WNWVWZVjfg\nUvMVaSErpnWwHZQ/KS0iBnYZcROk6kQCCDoKxoOh7pIgZYh0jWHEYbrK1hoSo4vX\nZ057bqY1jRmdqd1pyAwaRDMn\n-----END PRIVATE KEY-----\n",
                            "project": "handson-lab-user4",
                            "self_link": "https://www.googleapis.com/compute/v1/projects/handson-lab-user4/global/sslCertificates/bbl-env-saimaa-2018-04-19t03-41z20180419034143671500000001"
                        },
                        "meta": {},
                        "tainted": false
                    },
                    "deposed": [],
                    "provider": "provider.google"
                },
                "google_compute_subnetwork.bbl-subnet": {
                    "type": "google_compute_subnetwork",
                    "depends_on": [
                        "google_compute_network.bbl-network"
                    ],
                    "primary": {
                        "id": "us-central1/bbl-env-saimaa-2018-04-19t03-41z-subnet",
                        "attributes": {
                            "description": "",
                            "gateway_address": "10.0.0.1",
                            "id": "us-central1/bbl-env-saimaa-2018-04-19t03-41z-subnet",
                            "ip_cidr_range": "10.0.0.0/16",
                            "name": "bbl-env-saimaa-2018-04-19t03-41z-subnet",
                            "network": "https://www.googleapis.com/compute/v1/projects/handson-lab-user4/global/networks/bbl-env-saimaa-2018-04-19t03-41z-network",
                            "private_ip_google_access": "false",
                            "project": "handson-lab-user4",
                            "region": "us-central1",
                            "secondary_ip_range.#": "0",
                            "self_link": "https://www.googleapis.com/compute/v1/projects/handson-lab-user4/regions/us-central1/subnetworks/bbl-env-saimaa-2018-04-19t03-41z-subnet"
                        },
                        "meta": {
                            "e2bfb730-ecaa-11e6-8f88-34363bc7c4c0": {
                                "create": 360000000000,
                                "delete": 360000000000,
                                "update": 360000000000
                            }
                        },
                        "tainted": false
                    },
                    "deposed": [],
                    "provider": "provider.google"
                },
                "google_compute_target_http_proxy.cf-http-lb-proxy": {
                    "type": "google_compute_target_http_proxy",
                    "depends_on": [
                        "google_compute_url_map.cf-https-lb-url-map"
                    ],
                    "primary": {
                        "id": "bbl-env-saimaa-2018-04-19t03-41z-http-proxy",
                        "attributes": {
                            "description": "really a load balancer but listed as an http proxy",
                            "id": "bbl-env-saimaa-2018-04-19t03-41z-http-proxy",
                            "name": "bbl-env-saimaa-2018-04-19t03-41z-http-proxy",
                            "project": "handson-lab-user4",
                            "proxy_id": "3698252536712900297",
                            "self_link": "https://www.googleapis.com/compute/v1/projects/handson-lab-user4/global/targetHttpProxies/bbl-env-saimaa-2018-04-19t03-41z-http-proxy",
                            "url_map": "https://www.googleapis.com/compute/v1/projects/handson-lab-user4/global/urlMaps/bbl-env-saimaa-2018-04-19t03-41z-cf-http"
                        },
                        "meta": {},
                        "tainted": false
                    },
                    "deposed": [],
                    "provider": "provider.google"
                },
                "google_compute_target_https_proxy.cf-https-lb-proxy": {
                    "type": "google_compute_target_https_proxy",
                    "depends_on": [
                        "google_compute_ssl_certificate.cf-cert",
                        "google_compute_url_map.cf-https-lb-url-map"
                    ],
                    "primary": {
                        "id": "bbl-env-saimaa-2018-04-19t03-41z-https-proxy",
                        "attributes": {
                            "description": "really a load balancer but listed as an https proxy",
                            "id": "bbl-env-saimaa-2018-04-19t03-41z-https-proxy",
                            "name": "bbl-env-saimaa-2018-04-19t03-41z-https-proxy",
                            "project": "handson-lab-user4",
                            "proxy_id": "4394999191080120007",
                            "self_link": "https://www.googleapis.com/compute/v1/projects/handson-lab-user4/global/targetHttpsProxies/bbl-env-saimaa-2018-04-19t03-41z-https-proxy",
                            "ssl_certificates.#": "1",
                            "ssl_certificates.0": "https://www.googleapis.com/compute/v1/projects/handson-lab-user4/global/sslCertificates/bbl-env-saimaa-2018-04-19t03-41z20180419034143671500000001",
                            "url_map": "https://www.googleapis.com/compute/v1/projects/handson-lab-user4/global/urlMaps/bbl-env-saimaa-2018-04-19t03-41z-cf-http"
                        },
                        "meta": {},
                        "tainted": false
                    },
                    "deposed": [],
                    "provider": "provider.google"
                },
                "google_compute_target_pool.cf-ssh-proxy": {
                    "type": "google_compute_target_pool",
                    "depends_on": [],
                    "primary": {
                        "id": "bbl-env-saimaa-2018-04-19t03-41z-cf-ssh-proxy",
                        "attributes": {
                            "backup_pool": "",
                            "description": "",
                            "failover_ratio": "0",
                            "health_checks.#": "0",
                            "id": "bbl-env-saimaa-2018-04-19t03-41z-cf-ssh-proxy",
                            "instances.#": "0",
                            "name": "bbl-env-saimaa-2018-04-19t03-41z-cf-ssh-proxy",
                            "project": "handson-lab-user4",
                            "region": "us-central1",
                            "self_link": "https://www.googleapis.com/compute/v1/projects/handson-lab-user4/regions/us-central1/targetPools/bbl-env-saimaa-2018-04-19t03-41z-cf-ssh-proxy",
                            "session_affinity": "NONE"
                        },
                        "meta": {},
                        "tainted": false
                    },
                    "deposed": [],
                    "provider": "provider.google"
                },
                "google_compute_target_pool.cf-tcp-router": {
                    "type": "google_compute_target_pool",
                    "depends_on": [
                        "google_compute_http_health_check.cf-tcp-router"
                    ],
                    "primary": {
                        "id": "bbl-env-saimaa-2018-04-19t03-41z-cf-tcp-router",
                        "attributes": {
                            "backup_pool": "",
                            "description": "",
                            "failover_ratio": "0",
                            "health_checks.#": "1",
                            "health_checks.0": "https://www.googleapis.com/compute/v1/projects/handson-lab-user4/global/httpHealthChecks/bbl-env-saimaa-2018-04-19t03-41z-cf-tcp-router",
                            "id": "bbl-env-saimaa-2018-04-19t03-41z-cf-tcp-router",
                            "instances.#": "0",
                            "name": "bbl-env-saimaa-2018-04-19t03-41z-cf-tcp-router",
                            "project": "handson-lab-user4",
                            "region": "us-central1",
                            "self_link": "https://www.googleapis.com/compute/v1/projects/handson-lab-user4/regions/us-central1/targetPools/bbl-env-saimaa-2018-04-19t03-41z-cf-tcp-router",
                            "session_affinity": "NONE"
                        },
                        "meta": {},
                        "tainted": false
                    },
                    "deposed": [],
                    "provider": "provider.google"
                },
                "google_compute_target_pool.cf-ws": {
                    "type": "google_compute_target_pool",
                    "depends_on": [
                        "google_compute_http_health_check.cf-public-health-check"
                    ],
                    "primary": {
                        "id": "bbl-env-saimaa-2018-04-19t03-41z-cf-ws",
                        "attributes": {
                            "backup_pool": "",
                            "description": "",
                            "failover_ratio": "0",
                            "health_checks.#": "1",
                            "health_checks.0": "https://www.googleapis.com/compute/v1/projects/handson-lab-user4/global/httpHealthChecks/bbl-env-saimaa-2018-04-19t03-41z-cf",
                            "id": "bbl-env-saimaa-2018-04-19t03-41z-cf-ws",
                            "instances.#": "0",
                            "name": "bbl-env-saimaa-2018-04-19t03-41z-cf-ws",
                            "project": "handson-lab-user4",
                            "region": "us-central1",
                            "self_link": "https://www.googleapis.com/compute/v1/projects/handson-lab-user4/regions/us-central1/targetPools/bbl-env-saimaa-2018-04-19t03-41z-cf-ws",
                            "session_affinity": "NONE"
                        },
                        "meta": {},
                        "tainted": false
                    },
                    "deposed": [],
                    "provider": "provider.google"
                },
                "google_compute_url_map.cf-https-lb-url-map": {
                    "type": "google_compute_url_map",
                    "depends_on": [
                        "google_compute_backend_service.router-lb-backend-service"
                    ],
                    "primary": {
                        "id": "bbl-env-saimaa-2018-04-19t03-41z-cf-http",
                        "attributes": {
                            "default_service": "https://www.googleapis.com/compute/v1/projects/handson-lab-user4/global/backendServices/bbl-env-saimaa-2018-04-19t03-41z-router-lb",
                            "fingerprint": "pKip5B4l1As=",
                            "host_rule.#": "0",
                            "id": "bbl-env-saimaa-2018-04-19t03-41z-cf-http",
                            "map_id": "7422774899367063284",
                            "name": "bbl-env-saimaa-2018-04-19t03-41z-cf-http",
                            "path_matcher.#": "0",
                            "project": "handson-lab-user4",
                            "self_link": "https://www.googleapis.com/compute/v1/projects/handson-lab-user4/global/urlMaps/bbl-env-saimaa-2018-04-19t03-41z-cf-http",
                            "test.#": "0"
                        },
                        "meta": {},
                        "tainted": false
                    },
                    "deposed": [],
                    "provider": "provider.google"
                }
            },
            "depends_on": []
        }
    ]
}
