{
    "version": 3,
    "terraform_version": "0.11.7",
    "serial": 3,
    "lineage": "988bfc55-1603-5475-e947-622bd0b90f00",
    "modules": [
        {
            "path": [
                "root"
            ],
            "outputs": {
                "director__internal_ip": {
                    "sensitive": false,
                    "type": "string",
                    "value": "10.0.0.6"
                },
                "director__tags": {
                    "sensitive": false,
                    "type": "list",
                    "value": [
                        "bbl-env-balkhash-2018-04-05t18-37z-bosh-director"
                    ]
                },
                "director_address": {
                    "sensitive": false,
                    "type": "string",
                    "value": "https://104.197.154.139:25555"
                },
                "director_name": {
                    "sensitive": false,
                    "type": "string",
                    "value": "bosh-bbl-env-balkhash-2018-04-05t18-37z"
                },
                "external_ip": {
                    "sensitive": false,
                    "type": "string",
                    "value": "104.197.154.139"
                },
                "internal_cidr": {
                    "sensitive": false,
                    "type": "string",
                    "value": "10.0.0.0/24"
                },
                "internal_gw": {
                    "sensitive": false,
                    "type": "string",
                    "value": "10.0.0.1"
                },
                "internal_tag_name": {
                    "sensitive": false,
                    "type": "string",
                    "value": "bbl-env-balkhash-2018-04-05t18-37z-internal"
                },
                "jumpbox__internal_ip": {
                    "sensitive": false,
                    "type": "string",
                    "value": "10.0.0.5"
                },
                "jumpbox__tags": {
                    "sensitive": false,
                    "type": "list",
                    "value": [
                        "bbl-env-balkhash-2018-04-05t18-37z-bosh-open",
                        "bbl-env-balkhash-2018-04-05t18-37z-jumpbox"
                    ]
                },
                "jumpbox_url": {
                    "sensitive": false,
                    "type": "string",
                    "value": "104.197.154.139:22"
                },
                "network": {
                    "sensitive": false,
                    "type": "string",
                    "value": "bbl-env-balkhash-2018-04-05t18-37z-network"
                },
                "router_backend_service": {
                    "sensitive": false,
                    "type": "string",
                    "value": "bbl-env-balkhash-2018-04-05t18-37z-router-lb"
                },
                "router_lb_ip": {
                    "sensitive": false,
                    "type": "string",
                    "value": "107.178.247.9"
                },
                "ssh_proxy_lb_ip": {
                    "sensitive": false,
                    "type": "string",
                    "value": "35.224.2.72"
                },
                "ssh_proxy_target_pool": {
                    "sensitive": false,
                    "type": "string",
                    "value": "bbl-env-balkhash-2018-04-05t18-37z-cf-ssh-proxy"
                },
                "subnet_cidr_1": {
                    "sensitive": false,
                    "type": "string",
                    "value": "10.0.16.0/24"
                },
                "subnet_cidr_2": {
                    "sensitive": false,
                    "type": "string",
                    "value": "10.0.32.0/24"
                },
                "subnet_cidr_3": {
                    "sensitive": false,
                    "type": "string",
                    "value": "10.0.48.0/24"
                },
                "subnet_cidr_4": {
                    "sensitive": false,
                    "type": "string",
                    "value": "10.0.64.0/24"
                },
                "subnetwork": {
                    "sensitive": false,
                    "type": "string",
                    "value": "bbl-env-balkhash-2018-04-05t18-37z-subnet"
                },
                "tcp_router_lb_ip": {
                    "sensitive": false,
                    "type": "string",
                    "value": "35.226.9.68"
                },
                "tcp_router_target_pool": {
                    "sensitive": false,
                    "type": "string",
                    "value": "bbl-env-balkhash-2018-04-05t18-37z-cf-tcp-router"
                },
                "ws_lb_ip": {
                    "sensitive": false,
                    "type": "string",
                    "value": "35.202.135.35"
                },
                "ws_target_pool": {
                    "sensitive": false,
                    "type": "string",
                    "value": "bbl-env-balkhash-2018-04-05t18-37z-cf-ws"
                }
            },
            "resources": {
                "google_compute_address.cf-ssh-proxy": {
                    "type": "google_compute_address",
                    "depends_on": [],
                    "primary": {
                        "id": "projects/handson-lab-user1/regions/us-central1/addresses/bbl-env-balkhash-2018-04-05t18-37z-cf-ssh-proxy",
                        "attributes": {
                            "address": "35.224.2.72",
                            "address_type": "EXTERNAL",
                            "id": "projects/handson-lab-user1/regions/us-central1/addresses/bbl-env-balkhash-2018-04-05t18-37z-cf-ssh-proxy",
                            "name": "bbl-env-balkhash-2018-04-05t18-37z-cf-ssh-proxy",
                            "project": "handson-lab-user1",
                            "region": "us-central1",
                            "self_link": "https://www.googleapis.com/compute/v1/projects/handson-lab-user1/regions/us-central1/addresses/bbl-env-balkhash-2018-04-05t18-37z-cf-ssh-proxy",
                            "subnetwork": ""
                        },
                        "meta": {
                            "schema_version": "1"
                        },
                        "tainted": false
                    },
                    "deposed": [],
                    "provider": "provider.google"
                },
                "google_compute_address.cf-tcp-router": {
                    "type": "google_compute_address",
                    "depends_on": [],
                    "primary": {
                        "id": "projects/handson-lab-user1/regions/us-central1/addresses/bbl-env-balkhash-2018-04-05t18-37z-cf-tcp-router",
                        "attributes": {
                            "address": "35.226.9.68",
                            "address_type": "EXTERNAL",
                            "id": "projects/handson-lab-user1/regions/us-central1/addresses/bbl-env-balkhash-2018-04-05t18-37z-cf-tcp-router",
                            "name": "bbl-env-balkhash-2018-04-05t18-37z-cf-tcp-router",
                            "project": "handson-lab-user1",
                            "region": "us-central1",
                            "self_link": "https://www.googleapis.com/compute/v1/projects/handson-lab-user1/regions/us-central1/addresses/bbl-env-balkhash-2018-04-05t18-37z-cf-tcp-router",
                            "subnetwork": ""
                        },
                        "meta": {
                            "schema_version": "1"
                        },
                        "tainted": false
                    },
                    "deposed": [],
                    "provider": "provider.google"
                },
                "google_compute_address.cf-ws": {
                    "type": "google_compute_address",
                    "depends_on": [],
                    "primary": {
                        "id": "projects/handson-lab-user1/regions/us-central1/addresses/bbl-env-balkhash-2018-04-05t18-37z-cf-ws",
                        "attributes": {
                            "address": "35.202.135.35",
                            "address_type": "EXTERNAL",
                            "id": "projects/handson-lab-user1/regions/us-central1/addresses/bbl-env-balkhash-2018-04-05t18-37z-cf-ws",
                            "name": "bbl-env-balkhash-2018-04-05t18-37z-cf-ws",
                            "project": "handson-lab-user1",
                            "region": "us-central1",
                            "self_link": "https://www.googleapis.com/compute/v1/projects/handson-lab-user1/regions/us-central1/addresses/bbl-env-balkhash-2018-04-05t18-37z-cf-ws",
                            "subnetwork": ""
                        },
                        "meta": {
                            "schema_version": "1"
                        },
                        "tainted": false
                    },
                    "deposed": [],
                    "provider": "provider.google"
                },
                "google_compute_address.jumpbox-ip": {
                    "type": "google_compute_address",
                    "depends_on": [],
                    "primary": {
                        "id": "projects/handson-lab-user1/regions/us-central1/addresses/bbl-env-balkhash-2018-04-05t18-37z-jumpbox-ip",
                        "attributes": {
                            "address": "104.197.154.139",
                            "address_type": "EXTERNAL",
                            "id": "projects/handson-lab-user1/regions/us-central1/addresses/bbl-env-balkhash-2018-04-05t18-37z-jumpbox-ip",
                            "name": "bbl-env-balkhash-2018-04-05t18-37z-jumpbox-ip",
                            "project": "handson-lab-user1",
                            "region": "us-central1",
                            "self_link": "https://www.googleapis.com/compute/v1/projects/handson-lab-user1/regions/us-central1/addresses/bbl-env-balkhash-2018-04-05t18-37z-jumpbox-ip",
                            "subnetwork": ""
                        },
                        "meta": {
                            "schema_version": "1"
                        },
                        "tainted": false
                    },
                    "deposed": [],
                    "provider": "provider.google"
                },
                "google_compute_backend_service.router-lb-backend-service": {
                    "type": "google_compute_backend_service",
                    "depends_on": [
                        "google_compute_health_check.cf-public-health-check",
                        "google_compute_instance_group.router-lb-0",
                        "google_compute_instance_group.router-lb-1",
                        "google_compute_instance_group.router-lb-2",
                        "google_compute_instance_group.router-lb-3"
                    ],
                    "primary": {
                        "id": "bbl-env-balkhash-2018-04-05t18-37z-router-lb",
                        "attributes": {
                            "backend.#": "4",
                            "backend.1124980916.balancing_mode": "UTILIZATION",
                            "backend.1124980916.capacity_scaler": "1",
                            "backend.1124980916.description": "",
                            "backend.1124980916.group": "https://www.googleapis.com/compute/v1/projects/handson-lab-user1/zones/us-central1-c/instanceGroups/bbl-env-balkhash-2018-04-05t18-37z-router-lb-2-us-central1-c",
                            "backend.1124980916.max_rate": "0",
                            "backend.1124980916.max_rate_per_instance": "0",
                            "backend.1124980916.max_utilization": "0.8",
                            "backend.2076142741.balancing_mode": "UTILIZATION",
                            "backend.2076142741.capacity_scaler": "1",
                            "backend.2076142741.description": "",
                            "backend.2076142741.group": "https://www.googleapis.com/compute/v1/projects/handson-lab-user1/zones/us-central1-a/instanceGroups/bbl-env-balkhash-2018-04-05t18-37z-router-lb-0-us-central1-a",
                            "backend.2076142741.max_rate": "0",
                            "backend.2076142741.max_rate_per_instance": "0",
                            "backend.2076142741.max_utilization": "0.8",
                            "backend.660741794.balancing_mode": "UTILIZATION",
                            "backend.660741794.capacity_scaler": "1",
                            "backend.660741794.description": "",
                            "backend.660741794.group": "https://www.googleapis.com/compute/v1/projects/handson-lab-user1/zones/us-central1-b/instanceGroups/bbl-env-balkhash-2018-04-05t18-37z-router-lb-1-us-central1-b",
                            "backend.660741794.max_rate": "0",
                            "backend.660741794.max_rate_per_instance": "0",
                            "backend.660741794.max_utilization": "0.8",
                            "backend.870601163.balancing_mode": "UTILIZATION",
                            "backend.870601163.capacity_scaler": "1",
                            "backend.870601163.description": "",
                            "backend.870601163.group": "https://www.googleapis.com/compute/v1/projects/handson-lab-user1/zones/us-central1-f/instanceGroups/bbl-env-balkhash-2018-04-05t18-37z-router-lb-3-us-central1-f",
                            "backend.870601163.max_rate": "0",
                            "backend.870601163.max_rate_per_instance": "0",
                            "backend.870601163.max_utilization": "0.8",
                            "cdn_policy.#": "1",
                            "cdn_policy.0.cache_key_policy.#": "1",
                            "cdn_policy.0.cache_key_policy.0.include_host": "false",
                            "cdn_policy.0.cache_key_policy.0.include_protocol": "false",
                            "cdn_policy.0.cache_key_policy.0.include_query_string": "false",
                            "cdn_policy.0.cache_key_policy.0.query_string_blacklist.#": "0",
                            "cdn_policy.0.cache_key_policy.0.query_string_whitelist.#": "0",
                            "connection_draining_timeout_sec": "300",
                            "description": "",
                            "enable_cdn": "false",
                            "fingerprint": "EMfEHbZJHNw=",
                            "health_checks.#": "1",
                            "health_checks.1645099686": "https://www.googleapis.com/compute/v1/projects/handson-lab-user1/global/healthChecks/bbl-env-balkhash-2018-04-05t18-37z-cf-public",
                            "iap.#": "0",
                            "id": "bbl-env-balkhash-2018-04-05t18-37z-router-lb",
                            "name": "bbl-env-balkhash-2018-04-05t18-37z-router-lb",
                            "port_name": "https",
                            "project": "handson-lab-user1",
                            "protocol": "HTTPS",
                            "self_link": "https://www.googleapis.com/compute/v1/projects/handson-lab-user1/global/backendServices/bbl-env-balkhash-2018-04-05t18-37z-router-lb",
                            "session_affinity": "NONE",
                            "timeout_sec": "900"
                        },
                        "meta": {
                            "schema_version": "1"
                        },
                        "tainted": false
                    },
                    "deposed": [],
                    "provider": "provider.google"
                },
                "google_compute_firewall.bosh-director": {
                    "type": "google_compute_firewall",
                    "depends_on": [
                        "google_compute_network.bbl-network"
                    ],
                    "primary": {
                        "id": "bbl-env-balkhash-2018-04-05t18-37z-bosh-director",
                        "attributes": {
                            "allow.#": "1",
                            "allow.3848845357.ports.#": "0",
                            "allow.3848845357.protocol": "tcp",
                            "deny.#": "0",
                            "description": "",
                            "destination_ranges.#": "0",
                            "direction": "INGRESS",
                            "id": "bbl-env-balkhash-2018-04-05t18-37z-bosh-director",
                            "name": "bbl-env-balkhash-2018-04-05t18-37z-bosh-director",
                            "network": "https://www.googleapis.com/compute/v1/projects/handson-lab-user1/global/networks/bbl-env-balkhash-2018-04-05t18-37z-network",
                            "priority": "1000",
                            "project": "handson-lab-user1",
                            "self_link": "https://www.googleapis.com/compute/v1/projects/handson-lab-user1/global/firewalls/bbl-env-balkhash-2018-04-05t18-37z-bosh-director",
                            "source_ranges.#": "0",
                            "source_service_accounts.#": "0",
                            "source_tags.#": "1",
                            "source_tags.3078306331": "bbl-env-balkhash-2018-04-05t18-37z-bosh-director",
                            "target_service_accounts.#": "0",
                            "target_tags.#": "1",
                            "target_tags.995889248": "bbl-env-balkhash-2018-04-05t18-37z-internal"
                        },
                        "meta": {
                            "schema_version": "1"
                        },
                        "tainted": false
                    },
                    "deposed": [],
                    "provider": "provider.google"
                },
                "google_compute_firewall.bosh-open": {
                    "type": "google_compute_firewall",
                    "depends_on": [
                        "google_compute_network.bbl-network"
                    ],
                    "primary": {
                        "id": "bbl-env-balkhash-2018-04-05t18-37z-bosh-open",
                        "attributes": {
                            "allow.#": "1",
                            "allow.4272252387.ports.#": "5",
                            "allow.4272252387.ports.0": "22",
                            "allow.4272252387.ports.1": "6868",
                            "allow.4272252387.ports.2": "8443",
                            "allow.4272252387.ports.3": "8844",
                            "allow.4272252387.ports.4": "25555",
                            "allow.4272252387.protocol": "tcp",
                            "deny.#": "0",
                            "description": "",
                            "destination_ranges.#": "0",
                            "direction": "INGRESS",
                            "id": "bbl-env-balkhash-2018-04-05t18-37z-bosh-open",
                            "name": "bbl-env-balkhash-2018-04-05t18-37z-bosh-open",
                            "network": "https://www.googleapis.com/compute/v1/projects/handson-lab-user1/global/networks/bbl-env-balkhash-2018-04-05t18-37z-network",
                            "priority": "1000",
                            "project": "handson-lab-user1",
                            "self_link": "https://www.googleapis.com/compute/v1/projects/handson-lab-user1/global/firewalls/bbl-env-balkhash-2018-04-05t18-37z-bosh-open",
                            "source_ranges.#": "0",
                            "source_service_accounts.#": "0",
                            "source_tags.#": "1",
                            "source_tags.3432931576": "bbl-env-balkhash-2018-04-05t18-37z-bosh-open",
                            "target_service_accounts.#": "0",
                            "target_tags.#": "1",
                            "target_tags.3078306331": "bbl-env-balkhash-2018-04-05t18-37z-bosh-director"
                        },
                        "meta": {
                            "schema_version": "1"
                        },
                        "tainted": false
                    },
                    "deposed": [],
                    "provider": "provider.google"
                },
                "google_compute_firewall.cf-health-check": {
                    "type": "google_compute_firewall",
                    "depends_on": [
                        "google_compute_backend_service.router-lb-backend-service",
                        "google_compute_network.bbl-network"
                    ],
                    "primary": {
                        "id": "bbl-env-balkhash-2018-04-05t18-37z-cf-health-check",
                        "attributes": {
                            "allow.#": "1",
                            "allow.2226799243.ports.#": "2",
                            "allow.2226799243.ports.0": "8080",
                            "allow.2226799243.ports.1": "80",
                            "allow.2226799243.protocol": "tcp",
                            "deny.#": "0",
                            "description": "",
                            "destination_ranges.#": "0",
                            "direction": "INGRESS",
                            "id": "bbl-env-balkhash-2018-04-05t18-37z-cf-health-check",
                            "name": "bbl-env-balkhash-2018-04-05t18-37z-cf-health-check",
                            "network": "https://www.googleapis.com/compute/v1/projects/handson-lab-user1/global/networks/bbl-env-balkhash-2018-04-05t18-37z-network",
                            "priority": "1000",
                            "project": "handson-lab-user1",
                            "self_link": "https://www.googleapis.com/compute/v1/projects/handson-lab-user1/global/firewalls/bbl-env-balkhash-2018-04-05t18-37z-cf-health-check",
                            "source_ranges.#": "2",
                            "source_ranges.2192388802": "130.211.0.0/22",
                            "source_ranges.2394378644": "35.191.0.0/16",
                            "source_service_accounts.#": "0",
                            "source_tags.#": "0",
                            "target_service_accounts.#": "0",
                            "target_tags.#": "1",
                            "target_tags.24773400": "bbl-env-balkhash-2018-04-05t18-37z-router-lb"
                        },
                        "meta": {
                            "schema_version": "1"
                        },
                        "tainted": false
                    },
                    "deposed": [],
                    "provider": "provider.google"
                },
                "google_compute_firewall.cf-ssh-proxy": {
                    "type": "google_compute_firewall",
                    "depends_on": [
                        "google_compute_network.bbl-network",
                        "google_compute_target_pool.cf-ssh-proxy"
                    ],
                    "primary": {
                        "id": "bbl-env-balkhash-2018-04-05t18-37z-cf-ssh-proxy-open",
                        "attributes": {
                            "allow.#": "1",
                            "allow.1291519450.ports.#": "1",
                            "allow.1291519450.ports.0": "2222",
                            "allow.1291519450.protocol": "tcp",
                            "deny.#": "0",
                            "description": "",
                            "destination_ranges.#": "0",
                            "direction": "INGRESS",
                            "id": "bbl-env-balkhash-2018-04-05t18-37z-cf-ssh-proxy-open",
                            "name": "bbl-env-balkhash-2018-04-05t18-37z-cf-ssh-proxy-open",
                            "network": "https://www.googleapis.com/compute/v1/projects/handson-lab-user1/global/networks/bbl-env-balkhash-2018-04-05t18-37z-network",
                            "priority": "1000",
                            "project": "handson-lab-user1",
                            "self_link": "https://www.googleapis.com/compute/v1/projects/handson-lab-user1/global/firewalls/bbl-env-balkhash-2018-04-05t18-37z-cf-ssh-proxy-open",
                            "source_ranges.#": "1",
                            "source_ranges.1080289494": "0.0.0.0/0",
                            "source_service_accounts.#": "0",
                            "source_tags.#": "0",
                            "target_service_accounts.#": "0",
                            "target_tags.#": "1",
                            "target_tags.1427944466": "bbl-env-balkhash-2018-04-05t18-37z-cf-ssh-proxy"
                        },
                        "meta": {
                            "schema_version": "1"
                        },
                        "tainted": false
                    },
                    "deposed": [],
                    "provider": "provider.google"
                },
                "google_compute_firewall.cf-tcp-router": {
                    "type": "google_compute_firewall",
                    "depends_on": [
                        "google_compute_network.bbl-network",
                        "google_compute_target_pool.cf-tcp-router"
                    ],
                    "primary": {
                        "id": "bbl-env-balkhash-2018-04-05t18-37z-cf-tcp-router",
                        "attributes": {
                            "allow.#": "1",
                            "allow.4283264114.ports.#": "1",
                            "allow.4283264114.ports.0": "1024-32768",
                            "allow.4283264114.protocol": "tcp",
                            "deny.#": "0",
                            "description": "",
                            "destination_ranges.#": "0",
                            "direction": "INGRESS",
                            "id": "bbl-env-balkhash-2018-04-05t18-37z-cf-tcp-router",
                            "name": "bbl-env-balkhash-2018-04-05t18-37z-cf-tcp-router",
                            "network": "https://www.googleapis.com/compute/v1/projects/handson-lab-user1/global/networks/bbl-env-balkhash-2018-04-05t18-37z-network",
                            "priority": "1000",
                            "project": "handson-lab-user1",
                            "self_link": "https://www.googleapis.com/compute/v1/projects/handson-lab-user1/global/firewalls/bbl-env-balkhash-2018-04-05t18-37z-cf-tcp-router",
                            "source_ranges.#": "1",
                            "source_ranges.1080289494": "0.0.0.0/0",
                            "source_service_accounts.#": "0",
                            "source_tags.#": "0",
                            "target_service_accounts.#": "0",
                            "target_tags.#": "1",
                            "target_tags.2077622285": "bbl-env-balkhash-2018-04-05t18-37z-cf-tcp-router"
                        },
                        "meta": {
                            "schema_version": "1"
                        },
                        "tainted": false
                    },
                    "deposed": [],
                    "provider": "provider.google"
                },
                "google_compute_firewall.external": {
                    "type": "google_compute_firewall",
                    "depends_on": [
                        "google_compute_network.bbl-network"
                    ],
                    "primary": {
                        "id": "bbl-env-balkhash-2018-04-05t18-37z-external",
                        "attributes": {
                            "allow.#": "1",
                            "allow.4201408149.ports.#": "3",
                            "allow.4201408149.ports.0": "22",
                            "allow.4201408149.ports.1": "6868",
                            "allow.4201408149.ports.2": "25555",
                            "allow.4201408149.protocol": "tcp",
                            "deny.#": "0",
                            "description": "",
                            "destination_ranges.#": "0",
                            "direction": "INGRESS",
                            "id": "bbl-env-balkhash-2018-04-05t18-37z-external",
                            "name": "bbl-env-balkhash-2018-04-05t18-37z-external",
                            "network": "https://www.googleapis.com/compute/v1/projects/handson-lab-user1/global/networks/bbl-env-balkhash-2018-04-05t18-37z-network",
                            "priority": "1000",
                            "project": "handson-lab-user1",
                            "self_link": "https://www.googleapis.com/compute/v1/projects/handson-lab-user1/global/firewalls/bbl-env-balkhash-2018-04-05t18-37z-external",
                            "source_ranges.#": "1",
                            "source_ranges.1080289494": "0.0.0.0/0",
                            "source_service_accounts.#": "0",
                            "source_tags.#": "0",
                            "target_service_accounts.#": "0",
                            "target_tags.#": "1",
                            "target_tags.3432931576": "bbl-env-balkhash-2018-04-05t18-37z-bosh-open"
                        },
                        "meta": {
                            "schema_version": "1"
                        },
                        "tainted": false
                    },
                    "deposed": [],
                    "provider": "provider.google"
                },
                "google_compute_firewall.firewall-cf": {
                    "type": "google_compute_firewall",
                    "depends_on": [
                        "google_compute_backend_service.router-lb-backend-service",
                        "google_compute_network.bbl-network"
                    ],
                    "primary": {
                        "id": "bbl-env-balkhash-2018-04-05t18-37z-cf-open",
                        "attributes": {
                            "allow.#": "1",
                            "allow.1250112605.ports.#": "2",
                            "allow.1250112605.ports.0": "80",
                            "allow.1250112605.ports.1": "443",
                            "allow.1250112605.protocol": "tcp",
                            "deny.#": "0",
                            "description": "",
                            "destination_ranges.#": "0",
                            "direction": "INGRESS",
                            "id": "bbl-env-balkhash-2018-04-05t18-37z-cf-open",
                            "name": "bbl-env-balkhash-2018-04-05t18-37z-cf-open",
                            "network": "https://www.googleapis.com/compute/v1/projects/handson-lab-user1/global/networks/bbl-env-balkhash-2018-04-05t18-37z-network",
                            "priority": "1000",
                            "project": "handson-lab-user1",
                            "self_link": "https://www.googleapis.com/compute/v1/projects/handson-lab-user1/global/firewalls/bbl-env-balkhash-2018-04-05t18-37z-cf-open",
                            "source_ranges.#": "1",
                            "source_ranges.1080289494": "0.0.0.0/0",
                            "source_service_accounts.#": "0",
                            "source_tags.#": "0",
                            "target_service_accounts.#": "0",
                            "target_tags.#": "1",
                            "target_tags.24773400": "bbl-env-balkhash-2018-04-05t18-37z-router-lb"
                        },
                        "meta": {
                            "schema_version": "1"
                        },
                        "tainted": false
                    },
                    "deposed": [],
                    "provider": "provider.google"
                },
                "google_compute_firewall.internal": {
                    "type": "google_compute_firewall",
                    "depends_on": [
                        "google_compute_network.bbl-network"
                    ],
                    "primary": {
                        "id": "bbl-env-balkhash-2018-04-05t18-37z-internal",
                        "attributes": {
                            "allow.#": "3",
                            "allow.1367131964.ports.#": "0",
                            "allow.1367131964.protocol": "icmp",
                            "allow.1486604749.ports.#": "0",
                            "allow.1486604749.protocol": "udp",
                            "allow.3848845357.ports.#": "0",
                            "allow.3848845357.protocol": "tcp",
                            "deny.#": "0",
                            "description": "",
                            "destination_ranges.#": "0",
                            "direction": "INGRESS",
                            "id": "bbl-env-balkhash-2018-04-05t18-37z-internal",
                            "name": "bbl-env-balkhash-2018-04-05t18-37z-internal",
                            "network": "https://www.googleapis.com/compute/v1/projects/handson-lab-user1/global/networks/bbl-env-balkhash-2018-04-05t18-37z-network",
                            "priority": "1000",
                            "project": "handson-lab-user1",
                            "self_link": "https://www.googleapis.com/compute/v1/projects/handson-lab-user1/global/firewalls/bbl-env-balkhash-2018-04-05t18-37z-internal",
                            "source_ranges.#": "0",
                            "source_service_accounts.#": "0",
                            "source_tags.#": "1",
                            "source_tags.995889248": "bbl-env-balkhash-2018-04-05t18-37z-internal",
                            "target_service_accounts.#": "0",
                            "target_tags.#": "1",
                            "target_tags.995889248": "bbl-env-balkhash-2018-04-05t18-37z-internal"
                        },
                        "meta": {
                            "schema_version": "1"
                        },
                        "tainted": false
                    },
                    "deposed": [],
                    "provider": "provider.google"
                },
                "google_compute_firewall.internal-to-director": {
                    "type": "google_compute_firewall",
                    "depends_on": [
                        "google_compute_network.bbl-network"
                    ],
                    "primary": {
                        "id": "bbl-env-balkhash-2018-04-05t18-37z-internal-to-director",
                        "attributes": {
                            "allow.#": "1",
                            "allow.3979585702.ports.#": "3",
                            "allow.3979585702.ports.0": "4222",
                            "allow.3979585702.ports.1": "25250",
                            "allow.3979585702.ports.2": "25777",
                            "allow.3979585702.protocol": "tcp",
                            "deny.#": "0",
                            "description": "",
                            "destination_ranges.#": "0",
                            "direction": "INGRESS",
                            "id": "bbl-env-balkhash-2018-04-05t18-37z-internal-to-director",
                            "name": "bbl-env-balkhash-2018-04-05t18-37z-internal-to-director",
                            "network": "https://www.googleapis.com/compute/v1/projects/handson-lab-user1/global/networks/bbl-env-balkhash-2018-04-05t18-37z-network",
                            "priority": "1000",
                            "project": "handson-lab-user1",
                            "self_link": "https://www.googleapis.com/compute/v1/projects/handson-lab-user1/global/firewalls/bbl-env-balkhash-2018-04-05t18-37z-internal-to-director",
                            "source_ranges.#": "0",
                            "source_service_accounts.#": "0",
                            "source_tags.#": "1",
                            "source_tags.995889248": "bbl-env-balkhash-2018-04-05t18-37z-internal",
                            "target_service_accounts.#": "0",
                            "target_tags.#": "1",
                            "target_tags.3078306331": "bbl-env-balkhash-2018-04-05t18-37z-bosh-director"
                        },
                        "meta": {
                            "schema_version": "1"
                        },
                        "tainted": false
                    },
                    "deposed": [],
                    "provider": "provider.google"
                },
                "google_compute_firewall.jumpbox-to-all": {
                    "type": "google_compute_firewall",
                    "depends_on": [
                        "google_compute_network.bbl-network"
                    ],
                    "primary": {
                        "id": "bbl-env-balkhash-2018-04-05t18-37z-jumpbox-to-all",
                        "attributes": {
                            "allow.#": "1",
                            "allow.910322396.ports.#": "2",
                            "allow.910322396.ports.0": "22",
                            "allow.910322396.ports.1": "3389",
                            "allow.910322396.protocol": "tcp",
                            "deny.#": "0",
                            "description": "",
                            "destination_ranges.#": "0",
                            "direction": "INGRESS",
                            "id": "bbl-env-balkhash-2018-04-05t18-37z-jumpbox-to-all",
                            "name": "bbl-env-balkhash-2018-04-05t18-37z-jumpbox-to-all",
                            "network": "https://www.googleapis.com/compute/v1/projects/handson-lab-user1/global/networks/bbl-env-balkhash-2018-04-05t18-37z-network",
                            "priority": "1000",
                            "project": "handson-lab-user1",
                            "self_link": "https://www.googleapis.com/compute/v1/projects/handson-lab-user1/global/firewalls/bbl-env-balkhash-2018-04-05t18-37z-jumpbox-to-all",
                            "source_ranges.#": "0",
                            "source_service_accounts.#": "0",
                            "source_tags.#": "1",
                            "source_tags.247617536": "bbl-env-balkhash-2018-04-05t18-37z-jumpbox",
                            "target_service_accounts.#": "0",
                            "target_tags.#": "2",
                            "target_tags.3078306331": "bbl-env-balkhash-2018-04-05t18-37z-bosh-director",
                            "target_tags.995889248": "bbl-env-balkhash-2018-04-05t18-37z-internal"
                        },
                        "meta": {
                            "schema_version": "1"
                        },
                        "tainted": false
                    },
                    "deposed": [],
                    "provider": "provider.google"
                },
                "google_compute_forwarding_rule.cf-ssh-proxy": {
                    "type": "google_compute_forwarding_rule",
                    "depends_on": [
                        "google_compute_address.cf-ssh-proxy",
                        "google_compute_target_pool.cf-ssh-proxy"
                    ],
                    "primary": {
                        "id": "bbl-env-balkhash-2018-04-05t18-37z-cf-ssh-proxy",
                        "attributes": {
                            "backend_service": "",
                            "description": "",
                            "id": "bbl-env-balkhash-2018-04-05t18-37z-cf-ssh-proxy",
                            "ip_address": "35.224.2.72",
                            "ip_protocol": "TCP",
                            "load_balancing_scheme": "EXTERNAL",
                            "name": "bbl-env-balkhash-2018-04-05t18-37z-cf-ssh-proxy",
                            "network": "",
                            "port_range": "2222-2222",
                            "ports.#": "0",
                            "project": "handson-lab-user1",
                            "region": "us-central1",
                            "self_link": "https://www.googleapis.com/compute/v1/projects/handson-lab-user1/regions/us-central1/forwardingRules/bbl-env-balkhash-2018-04-05t18-37z-cf-ssh-proxy",
                            "subnetwork": "",
                            "target": "https://www.googleapis.com/compute/v1/projects/handson-lab-user1/regions/us-central1/targetPools/bbl-env-balkhash-2018-04-05t18-37z-cf-ssh-proxy"
                        },
                        "meta": {},
                        "tainted": false
                    },
                    "deposed": [],
                    "provider": "provider.google"
                },
                "google_compute_forwarding_rule.cf-tcp-router": {
                    "type": "google_compute_forwarding_rule",
                    "depends_on": [
                        "google_compute_address.cf-tcp-router",
                        "google_compute_target_pool.cf-tcp-router"
                    ],
                    "primary": {
                        "id": "bbl-env-balkhash-2018-04-05t18-37z-cf-tcp-router",
                        "attributes": {
                            "backend_service": "",
                            "description": "",
                            "id": "bbl-env-balkhash-2018-04-05t18-37z-cf-tcp-router",
                            "ip_address": "35.226.9.68",
                            "ip_protocol": "TCP",
                            "load_balancing_scheme": "EXTERNAL",
                            "name": "bbl-env-balkhash-2018-04-05t18-37z-cf-tcp-router",
                            "network": "",
                            "port_range": "1024-32768",
                            "ports.#": "0",
                            "project": "handson-lab-user1",
                            "region": "us-central1",
                            "self_link": "https://www.googleapis.com/compute/v1/projects/handson-lab-user1/regions/us-central1/forwardingRules/bbl-env-balkhash-2018-04-05t18-37z-cf-tcp-router",
                            "subnetwork": "",
                            "target": "https://www.googleapis.com/compute/v1/projects/handson-lab-user1/regions/us-central1/targetPools/bbl-env-balkhash-2018-04-05t18-37z-cf-tcp-router"
                        },
                        "meta": {},
                        "tainted": false
                    },
                    "deposed": [],
                    "provider": "provider.google"
                },
                "google_compute_forwarding_rule.cf-ws-http": {
                    "type": "google_compute_forwarding_rule",
                    "depends_on": [
                        "google_compute_address.cf-ws",
                        "google_compute_target_pool.cf-ws"
                    ],
                    "primary": {
                        "id": "bbl-env-balkhash-2018-04-05t18-37z-cf-ws-http",
                        "attributes": {
                            "backend_service": "",
                            "description": "",
                            "id": "bbl-env-balkhash-2018-04-05t18-37z-cf-ws-http",
                            "ip_address": "35.202.135.35",
                            "ip_protocol": "TCP",
                            "load_balancing_scheme": "EXTERNAL",
                            "name": "bbl-env-balkhash-2018-04-05t18-37z-cf-ws-http",
                            "network": "",
                            "port_range": "80-80",
                            "ports.#": "0",
                            "project": "handson-lab-user1",
                            "region": "us-central1",
                            "self_link": "https://www.googleapis.com/compute/v1/projects/handson-lab-user1/regions/us-central1/forwardingRules/bbl-env-balkhash-2018-04-05t18-37z-cf-ws-http",
                            "subnetwork": "",
                            "target": "https://www.googleapis.com/compute/v1/projects/handson-lab-user1/regions/us-central1/targetPools/bbl-env-balkhash-2018-04-05t18-37z-cf-ws"
                        },
                        "meta": {},
                        "tainted": false
                    },
                    "deposed": [],
                    "provider": "provider.google"
                },
                "google_compute_forwarding_rule.cf-ws-https": {
                    "type": "google_compute_forwarding_rule",
                    "depends_on": [
                        "google_compute_address.cf-ws",
                        "google_compute_target_pool.cf-ws"
                    ],
                    "primary": {
                        "id": "bbl-env-balkhash-2018-04-05t18-37z-cf-ws-https",
                        "attributes": {
                            "backend_service": "",
                            "description": "",
                            "id": "bbl-env-balkhash-2018-04-05t18-37z-cf-ws-https",
                            "ip_address": "35.202.135.35",
                            "ip_protocol": "TCP",
                            "load_balancing_scheme": "EXTERNAL",
                            "name": "bbl-env-balkhash-2018-04-05t18-37z-cf-ws-https",
                            "network": "",
                            "port_range": "443-443",
                            "ports.#": "0",
                            "project": "handson-lab-user1",
                            "region": "us-central1",
                            "self_link": "https://www.googleapis.com/compute/v1/projects/handson-lab-user1/regions/us-central1/forwardingRules/bbl-env-balkhash-2018-04-05t18-37z-cf-ws-https",
                            "subnetwork": "",
                            "target": "https://www.googleapis.com/compute/v1/projects/handson-lab-user1/regions/us-central1/targetPools/bbl-env-balkhash-2018-04-05t18-37z-cf-ws"
                        },
                        "meta": {},
                        "tainted": false
                    },
                    "deposed": [],
                    "provider": "provider.google"
                },
                "google_compute_global_address.cf-address": {
                    "type": "google_compute_global_address",
                    "depends_on": [],
                    "primary": {
                        "id": "bbl-env-balkhash-2018-04-05t18-37z-cf",
                        "attributes": {
                            "address": "107.178.247.9",
                            "id": "bbl-env-balkhash-2018-04-05t18-37z-cf",
                            "ip_version": "",
                            "name": "bbl-env-balkhash-2018-04-05t18-37z-cf",
                            "project": "handson-lab-user1",
                            "self_link": "https://www.googleapis.com/compute/v1/projects/handson-lab-user1/global/addresses/bbl-env-balkhash-2018-04-05t18-37z-cf"
                        },
                        "meta": {},
                        "tainted": false
                    },
                    "deposed": [],
                    "provider": "provider.google"
                },
                "google_compute_global_forwarding_rule.cf-http-forwarding-rule": {
                    "type": "google_compute_global_forwarding_rule",
                    "depends_on": [
                        "google_compute_global_address.cf-address",
                        "google_compute_target_http_proxy.cf-http-lb-proxy"
                    ],
                    "primary": {
                        "id": "bbl-env-balkhash-2018-04-05t18-37z-cf-http",
                        "attributes": {
                            "description": "",
                            "id": "bbl-env-balkhash-2018-04-05t18-37z-cf-http",
                            "ip_address": "107.178.247.9",
                            "ip_protocol": "TCP",
                            "ip_version": "",
                            "label_fingerprint": "",
                            "labels.%": "0",
                            "name": "bbl-env-balkhash-2018-04-05t18-37z-cf-http",
                            "port_range": "80-80",
                            "project": "handson-lab-user1",
                            "self_link": "https://www.googleapis.com/compute/v1/projects/handson-lab-user1/global/forwardingRules/bbl-env-balkhash-2018-04-05t18-37z-cf-http",
                            "target": "https://www.googleapis.com/compute/v1/projects/handson-lab-user1/global/targetHttpProxies/bbl-env-balkhash-2018-04-05t18-37z-http-proxy"
                        },
                        "meta": {},
                        "tainted": false
                    },
                    "deposed": [],
                    "provider": "provider.google"
                },
                "google_compute_global_forwarding_rule.cf-https-forwarding-rule": {
                    "type": "google_compute_global_forwarding_rule",
                    "depends_on": [
                        "google_compute_global_address.cf-address",
                        "google_compute_target_https_proxy.cf-https-lb-proxy"
                    ],
                    "primary": {
                        "id": "bbl-env-balkhash-2018-04-05t18-37z-cf-https",
                        "attributes": {
                            "description": "",
                            "id": "bbl-env-balkhash-2018-04-05t18-37z-cf-https",
                            "ip_address": "107.178.247.9",
                            "ip_protocol": "TCP",
                            "ip_version": "",
                            "label_fingerprint": "",
                            "labels.%": "0",
                            "name": "bbl-env-balkhash-2018-04-05t18-37z-cf-https",
                            "port_range": "443-443",
                            "project": "handson-lab-user1",
                            "self_link": "https://www.googleapis.com/compute/v1/projects/handson-lab-user1/global/forwardingRules/bbl-env-balkhash-2018-04-05t18-37z-cf-https",
                            "target": "https://www.googleapis.com/compute/v1/projects/handson-lab-user1/global/targetHttpsProxies/bbl-env-balkhash-2018-04-05t18-37z-https-proxy"
                        },
                        "meta": {},
                        "tainted": false
                    },
                    "deposed": [],
                    "provider": "provider.google"
                },
                "google_compute_health_check.cf-public-health-check": {
                    "type": "google_compute_health_check",
                    "depends_on": [],
                    "primary": {
                        "id": "bbl-env-balkhash-2018-04-05t18-37z-cf-public",
                        "attributes": {
                            "check_interval_sec": "5",
                            "description": "",
                            "healthy_threshold": "2",
                            "http_health_check.#": "1",
                            "http_health_check.0.host": "",
                            "http_health_check.0.port": "8080",
                            "http_health_check.0.proxy_header": "NONE",
                            "http_health_check.0.request_path": "/health",
                            "https_health_check.#": "0",
                            "id": "bbl-env-balkhash-2018-04-05t18-37z-cf-public",
                            "name": "bbl-env-balkhash-2018-04-05t18-37z-cf-public",
                            "project": "handson-lab-user1",
                            "self_link": "https://www.googleapis.com/compute/v1/projects/handson-lab-user1/global/healthChecks/bbl-env-balkhash-2018-04-05t18-37z-cf-public",
                            "ssl_health_check.#": "0",
                            "tcp_health_check.#": "0",
                            "timeout_sec": "5",
                            "unhealthy_threshold": "2"
                        },
                        "meta": {},
                        "tainted": false
                    },
                    "deposed": [],
                    "provider": "provider.google"
                },
                "google_compute_http_health_check.cf-public-health-check": {
                    "type": "google_compute_http_health_check",
                    "depends_on": [],
                    "primary": {
                        "id": "bbl-env-balkhash-2018-04-05t18-37z-cf",
                        "attributes": {
                            "check_interval_sec": "5",
                            "creation_timestamp": "2018-04-05T11:37:57.334-07:00",
                            "description": "",
                            "healthy_threshold": "2",
                            "host": "",
                            "id": "bbl-env-balkhash-2018-04-05t18-37z-cf",
                            "name": "bbl-env-balkhash-2018-04-05t18-37z-cf",
                            "port": "8080",
                            "project": "handson-lab-user1",
                            "request_path": "/health",
                            "self_link": "https://www.googleapis.com/compute/v1/projects/handson-lab-user1/global/httpHealthChecks/bbl-env-balkhash-2018-04-05t18-37z-cf",
                            "timeout_sec": "5",
                            "unhealthy_threshold": "2"
                        },
                        "meta": {
                            "e2bfb730-ecaa-11e6-8f88-34363bc7c4c0": {
                                "create": 240000000000,
                                "delete": 240000000000,
                                "update": 240000000000
                            }
                        },
                        "tainted": false
                    },
                    "deposed": [],
                    "provider": "provider.google"
                },
                "google_compute_http_health_check.cf-tcp-router": {
                    "type": "google_compute_http_health_check",
                    "depends_on": [],
                    "primary": {
                        "id": "bbl-env-balkhash-2018-04-05t18-37z-cf-tcp-router",
                        "attributes": {
                            "check_interval_sec": "5",
                            "creation_timestamp": "2018-04-05T11:37:46.537-07:00",
                            "description": "",
                            "healthy_threshold": "2",
                            "host": "",
                            "id": "bbl-env-balkhash-2018-04-05t18-37z-cf-tcp-router",
                            "name": "bbl-env-balkhash-2018-04-05t18-37z-cf-tcp-router",
                            "port": "80",
                            "project": "handson-lab-user1",
                            "request_path": "/health",
                            "self_link": "https://www.googleapis.com/compute/v1/projects/handson-lab-user1/global/httpHealthChecks/bbl-env-balkhash-2018-04-05t18-37z-cf-tcp-router",
                            "timeout_sec": "5",
                            "unhealthy_threshold": "2"
                        },
                        "meta": {
                            "e2bfb730-ecaa-11e6-8f88-34363bc7c4c0": {
                                "create": 240000000000,
                                "delete": 240000000000,
                                "update": 240000000000
                            }
                        },
                        "tainted": false
                    },
                    "deposed": [],
                    "provider": "provider.google"
                },
                "google_compute_instance_group.router-lb-0": {
                    "type": "google_compute_instance_group",
                    "depends_on": [],
                    "primary": {
                        "id": "us-central1-a/bbl-env-balkhash-2018-04-05t18-37z-router-lb-0-us-central1-a",
                        "attributes": {
                            "description": "terraform generated instance group that is multi-zone for https loadbalancing",
                            "id": "us-central1-a/bbl-env-balkhash-2018-04-05t18-37z-router-lb-0-us-central1-a",
                            "instances.#": "1",
                            "instances.1315382507": "https://www.googleapis.com/compute/v1/projects/handson-lab-user1/zones/us-central1-a/instances/vm-268bacc8-ca4d-4052-7b95-26f8612927b3",
                            "name": "bbl-env-balkhash-2018-04-05t18-37z-router-lb-0-us-central1-a",
                            "named_port.#": "1",
                            "named_port.0.name": "https",
                            "named_port.0.port": "443",
                            "network": "https://www.googleapis.com/compute/v1/projects/handson-lab-user1/global/networks/bbl-env-balkhash-2018-04-05t18-37z-network",
                            "project": "handson-lab-user1",
                            "self_link": "https://www.googleapis.com/compute/v1/projects/handson-lab-user1/zones/us-central1-a/instanceGroups/bbl-env-balkhash-2018-04-05t18-37z-router-lb-0-us-central1-a",
                            "size": "1",
                            "zone": "us-central1-a"
                        },
                        "meta": {
                            "schema_version": "2"
                        },
                        "tainted": false
                    },
                    "deposed": [],
                    "provider": "provider.google"
                },
                "google_compute_instance_group.router-lb-1": {
                    "type": "google_compute_instance_group",
                    "depends_on": [],
                    "primary": {
                        "id": "us-central1-b/bbl-env-balkhash-2018-04-05t18-37z-router-lb-1-us-central1-b",
                        "attributes": {
                            "description": "terraform generated instance group that is multi-zone for https loadbalancing",
                            "id": "us-central1-b/bbl-env-balkhash-2018-04-05t18-37z-router-lb-1-us-central1-b",
                            "instances.#": "0",
                            "name": "bbl-env-balkhash-2018-04-05t18-37z-router-lb-1-us-central1-b",
                            "named_port.#": "1",
                            "named_port.0.name": "https",
                            "named_port.0.port": "443",
                            "network": "",
                            "project": "handson-lab-user1",
                            "self_link": "https://www.googleapis.com/compute/v1/projects/handson-lab-user1/zones/us-central1-b/instanceGroups/bbl-env-balkhash-2018-04-05t18-37z-router-lb-1-us-central1-b",
                            "size": "0",
                            "zone": "us-central1-b"
                        },
                        "meta": {
                            "schema_version": "2"
                        },
                        "tainted": false
                    },
                    "deposed": [],
                    "provider": "provider.google"
                },
                "google_compute_instance_group.router-lb-2": {
                    "type": "google_compute_instance_group",
                    "depends_on": [],
                    "primary": {
                        "id": "us-central1-c/bbl-env-balkhash-2018-04-05t18-37z-router-lb-2-us-central1-c",
                        "attributes": {
                            "description": "terraform generated instance group that is multi-zone for https loadbalancing",
                            "id": "us-central1-c/bbl-env-balkhash-2018-04-05t18-37z-router-lb-2-us-central1-c",
                            "instances.#": "0",
                            "name": "bbl-env-balkhash-2018-04-05t18-37z-router-lb-2-us-central1-c",
                            "named_port.#": "1",
                            "named_port.0.name": "https",
                            "named_port.0.port": "443",
                            "network": "",
                            "project": "handson-lab-user1",
                            "self_link": "https://www.googleapis.com/compute/v1/projects/handson-lab-user1/zones/us-central1-c/instanceGroups/bbl-env-balkhash-2018-04-05t18-37z-router-lb-2-us-central1-c",
                            "size": "0",
                            "zone": "us-central1-c"
                        },
                        "meta": {
                            "schema_version": "2"
                        },
                        "tainted": false
                    },
                    "deposed": [],
                    "provider": "provider.google"
                },
                "google_compute_instance_group.router-lb-3": {
                    "type": "google_compute_instance_group",
                    "depends_on": [],
                    "primary": {
                        "id": "us-central1-f/bbl-env-balkhash-2018-04-05t18-37z-router-lb-3-us-central1-f",
                        "attributes": {
                            "description": "terraform generated instance group that is multi-zone for https loadbalancing",
                            "id": "us-central1-f/bbl-env-balkhash-2018-04-05t18-37z-router-lb-3-us-central1-f",
                            "instances.#": "0",
                            "name": "bbl-env-balkhash-2018-04-05t18-37z-router-lb-3-us-central1-f",
                            "named_port.#": "1",
                            "named_port.0.name": "https",
                            "named_port.0.port": "443",
                            "network": "",
                            "project": "handson-lab-user1",
                            "self_link": "https://www.googleapis.com/compute/v1/projects/handson-lab-user1/zones/us-central1-f/instanceGroups/bbl-env-balkhash-2018-04-05t18-37z-router-lb-3-us-central1-f",
                            "size": "0",
                            "zone": "us-central1-f"
                        },
                        "meta": {
                            "schema_version": "2"
                        },
                        "tainted": false
                    },
                    "deposed": [],
                    "provider": "provider.google"
                },
                "google_compute_network.bbl-network": {
                    "type": "google_compute_network",
                    "depends_on": [],
                    "primary": {
                        "id": "bbl-env-balkhash-2018-04-05t18-37z-network",
                        "attributes": {
                            "auto_create_subnetworks": "false",
                            "description": "",
                            "gateway_ipv4": "",
                            "id": "bbl-env-balkhash-2018-04-05t18-37z-network",
                            "ipv4_range": "",
                            "name": "bbl-env-balkhash-2018-04-05t18-37z-network",
                            "project": "handson-lab-user1",
                            "routing_mode": "REGIONAL",
                            "self_link": "https://www.googleapis.com/compute/v1/projects/handson-lab-user1/global/networks/bbl-env-balkhash-2018-04-05t18-37z-network"
                        },
                        "meta": {},
                        "tainted": false
                    },
                    "deposed": [],
                    "provider": "provider.google"
                },
                "google_compute_ssl_certificate.cf-cert": {
                    "type": "google_compute_ssl_certificate",
                    "depends_on": [],
                    "primary": {
                        "id": "bbl-env-balkhash-2018-04-05t18-37z20180405183745219400000001",
                        "attributes": {
                            "certificate": "-----BEGIN CERTIFICATE-----\nMIIDsjCCApoCCQC/eaWmbyQAFjANBgkqhkiG9w0BAQsFADCBmjELMAkGA1UEBhMC\nVVMxCzAJBgNVBAgMAlVTMQswCQYDVQQHDAJVUzEQMA4GA1UECgwHQWx0b3JvczEM\nMAoGA1UECwwDUm5EMSIwIAYDVQQDDBkqLnVzZXIxLmFsdG9yb3MtbGFicy54eXog\nMS0wKwYJKoZIhvcNAQkBFh5rb25zdGFudGluLmJ1cnRzZXZAYWx0b3Jvcy5jb20w\nHhcNMTgwNDAzMTgyNTM2WhcNMTkwNDAzMTgyNTM2WjCBmjELMAkGA1UEBhMCVVMx\nCzAJBgNVBAgMAlVTMQswCQYDVQQHDAJVUzEQMA4GA1UECgwHQWx0b3JvczEMMAoG\nA1UECwwDUm5EMSIwIAYDVQQDDBkqLnVzZXIxLmFsdG9yb3MtbGFicy54eXogMS0w\nKwYJKoZIhvcNAQkBFh5rb25zdGFudGluLmJ1cnRzZXZAYWx0b3Jvcy5jb20wggEi\nMA0GCSqGSIb3DQEBAQUAA4IBDwAwggEKAoIBAQDuFIUUKVpFMpTEKQhHmyzq4ujA\nKbKojV2VpAvPoGkc89pnr+UK3cUocxzbG/yGmXBsRu+OYyPe7Y+BFo5JcwdPwd1a\nnte7O7P42taW3piyP71C67bNmw5G7lEgsguFMhsrbE+kl9tvobcSk2fG1mu1+krA\n3oU7CCxcxVS0ly7epQCi3fddubJ6Cywi3Oo6fSv17T0tOxB9mRBkzExwRtFM+UUI\nHsb/5aqJWyDdbpuhsAd86csbEiigcSmBo6qJrddJczY9losiMaGGBhDuodoDKlkz\nDuB3Y6fxHtojfxF/bW+rDxrgZNs4cB5NXuLdkDlRxdWmYyZ7gZEYGg/S6uXzAgMB\nAAEwDQYJKoZIhvcNAQELBQADggEBAMfZubBUezYL3fuH3OM6ZkGjiKaNOuheC7ka\nOt824Dq/crGLH9mpa+VuNfUNc0u1sRrpeBwvUGMXNIbCRxGf+rsdQwW1TuyFWSmQ\nsOd/RPuofwVVios1qekfqiADhHsJ1DHcKH+6686R+pYNTdez3XQ3Hn4ta4PSFTdU\n9O4iXKzAQNrOcJz+dIAVIk1s2nCRX1aHn+Rxo0/dPgOkrJ5cM7AtC9hSgakLbkVE\ncFbjfsORtSI2ndJ66SOlb52wH+8hEN/IY6Y7H6lQ/fzJCBgx5DhBnlgfhbhRHkKM\npQmjMwZmk4EWmXpTdjpLBM6TR6o1sM00ny/idJk0QpAEKrOypXU=\n-----END CERTIFICATE-----\n",
                            "certificate_id": "8083057431714451989",
                            "description": "user provided ssl private key / ssl certificate pair",
                            "id": "bbl-env-balkhash-2018-04-05t18-37z20180405183745219400000001",
                            "name": "bbl-env-balkhash-2018-04-05t18-37z20180405183745219400000001",
                            "name_prefix": "bbl-env-balkhash-2018-04-05t18-37z",
                            "private_key": "-----BEGIN PRIVATE KEY-----\nMIIEvwIBADANBgkqhkiG9w0BAQEFAASCBKkwggSlAgEAAoIBAQDuFIUUKVpFMpTE\nKQhHmyzq4ujAKbKojV2VpAvPoGkc89pnr+UK3cUocxzbG/yGmXBsRu+OYyPe7Y+B\nFo5JcwdPwd1ante7O7P42taW3piyP71C67bNmw5G7lEgsguFMhsrbE+kl9tvobcS\nk2fG1mu1+krA3oU7CCxcxVS0ly7epQCi3fddubJ6Cywi3Oo6fSv17T0tOxB9mRBk\nzExwRtFM+UUIHsb/5aqJWyDdbpuhsAd86csbEiigcSmBo6qJrddJczY9losiMaGG\nBhDuodoDKlkzDuB3Y6fxHtojfxF/bW+rDxrgZNs4cB5NXuLdkDlRxdWmYyZ7gZEY\nGg/S6uXzAgMBAAECggEBALHnS3pBXF8Q6PGb57/6SJpMbLgLcKFa4W+MYfcIWwNz\nhOSuH2z7QvRy8EEarJy307ZVW3T+yDMxOWawwCpKdlA3AX1R7MrQVi/C909NjrTD\nxF1ZXgRNtWFze9P+t3UUeBD+opTPlP3Zzb9nvshqOZqGKY3tuYjfFqdMHXvE7RUY\nrmKs38M10iLD888oClPpjzz2plpY4tN5n5mnEJpw2WQLv21132gkFuuQHuww5nxs\nOEkPhWRAubjfksJlHOOhH/nELqAFouvSIEJMVsL2ew3IvaIrF3g/9iJRPlIgI9gt\nUu8eb20dCy4PX66hgGLf+Ro23Ljh3D4mMSRRKQTr9oECgYEA+U+JUOshU7zJZkJI\n8tjAWllP7s98DrS5KSMOzYLF/p5UaY9XV1jhFXfiOkauHna75WGAloM1U/QcRcwd\nKoRYZZxxUFIw17JcPFfD3HbEKqcbgk/bvyrYjxBfm4gbyOqFMBTG/KWOhbn9+NEN\nXIqGCidDwM0F5vqVzINMpIUjUSMCgYEA9HfX3jbDgAuzMhyRvfv9lMrmLkOnj5Kn\nI0Wi7a3+AvAF9zaCPaAZbzPE//NySvTIaCtjG5tn/yy2L2nfv0+tylxLWkLcrw8e\nqcNSfPzIo5tac+KBg0Puctdh9k3HPlWLSZ8ZOYpgRmwtnZTm/m3NdkTq4zB7elgS\nOZR6C1u4rPECgYEAyw11mHs5FJuBKRE5mtjgqXVufeFteAjHefK8vrMREZTgyWze\nxRx1jmeq0K36aINp+6PS+EN7Lpp2YH6jDprl6DRnsfSPJU52gws0UZ5FnTunUxY5\nstRxtuuuAt3zS0t/GK8DdohcsRvP91RE3qdQDnr2WtRhR0O2t/AEf0aUgiMCgYA+\n0iEVyErat6b3xKGrCXszZiRaVSZU3aG3jah9nU194cIWsdosDd0bV1lTUHLZUifB\npQyVxoyl5Q54BqPpnIcTTj5K1o2xKph9lWS4G5lPeZd32gff/G/k8PYKfhgqK39c\njtbDk4yD7D6YlO/7B6pZrwIRGZ9RZBpi04W9L3e4cQKBgQD3nH2pM21crJX2Wmol\nNoyol2k82FOmjR2cFOCruAFkmsz9G35M3/qc3diLgydhqZWFRlfqHMt/GBXg6mUz\nLQ+0ZFW8edwge5xORWCrVlMsTkZJnCMq4d3lSm0lzb7tkQBxU4MM8lCxsvVGExbs\neewFUMeue2/N0m6n9Q+IJpJrVg==\n-----END PRIVATE KEY-----\n",
                            "project": "handson-lab-user1",
                            "self_link": "https://www.googleapis.com/compute/v1/projects/handson-lab-user1/global/sslCertificates/bbl-env-balkhash-2018-04-05t18-37z20180405183745219400000001"
                        },
                        "meta": {},
                        "tainted": false
                    },
                    "deposed": [],
                    "provider": "provider.google"
                },
                "google_compute_subnetwork.bbl-subnet": {
                    "type": "google_compute_subnetwork",
                    "depends_on": [
                        "google_compute_network.bbl-network"
                    ],
                    "primary": {
                        "id": "us-central1/bbl-env-balkhash-2018-04-05t18-37z-subnet",
                        "attributes": {
                            "description": "",
                            "gateway_address": "10.0.0.1",
                            "id": "us-central1/bbl-env-balkhash-2018-04-05t18-37z-subnet",
                            "ip_cidr_range": "10.0.0.0/16",
                            "name": "bbl-env-balkhash-2018-04-05t18-37z-subnet",
                            "network": "https://www.googleapis.com/compute/v1/projects/handson-lab-user1/global/networks/bbl-env-balkhash-2018-04-05t18-37z-network",
                            "private_ip_google_access": "false",
                            "project": "handson-lab-user1",
                            "region": "us-central1",
                            "secondary_ip_range.#": "0",
                            "self_link": "https://www.googleapis.com/compute/v1/projects/handson-lab-user1/regions/us-central1/subnetworks/bbl-env-balkhash-2018-04-05t18-37z-subnet"
                        },
                        "meta": {
                            "e2bfb730-ecaa-11e6-8f88-34363bc7c4c0": {
                                "create": 360000000000,
                                "delete": 360000000000,
                                "update": 360000000000
                            }
                        },
                        "tainted": false
                    },
                    "deposed": [],
                    "provider": "provider.google"
                },
                "google_compute_target_http_proxy.cf-http-lb-proxy": {
                    "type": "google_compute_target_http_proxy",
                    "depends_on": [
                        "google_compute_url_map.cf-https-lb-url-map"
                    ],
                    "primary": {
                        "id": "bbl-env-balkhash-2018-04-05t18-37z-http-proxy",
                        "attributes": {
                            "description": "really a load balancer but listed as an http proxy",
                            "id": "bbl-env-balkhash-2018-04-05t18-37z-http-proxy",
                            "name": "bbl-env-balkhash-2018-04-05t18-37z-http-proxy",
                            "project": "handson-lab-user1",
                            "proxy_id": "1392235907740586953",
                            "self_link": "https://www.googleapis.com/compute/v1/projects/handson-lab-user1/global/targetHttpProxies/bbl-env-balkhash-2018-04-05t18-37z-http-proxy",
                            "url_map": "https://www.googleapis.com/compute/v1/projects/handson-lab-user1/global/urlMaps/bbl-env-balkhash-2018-04-05t18-37z-cf-http"
                        },
                        "meta": {},
                        "tainted": false
                    },
                    "deposed": [],
                    "provider": "provider.google"
                },
                "google_compute_target_https_proxy.cf-https-lb-proxy": {
                    "type": "google_compute_target_https_proxy",
                    "depends_on": [
                        "google_compute_ssl_certificate.cf-cert",
                        "google_compute_url_map.cf-https-lb-url-map"
                    ],
                    "primary": {
                        "id": "bbl-env-balkhash-2018-04-05t18-37z-https-proxy",
                        "attributes": {
                            "description": "really a load balancer but listed as an https proxy",
                            "id": "bbl-env-balkhash-2018-04-05t18-37z-https-proxy",
                            "name": "bbl-env-balkhash-2018-04-05t18-37z-https-proxy",
                            "project": "handson-lab-user1",
                            "proxy_id": "2880354299557958601",
                            "self_link": "https://www.googleapis.com/compute/v1/projects/handson-lab-user1/global/targetHttpsProxies/bbl-env-balkhash-2018-04-05t18-37z-https-proxy",
                            "ssl_certificates.#": "1",
                            "ssl_certificates.0": "https://www.googleapis.com/compute/v1/projects/handson-lab-user1/global/sslCertificates/bbl-env-balkhash-2018-04-05t18-37z20180405183745219400000001",
                            "url_map": "https://www.googleapis.com/compute/v1/projects/handson-lab-user1/global/urlMaps/bbl-env-balkhash-2018-04-05t18-37z-cf-http"
                        },
                        "meta": {},
                        "tainted": false
                    },
                    "deposed": [],
                    "provider": "provider.google"
                },
                "google_compute_target_pool.cf-ssh-proxy": {
                    "type": "google_compute_target_pool",
                    "depends_on": [],
                    "primary": {
                        "id": "bbl-env-balkhash-2018-04-05t18-37z-cf-ssh-proxy",
                        "attributes": {
                            "backup_pool": "",
                            "description": "",
                            "failover_ratio": "0",
                            "health_checks.#": "0",
                            "id": "bbl-env-balkhash-2018-04-05t18-37z-cf-ssh-proxy",
                            "instances.#": "1",
                            "instances.0": "us-central1-a/vm-e06c554b-cd10-4c3c-7050-8a177fffbd08",
                            "name": "bbl-env-balkhash-2018-04-05t18-37z-cf-ssh-proxy",
                            "project": "handson-lab-user1",
                            "region": "us-central1",
                            "self_link": "https://www.googleapis.com/compute/v1/projects/handson-lab-user1/regions/us-central1/targetPools/bbl-env-balkhash-2018-04-05t18-37z-cf-ssh-proxy",
                            "session_affinity": "NONE"
                        },
                        "meta": {},
                        "tainted": false
                    },
                    "deposed": [],
                    "provider": "provider.google"
                },
                "google_compute_target_pool.cf-tcp-router": {
                    "type": "google_compute_target_pool",
                    "depends_on": [
                        "google_compute_http_health_check.cf-tcp-router"
                    ],
                    "primary": {
                        "id": "bbl-env-balkhash-2018-04-05t18-37z-cf-tcp-router",
                        "attributes": {
                            "backup_pool": "",
                            "description": "",
                            "failover_ratio": "0",
                            "health_checks.#": "1",
                            "health_checks.0": "https://www.googleapis.com/compute/v1/projects/handson-lab-user1/global/httpHealthChecks/bbl-env-balkhash-2018-04-05t18-37z-cf-tcp-router",
                            "id": "bbl-env-balkhash-2018-04-05t18-37z-cf-tcp-router",
                            "instances.#": "1",
                            "instances.0": "us-central1-a/vm-078f8bc8-ada1-40ce-7352-efb617dd8f91",
                            "name": "bbl-env-balkhash-2018-04-05t18-37z-cf-tcp-router",
                            "project": "handson-lab-user1",
                            "region": "us-central1",
                            "self_link": "https://www.googleapis.com/compute/v1/projects/handson-lab-user1/regions/us-central1/targetPools/bbl-env-balkhash-2018-04-05t18-37z-cf-tcp-router",
                            "session_affinity": "NONE"
                        },
                        "meta": {},
                        "tainted": false
                    },
                    "deposed": [],
                    "provider": "provider.google"
                },
                "google_compute_target_pool.cf-ws": {
                    "type": "google_compute_target_pool",
                    "depends_on": [
                        "google_compute_http_health_check.cf-public-health-check"
                    ],
                    "primary": {
                        "id": "bbl-env-balkhash-2018-04-05t18-37z-cf-ws",
                        "attributes": {
                            "backup_pool": "",
                            "description": "",
                            "failover_ratio": "0",
                            "health_checks.#": "1",
                            "health_checks.0": "https://www.googleapis.com/compute/v1/projects/handson-lab-user1/global/httpHealthChecks/bbl-env-balkhash-2018-04-05t18-37z-cf",
                            "id": "bbl-env-balkhash-2018-04-05t18-37z-cf-ws",
                            "instances.#": "1",
                            "instances.0": "us-central1-a/vm-268bacc8-ca4d-4052-7b95-26f8612927b3",
                            "name": "bbl-env-balkhash-2018-04-05t18-37z-cf-ws",
                            "project": "handson-lab-user1",
                            "region": "us-central1",
                            "self_link": "https://www.googleapis.com/compute/v1/projects/handson-lab-user1/regions/us-central1/targetPools/bbl-env-balkhash-2018-04-05t18-37z-cf-ws",
                            "session_affinity": "NONE"
                        },
                        "meta": {},
                        "tainted": false
                    },
                    "deposed": [],
                    "provider": "provider.google"
                },
                "google_compute_url_map.cf-https-lb-url-map": {
                    "type": "google_compute_url_map",
                    "depends_on": [
                        "google_compute_backend_service.router-lb-backend-service"
                    ],
                    "primary": {
                        "id": "bbl-env-balkhash-2018-04-05t18-37z-cf-http",
                        "attributes": {
                            "default_service": "https://www.googleapis.com/compute/v1/projects/handson-lab-user1/global/backendServices/bbl-env-balkhash-2018-04-05t18-37z-router-lb",
                            "fingerprint": "4YM83JBmNRI=",
                            "host_rule.#": "0",
                            "id": "bbl-env-balkhash-2018-04-05t18-37z-cf-http",
                            "map_id": "2720726213594960884",
                            "name": "bbl-env-balkhash-2018-04-05t18-37z-cf-http",
                            "path_matcher.#": "0",
                            "project": "handson-lab-user1",
                            "self_link": "https://www.googleapis.com/compute/v1/projects/handson-lab-user1/global/urlMaps/bbl-env-balkhash-2018-04-05t18-37z-cf-http",
                            "test.#": "0"
                        },
                        "meta": {},
                        "tainted": false
                    },
                    "deposed": [],
                    "provider": "provider.google"
                }
            },
            "depends_on": []
        }
    ]
}
