{
    "version": 3,
    "terraform_version": "0.11.7",
    "serial": 2,
    "lineage": "1e8dde3f-8f02-78d3-70ab-c0b05f3d89b6",
    "modules": [
        {
            "path": [
                "root"
            ],
            "outputs": {
                "director__internal_ip": {
                    "sensitive": false,
                    "type": "string",
                    "value": "10.0.0.6"
                },
                "director__tags": {
                    "sensitive": false,
                    "type": "list",
                    "value": [
                        "bbl-env-vostok-2018-04-19t03-43z-bosh-director"
                    ]
                },
                "director_address": {
                    "sensitive": false,
                    "type": "string",
                    "value": "https://35.184.142.215:25555"
                },
                "director_name": {
                    "sensitive": false,
                    "type": "string",
                    "value": "bosh-bbl-env-vostok-2018-04-19t03-43z"
                },
                "external_ip": {
                    "sensitive": false,
                    "type": "string",
                    "value": "35.184.142.215"
                },
                "internal_cidr": {
                    "sensitive": false,
                    "type": "string",
                    "value": "10.0.0.0/24"
                },
                "internal_gw": {
                    "sensitive": false,
                    "type": "string",
                    "value": "10.0.0.1"
                },
                "internal_tag_name": {
                    "sensitive": false,
                    "type": "string",
                    "value": "bbl-env-vostok-2018-04-19t03-43z-internal"
                },
                "jumpbox__internal_ip": {
                    "sensitive": false,
                    "type": "string",
                    "value": "10.0.0.5"
                },
                "jumpbox__tags": {
                    "sensitive": false,
                    "type": "list",
                    "value": [
                        "bbl-env-vostok-2018-04-19t03-43z-bosh-open",
                        "bbl-env-vostok-2018-04-19t03-43z-jumpbox"
                    ]
                },
                "jumpbox_url": {
                    "sensitive": false,
                    "type": "string",
                    "value": "35.184.142.215:22"
                },
                "network": {
                    "sensitive": false,
                    "type": "string",
                    "value": "bbl-env-vostok-2018-04-19t03-43z-network"
                },
                "router_backend_service": {
                    "sensitive": false,
                    "type": "string",
                    "value": "bbl-env-vostok-2018-04-19t03-43z-router-lb"
                },
                "router_lb_ip": {
                    "sensitive": false,
                    "type": "string",
                    "value": "35.190.34.66"
                },
                "ssh_proxy_lb_ip": {
                    "sensitive": false,
                    "type": "string",
                    "value": "35.184.61.250"
                },
                "ssh_proxy_target_pool": {
                    "sensitive": false,
                    "type": "string",
                    "value": "bbl-env-vostok-2018-04-19t03-43z-cf-ssh-proxy"
                },
                "subnet_cidr_1": {
                    "sensitive": false,
                    "type": "string",
                    "value": "10.0.16.0/24"
                },
                "subnet_cidr_2": {
                    "sensitive": false,
                    "type": "string",
                    "value": "10.0.32.0/24"
                },
                "subnet_cidr_3": {
                    "sensitive": false,
                    "type": "string",
                    "value": "10.0.48.0/24"
                },
                "subnet_cidr_4": {
                    "sensitive": false,
                    "type": "string",
                    "value": "10.0.64.0/24"
                },
                "subnetwork": {
                    "sensitive": false,
                    "type": "string",
                    "value": "bbl-env-vostok-2018-04-19t03-43z-subnet"
                },
                "tcp_router_lb_ip": {
                    "sensitive": false,
                    "type": "string",
                    "value": "35.192.14.174"
                },
                "tcp_router_target_pool": {
                    "sensitive": false,
                    "type": "string",
                    "value": "bbl-env-vostok-2018-04-19t03-43z-cf-tcp-router"
                },
                "ws_lb_ip": {
                    "sensitive": false,
                    "type": "string",
                    "value": "35.192.11.21"
                },
                "ws_target_pool": {
                    "sensitive": false,
                    "type": "string",
                    "value": "bbl-env-vostok-2018-04-19t03-43z-cf-ws"
                }
            },
            "resources": {
                "google_compute_address.cf-ssh-proxy": {
                    "type": "google_compute_address",
                    "depends_on": [],
                    "primary": {
                        "id": "projects/handson-lab-user9/regions/us-central1/addresses/bbl-env-vostok-2018-04-19t03-43z-cf-ssh-proxy",
                        "attributes": {
                            "address": "35.184.61.250",
                            "address_type": "EXTERNAL",
                            "id": "projects/handson-lab-user9/regions/us-central1/addresses/bbl-env-vostok-2018-04-19t03-43z-cf-ssh-proxy",
                            "name": "bbl-env-vostok-2018-04-19t03-43z-cf-ssh-proxy",
                            "project": "handson-lab-user9",
                            "region": "us-central1",
                            "self_link": "https://www.googleapis.com/compute/v1/projects/handson-lab-user9/regions/us-central1/addresses/bbl-env-vostok-2018-04-19t03-43z-cf-ssh-proxy",
                            "subnetwork": ""
                        },
                        "meta": {
                            "schema_version": "1"
                        },
                        "tainted": false
                    },
                    "deposed": [],
                    "provider": "provider.google"
                },
                "google_compute_address.cf-tcp-router": {
                    "type": "google_compute_address",
                    "depends_on": [],
                    "primary": {
                        "id": "projects/handson-lab-user9/regions/us-central1/addresses/bbl-env-vostok-2018-04-19t03-43z-cf-tcp-router",
                        "attributes": {
                            "address": "35.192.14.174",
                            "address_type": "EXTERNAL",
                            "id": "projects/handson-lab-user9/regions/us-central1/addresses/bbl-env-vostok-2018-04-19t03-43z-cf-tcp-router",
                            "name": "bbl-env-vostok-2018-04-19t03-43z-cf-tcp-router",
                            "project": "handson-lab-user9",
                            "region": "us-central1",
                            "self_link": "https://www.googleapis.com/compute/v1/projects/handson-lab-user9/regions/us-central1/addresses/bbl-env-vostok-2018-04-19t03-43z-cf-tcp-router",
                            "subnetwork": ""
                        },
                        "meta": {
                            "schema_version": "1"
                        },
                        "tainted": false
                    },
                    "deposed": [],
                    "provider": "provider.google"
                },
                "google_compute_address.cf-ws": {
                    "type": "google_compute_address",
                    "depends_on": [],
                    "primary": {
                        "id": "projects/handson-lab-user9/regions/us-central1/addresses/bbl-env-vostok-2018-04-19t03-43z-cf-ws",
                        "attributes": {
                            "address": "35.192.11.21",
                            "address_type": "EXTERNAL",
                            "id": "projects/handson-lab-user9/regions/us-central1/addresses/bbl-env-vostok-2018-04-19t03-43z-cf-ws",
                            "name": "bbl-env-vostok-2018-04-19t03-43z-cf-ws",
                            "project": "handson-lab-user9",
                            "region": "us-central1",
                            "self_link": "https://www.googleapis.com/compute/v1/projects/handson-lab-user9/regions/us-central1/addresses/bbl-env-vostok-2018-04-19t03-43z-cf-ws",
                            "subnetwork": ""
                        },
                        "meta": {
                            "schema_version": "1"
                        },
                        "tainted": false
                    },
                    "deposed": [],
                    "provider": "provider.google"
                },
                "google_compute_address.jumpbox-ip": {
                    "type": "google_compute_address",
                    "depends_on": [],
                    "primary": {
                        "id": "projects/handson-lab-user9/regions/us-central1/addresses/bbl-env-vostok-2018-04-19t03-43z-jumpbox-ip",
                        "attributes": {
                            "address": "35.184.142.215",
                            "address_type": "EXTERNAL",
                            "id": "projects/handson-lab-user9/regions/us-central1/addresses/bbl-env-vostok-2018-04-19t03-43z-jumpbox-ip",
                            "name": "bbl-env-vostok-2018-04-19t03-43z-jumpbox-ip",
                            "project": "handson-lab-user9",
                            "region": "us-central1",
                            "self_link": "https://www.googleapis.com/compute/v1/projects/handson-lab-user9/regions/us-central1/addresses/bbl-env-vostok-2018-04-19t03-43z-jumpbox-ip",
                            "subnetwork": ""
                        },
                        "meta": {
                            "schema_version": "1"
                        },
                        "tainted": false
                    },
                    "deposed": [],
                    "provider": "provider.google"
                },
                "google_compute_backend_service.router-lb-backend-service": {
                    "type": "google_compute_backend_service",
                    "depends_on": [
                        "google_compute_health_check.cf-public-health-check",
                        "google_compute_instance_group.router-lb-0",
                        "google_compute_instance_group.router-lb-1",
                        "google_compute_instance_group.router-lb-2",
                        "google_compute_instance_group.router-lb-3"
                    ],
                    "primary": {
                        "id": "bbl-env-vostok-2018-04-19t03-43z-router-lb",
                        "attributes": {
                            "backend.#": "4",
                            "backend.1491395433.balancing_mode": "UTILIZATION",
                            "backend.1491395433.capacity_scaler": "1",
                            "backend.1491395433.description": "",
                            "backend.1491395433.group": "https://www.googleapis.com/compute/v1/projects/handson-lab-user9/zones/us-central1-b/instanceGroups/bbl-env-vostok-2018-04-19t03-43z-router-lb-1-us-central1-b",
                            "backend.1491395433.max_rate": "0",
                            "backend.1491395433.max_rate_per_instance": "0",
                            "backend.1491395433.max_utilization": "0.8",
                            "backend.2683533231.balancing_mode": "UTILIZATION",
                            "backend.2683533231.capacity_scaler": "1",
                            "backend.2683533231.description": "",
                            "backend.2683533231.group": "https://www.googleapis.com/compute/v1/projects/handson-lab-user9/zones/us-central1-c/instanceGroups/bbl-env-vostok-2018-04-19t03-43z-router-lb-2-us-central1-c",
                            "backend.2683533231.max_rate": "0",
                            "backend.2683533231.max_rate_per_instance": "0",
                            "backend.2683533231.max_utilization": "0.8",
                            "backend.2886790531.balancing_mode": "UTILIZATION",
                            "backend.2886790531.capacity_scaler": "1",
                            "backend.2886790531.description": "",
                            "backend.2886790531.group": "https://www.googleapis.com/compute/v1/projects/handson-lab-user9/zones/us-central1-f/instanceGroups/bbl-env-vostok-2018-04-19t03-43z-router-lb-3-us-central1-f",
                            "backend.2886790531.max_rate": "0",
                            "backend.2886790531.max_rate_per_instance": "0",
                            "backend.2886790531.max_utilization": "0.8",
                            "backend.985686127.balancing_mode": "UTILIZATION",
                            "backend.985686127.capacity_scaler": "1",
                            "backend.985686127.description": "",
                            "backend.985686127.group": "https://www.googleapis.com/compute/v1/projects/handson-lab-user9/zones/us-central1-a/instanceGroups/bbl-env-vostok-2018-04-19t03-43z-router-lb-0-us-central1-a",
                            "backend.985686127.max_rate": "0",
                            "backend.985686127.max_rate_per_instance": "0",
                            "backend.985686127.max_utilization": "0.8",
                            "cdn_policy.#": "1",
                            "cdn_policy.0.cache_key_policy.#": "1",
                            "cdn_policy.0.cache_key_policy.0.include_host": "false",
                            "cdn_policy.0.cache_key_policy.0.include_protocol": "false",
                            "cdn_policy.0.cache_key_policy.0.include_query_string": "false",
                            "cdn_policy.0.cache_key_policy.0.query_string_blacklist.#": "0",
                            "cdn_policy.0.cache_key_policy.0.query_string_whitelist.#": "0",
                            "connection_draining_timeout_sec": "300",
                            "description": "",
                            "enable_cdn": "false",
                            "fingerprint": "Izq9IeON3JA=",
                            "health_checks.#": "1",
                            "health_checks.4084472503": "https://www.googleapis.com/compute/v1/projects/handson-lab-user9/global/healthChecks/bbl-env-vostok-2018-04-19t03-43z-cf-public",
                            "iap.#": "0",
                            "id": "bbl-env-vostok-2018-04-19t03-43z-router-lb",
                            "name": "bbl-env-vostok-2018-04-19t03-43z-router-lb",
                            "port_name": "https",
                            "project": "handson-lab-user9",
                            "protocol": "HTTPS",
                            "security_policy": "",
                            "self_link": "https://www.googleapis.com/compute/v1/projects/handson-lab-user9/global/backendServices/bbl-env-vostok-2018-04-19t03-43z-router-lb",
                            "session_affinity": "NONE",
                            "timeout_sec": "900"
                        },
                        "meta": {
                            "schema_version": "1"
                        },
                        "tainted": false
                    },
                    "deposed": [],
                    "provider": "provider.google"
                },
                "google_compute_firewall.bosh-director": {
                    "type": "google_compute_firewall",
                    "depends_on": [
                        "google_compute_network.bbl-network"
                    ],
                    "primary": {
                        "id": "bbl-env-vostok-2018-04-19t03-43z-bosh-director",
                        "attributes": {
                            "allow.#": "1",
                            "allow.3848845357.ports.#": "0",
                            "allow.3848845357.protocol": "tcp",
                            "deny.#": "0",
                            "description": "",
                            "destination_ranges.#": "0",
                            "direction": "INGRESS",
                            "id": "bbl-env-vostok-2018-04-19t03-43z-bosh-director",
                            "name": "bbl-env-vostok-2018-04-19t03-43z-bosh-director",
                            "network": "https://www.googleapis.com/compute/v1/projects/handson-lab-user9/global/networks/bbl-env-vostok-2018-04-19t03-43z-network",
                            "priority": "1000",
                            "project": "handson-lab-user9",
                            "self_link": "https://www.googleapis.com/compute/v1/projects/handson-lab-user9/global/firewalls/bbl-env-vostok-2018-04-19t03-43z-bosh-director",
                            "source_ranges.#": "0",
                            "source_service_accounts.#": "0",
                            "source_tags.#": "1",
                            "source_tags.3949604161": "bbl-env-vostok-2018-04-19t03-43z-bosh-director",
                            "target_service_accounts.#": "0",
                            "target_tags.#": "1",
                            "target_tags.385226553": "bbl-env-vostok-2018-04-19t03-43z-internal"
                        },
                        "meta": {
                            "schema_version": "1"
                        },
                        "tainted": false
                    },
                    "deposed": [],
                    "provider": "provider.google"
                },
                "google_compute_firewall.bosh-open": {
                    "type": "google_compute_firewall",
                    "depends_on": [
                        "google_compute_network.bbl-network"
                    ],
                    "primary": {
                        "id": "bbl-env-vostok-2018-04-19t03-43z-bosh-open",
                        "attributes": {
                            "allow.#": "1",
                            "allow.4272252387.ports.#": "5",
                            "allow.4272252387.ports.0": "22",
                            "allow.4272252387.ports.1": "6868",
                            "allow.4272252387.ports.2": "8443",
                            "allow.4272252387.ports.3": "8844",
                            "allow.4272252387.ports.4": "25555",
                            "allow.4272252387.protocol": "tcp",
                            "deny.#": "0",
                            "description": "",
                            "destination_ranges.#": "0",
                            "direction": "INGRESS",
                            "id": "bbl-env-vostok-2018-04-19t03-43z-bosh-open",
                            "name": "bbl-env-vostok-2018-04-19t03-43z-bosh-open",
                            "network": "https://www.googleapis.com/compute/v1/projects/handson-lab-user9/global/networks/bbl-env-vostok-2018-04-19t03-43z-network",
                            "priority": "1000",
                            "project": "handson-lab-user9",
                            "self_link": "https://www.googleapis.com/compute/v1/projects/handson-lab-user9/global/firewalls/bbl-env-vostok-2018-04-19t03-43z-bosh-open",
                            "source_ranges.#": "0",
                            "source_service_accounts.#": "0",
                            "source_tags.#": "1",
                            "source_tags.3724813231": "bbl-env-vostok-2018-04-19t03-43z-bosh-open",
                            "target_service_accounts.#": "0",
                            "target_tags.#": "1",
                            "target_tags.3949604161": "bbl-env-vostok-2018-04-19t03-43z-bosh-director"
                        },
                        "meta": {
                            "schema_version": "1"
                        },
                        "tainted": false
                    },
                    "deposed": [],
                    "provider": "provider.google"
                },
                "google_compute_firewall.cf-health-check": {
                    "type": "google_compute_firewall",
                    "depends_on": [
                        "google_compute_backend_service.router-lb-backend-service",
                        "google_compute_network.bbl-network"
                    ],
                    "primary": {
                        "id": "bbl-env-vostok-2018-04-19t03-43z-cf-health-check",
                        "attributes": {
                            "allow.#": "1",
                            "allow.2226799243.ports.#": "2",
                            "allow.2226799243.ports.0": "8080",
                            "allow.2226799243.ports.1": "80",
                            "allow.2226799243.protocol": "tcp",
                            "deny.#": "0",
                            "description": "",
                            "destination_ranges.#": "0",
                            "direction": "INGRESS",
                            "id": "bbl-env-vostok-2018-04-19t03-43z-cf-health-check",
                            "name": "bbl-env-vostok-2018-04-19t03-43z-cf-health-check",
                            "network": "https://www.googleapis.com/compute/v1/projects/handson-lab-user9/global/networks/bbl-env-vostok-2018-04-19t03-43z-network",
                            "priority": "1000",
                            "project": "handson-lab-user9",
                            "self_link": "https://www.googleapis.com/compute/v1/projects/handson-lab-user9/global/firewalls/bbl-env-vostok-2018-04-19t03-43z-cf-health-check",
                            "source_ranges.#": "2",
                            "source_ranges.2192388802": "130.211.0.0/22",
                            "source_ranges.2394378644": "35.191.0.0/16",
                            "source_service_accounts.#": "0",
                            "source_tags.#": "0",
                            "target_service_accounts.#": "0",
                            "target_tags.#": "1",
                            "target_tags.333463631": "bbl-env-vostok-2018-04-19t03-43z-router-lb"
                        },
                        "meta": {
                            "schema_version": "1"
                        },
                        "tainted": false
                    },
                    "deposed": [],
                    "provider": "provider.google"
                },
                "google_compute_firewall.cf-ssh-proxy": {
                    "type": "google_compute_firewall",
                    "depends_on": [
                        "google_compute_network.bbl-network",
                        "google_compute_target_pool.cf-ssh-proxy"
                    ],
                    "primary": {
                        "id": "bbl-env-vostok-2018-04-19t03-43z-cf-ssh-proxy-open",
                        "attributes": {
                            "allow.#": "1",
                            "allow.1291519450.ports.#": "1",
                            "allow.1291519450.ports.0": "2222",
                            "allow.1291519450.protocol": "tcp",
                            "deny.#": "0",
                            "description": "",
                            "destination_ranges.#": "0",
                            "direction": "INGRESS",
                            "id": "bbl-env-vostok-2018-04-19t03-43z-cf-ssh-proxy-open",
                            "name": "bbl-env-vostok-2018-04-19t03-43z-cf-ssh-proxy-open",
                            "network": "https://www.googleapis.com/compute/v1/projects/handson-lab-user9/global/networks/bbl-env-vostok-2018-04-19t03-43z-network",
                            "priority": "1000",
                            "project": "handson-lab-user9",
                            "self_link": "https://www.googleapis.com/compute/v1/projects/handson-lab-user9/global/firewalls/bbl-env-vostok-2018-04-19t03-43z-cf-ssh-proxy-open",
                            "source_ranges.#": "1",
                            "source_ranges.1080289494": "0.0.0.0/0",
                            "source_service_accounts.#": "0",
                            "source_tags.#": "0",
                            "target_service_accounts.#": "0",
                            "target_tags.#": "1",
                            "target_tags.4150389417": "bbl-env-vostok-2018-04-19t03-43z-cf-ssh-proxy"
                        },
                        "meta": {
                            "schema_version": "1"
                        },
                        "tainted": false
                    },
                    "deposed": [],
                    "provider": "provider.google"
                },
                "google_compute_firewall.cf-tcp-router": {
                    "type": "google_compute_firewall",
                    "depends_on": [
                        "google_compute_network.bbl-network",
                        "google_compute_target_pool.cf-tcp-router"
                    ],
                    "primary": {
                        "id": "bbl-env-vostok-2018-04-19t03-43z-cf-tcp-router",
                        "attributes": {
                            "allow.#": "1",
                            "allow.4283264114.ports.#": "1",
                            "allow.4283264114.ports.0": "1024-32768",
                            "allow.4283264114.protocol": "tcp",
                            "deny.#": "0",
                            "description": "",
                            "destination_ranges.#": "0",
                            "direction": "INGRESS",
                            "id": "bbl-env-vostok-2018-04-19t03-43z-cf-tcp-router",
                            "name": "bbl-env-vostok-2018-04-19t03-43z-cf-tcp-router",
                            "network": "https://www.googleapis.com/compute/v1/projects/handson-lab-user9/global/networks/bbl-env-vostok-2018-04-19t03-43z-network",
                            "priority": "1000",
                            "project": "handson-lab-user9",
                            "self_link": "https://www.googleapis.com/compute/v1/projects/handson-lab-user9/global/firewalls/bbl-env-vostok-2018-04-19t03-43z-cf-tcp-router",
                            "source_ranges.#": "1",
                            "source_ranges.1080289494": "0.0.0.0/0",
                            "source_service_accounts.#": "0",
                            "source_tags.#": "0",
                            "target_service_accounts.#": "0",
                            "target_tags.#": "1",
                            "target_tags.667359063": "bbl-env-vostok-2018-04-19t03-43z-cf-tcp-router"
                        },
                        "meta": {
                            "schema_version": "1"
                        },
                        "tainted": false
                    },
                    "deposed": [],
                    "provider": "provider.google"
                },
                "google_compute_firewall.external": {
                    "type": "google_compute_firewall",
                    "depends_on": [
                        "google_compute_network.bbl-network"
                    ],
                    "primary": {
                        "id": "bbl-env-vostok-2018-04-19t03-43z-external",
                        "attributes": {
                            "allow.#": "1",
                            "allow.4201408149.ports.#": "3",
                            "allow.4201408149.ports.0": "22",
                            "allow.4201408149.ports.1": "6868",
                            "allow.4201408149.ports.2": "25555",
                            "allow.4201408149.protocol": "tcp",
                            "deny.#": "0",
                            "description": "",
                            "destination_ranges.#": "0",
                            "direction": "INGRESS",
                            "id": "bbl-env-vostok-2018-04-19t03-43z-external",
                            "name": "bbl-env-vostok-2018-04-19t03-43z-external",
                            "network": "https://www.googleapis.com/compute/v1/projects/handson-lab-user9/global/networks/bbl-env-vostok-2018-04-19t03-43z-network",
                            "priority": "1000",
                            "project": "handson-lab-user9",
                            "self_link": "https://www.googleapis.com/compute/v1/projects/handson-lab-user9/global/firewalls/bbl-env-vostok-2018-04-19t03-43z-external",
                            "source_ranges.#": "1",
                            "source_ranges.1080289494": "0.0.0.0/0",
                            "source_service_accounts.#": "0",
                            "source_tags.#": "0",
                            "target_service_accounts.#": "0",
                            "target_tags.#": "1",
                            "target_tags.3724813231": "bbl-env-vostok-2018-04-19t03-43z-bosh-open"
                        },
                        "meta": {
                            "schema_version": "1"
                        },
                        "tainted": false
                    },
                    "deposed": [],
                    "provider": "provider.google"
                },
                "google_compute_firewall.firewall-cf": {
                    "type": "google_compute_firewall",
                    "depends_on": [
                        "google_compute_backend_service.router-lb-backend-service",
                        "google_compute_network.bbl-network"
                    ],
                    "primary": {
                        "id": "bbl-env-vostok-2018-04-19t03-43z-cf-open",
                        "attributes": {
                            "allow.#": "1",
                            "allow.1250112605.ports.#": "2",
                            "allow.1250112605.ports.0": "80",
                            "allow.1250112605.ports.1": "443",
                            "allow.1250112605.protocol": "tcp",
                            "deny.#": "0",
                            "description": "",
                            "destination_ranges.#": "0",
                            "direction": "INGRESS",
                            "id": "bbl-env-vostok-2018-04-19t03-43z-cf-open",
                            "name": "bbl-env-vostok-2018-04-19t03-43z-cf-open",
                            "network": "https://www.googleapis.com/compute/v1/projects/handson-lab-user9/global/networks/bbl-env-vostok-2018-04-19t03-43z-network",
                            "priority": "1000",
                            "project": "handson-lab-user9",
                            "self_link": "https://www.googleapis.com/compute/v1/projects/handson-lab-user9/global/firewalls/bbl-env-vostok-2018-04-19t03-43z-cf-open",
                            "source_ranges.#": "1",
                            "source_ranges.1080289494": "0.0.0.0/0",
                            "source_service_accounts.#": "0",
                            "source_tags.#": "0",
                            "target_service_accounts.#": "0",
                            "target_tags.#": "1",
                            "target_tags.333463631": "bbl-env-vostok-2018-04-19t03-43z-router-lb"
                        },
                        "meta": {
                            "schema_version": "1"
                        },
                        "tainted": false
                    },
                    "deposed": [],
                    "provider": "provider.google"
                },
                "google_compute_firewall.internal": {
                    "type": "google_compute_firewall",
                    "depends_on": [
                        "google_compute_network.bbl-network"
                    ],
                    "primary": {
                        "id": "bbl-env-vostok-2018-04-19t03-43z-internal",
                        "attributes": {
                            "allow.#": "3",
                            "allow.1367131964.ports.#": "0",
                            "allow.1367131964.protocol": "icmp",
                            "allow.1486604749.ports.#": "0",
                            "allow.1486604749.protocol": "udp",
                            "allow.3848845357.ports.#": "0",
                            "allow.3848845357.protocol": "tcp",
                            "deny.#": "0",
                            "description": "",
                            "destination_ranges.#": "0",
                            "direction": "INGRESS",
                            "id": "bbl-env-vostok-2018-04-19t03-43z-internal",
                            "name": "bbl-env-vostok-2018-04-19t03-43z-internal",
                            "network": "https://www.googleapis.com/compute/v1/projects/handson-lab-user9/global/networks/bbl-env-vostok-2018-04-19t03-43z-network",
                            "priority": "1000",
                            "project": "handson-lab-user9",
                            "self_link": "https://www.googleapis.com/compute/v1/projects/handson-lab-user9/global/firewalls/bbl-env-vostok-2018-04-19t03-43z-internal",
                            "source_ranges.#": "0",
                            "source_service_accounts.#": "0",
                            "source_tags.#": "1",
                            "source_tags.385226553": "bbl-env-vostok-2018-04-19t03-43z-internal",
                            "target_service_accounts.#": "0",
                            "target_tags.#": "1",
                            "target_tags.385226553": "bbl-env-vostok-2018-04-19t03-43z-internal"
                        },
                        "meta": {
                            "schema_version": "1"
                        },
                        "tainted": false
                    },
                    "deposed": [],
                    "provider": "provider.google"
                },
                "google_compute_firewall.internal-to-director": {
                    "type": "google_compute_firewall",
                    "depends_on": [
                        "google_compute_network.bbl-network"
                    ],
                    "primary": {
                        "id": "bbl-env-vostok-2018-04-19t03-43z-internal-to-director",
                        "attributes": {
                            "allow.#": "1",
                            "allow.3979585702.ports.#": "3",
                            "allow.3979585702.ports.0": "4222",
                            "allow.3979585702.ports.1": "25250",
                            "allow.3979585702.ports.2": "25777",
                            "allow.3979585702.protocol": "tcp",
                            "deny.#": "0",
                            "description": "",
                            "destination_ranges.#": "0",
                            "direction": "INGRESS",
                            "id": "bbl-env-vostok-2018-04-19t03-43z-internal-to-director",
                            "name": "bbl-env-vostok-2018-04-19t03-43z-internal-to-director",
                            "network": "https://www.googleapis.com/compute/v1/projects/handson-lab-user9/global/networks/bbl-env-vostok-2018-04-19t03-43z-network",
                            "priority": "1000",
                            "project": "handson-lab-user9",
                            "self_link": "https://www.googleapis.com/compute/v1/projects/handson-lab-user9/global/firewalls/bbl-env-vostok-2018-04-19t03-43z-internal-to-director",
                            "source_ranges.#": "0",
                            "source_service_accounts.#": "0",
                            "source_tags.#": "1",
                            "source_tags.385226553": "bbl-env-vostok-2018-04-19t03-43z-internal",
                            "target_service_accounts.#": "0",
                            "target_tags.#": "1",
                            "target_tags.3949604161": "bbl-env-vostok-2018-04-19t03-43z-bosh-director"
                        },
                        "meta": {
                            "schema_version": "1"
                        },
                        "tainted": false
                    },
                    "deposed": [],
                    "provider": "provider.google"
                },
                "google_compute_firewall.jumpbox-to-all": {
                    "type": "google_compute_firewall",
                    "depends_on": [
                        "google_compute_network.bbl-network"
                    ],
                    "primary": {
                        "id": "bbl-env-vostok-2018-04-19t03-43z-jumpbox-to-all",
                        "attributes": {
                            "allow.#": "1",
                            "allow.910322396.ports.#": "2",
                            "allow.910322396.ports.0": "22",
                            "allow.910322396.ports.1": "3389",
                            "allow.910322396.protocol": "tcp",
                            "deny.#": "0",
                            "description": "",
                            "destination_ranges.#": "0",
                            "direction": "INGRESS",
                            "id": "bbl-env-vostok-2018-04-19t03-43z-jumpbox-to-all",
                            "name": "bbl-env-vostok-2018-04-19t03-43z-jumpbox-to-all",
                            "network": "https://www.googleapis.com/compute/v1/projects/handson-lab-user9/global/networks/bbl-env-vostok-2018-04-19t03-43z-network",
                            "priority": "1000",
                            "project": "handson-lab-user9",
                            "self_link": "https://www.googleapis.com/compute/v1/projects/handson-lab-user9/global/firewalls/bbl-env-vostok-2018-04-19t03-43z-jumpbox-to-all",
                            "source_ranges.#": "0",
                            "source_service_accounts.#": "0",
                            "source_tags.#": "1",
                            "source_tags.2787806463": "bbl-env-vostok-2018-04-19t03-43z-jumpbox",
                            "target_service_accounts.#": "0",
                            "target_tags.#": "2",
                            "target_tags.385226553": "bbl-env-vostok-2018-04-19t03-43z-internal",
                            "target_tags.3949604161": "bbl-env-vostok-2018-04-19t03-43z-bosh-director"
                        },
                        "meta": {
                            "schema_version": "1"
                        },
                        "tainted": false
                    },
                    "deposed": [],
                    "provider": "provider.google"
                },
                "google_compute_forwarding_rule.cf-ssh-proxy": {
                    "type": "google_compute_forwarding_rule",
                    "depends_on": [
                        "google_compute_address.cf-ssh-proxy",
                        "google_compute_target_pool.cf-ssh-proxy"
                    ],
                    "primary": {
                        "id": "bbl-env-vostok-2018-04-19t03-43z-cf-ssh-proxy",
                        "attributes": {
                            "backend_service": "",
                            "description": "",
                            "id": "bbl-env-vostok-2018-04-19t03-43z-cf-ssh-proxy",
                            "ip_address": "35.184.61.250",
                            "ip_protocol": "TCP",
                            "load_balancing_scheme": "EXTERNAL",
                            "name": "bbl-env-vostok-2018-04-19t03-43z-cf-ssh-proxy",
                            "network": "",
                            "port_range": "2222-2222",
                            "ports.#": "0",
                            "project": "handson-lab-user9",
                            "region": "us-central1",
                            "self_link": "https://www.googleapis.com/compute/v1/projects/handson-lab-user9/regions/us-central1/forwardingRules/bbl-env-vostok-2018-04-19t03-43z-cf-ssh-proxy",
                            "subnetwork": "",
                            "target": "https://www.googleapis.com/compute/v1/projects/handson-lab-user9/regions/us-central1/targetPools/bbl-env-vostok-2018-04-19t03-43z-cf-ssh-proxy"
                        },
                        "meta": {},
                        "tainted": false
                    },
                    "deposed": [],
                    "provider": "provider.google"
                },
                "google_compute_forwarding_rule.cf-tcp-router": {
                    "type": "google_compute_forwarding_rule",
                    "depends_on": [
                        "google_compute_address.cf-tcp-router",
                        "google_compute_target_pool.cf-tcp-router"
                    ],
                    "primary": {
                        "id": "bbl-env-vostok-2018-04-19t03-43z-cf-tcp-router",
                        "attributes": {
                            "backend_service": "",
                            "description": "",
                            "id": "bbl-env-vostok-2018-04-19t03-43z-cf-tcp-router",
                            "ip_address": "35.192.14.174",
                            "ip_protocol": "TCP",
                            "load_balancing_scheme": "EXTERNAL",
                            "name": "bbl-env-vostok-2018-04-19t03-43z-cf-tcp-router",
                            "network": "",
                            "port_range": "1024-32768",
                            "ports.#": "0",
                            "project": "handson-lab-user9",
                            "region": "us-central1",
                            "self_link": "https://www.googleapis.com/compute/v1/projects/handson-lab-user9/regions/us-central1/forwardingRules/bbl-env-vostok-2018-04-19t03-43z-cf-tcp-router",
                            "subnetwork": "",
                            "target": "https://www.googleapis.com/compute/v1/projects/handson-lab-user9/regions/us-central1/targetPools/bbl-env-vostok-2018-04-19t03-43z-cf-tcp-router"
                        },
                        "meta": {},
                        "tainted": false
                    },
                    "deposed": [],
                    "provider": "provider.google"
                },
                "google_compute_forwarding_rule.cf-ws-http": {
                    "type": "google_compute_forwarding_rule",
                    "depends_on": [
                        "google_compute_address.cf-ws",
                        "google_compute_target_pool.cf-ws"
                    ],
                    "primary": {
                        "id": "bbl-env-vostok-2018-04-19t03-43z-cf-ws-http",
                        "attributes": {
                            "backend_service": "",
                            "description": "",
                            "id": "bbl-env-vostok-2018-04-19t03-43z-cf-ws-http",
                            "ip_address": "35.192.11.21",
                            "ip_protocol": "TCP",
                            "load_balancing_scheme": "EXTERNAL",
                            "name": "bbl-env-vostok-2018-04-19t03-43z-cf-ws-http",
                            "network": "",
                            "port_range": "80-80",
                            "ports.#": "0",
                            "project": "handson-lab-user9",
                            "region": "us-central1",
                            "self_link": "https://www.googleapis.com/compute/v1/projects/handson-lab-user9/regions/us-central1/forwardingRules/bbl-env-vostok-2018-04-19t03-43z-cf-ws-http",
                            "subnetwork": "",
                            "target": "https://www.googleapis.com/compute/v1/projects/handson-lab-user9/regions/us-central1/targetPools/bbl-env-vostok-2018-04-19t03-43z-cf-ws"
                        },
                        "meta": {},
                        "tainted": false
                    },
                    "deposed": [],
                    "provider": "provider.google"
                },
                "google_compute_forwarding_rule.cf-ws-https": {
                    "type": "google_compute_forwarding_rule",
                    "depends_on": [
                        "google_compute_address.cf-ws",
                        "google_compute_target_pool.cf-ws"
                    ],
                    "primary": {
                        "id": "bbl-env-vostok-2018-04-19t03-43z-cf-ws-https",
                        "attributes": {
                            "backend_service": "",
                            "description": "",
                            "id": "bbl-env-vostok-2018-04-19t03-43z-cf-ws-https",
                            "ip_address": "35.192.11.21",
                            "ip_protocol": "TCP",
                            "load_balancing_scheme": "EXTERNAL",
                            "name": "bbl-env-vostok-2018-04-19t03-43z-cf-ws-https",
                            "network": "",
                            "port_range": "443-443",
                            "ports.#": "0",
                            "project": "handson-lab-user9",
                            "region": "us-central1",
                            "self_link": "https://www.googleapis.com/compute/v1/projects/handson-lab-user9/regions/us-central1/forwardingRules/bbl-env-vostok-2018-04-19t03-43z-cf-ws-https",
                            "subnetwork": "",
                            "target": "https://www.googleapis.com/compute/v1/projects/handson-lab-user9/regions/us-central1/targetPools/bbl-env-vostok-2018-04-19t03-43z-cf-ws"
                        },
                        "meta": {},
                        "tainted": false
                    },
                    "deposed": [],
                    "provider": "provider.google"
                },
                "google_compute_global_address.cf-address": {
                    "type": "google_compute_global_address",
                    "depends_on": [],
                    "primary": {
                        "id": "bbl-env-vostok-2018-04-19t03-43z-cf",
                        "attributes": {
                            "address": "35.190.34.66",
                            "id": "bbl-env-vostok-2018-04-19t03-43z-cf",
                            "ip_version": "",
                            "name": "bbl-env-vostok-2018-04-19t03-43z-cf",
                            "project": "handson-lab-user9",
                            "self_link": "https://www.googleapis.com/compute/v1/projects/handson-lab-user9/global/addresses/bbl-env-vostok-2018-04-19t03-43z-cf"
                        },
                        "meta": {},
                        "tainted": false
                    },
                    "deposed": [],
                    "provider": "provider.google"
                },
                "google_compute_global_forwarding_rule.cf-http-forwarding-rule": {
                    "type": "google_compute_global_forwarding_rule",
                    "depends_on": [
                        "google_compute_global_address.cf-address",
                        "google_compute_target_http_proxy.cf-http-lb-proxy"
                    ],
                    "primary": {
                        "id": "bbl-env-vostok-2018-04-19t03-43z-cf-http",
                        "attributes": {
                            "description": "",
                            "id": "bbl-env-vostok-2018-04-19t03-43z-cf-http",
                            "ip_address": "35.190.34.66",
                            "ip_protocol": "TCP",
                            "ip_version": "",
                            "label_fingerprint": "",
                            "labels.%": "0",
                            "name": "bbl-env-vostok-2018-04-19t03-43z-cf-http",
                            "port_range": "80-80",
                            "project": "handson-lab-user9",
                            "self_link": "https://www.googleapis.com/compute/v1/projects/handson-lab-user9/global/forwardingRules/bbl-env-vostok-2018-04-19t03-43z-cf-http",
                            "target": "https://www.googleapis.com/compute/v1/projects/handson-lab-user9/global/targetHttpProxies/bbl-env-vostok-2018-04-19t03-43z-http-proxy"
                        },
                        "meta": {},
                        "tainted": false
                    },
                    "deposed": [],
                    "provider": "provider.google"
                },
                "google_compute_global_forwarding_rule.cf-https-forwarding-rule": {
                    "type": "google_compute_global_forwarding_rule",
                    "depends_on": [
                        "google_compute_global_address.cf-address",
                        "google_compute_target_https_proxy.cf-https-lb-proxy"
                    ],
                    "primary": {
                        "id": "bbl-env-vostok-2018-04-19t03-43z-cf-https",
                        "attributes": {
                            "description": "",
                            "id": "bbl-env-vostok-2018-04-19t03-43z-cf-https",
                            "ip_address": "35.190.34.66",
                            "ip_protocol": "TCP",
                            "ip_version": "",
                            "label_fingerprint": "",
                            "labels.%": "0",
                            "name": "bbl-env-vostok-2018-04-19t03-43z-cf-https",
                            "port_range": "443-443",
                            "project": "handson-lab-user9",
                            "self_link": "https://www.googleapis.com/compute/v1/projects/handson-lab-user9/global/forwardingRules/bbl-env-vostok-2018-04-19t03-43z-cf-https",
                            "target": "https://www.googleapis.com/compute/v1/projects/handson-lab-user9/global/targetHttpsProxies/bbl-env-vostok-2018-04-19t03-43z-https-proxy"
                        },
                        "meta": {},
                        "tainted": false
                    },
                    "deposed": [],
                    "provider": "provider.google"
                },
                "google_compute_health_check.cf-public-health-check": {
                    "type": "google_compute_health_check",
                    "depends_on": [],
                    "primary": {
                        "id": "bbl-env-vostok-2018-04-19t03-43z-cf-public",
                        "attributes": {
                            "check_interval_sec": "5",
                            "description": "",
                            "healthy_threshold": "2",
                            "http_health_check.#": "1",
                            "http_health_check.0.host": "",
                            "http_health_check.0.port": "8080",
                            "http_health_check.0.proxy_header": "NONE",
                            "http_health_check.0.request_path": "/health",
                            "https_health_check.#": "0",
                            "id": "bbl-env-vostok-2018-04-19t03-43z-cf-public",
                            "name": "bbl-env-vostok-2018-04-19t03-43z-cf-public",
                            "project": "handson-lab-user9",
                            "self_link": "https://www.googleapis.com/compute/v1/projects/handson-lab-user9/global/healthChecks/bbl-env-vostok-2018-04-19t03-43z-cf-public",
                            "ssl_health_check.#": "0",
                            "tcp_health_check.#": "0",
                            "timeout_sec": "5",
                            "unhealthy_threshold": "2"
                        },
                        "meta": {},
                        "tainted": false
                    },
                    "deposed": [],
                    "provider": "provider.google"
                },
                "google_compute_http_health_check.cf-public-health-check": {
                    "type": "google_compute_http_health_check",
                    "depends_on": [],
                    "primary": {
                        "id": "bbl-env-vostok-2018-04-19t03-43z-cf",
                        "attributes": {
                            "check_interval_sec": "5",
                            "creation_timestamp": "2018-04-18T20:43:45.190-07:00",
                            "description": "",
                            "healthy_threshold": "2",
                            "host": "",
                            "id": "bbl-env-vostok-2018-04-19t03-43z-cf",
                            "name": "bbl-env-vostok-2018-04-19t03-43z-cf",
                            "port": "8080",
                            "project": "handson-lab-user9",
                            "request_path": "/health",
                            "self_link": "https://www.googleapis.com/compute/v1/projects/handson-lab-user9/global/httpHealthChecks/bbl-env-vostok-2018-04-19t03-43z-cf",
                            "timeout_sec": "5",
                            "unhealthy_threshold": "2"
                        },
                        "meta": {
                            "e2bfb730-ecaa-11e6-8f88-34363bc7c4c0": {
                                "create": 240000000000,
                                "delete": 240000000000,
                                "update": 240000000000
                            }
                        },
                        "tainted": false
                    },
                    "deposed": [],
                    "provider": "provider.google"
                },
                "google_compute_http_health_check.cf-tcp-router": {
                    "type": "google_compute_http_health_check",
                    "depends_on": [],
                    "primary": {
                        "id": "bbl-env-vostok-2018-04-19t03-43z-cf-tcp-router",
                        "attributes": {
                            "check_interval_sec": "5",
                            "creation_timestamp": "2018-04-18T20:43:56.565-07:00",
                            "description": "",
                            "healthy_threshold": "2",
                            "host": "",
                            "id": "bbl-env-vostok-2018-04-19t03-43z-cf-tcp-router",
                            "name": "bbl-env-vostok-2018-04-19t03-43z-cf-tcp-router",
                            "port": "80",
                            "project": "handson-lab-user9",
                            "request_path": "/health",
                            "self_link": "https://www.googleapis.com/compute/v1/projects/handson-lab-user9/global/httpHealthChecks/bbl-env-vostok-2018-04-19t03-43z-cf-tcp-router",
                            "timeout_sec": "5",
                            "unhealthy_threshold": "2"
                        },
                        "meta": {
                            "e2bfb730-ecaa-11e6-8f88-34363bc7c4c0": {
                                "create": 240000000000,
                                "delete": 240000000000,
                                "update": 240000000000
                            }
                        },
                        "tainted": false
                    },
                    "deposed": [],
                    "provider": "provider.google"
                },
                "google_compute_instance_group.router-lb-0": {
                    "type": "google_compute_instance_group",
                    "depends_on": [],
                    "primary": {
                        "id": "us-central1-a/bbl-env-vostok-2018-04-19t03-43z-router-lb-0-us-central1-a",
                        "attributes": {
                            "description": "terraform generated instance group that is multi-zone for https loadbalancing",
                            "id": "us-central1-a/bbl-env-vostok-2018-04-19t03-43z-router-lb-0-us-central1-a",
                            "instances.#": "0",
                            "name": "bbl-env-vostok-2018-04-19t03-43z-router-lb-0-us-central1-a",
                            "named_port.#": "1",
                            "named_port.0.name": "https",
                            "named_port.0.port": "443",
                            "network": "",
                            "project": "handson-lab-user9",
                            "self_link": "https://www.googleapis.com/compute/v1/projects/handson-lab-user9/zones/us-central1-a/instanceGroups/bbl-env-vostok-2018-04-19t03-43z-router-lb-0-us-central1-a",
                            "size": "0",
                            "zone": "us-central1-a"
                        },
                        "meta": {
                            "schema_version": "2"
                        },
                        "tainted": false
                    },
                    "deposed": [],
                    "provider": "provider.google"
                },
                "google_compute_instance_group.router-lb-1": {
                    "type": "google_compute_instance_group",
                    "depends_on": [],
                    "primary": {
                        "id": "us-central1-b/bbl-env-vostok-2018-04-19t03-43z-router-lb-1-us-central1-b",
                        "attributes": {
                            "description": "terraform generated instance group that is multi-zone for https loadbalancing",
                            "id": "us-central1-b/bbl-env-vostok-2018-04-19t03-43z-router-lb-1-us-central1-b",
                            "instances.#": "0",
                            "name": "bbl-env-vostok-2018-04-19t03-43z-router-lb-1-us-central1-b",
                            "named_port.#": "1",
                            "named_port.0.name": "https",
                            "named_port.0.port": "443",
                            "network": "",
                            "project": "handson-lab-user9",
                            "self_link": "https://www.googleapis.com/compute/v1/projects/handson-lab-user9/zones/us-central1-b/instanceGroups/bbl-env-vostok-2018-04-19t03-43z-router-lb-1-us-central1-b",
                            "size": "0",
                            "zone": "us-central1-b"
                        },
                        "meta": {
                            "schema_version": "2"
                        },
                        "tainted": false
                    },
                    "deposed": [],
                    "provider": "provider.google"
                },
                "google_compute_instance_group.router-lb-2": {
                    "type": "google_compute_instance_group",
                    "depends_on": [],
                    "primary": {
                        "id": "us-central1-c/bbl-env-vostok-2018-04-19t03-43z-router-lb-2-us-central1-c",
                        "attributes": {
                            "description": "terraform generated instance group that is multi-zone for https loadbalancing",
                            "id": "us-central1-c/bbl-env-vostok-2018-04-19t03-43z-router-lb-2-us-central1-c",
                            "instances.#": "0",
                            "name": "bbl-env-vostok-2018-04-19t03-43z-router-lb-2-us-central1-c",
                            "named_port.#": "1",
                            "named_port.0.name": "https",
                            "named_port.0.port": "443",
                            "network": "",
                            "project": "handson-lab-user9",
                            "self_link": "https://www.googleapis.com/compute/v1/projects/handson-lab-user9/zones/us-central1-c/instanceGroups/bbl-env-vostok-2018-04-19t03-43z-router-lb-2-us-central1-c",
                            "size": "0",
                            "zone": "us-central1-c"
                        },
                        "meta": {
                            "schema_version": "2"
                        },
                        "tainted": false
                    },
                    "deposed": [],
                    "provider": "provider.google"
                },
                "google_compute_instance_group.router-lb-3": {
                    "type": "google_compute_instance_group",
                    "depends_on": [],
                    "primary": {
                        "id": "us-central1-f/bbl-env-vostok-2018-04-19t03-43z-router-lb-3-us-central1-f",
                        "attributes": {
                            "description": "terraform generated instance group that is multi-zone for https loadbalancing",
                            "id": "us-central1-f/bbl-env-vostok-2018-04-19t03-43z-router-lb-3-us-central1-f",
                            "instances.#": "0",
                            "name": "bbl-env-vostok-2018-04-19t03-43z-router-lb-3-us-central1-f",
                            "named_port.#": "1",
                            "named_port.0.name": "https",
                            "named_port.0.port": "443",
                            "network": "",
                            "project": "handson-lab-user9",
                            "self_link": "https://www.googleapis.com/compute/v1/projects/handson-lab-user9/zones/us-central1-f/instanceGroups/bbl-env-vostok-2018-04-19t03-43z-router-lb-3-us-central1-f",
                            "size": "0",
                            "zone": "us-central1-f"
                        },
                        "meta": {
                            "schema_version": "2"
                        },
                        "tainted": false
                    },
                    "deposed": [],
                    "provider": "provider.google"
                },
                "google_compute_network.bbl-network": {
                    "type": "google_compute_network",
                    "depends_on": [],
                    "primary": {
                        "id": "bbl-env-vostok-2018-04-19t03-43z-network",
                        "attributes": {
                            "auto_create_subnetworks": "false",
                            "description": "",
                            "gateway_ipv4": "",
                            "id": "bbl-env-vostok-2018-04-19t03-43z-network",
                            "ipv4_range": "",
                            "name": "bbl-env-vostok-2018-04-19t03-43z-network",
                            "project": "handson-lab-user9",
                            "routing_mode": "REGIONAL",
                            "self_link": "https://www.googleapis.com/compute/v1/projects/handson-lab-user9/global/networks/bbl-env-vostok-2018-04-19t03-43z-network"
                        },
                        "meta": {},
                        "tainted": false
                    },
                    "deposed": [],
                    "provider": "provider.google"
                },
                "google_compute_ssl_certificate.cf-cert": {
                    "type": "google_compute_ssl_certificate",
                    "depends_on": [],
                    "primary": {
                        "id": "bbl-env-vostok-2018-04-19t03-43z20180419034355817300000001",
                        "attributes": {
                            "certificate": "-----BEGIN CERTIFICATE-----\nMIICwjCCAaoCCQCXvRAjZ8JzOzANBgkqhkiG9w0BAQsFADAjMSEwHwYDVQQDDBgq\nLnVzZXI5LmFsdG9yb3MtbGFicy54eXowHhcNMTgwNDE2MTgyMTEzWhcNMTkwNDE2\nMTgyMTEzWjAjMSEwHwYDVQQDDBgqLnVzZXI5LmFsdG9yb3MtbGFicy54eXowggEi\nMA0GCSqGSIb3DQEBAQUAA4IBDwAwggEKAoIBAQCTzrQsWGuTSFPtAoeXwfOGQkym\nNSDhVS0hIl1AyqT3K8/2ZFypunumXJ61lltEo/kw+FzDE7zQkzt7saXNMDECMPHE\nTLHviiQvgpudT2iFTtohkykDitdTA+cbRO1cSnJoEakiOiqiTnXs2zGUE0pxWsR7\n2ocvYKNvW6o6Wh/FweEAxOlucKMDj1xdv0X7XWQ8rOGYrCHOs6r/aPV+hxKRzpNe\ntD0SwNS9fgKkgRojJ0JpjZekELHQDs53focD6zP0hlQzKzhXtT0i+K9c9UkQYi+t\nLv3NaOVDo9jkaTJbKg75dMNYzjN0pgWY1AW1tB23kBoNn0HDnFgG4ucFsF+nAgMB\nAAEwDQYJKoZIhvcNAQELBQADggEBABu60jhmdV+fH7k6gnvoqB74ux5CbRTD17+c\nzdDPa9Z6N9SGju9xTmGekhDlAoNoeDa/nsXPH1iesFn0DheBhJzD+AmwsSXL0Rko\ndwNR1zb6p7XadxJRNFnUsYHCI1iEdGlxHkU4mFcQgIAzfH8DIWNtkXaeXMVAFMdL\nGtoNTfctxXt1tU0HLp45XSGknfwD0yO31ufGO3IgCBA/QrSi7tW0Mk0EpJIMEsB3\nAl2Fqpuy1hOIqOWRzNJQ5Sbr5ldNrRtgVkr6H30BUoEJc4rEUkHT0wx5si/IEfT3\nhlItpIBlJaFaXAnH60INEd7jNVsVZIct25LmSRf324F/1PqA7uU=\n-----END CERTIFICATE-----\n",
                            "certificate_id": "1662569030616460947",
                            "description": "user provided ssl private key / ssl certificate pair",
                            "id": "bbl-env-vostok-2018-04-19t03-43z20180419034355817300000001",
                            "name": "bbl-env-vostok-2018-04-19t03-43z20180419034355817300000001",
                            "name_prefix": "bbl-env-vostok-2018-04-19t03-43z",
                            "private_key": "-----BEGIN PRIVATE KEY-----\nMIIEvAIBADANBgkqhkiG9w0BAQEFAASCBKYwggSiAgEAAoIBAQCTzrQsWGuTSFPt\nAoeXwfOGQkymNSDhVS0hIl1AyqT3K8/2ZFypunumXJ61lltEo/kw+FzDE7zQkzt7\nsaXNMDECMPHETLHviiQvgpudT2iFTtohkykDitdTA+cbRO1cSnJoEakiOiqiTnXs\n2zGUE0pxWsR72ocvYKNvW6o6Wh/FweEAxOlucKMDj1xdv0X7XWQ8rOGYrCHOs6r/\naPV+hxKRzpNetD0SwNS9fgKkgRojJ0JpjZekELHQDs53focD6zP0hlQzKzhXtT0i\n+K9c9UkQYi+tLv3NaOVDo9jkaTJbKg75dMNYzjN0pgWY1AW1tB23kBoNn0HDnFgG\n4ucFsF+nAgMBAAECggEAUQZg8mZOImDl0OkwF1r0+kZh6kL5kUy1/pHt+NSddfmI\neRMvUMOvgNUJE5Ym1gvlUJj1kOLDALuVQgtyTnb6hq75+ZfpetyJVZoNYEDllR5S\nqVEYjJ6Rxyo+iE5Sp+MPsEjuJJsqP+su7faCyR+CEX2mdBapQKmDLkpbmL1K6Ya3\nYnvE97ZBR8t/FRMtDz17Q8ytlMeIaZP8nVHYKUYqfg/T4qQap4Em4ygLherI+Cnp\n9fbP3lWfSBlaefUUUSFHIOojNTgMTGnJ35hT25PfHSmn/cMwTiVRdGg2qEl5zFXH\n2W+F18V8vN5CojOK0RvvXN7e12RuhFGn4InW1udDwQKBgQDCuMN7atGCS2Hylxmm\n66fJ8DWFGAW/zbce7zkE5p71k3IeGi8lq3MoOZ4U17DrewMMuDRHeXB9r5Cw/H1l\nILG/sry5x8ktA9edDqRshp9zMSB+3ZERd08d8G9iJmizZe9mZwfXB29ZZ14eivy8\nuyWMgHRAtjIdlnd7EvyDOGrmcQKBgQDCUmpL22F/RySgxLxEGu+LuXn874wb2Zes\na0s/2jPRqJCThTF/PizHUe5GfM2RYnH6uIpW7YTX6+2zT8S7hHgPJ8T8HkJS5TsH\nGAEtuz6+OLGSM/Bsu6U7iKosfPxOLSQN5D93RnHCiMqp7Q+ry0sj1EIzrhSrJakk\n744mHbEjlwKBgGq6PKMb1EO3L7N4sF22UpwzphISLayIg7NX6YfPJBd0PptTPL5H\n7/F/Sy8fXeBj5zMEj9sRK+An54WqjsxsFCD/RcQKRjD/JyH1kZfOXf0UUzxWExpg\nq6O8UkCYztBtsb8N/9UTRSvapVLWWVrUtOsCyTVi56sh+tEhgfgmZylxAoGACxej\nQ7NBLH/GIns4d/bFp8ctpHeUGt7f3pK9V+a/wH8Lya/3tFi7O6F8pX9oSJ1C/lnc\nY7vpMl4gUnUCOOYF6G+PugiMJqk5Jl2Da7XdjgQ0drEKT1qiwvQ5KpLz4A6JmVVn\nHgriYYVndC25EEhpgKEUKlkMivx6XEZkad6WBv8CgYAnlos6Wcp1OW/ivkWpT+HL\nTEO/AL5/Iq4EjidSye64h9NhcQCrGYCa9Uyl8fMKZOe6JNu+PZT727c9ghFXYx2a\ncalf0EJs0NlzSsu5JM8+zCYRNPLAdFDu+b5OefL2fQZ8SHQbZuKvF2xn8c/hA+DN\nO0LzAMySnzFYw2dVIcFgFg==\n-----END PRIVATE KEY-----\n",
                            "project": "handson-lab-user9",
                            "self_link": "https://www.googleapis.com/compute/v1/projects/handson-lab-user9/global/sslCertificates/bbl-env-vostok-2018-04-19t03-43z20180419034355817300000001"
                        },
                        "meta": {},
                        "tainted": false
                    },
                    "deposed": [],
                    "provider": "provider.google"
                },
                "google_compute_subnetwork.bbl-subnet": {
                    "type": "google_compute_subnetwork",
                    "depends_on": [
                        "google_compute_network.bbl-network"
                    ],
                    "primary": {
                        "id": "us-central1/bbl-env-vostok-2018-04-19t03-43z-subnet",
                        "attributes": {
                            "description": "",
                            "gateway_address": "10.0.0.1",
                            "id": "us-central1/bbl-env-vostok-2018-04-19t03-43z-subnet",
                            "ip_cidr_range": "10.0.0.0/16",
                            "name": "bbl-env-vostok-2018-04-19t03-43z-subnet",
                            "network": "https://www.googleapis.com/compute/v1/projects/handson-lab-user9/global/networks/bbl-env-vostok-2018-04-19t03-43z-network",
                            "private_ip_google_access": "false",
                            "project": "handson-lab-user9",
                            "region": "us-central1",
                            "secondary_ip_range.#": "0",
                            "self_link": "https://www.googleapis.com/compute/v1/projects/handson-lab-user9/regions/us-central1/subnetworks/bbl-env-vostok-2018-04-19t03-43z-subnet"
                        },
                        "meta": {
                            "e2bfb730-ecaa-11e6-8f88-34363bc7c4c0": {
                                "create": 360000000000,
                                "delete": 360000000000,
                                "update": 360000000000
                            }
                        },
                        "tainted": false
                    },
                    "deposed": [],
                    "provider": "provider.google"
                },
                "google_compute_target_http_proxy.cf-http-lb-proxy": {
                    "type": "google_compute_target_http_proxy",
                    "depends_on": [
                        "google_compute_url_map.cf-https-lb-url-map"
                    ],
                    "primary": {
                        "id": "bbl-env-vostok-2018-04-19t03-43z-http-proxy",
                        "attributes": {
                            "description": "really a load balancer but listed as an http proxy",
                            "id": "bbl-env-vostok-2018-04-19t03-43z-http-proxy",
                            "name": "bbl-env-vostok-2018-04-19t03-43z-http-proxy",
                            "project": "handson-lab-user9",
                            "proxy_id": "797793037902523983",
                            "self_link": "https://www.googleapis.com/compute/v1/projects/handson-lab-user9/global/targetHttpProxies/bbl-env-vostok-2018-04-19t03-43z-http-proxy",
                            "url_map": "https://www.googleapis.com/compute/v1/projects/handson-lab-user9/global/urlMaps/bbl-env-vostok-2018-04-19t03-43z-cf-http"
                        },
                        "meta": {},
                        "tainted": false
                    },
                    "deposed": [],
                    "provider": "provider.google"
                },
                "google_compute_target_https_proxy.cf-https-lb-proxy": {
                    "type": "google_compute_target_https_proxy",
                    "depends_on": [
                        "google_compute_ssl_certificate.cf-cert",
                        "google_compute_url_map.cf-https-lb-url-map"
                    ],
                    "primary": {
                        "id": "bbl-env-vostok-2018-04-19t03-43z-https-proxy",
                        "attributes": {
                            "description": "really a load balancer but listed as an https proxy",
                            "id": "bbl-env-vostok-2018-04-19t03-43z-https-proxy",
                            "name": "bbl-env-vostok-2018-04-19t03-43z-https-proxy",
                            "project": "handson-lab-user9",
                            "proxy_id": "1566683911503064688",
                            "self_link": "https://www.googleapis.com/compute/v1/projects/handson-lab-user9/global/targetHttpsProxies/bbl-env-vostok-2018-04-19t03-43z-https-proxy",
                            "ssl_certificates.#": "1",
                            "ssl_certificates.0": "https://www.googleapis.com/compute/v1/projects/handson-lab-user9/global/sslCertificates/bbl-env-vostok-2018-04-19t03-43z20180419034355817300000001",
                            "url_map": "https://www.googleapis.com/compute/v1/projects/handson-lab-user9/global/urlMaps/bbl-env-vostok-2018-04-19t03-43z-cf-http"
                        },
                        "meta": {},
                        "tainted": false
                    },
                    "deposed": [],
                    "provider": "provider.google"
                },
                "google_compute_target_pool.cf-ssh-proxy": {
                    "type": "google_compute_target_pool",
                    "depends_on": [],
                    "primary": {
                        "id": "bbl-env-vostok-2018-04-19t03-43z-cf-ssh-proxy",
                        "attributes": {
                            "backup_pool": "",
                            "description": "",
                            "failover_ratio": "0",
                            "health_checks.#": "0",
                            "id": "bbl-env-vostok-2018-04-19t03-43z-cf-ssh-proxy",
                            "instances.#": "0",
                            "name": "bbl-env-vostok-2018-04-19t03-43z-cf-ssh-proxy",
                            "project": "handson-lab-user9",
                            "region": "us-central1",
                            "self_link": "https://www.googleapis.com/compute/v1/projects/handson-lab-user9/regions/us-central1/targetPools/bbl-env-vostok-2018-04-19t03-43z-cf-ssh-proxy",
                            "session_affinity": "NONE"
                        },
                        "meta": {},
                        "tainted": false
                    },
                    "deposed": [],
                    "provider": "provider.google"
                },
                "google_compute_target_pool.cf-tcp-router": {
                    "type": "google_compute_target_pool",
                    "depends_on": [
                        "google_compute_http_health_check.cf-tcp-router"
                    ],
                    "primary": {
                        "id": "bbl-env-vostok-2018-04-19t03-43z-cf-tcp-router",
                        "attributes": {
                            "backup_pool": "",
                            "description": "",
                            "failover_ratio": "0",
                            "health_checks.#": "1",
                            "health_checks.0": "https://www.googleapis.com/compute/v1/projects/handson-lab-user9/global/httpHealthChecks/bbl-env-vostok-2018-04-19t03-43z-cf-tcp-router",
                            "id": "bbl-env-vostok-2018-04-19t03-43z-cf-tcp-router",
                            "instances.#": "0",
                            "name": "bbl-env-vostok-2018-04-19t03-43z-cf-tcp-router",
                            "project": "handson-lab-user9",
                            "region": "us-central1",
                            "self_link": "https://www.googleapis.com/compute/v1/projects/handson-lab-user9/regions/us-central1/targetPools/bbl-env-vostok-2018-04-19t03-43z-cf-tcp-router",
                            "session_affinity": "NONE"
                        },
                        "meta": {},
                        "tainted": false
                    },
                    "deposed": [],
                    "provider": "provider.google"
                },
                "google_compute_target_pool.cf-ws": {
                    "type": "google_compute_target_pool",
                    "depends_on": [
                        "google_compute_http_health_check.cf-public-health-check"
                    ],
                    "primary": {
                        "id": "bbl-env-vostok-2018-04-19t03-43z-cf-ws",
                        "attributes": {
                            "backup_pool": "",
                            "description": "",
                            "failover_ratio": "0",
                            "health_checks.#": "1",
                            "health_checks.0": "https://www.googleapis.com/compute/v1/projects/handson-lab-user9/global/httpHealthChecks/bbl-env-vostok-2018-04-19t03-43z-cf",
                            "id": "bbl-env-vostok-2018-04-19t03-43z-cf-ws",
                            "instances.#": "0",
                            "name": "bbl-env-vostok-2018-04-19t03-43z-cf-ws",
                            "project": "handson-lab-user9",
                            "region": "us-central1",
                            "self_link": "https://www.googleapis.com/compute/v1/projects/handson-lab-user9/regions/us-central1/targetPools/bbl-env-vostok-2018-04-19t03-43z-cf-ws",
                            "session_affinity": "NONE"
                        },
                        "meta": {},
                        "tainted": false
                    },
                    "deposed": [],
                    "provider": "provider.google"
                },
                "google_compute_url_map.cf-https-lb-url-map": {
                    "type": "google_compute_url_map",
                    "depends_on": [
                        "google_compute_backend_service.router-lb-backend-service"
                    ],
                    "primary": {
                        "id": "bbl-env-vostok-2018-04-19t03-43z-cf-http",
                        "attributes": {
                            "default_service": "https://www.googleapis.com/compute/v1/projects/handson-lab-user9/global/backendServices/bbl-env-vostok-2018-04-19t03-43z-router-lb",
                            "fingerprint": "h66Hicex9fw=",
                            "host_rule.#": "0",
                            "id": "bbl-env-vostok-2018-04-19t03-43z-cf-http",
                            "map_id": "3196480977924107899",
                            "name": "bbl-env-vostok-2018-04-19t03-43z-cf-http",
                            "path_matcher.#": "0",
                            "project": "handson-lab-user9",
                            "self_link": "https://www.googleapis.com/compute/v1/projects/handson-lab-user9/global/urlMaps/bbl-env-vostok-2018-04-19t03-43z-cf-http",
                            "test.#": "0"
                        },
                        "meta": {},
                        "tainted": false
                    },
                    "deposed": [],
                    "provider": "provider.google"
                }
            },
            "depends_on": []
        }
    ]
}
