{
    "version": 3,
    "terraform_version": "0.11.7",
    "serial": 2,
    "lineage": "80508d7c-de5f-8441-0a30-0f0c7e435af4",
    "modules": [
        {
            "path": [
                "root"
            ],
            "outputs": {
                "director__internal_ip": {
                    "sensitive": false,
                    "type": "string",
                    "value": "10.0.0.6"
                },
                "director__tags": {
                    "sensitive": false,
                    "type": "list",
                    "value": [
                        "bbl-env-ladoga-2018-04-19t03-44z-bosh-director"
                    ]
                },
                "director_address": {
                    "sensitive": false,
                    "type": "string",
                    "value": "https://35.192.93.109:25555"
                },
                "director_name": {
                    "sensitive": false,
                    "type": "string",
                    "value": "bosh-bbl-env-ladoga-2018-04-19t03-44z"
                },
                "external_ip": {
                    "sensitive": false,
                    "type": "string",
                    "value": "35.192.93.109"
                },
                "internal_cidr": {
                    "sensitive": false,
                    "type": "string",
                    "value": "10.0.0.0/24"
                },
                "internal_gw": {
                    "sensitive": false,
                    "type": "string",
                    "value": "10.0.0.1"
                },
                "internal_tag_name": {
                    "sensitive": false,
                    "type": "string",
                    "value": "bbl-env-ladoga-2018-04-19t03-44z-internal"
                },
                "jumpbox__internal_ip": {
                    "sensitive": false,
                    "type": "string",
                    "value": "10.0.0.5"
                },
                "jumpbox__tags": {
                    "sensitive": false,
                    "type": "list",
                    "value": [
                        "bbl-env-ladoga-2018-04-19t03-44z-bosh-open",
                        "bbl-env-ladoga-2018-04-19t03-44z-jumpbox"
                    ]
                },
                "jumpbox_url": {
                    "sensitive": false,
                    "type": "string",
                    "value": "35.192.93.109:22"
                },
                "network": {
                    "sensitive": false,
                    "type": "string",
                    "value": "bbl-env-ladoga-2018-04-19t03-44z-network"
                },
                "router_backend_service": {
                    "sensitive": false,
                    "type": "string",
                    "value": "bbl-env-ladoga-2018-04-19t03-44z-router-lb"
                },
                "router_lb_ip": {
                    "sensitive": false,
                    "type": "string",
                    "value": "35.186.218.196"
                },
                "ssh_proxy_lb_ip": {
                    "sensitive": false,
                    "type": "string",
                    "value": "35.192.38.116"
                },
                "ssh_proxy_target_pool": {
                    "sensitive": false,
                    "type": "string",
                    "value": "bbl-env-ladoga-2018-04-19t03-44z-cf-ssh-proxy"
                },
                "subnet_cidr_1": {
                    "sensitive": false,
                    "type": "string",
                    "value": "10.0.16.0/24"
                },
                "subnet_cidr_2": {
                    "sensitive": false,
                    "type": "string",
                    "value": "10.0.32.0/24"
                },
                "subnet_cidr_3": {
                    "sensitive": false,
                    "type": "string",
                    "value": "10.0.48.0/24"
                },
                "subnet_cidr_4": {
                    "sensitive": false,
                    "type": "string",
                    "value": "10.0.64.0/24"
                },
                "subnetwork": {
                    "sensitive": false,
                    "type": "string",
                    "value": "bbl-env-ladoga-2018-04-19t03-44z-subnet"
                },
                "tcp_router_lb_ip": {
                    "sensitive": false,
                    "type": "string",
                    "value": "35.184.166.180"
                },
                "tcp_router_target_pool": {
                    "sensitive": false,
                    "type": "string",
                    "value": "bbl-env-ladoga-2018-04-19t03-44z-cf-tcp-router"
                },
                "ws_lb_ip": {
                    "sensitive": false,
                    "type": "string",
                    "value": "35.192.85.117"
                },
                "ws_target_pool": {
                    "sensitive": false,
                    "type": "string",
                    "value": "bbl-env-ladoga-2018-04-19t03-44z-cf-ws"
                }
            },
            "resources": {
                "google_compute_address.cf-ssh-proxy": {
                    "type": "google_compute_address",
                    "depends_on": [],
                    "primary": {
                        "id": "projects/handson-lab-user12/regions/us-central1/addresses/bbl-env-ladoga-2018-04-19t03-44z-cf-ssh-proxy",
                        "attributes": {
                            "address": "35.192.38.116",
                            "address_type": "EXTERNAL",
                            "id": "projects/handson-lab-user12/regions/us-central1/addresses/bbl-env-ladoga-2018-04-19t03-44z-cf-ssh-proxy",
                            "name": "bbl-env-ladoga-2018-04-19t03-44z-cf-ssh-proxy",
                            "project": "handson-lab-user12",
                            "region": "us-central1",
                            "self_link": "https://www.googleapis.com/compute/v1/projects/handson-lab-user12/regions/us-central1/addresses/bbl-env-ladoga-2018-04-19t03-44z-cf-ssh-proxy",
                            "subnetwork": ""
                        },
                        "meta": {
                            "schema_version": "1"
                        },
                        "tainted": false
                    },
                    "deposed": [],
                    "provider": "provider.google"
                },
                "google_compute_address.cf-tcp-router": {
                    "type": "google_compute_address",
                    "depends_on": [],
                    "primary": {
                        "id": "projects/handson-lab-user12/regions/us-central1/addresses/bbl-env-ladoga-2018-04-19t03-44z-cf-tcp-router",
                        "attributes": {
                            "address": "35.184.166.180",
                            "address_type": "EXTERNAL",
                            "id": "projects/handson-lab-user12/regions/us-central1/addresses/bbl-env-ladoga-2018-04-19t03-44z-cf-tcp-router",
                            "name": "bbl-env-ladoga-2018-04-19t03-44z-cf-tcp-router",
                            "project": "handson-lab-user12",
                            "region": "us-central1",
                            "self_link": "https://www.googleapis.com/compute/v1/projects/handson-lab-user12/regions/us-central1/addresses/bbl-env-ladoga-2018-04-19t03-44z-cf-tcp-router",
                            "subnetwork": ""
                        },
                        "meta": {
                            "schema_version": "1"
                        },
                        "tainted": false
                    },
                    "deposed": [],
                    "provider": "provider.google"
                },
                "google_compute_address.cf-ws": {
                    "type": "google_compute_address",
                    "depends_on": [],
                    "primary": {
                        "id": "projects/handson-lab-user12/regions/us-central1/addresses/bbl-env-ladoga-2018-04-19t03-44z-cf-ws",
                        "attributes": {
                            "address": "35.192.85.117",
                            "address_type": "EXTERNAL",
                            "id": "projects/handson-lab-user12/regions/us-central1/addresses/bbl-env-ladoga-2018-04-19t03-44z-cf-ws",
                            "name": "bbl-env-ladoga-2018-04-19t03-44z-cf-ws",
                            "project": "handson-lab-user12",
                            "region": "us-central1",
                            "self_link": "https://www.googleapis.com/compute/v1/projects/handson-lab-user12/regions/us-central1/addresses/bbl-env-ladoga-2018-04-19t03-44z-cf-ws",
                            "subnetwork": ""
                        },
                        "meta": {
                            "schema_version": "1"
                        },
                        "tainted": false
                    },
                    "deposed": [],
                    "provider": "provider.google"
                },
                "google_compute_address.jumpbox-ip": {
                    "type": "google_compute_address",
                    "depends_on": [],
                    "primary": {
                        "id": "projects/handson-lab-user12/regions/us-central1/addresses/bbl-env-ladoga-2018-04-19t03-44z-jumpbox-ip",
                        "attributes": {
                            "address": "35.192.93.109",
                            "address_type": "EXTERNAL",
                            "id": "projects/handson-lab-user12/regions/us-central1/addresses/bbl-env-ladoga-2018-04-19t03-44z-jumpbox-ip",
                            "name": "bbl-env-ladoga-2018-04-19t03-44z-jumpbox-ip",
                            "project": "handson-lab-user12",
                            "region": "us-central1",
                            "self_link": "https://www.googleapis.com/compute/v1/projects/handson-lab-user12/regions/us-central1/addresses/bbl-env-ladoga-2018-04-19t03-44z-jumpbox-ip",
                            "subnetwork": ""
                        },
                        "meta": {
                            "schema_version": "1"
                        },
                        "tainted": false
                    },
                    "deposed": [],
                    "provider": "provider.google"
                },
                "google_compute_backend_service.router-lb-backend-service": {
                    "type": "google_compute_backend_service",
                    "depends_on": [
                        "google_compute_health_check.cf-public-health-check",
                        "google_compute_instance_group.router-lb-0",
                        "google_compute_instance_group.router-lb-1",
                        "google_compute_instance_group.router-lb-2",
                        "google_compute_instance_group.router-lb-3"
                    ],
                    "primary": {
                        "id": "bbl-env-ladoga-2018-04-19t03-44z-router-lb",
                        "attributes": {
                            "backend.#": "4",
                            "backend.1558175017.balancing_mode": "UTILIZATION",
                            "backend.1558175017.capacity_scaler": "1",
                            "backend.1558175017.description": "",
                            "backend.1558175017.group": "https://www.googleapis.com/compute/v1/projects/handson-lab-user12/zones/us-central1-f/instanceGroups/bbl-env-ladoga-2018-04-19t03-44z-router-lb-3-us-central1-f",
                            "backend.1558175017.max_rate": "0",
                            "backend.1558175017.max_rate_per_instance": "0",
                            "backend.1558175017.max_utilization": "0.8",
                            "backend.1866221317.balancing_mode": "UTILIZATION",
                            "backend.1866221317.capacity_scaler": "1",
                            "backend.1866221317.description": "",
                            "backend.1866221317.group": "https://www.googleapis.com/compute/v1/projects/handson-lab-user12/zones/us-central1-c/instanceGroups/bbl-env-ladoga-2018-04-19t03-44z-router-lb-2-us-central1-c",
                            "backend.1866221317.max_rate": "0",
                            "backend.1866221317.max_rate_per_instance": "0",
                            "backend.1866221317.max_utilization": "0.8",
                            "backend.2821444547.balancing_mode": "UTILIZATION",
                            "backend.2821444547.capacity_scaler": "1",
                            "backend.2821444547.description": "",
                            "backend.2821444547.group": "https://www.googleapis.com/compute/v1/projects/handson-lab-user12/zones/us-central1-b/instanceGroups/bbl-env-ladoga-2018-04-19t03-44z-router-lb-1-us-central1-b",
                            "backend.2821444547.max_rate": "0",
                            "backend.2821444547.max_rate_per_instance": "0",
                            "backend.2821444547.max_utilization": "0.8",
                            "backend.3390001349.balancing_mode": "UTILIZATION",
                            "backend.3390001349.capacity_scaler": "1",
                            "backend.3390001349.description": "",
                            "backend.3390001349.group": "https://www.googleapis.com/compute/v1/projects/handson-lab-user12/zones/us-central1-a/instanceGroups/bbl-env-ladoga-2018-04-19t03-44z-router-lb-0-us-central1-a",
                            "backend.3390001349.max_rate": "0",
                            "backend.3390001349.max_rate_per_instance": "0",
                            "backend.3390001349.max_utilization": "0.8",
                            "cdn_policy.#": "1",
                            "cdn_policy.0.cache_key_policy.#": "1",
                            "cdn_policy.0.cache_key_policy.0.include_host": "false",
                            "cdn_policy.0.cache_key_policy.0.include_protocol": "false",
                            "cdn_policy.0.cache_key_policy.0.include_query_string": "false",
                            "cdn_policy.0.cache_key_policy.0.query_string_blacklist.#": "0",
                            "cdn_policy.0.cache_key_policy.0.query_string_whitelist.#": "0",
                            "connection_draining_timeout_sec": "300",
                            "description": "",
                            "enable_cdn": "false",
                            "fingerprint": "xzjq0rO2-Zs=",
                            "health_checks.#": "1",
                            "health_checks.3348927414": "https://www.googleapis.com/compute/v1/projects/handson-lab-user12/global/healthChecks/bbl-env-ladoga-2018-04-19t03-44z-cf-public",
                            "iap.#": "0",
                            "id": "bbl-env-ladoga-2018-04-19t03-44z-router-lb",
                            "name": "bbl-env-ladoga-2018-04-19t03-44z-router-lb",
                            "port_name": "https",
                            "project": "handson-lab-user12",
                            "protocol": "HTTPS",
                            "security_policy": "",
                            "self_link": "https://www.googleapis.com/compute/v1/projects/handson-lab-user12/global/backendServices/bbl-env-ladoga-2018-04-19t03-44z-router-lb",
                            "session_affinity": "NONE",
                            "timeout_sec": "900"
                        },
                        "meta": {
                            "schema_version": "1"
                        },
                        "tainted": false
                    },
                    "deposed": [],
                    "provider": "provider.google"
                },
                "google_compute_firewall.bosh-director": {
                    "type": "google_compute_firewall",
                    "depends_on": [
                        "google_compute_network.bbl-network"
                    ],
                    "primary": {
                        "id": "bbl-env-ladoga-2018-04-19t03-44z-bosh-director",
                        "attributes": {
                            "allow.#": "1",
                            "allow.3848845357.ports.#": "0",
                            "allow.3848845357.protocol": "tcp",
                            "deny.#": "0",
                            "description": "",
                            "destination_ranges.#": "0",
                            "direction": "INGRESS",
                            "id": "bbl-env-ladoga-2018-04-19t03-44z-bosh-director",
                            "name": "bbl-env-ladoga-2018-04-19t03-44z-bosh-director",
                            "network": "https://www.googleapis.com/compute/v1/projects/handson-lab-user12/global/networks/bbl-env-ladoga-2018-04-19t03-44z-network",
                            "priority": "1000",
                            "project": "handson-lab-user12",
                            "self_link": "https://www.googleapis.com/compute/v1/projects/handson-lab-user12/global/firewalls/bbl-env-ladoga-2018-04-19t03-44z-bosh-director",
                            "source_ranges.#": "0",
                            "source_service_accounts.#": "0",
                            "source_tags.#": "1",
                            "source_tags.4055517016": "bbl-env-ladoga-2018-04-19t03-44z-bosh-director",
                            "target_service_accounts.#": "0",
                            "target_tags.#": "1",
                            "target_tags.666322192": "bbl-env-ladoga-2018-04-19t03-44z-internal"
                        },
                        "meta": {
                            "schema_version": "1"
                        },
                        "tainted": false
                    },
                    "deposed": [],
                    "provider": "provider.google"
                },
                "google_compute_firewall.bosh-open": {
                    "type": "google_compute_firewall",
                    "depends_on": [
                        "google_compute_network.bbl-network"
                    ],
                    "primary": {
                        "id": "bbl-env-ladoga-2018-04-19t03-44z-bosh-open",
                        "attributes": {
                            "allow.#": "1",
                            "allow.4272252387.ports.#": "5",
                            "allow.4272252387.ports.0": "22",
                            "allow.4272252387.ports.1": "6868",
                            "allow.4272252387.ports.2": "8443",
                            "allow.4272252387.ports.3": "8844",
                            "allow.4272252387.ports.4": "25555",
                            "allow.4272252387.protocol": "tcp",
                            "deny.#": "0",
                            "description": "",
                            "destination_ranges.#": "0",
                            "direction": "INGRESS",
                            "id": "bbl-env-ladoga-2018-04-19t03-44z-bosh-open",
                            "name": "bbl-env-ladoga-2018-04-19t03-44z-bosh-open",
                            "network": "https://www.googleapis.com/compute/v1/projects/handson-lab-user12/global/networks/bbl-env-ladoga-2018-04-19t03-44z-network",
                            "priority": "1000",
                            "project": "handson-lab-user12",
                            "self_link": "https://www.googleapis.com/compute/v1/projects/handson-lab-user12/global/firewalls/bbl-env-ladoga-2018-04-19t03-44z-bosh-open",
                            "source_ranges.#": "0",
                            "source_service_accounts.#": "0",
                            "source_tags.#": "1",
                            "source_tags.2626157201": "bbl-env-ladoga-2018-04-19t03-44z-bosh-open",
                            "target_service_accounts.#": "0",
                            "target_tags.#": "1",
                            "target_tags.4055517016": "bbl-env-ladoga-2018-04-19t03-44z-bosh-director"
                        },
                        "meta": {
                            "schema_version": "1"
                        },
                        "tainted": false
                    },
                    "deposed": [],
                    "provider": "provider.google"
                },
                "google_compute_firewall.cf-health-check": {
                    "type": "google_compute_firewall",
                    "depends_on": [
                        "google_compute_backend_service.router-lb-backend-service",
                        "google_compute_network.bbl-network"
                    ],
                    "primary": {
                        "id": "bbl-env-ladoga-2018-04-19t03-44z-cf-health-check",
                        "attributes": {
                            "allow.#": "1",
                            "allow.2226799243.ports.#": "2",
                            "allow.2226799243.ports.0": "8080",
                            "allow.2226799243.ports.1": "80",
                            "allow.2226799243.protocol": "tcp",
                            "deny.#": "0",
                            "description": "",
                            "destination_ranges.#": "0",
                            "direction": "INGRESS",
                            "id": "bbl-env-ladoga-2018-04-19t03-44z-cf-health-check",
                            "name": "bbl-env-ladoga-2018-04-19t03-44z-cf-health-check",
                            "network": "https://www.googleapis.com/compute/v1/projects/handson-lab-user12/global/networks/bbl-env-ladoga-2018-04-19t03-44z-network",
                            "priority": "1000",
                            "project": "handson-lab-user12",
                            "self_link": "https://www.googleapis.com/compute/v1/projects/handson-lab-user12/global/firewalls/bbl-env-ladoga-2018-04-19t03-44z-cf-health-check",
                            "source_ranges.#": "2",
                            "source_ranges.2192388802": "130.211.0.0/22",
                            "source_ranges.2394378644": "35.191.0.0/16",
                            "source_service_accounts.#": "0",
                            "source_tags.#": "0",
                            "target_service_accounts.#": "0",
                            "target_tags.#": "1",
                            "target_tags.1365481841": "bbl-env-ladoga-2018-04-19t03-44z-router-lb"
                        },
                        "meta": {
                            "schema_version": "1"
                        },
                        "tainted": false
                    },
                    "deposed": [],
                    "provider": "provider.google"
                },
                "google_compute_firewall.cf-ssh-proxy": {
                    "type": "google_compute_firewall",
                    "depends_on": [
                        "google_compute_network.bbl-network",
                        "google_compute_target_pool.cf-ssh-proxy"
                    ],
                    "primary": {
                        "id": "bbl-env-ladoga-2018-04-19t03-44z-cf-ssh-proxy-open",
                        "attributes": {
                            "allow.#": "1",
                            "allow.1291519450.ports.#": "1",
                            "allow.1291519450.ports.0": "2222",
                            "allow.1291519450.protocol": "tcp",
                            "deny.#": "0",
                            "description": "",
                            "destination_ranges.#": "0",
                            "direction": "INGRESS",
                            "id": "bbl-env-ladoga-2018-04-19t03-44z-cf-ssh-proxy-open",
                            "name": "bbl-env-ladoga-2018-04-19t03-44z-cf-ssh-proxy-open",
                            "network": "https://www.googleapis.com/compute/v1/projects/handson-lab-user12/global/networks/bbl-env-ladoga-2018-04-19t03-44z-network",
                            "priority": "1000",
                            "project": "handson-lab-user12",
                            "self_link": "https://www.googleapis.com/compute/v1/projects/handson-lab-user12/global/firewalls/bbl-env-ladoga-2018-04-19t03-44z-cf-ssh-proxy-open",
                            "source_ranges.#": "1",
                            "source_ranges.1080289494": "0.0.0.0/0",
                            "source_service_accounts.#": "0",
                            "source_tags.#": "0",
                            "target_service_accounts.#": "0",
                            "target_tags.#": "1",
                            "target_tags.4259286717": "bbl-env-ladoga-2018-04-19t03-44z-cf-ssh-proxy"
                        },
                        "meta": {
                            "schema_version": "1"
                        },
                        "tainted": false
                    },
                    "deposed": [],
                    "provider": "provider.google"
                },
                "google_compute_firewall.cf-tcp-router": {
                    "type": "google_compute_firewall",
                    "depends_on": [
                        "google_compute_network.bbl-network",
                        "google_compute_target_pool.cf-tcp-router"
                    ],
                    "primary": {
                        "id": "bbl-env-ladoga-2018-04-19t03-44z-cf-tcp-router",
                        "attributes": {
                            "allow.#": "1",
                            "allow.4283264114.ports.#": "1",
                            "allow.4283264114.ports.0": "1024-32768",
                            "allow.4283264114.protocol": "tcp",
                            "deny.#": "0",
                            "description": "",
                            "destination_ranges.#": "0",
                            "direction": "INGRESS",
                            "id": "bbl-env-ladoga-2018-04-19t03-44z-cf-tcp-router",
                            "name": "bbl-env-ladoga-2018-04-19t03-44z-cf-tcp-router",
                            "network": "https://www.googleapis.com/compute/v1/projects/handson-lab-user12/global/networks/bbl-env-ladoga-2018-04-19t03-44z-network",
                            "priority": "1000",
                            "project": "handson-lab-user12",
                            "self_link": "https://www.googleapis.com/compute/v1/projects/handson-lab-user12/global/firewalls/bbl-env-ladoga-2018-04-19t03-44z-cf-tcp-router",
                            "source_ranges.#": "1",
                            "source_ranges.1080289494": "0.0.0.0/0",
                            "source_service_accounts.#": "0",
                            "source_tags.#": "0",
                            "target_service_accounts.#": "0",
                            "target_tags.#": "1",
                            "target_tags.1024949582": "bbl-env-ladoga-2018-04-19t03-44z-cf-tcp-router"
                        },
                        "meta": {
                            "schema_version": "1"
                        },
                        "tainted": false
                    },
                    "deposed": [],
                    "provider": "provider.google"
                },
                "google_compute_firewall.external": {
                    "type": "google_compute_firewall",
                    "depends_on": [
                        "google_compute_network.bbl-network"
                    ],
                    "primary": {
                        "id": "bbl-env-ladoga-2018-04-19t03-44z-external",
                        "attributes": {
                            "allow.#": "1",
                            "allow.4201408149.ports.#": "3",
                            "allow.4201408149.ports.0": "22",
                            "allow.4201408149.ports.1": "6868",
                            "allow.4201408149.ports.2": "25555",
                            "allow.4201408149.protocol": "tcp",
                            "deny.#": "0",
                            "description": "",
                            "destination_ranges.#": "0",
                            "direction": "INGRESS",
                            "id": "bbl-env-ladoga-2018-04-19t03-44z-external",
                            "name": "bbl-env-ladoga-2018-04-19t03-44z-external",
                            "network": "https://www.googleapis.com/compute/v1/projects/handson-lab-user12/global/networks/bbl-env-ladoga-2018-04-19t03-44z-network",
                            "priority": "1000",
                            "project": "handson-lab-user12",
                            "self_link": "https://www.googleapis.com/compute/v1/projects/handson-lab-user12/global/firewalls/bbl-env-ladoga-2018-04-19t03-44z-external",
                            "source_ranges.#": "1",
                            "source_ranges.1080289494": "0.0.0.0/0",
                            "source_service_accounts.#": "0",
                            "source_tags.#": "0",
                            "target_service_accounts.#": "0",
                            "target_tags.#": "1",
                            "target_tags.2626157201": "bbl-env-ladoga-2018-04-19t03-44z-bosh-open"
                        },
                        "meta": {
                            "schema_version": "1"
                        },
                        "tainted": false
                    },
                    "deposed": [],
                    "provider": "provider.google"
                },
                "google_compute_firewall.firewall-cf": {
                    "type": "google_compute_firewall",
                    "depends_on": [
                        "google_compute_backend_service.router-lb-backend-service",
                        "google_compute_network.bbl-network"
                    ],
                    "primary": {
                        "id": "bbl-env-ladoga-2018-04-19t03-44z-cf-open",
                        "attributes": {
                            "allow.#": "1",
                            "allow.1250112605.ports.#": "2",
                            "allow.1250112605.ports.0": "80",
                            "allow.1250112605.ports.1": "443",
                            "allow.1250112605.protocol": "tcp",
                            "deny.#": "0",
                            "description": "",
                            "destination_ranges.#": "0",
                            "direction": "INGRESS",
                            "id": "bbl-env-ladoga-2018-04-19t03-44z-cf-open",
                            "name": "bbl-env-ladoga-2018-04-19t03-44z-cf-open",
                            "network": "https://www.googleapis.com/compute/v1/projects/handson-lab-user12/global/networks/bbl-env-ladoga-2018-04-19t03-44z-network",
                            "priority": "1000",
                            "project": "handson-lab-user12",
                            "self_link": "https://www.googleapis.com/compute/v1/projects/handson-lab-user12/global/firewalls/bbl-env-ladoga-2018-04-19t03-44z-cf-open",
                            "source_ranges.#": "1",
                            "source_ranges.1080289494": "0.0.0.0/0",
                            "source_service_accounts.#": "0",
                            "source_tags.#": "0",
                            "target_service_accounts.#": "0",
                            "target_tags.#": "1",
                            "target_tags.1365481841": "bbl-env-ladoga-2018-04-19t03-44z-router-lb"
                        },
                        "meta": {
                            "schema_version": "1"
                        },
                        "tainted": false
                    },
                    "deposed": [],
                    "provider": "provider.google"
                },
                "google_compute_firewall.internal": {
                    "type": "google_compute_firewall",
                    "depends_on": [
                        "google_compute_network.bbl-network"
                    ],
                    "primary": {
                        "id": "bbl-env-ladoga-2018-04-19t03-44z-internal",
                        "attributes": {
                            "allow.#": "3",
                            "allow.1367131964.ports.#": "0",
                            "allow.1367131964.protocol": "icmp",
                            "allow.1486604749.ports.#": "0",
                            "allow.1486604749.protocol": "udp",
                            "allow.3848845357.ports.#": "0",
                            "allow.3848845357.protocol": "tcp",
                            "deny.#": "0",
                            "description": "",
                            "destination_ranges.#": "0",
                            "direction": "INGRESS",
                            "id": "bbl-env-ladoga-2018-04-19t03-44z-internal",
                            "name": "bbl-env-ladoga-2018-04-19t03-44z-internal",
                            "network": "https://www.googleapis.com/compute/v1/projects/handson-lab-user12/global/networks/bbl-env-ladoga-2018-04-19t03-44z-network",
                            "priority": "1000",
                            "project": "handson-lab-user12",
                            "self_link": "https://www.googleapis.com/compute/v1/projects/handson-lab-user12/global/firewalls/bbl-env-ladoga-2018-04-19t03-44z-internal",
                            "source_ranges.#": "0",
                            "source_service_accounts.#": "0",
                            "source_tags.#": "1",
                            "source_tags.666322192": "bbl-env-ladoga-2018-04-19t03-44z-internal",
                            "target_service_accounts.#": "0",
                            "target_tags.#": "1",
                            "target_tags.666322192": "bbl-env-ladoga-2018-04-19t03-44z-internal"
                        },
                        "meta": {
                            "schema_version": "1"
                        },
                        "tainted": false
                    },
                    "deposed": [],
                    "provider": "provider.google"
                },
                "google_compute_firewall.internal-to-director": {
                    "type": "google_compute_firewall",
                    "depends_on": [
                        "google_compute_network.bbl-network"
                    ],
                    "primary": {
                        "id": "bbl-env-ladoga-2018-04-19t03-44z-internal-to-director",
                        "attributes": {
                            "allow.#": "1",
                            "allow.3979585702.ports.#": "3",
                            "allow.3979585702.ports.0": "4222",
                            "allow.3979585702.ports.1": "25250",
                            "allow.3979585702.ports.2": "25777",
                            "allow.3979585702.protocol": "tcp",
                            "deny.#": "0",
                            "description": "",
                            "destination_ranges.#": "0",
                            "direction": "INGRESS",
                            "id": "bbl-env-ladoga-2018-04-19t03-44z-internal-to-director",
                            "name": "bbl-env-ladoga-2018-04-19t03-44z-internal-to-director",
                            "network": "https://www.googleapis.com/compute/v1/projects/handson-lab-user12/global/networks/bbl-env-ladoga-2018-04-19t03-44z-network",
                            "priority": "1000",
                            "project": "handson-lab-user12",
                            "self_link": "https://www.googleapis.com/compute/v1/projects/handson-lab-user12/global/firewalls/bbl-env-ladoga-2018-04-19t03-44z-internal-to-director",
                            "source_ranges.#": "0",
                            "source_service_accounts.#": "0",
                            "source_tags.#": "1",
                            "source_tags.666322192": "bbl-env-ladoga-2018-04-19t03-44z-internal",
                            "target_service_accounts.#": "0",
                            "target_tags.#": "1",
                            "target_tags.4055517016": "bbl-env-ladoga-2018-04-19t03-44z-bosh-director"
                        },
                        "meta": {
                            "schema_version": "1"
                        },
                        "tainted": false
                    },
                    "deposed": [],
                    "provider": "provider.google"
                },
                "google_compute_firewall.jumpbox-to-all": {
                    "type": "google_compute_firewall",
                    "depends_on": [
                        "google_compute_network.bbl-network"
                    ],
                    "primary": {
                        "id": "bbl-env-ladoga-2018-04-19t03-44z-jumpbox-to-all",
                        "attributes": {
                            "allow.#": "1",
                            "allow.910322396.ports.#": "2",
                            "allow.910322396.ports.0": "22",
                            "allow.910322396.ports.1": "3389",
                            "allow.910322396.protocol": "tcp",
                            "deny.#": "0",
                            "description": "",
                            "destination_ranges.#": "0",
                            "direction": "INGRESS",
                            "id": "bbl-env-ladoga-2018-04-19t03-44z-jumpbox-to-all",
                            "name": "bbl-env-ladoga-2018-04-19t03-44z-jumpbox-to-all",
                            "network": "https://www.googleapis.com/compute/v1/projects/handson-lab-user12/global/networks/bbl-env-ladoga-2018-04-19t03-44z-network",
                            "priority": "1000",
                            "project": "handson-lab-user12",
                            "self_link": "https://www.googleapis.com/compute/v1/projects/handson-lab-user12/global/firewalls/bbl-env-ladoga-2018-04-19t03-44z-jumpbox-to-all",
                            "source_ranges.#": "0",
                            "source_service_accounts.#": "0",
                            "source_tags.#": "1",
                            "source_tags.2314619473": "bbl-env-ladoga-2018-04-19t03-44z-jumpbox",
                            "target_service_accounts.#": "0",
                            "target_tags.#": "2",
                            "target_tags.4055517016": "bbl-env-ladoga-2018-04-19t03-44z-bosh-director",
                            "target_tags.666322192": "bbl-env-ladoga-2018-04-19t03-44z-internal"
                        },
                        "meta": {
                            "schema_version": "1"
                        },
                        "tainted": false
                    },
                    "deposed": [],
                    "provider": "provider.google"
                },
                "google_compute_forwarding_rule.cf-ssh-proxy": {
                    "type": "google_compute_forwarding_rule",
                    "depends_on": [
                        "google_compute_address.cf-ssh-proxy",
                        "google_compute_target_pool.cf-ssh-proxy"
                    ],
                    "primary": {
                        "id": "bbl-env-ladoga-2018-04-19t03-44z-cf-ssh-proxy",
                        "attributes": {
                            "backend_service": "",
                            "description": "",
                            "id": "bbl-env-ladoga-2018-04-19t03-44z-cf-ssh-proxy",
                            "ip_address": "35.192.38.116",
                            "ip_protocol": "TCP",
                            "load_balancing_scheme": "EXTERNAL",
                            "name": "bbl-env-ladoga-2018-04-19t03-44z-cf-ssh-proxy",
                            "network": "",
                            "port_range": "2222-2222",
                            "ports.#": "0",
                            "project": "handson-lab-user12",
                            "region": "us-central1",
                            "self_link": "https://www.googleapis.com/compute/v1/projects/handson-lab-user12/regions/us-central1/forwardingRules/bbl-env-ladoga-2018-04-19t03-44z-cf-ssh-proxy",
                            "subnetwork": "",
                            "target": "https://www.googleapis.com/compute/v1/projects/handson-lab-user12/regions/us-central1/targetPools/bbl-env-ladoga-2018-04-19t03-44z-cf-ssh-proxy"
                        },
                        "meta": {},
                        "tainted": false
                    },
                    "deposed": [],
                    "provider": "provider.google"
                },
                "google_compute_forwarding_rule.cf-tcp-router": {
                    "type": "google_compute_forwarding_rule",
                    "depends_on": [
                        "google_compute_address.cf-tcp-router",
                        "google_compute_target_pool.cf-tcp-router"
                    ],
                    "primary": {
                        "id": "bbl-env-ladoga-2018-04-19t03-44z-cf-tcp-router",
                        "attributes": {
                            "backend_service": "",
                            "description": "",
                            "id": "bbl-env-ladoga-2018-04-19t03-44z-cf-tcp-router",
                            "ip_address": "35.184.166.180",
                            "ip_protocol": "TCP",
                            "load_balancing_scheme": "EXTERNAL",
                            "name": "bbl-env-ladoga-2018-04-19t03-44z-cf-tcp-router",
                            "network": "",
                            "port_range": "1024-32768",
                            "ports.#": "0",
                            "project": "handson-lab-user12",
                            "region": "us-central1",
                            "self_link": "https://www.googleapis.com/compute/v1/projects/handson-lab-user12/regions/us-central1/forwardingRules/bbl-env-ladoga-2018-04-19t03-44z-cf-tcp-router",
                            "subnetwork": "",
                            "target": "https://www.googleapis.com/compute/v1/projects/handson-lab-user12/regions/us-central1/targetPools/bbl-env-ladoga-2018-04-19t03-44z-cf-tcp-router"
                        },
                        "meta": {},
                        "tainted": false
                    },
                    "deposed": [],
                    "provider": "provider.google"
                },
                "google_compute_forwarding_rule.cf-ws-http": {
                    "type": "google_compute_forwarding_rule",
                    "depends_on": [
                        "google_compute_address.cf-ws",
                        "google_compute_target_pool.cf-ws"
                    ],
                    "primary": {
                        "id": "bbl-env-ladoga-2018-04-19t03-44z-cf-ws-http",
                        "attributes": {
                            "backend_service": "",
                            "description": "",
                            "id": "bbl-env-ladoga-2018-04-19t03-44z-cf-ws-http",
                            "ip_address": "35.192.85.117",
                            "ip_protocol": "TCP",
                            "load_balancing_scheme": "EXTERNAL",
                            "name": "bbl-env-ladoga-2018-04-19t03-44z-cf-ws-http",
                            "network": "",
                            "port_range": "80-80",
                            "ports.#": "0",
                            "project": "handson-lab-user12",
                            "region": "us-central1",
                            "self_link": "https://www.googleapis.com/compute/v1/projects/handson-lab-user12/regions/us-central1/forwardingRules/bbl-env-ladoga-2018-04-19t03-44z-cf-ws-http",
                            "subnetwork": "",
                            "target": "https://www.googleapis.com/compute/v1/projects/handson-lab-user12/regions/us-central1/targetPools/bbl-env-ladoga-2018-04-19t03-44z-cf-ws"
                        },
                        "meta": {},
                        "tainted": false
                    },
                    "deposed": [],
                    "provider": "provider.google"
                },
                "google_compute_forwarding_rule.cf-ws-https": {
                    "type": "google_compute_forwarding_rule",
                    "depends_on": [
                        "google_compute_address.cf-ws",
                        "google_compute_target_pool.cf-ws"
                    ],
                    "primary": {
                        "id": "bbl-env-ladoga-2018-04-19t03-44z-cf-ws-https",
                        "attributes": {
                            "backend_service": "",
                            "description": "",
                            "id": "bbl-env-ladoga-2018-04-19t03-44z-cf-ws-https",
                            "ip_address": "35.192.85.117",
                            "ip_protocol": "TCP",
                            "load_balancing_scheme": "EXTERNAL",
                            "name": "bbl-env-ladoga-2018-04-19t03-44z-cf-ws-https",
                            "network": "",
                            "port_range": "443-443",
                            "ports.#": "0",
                            "project": "handson-lab-user12",
                            "region": "us-central1",
                            "self_link": "https://www.googleapis.com/compute/v1/projects/handson-lab-user12/regions/us-central1/forwardingRules/bbl-env-ladoga-2018-04-19t03-44z-cf-ws-https",
                            "subnetwork": "",
                            "target": "https://www.googleapis.com/compute/v1/projects/handson-lab-user12/regions/us-central1/targetPools/bbl-env-ladoga-2018-04-19t03-44z-cf-ws"
                        },
                        "meta": {},
                        "tainted": false
                    },
                    "deposed": [],
                    "provider": "provider.google"
                },
                "google_compute_global_address.cf-address": {
                    "type": "google_compute_global_address",
                    "depends_on": [],
                    "primary": {
                        "id": "bbl-env-ladoga-2018-04-19t03-44z-cf",
                        "attributes": {
                            "address": "35.186.218.196",
                            "id": "bbl-env-ladoga-2018-04-19t03-44z-cf",
                            "ip_version": "",
                            "name": "bbl-env-ladoga-2018-04-19t03-44z-cf",
                            "project": "handson-lab-user12",
                            "self_link": "https://www.googleapis.com/compute/v1/projects/handson-lab-user12/global/addresses/bbl-env-ladoga-2018-04-19t03-44z-cf"
                        },
                        "meta": {},
                        "tainted": false
                    },
                    "deposed": [],
                    "provider": "provider.google"
                },
                "google_compute_global_forwarding_rule.cf-http-forwarding-rule": {
                    "type": "google_compute_global_forwarding_rule",
                    "depends_on": [
                        "google_compute_global_address.cf-address",
                        "google_compute_target_http_proxy.cf-http-lb-proxy"
                    ],
                    "primary": {
                        "id": "bbl-env-ladoga-2018-04-19t03-44z-cf-http",
                        "attributes": {
                            "description": "",
                            "id": "bbl-env-ladoga-2018-04-19t03-44z-cf-http",
                            "ip_address": "35.186.218.196",
                            "ip_protocol": "TCP",
                            "ip_version": "",
                            "label_fingerprint": "",
                            "labels.%": "0",
                            "name": "bbl-env-ladoga-2018-04-19t03-44z-cf-http",
                            "port_range": "80-80",
                            "project": "handson-lab-user12",
                            "self_link": "https://www.googleapis.com/compute/v1/projects/handson-lab-user12/global/forwardingRules/bbl-env-ladoga-2018-04-19t03-44z-cf-http",
                            "target": "https://www.googleapis.com/compute/v1/projects/handson-lab-user12/global/targetHttpProxies/bbl-env-ladoga-2018-04-19t03-44z-http-proxy"
                        },
                        "meta": {},
                        "tainted": false
                    },
                    "deposed": [],
                    "provider": "provider.google"
                },
                "google_compute_global_forwarding_rule.cf-https-forwarding-rule": {
                    "type": "google_compute_global_forwarding_rule",
                    "depends_on": [
                        "google_compute_global_address.cf-address",
                        "google_compute_target_https_proxy.cf-https-lb-proxy"
                    ],
                    "primary": {
                        "id": "bbl-env-ladoga-2018-04-19t03-44z-cf-https",
                        "attributes": {
                            "description": "",
                            "id": "bbl-env-ladoga-2018-04-19t03-44z-cf-https",
                            "ip_address": "35.186.218.196",
                            "ip_protocol": "TCP",
                            "ip_version": "",
                            "label_fingerprint": "",
                            "labels.%": "0",
                            "name": "bbl-env-ladoga-2018-04-19t03-44z-cf-https",
                            "port_range": "443-443",
                            "project": "handson-lab-user12",
                            "self_link": "https://www.googleapis.com/compute/v1/projects/handson-lab-user12/global/forwardingRules/bbl-env-ladoga-2018-04-19t03-44z-cf-https",
                            "target": "https://www.googleapis.com/compute/v1/projects/handson-lab-user12/global/targetHttpsProxies/bbl-env-ladoga-2018-04-19t03-44z-https-proxy"
                        },
                        "meta": {},
                        "tainted": false
                    },
                    "deposed": [],
                    "provider": "provider.google"
                },
                "google_compute_health_check.cf-public-health-check": {
                    "type": "google_compute_health_check",
                    "depends_on": [],
                    "primary": {
                        "id": "bbl-env-ladoga-2018-04-19t03-44z-cf-public",
                        "attributes": {
                            "check_interval_sec": "5",
                            "description": "",
                            "healthy_threshold": "2",
                            "http_health_check.#": "1",
                            "http_health_check.0.host": "",
                            "http_health_check.0.port": "8080",
                            "http_health_check.0.proxy_header": "NONE",
                            "http_health_check.0.request_path": "/health",
                            "https_health_check.#": "0",
                            "id": "bbl-env-ladoga-2018-04-19t03-44z-cf-public",
                            "name": "bbl-env-ladoga-2018-04-19t03-44z-cf-public",
                            "project": "handson-lab-user12",
                            "self_link": "https://www.googleapis.com/compute/v1/projects/handson-lab-user12/global/healthChecks/bbl-env-ladoga-2018-04-19t03-44z-cf-public",
                            "ssl_health_check.#": "0",
                            "tcp_health_check.#": "0",
                            "timeout_sec": "5",
                            "unhealthy_threshold": "2"
                        },
                        "meta": {},
                        "tainted": false
                    },
                    "deposed": [],
                    "provider": "provider.google"
                },
                "google_compute_http_health_check.cf-public-health-check": {
                    "type": "google_compute_http_health_check",
                    "depends_on": [],
                    "primary": {
                        "id": "bbl-env-ladoga-2018-04-19t03-44z-cf",
                        "attributes": {
                            "check_interval_sec": "5",
                            "creation_timestamp": "2018-04-18T20:44:39.319-07:00",
                            "description": "",
                            "healthy_threshold": "2",
                            "host": "",
                            "id": "bbl-env-ladoga-2018-04-19t03-44z-cf",
                            "name": "bbl-env-ladoga-2018-04-19t03-44z-cf",
                            "port": "8080",
                            "project": "handson-lab-user12",
                            "request_path": "/health",
                            "self_link": "https://www.googleapis.com/compute/v1/projects/handson-lab-user12/global/httpHealthChecks/bbl-env-ladoga-2018-04-19t03-44z-cf",
                            "timeout_sec": "5",
                            "unhealthy_threshold": "2"
                        },
                        "meta": {
                            "e2bfb730-ecaa-11e6-8f88-34363bc7c4c0": {
                                "create": 240000000000,
                                "delete": 240000000000,
                                "update": 240000000000
                            }
                        },
                        "tainted": false
                    },
                    "deposed": [],
                    "provider": "provider.google"
                },
                "google_compute_http_health_check.cf-tcp-router": {
                    "type": "google_compute_http_health_check",
                    "depends_on": [],
                    "primary": {
                        "id": "bbl-env-ladoga-2018-04-19t03-44z-cf-tcp-router",
                        "attributes": {
                            "check_interval_sec": "5",
                            "creation_timestamp": "2018-04-18T20:44:28.203-07:00",
                            "description": "",
                            "healthy_threshold": "2",
                            "host": "",
                            "id": "bbl-env-ladoga-2018-04-19t03-44z-cf-tcp-router",
                            "name": "bbl-env-ladoga-2018-04-19t03-44z-cf-tcp-router",
                            "port": "80",
                            "project": "handson-lab-user12",
                            "request_path": "/health",
                            "self_link": "https://www.googleapis.com/compute/v1/projects/handson-lab-user12/global/httpHealthChecks/bbl-env-ladoga-2018-04-19t03-44z-cf-tcp-router",
                            "timeout_sec": "5",
                            "unhealthy_threshold": "2"
                        },
                        "meta": {
                            "e2bfb730-ecaa-11e6-8f88-34363bc7c4c0": {
                                "create": 240000000000,
                                "delete": 240000000000,
                                "update": 240000000000
                            }
                        },
                        "tainted": false
                    },
                    "deposed": [],
                    "provider": "provider.google"
                },
                "google_compute_instance_group.router-lb-0": {
                    "type": "google_compute_instance_group",
                    "depends_on": [],
                    "primary": {
                        "id": "us-central1-a/bbl-env-ladoga-2018-04-19t03-44z-router-lb-0-us-central1-a",
                        "attributes": {
                            "description": "terraform generated instance group that is multi-zone for https loadbalancing",
                            "id": "us-central1-a/bbl-env-ladoga-2018-04-19t03-44z-router-lb-0-us-central1-a",
                            "instances.#": "0",
                            "name": "bbl-env-ladoga-2018-04-19t03-44z-router-lb-0-us-central1-a",
                            "named_port.#": "1",
                            "named_port.0.name": "https",
                            "named_port.0.port": "443",
                            "network": "",
                            "project": "handson-lab-user12",
                            "self_link": "https://www.googleapis.com/compute/v1/projects/handson-lab-user12/zones/us-central1-a/instanceGroups/bbl-env-ladoga-2018-04-19t03-44z-router-lb-0-us-central1-a",
                            "size": "0",
                            "zone": "us-central1-a"
                        },
                        "meta": {
                            "schema_version": "2"
                        },
                        "tainted": false
                    },
                    "deposed": [],
                    "provider": "provider.google"
                },
                "google_compute_instance_group.router-lb-1": {
                    "type": "google_compute_instance_group",
                    "depends_on": [],
                    "primary": {
                        "id": "us-central1-b/bbl-env-ladoga-2018-04-19t03-44z-router-lb-1-us-central1-b",
                        "attributes": {
                            "description": "terraform generated instance group that is multi-zone for https loadbalancing",
                            "id": "us-central1-b/bbl-env-ladoga-2018-04-19t03-44z-router-lb-1-us-central1-b",
                            "instances.#": "0",
                            "name": "bbl-env-ladoga-2018-04-19t03-44z-router-lb-1-us-central1-b",
                            "named_port.#": "1",
                            "named_port.0.name": "https",
                            "named_port.0.port": "443",
                            "network": "",
                            "project": "handson-lab-user12",
                            "self_link": "https://www.googleapis.com/compute/v1/projects/handson-lab-user12/zones/us-central1-b/instanceGroups/bbl-env-ladoga-2018-04-19t03-44z-router-lb-1-us-central1-b",
                            "size": "0",
                            "zone": "us-central1-b"
                        },
                        "meta": {
                            "schema_version": "2"
                        },
                        "tainted": false
                    },
                    "deposed": [],
                    "provider": "provider.google"
                },
                "google_compute_instance_group.router-lb-2": {
                    "type": "google_compute_instance_group",
                    "depends_on": [],
                    "primary": {
                        "id": "us-central1-c/bbl-env-ladoga-2018-04-19t03-44z-router-lb-2-us-central1-c",
                        "attributes": {
                            "description": "terraform generated instance group that is multi-zone for https loadbalancing",
                            "id": "us-central1-c/bbl-env-ladoga-2018-04-19t03-44z-router-lb-2-us-central1-c",
                            "instances.#": "0",
                            "name": "bbl-env-ladoga-2018-04-19t03-44z-router-lb-2-us-central1-c",
                            "named_port.#": "1",
                            "named_port.0.name": "https",
                            "named_port.0.port": "443",
                            "network": "",
                            "project": "handson-lab-user12",
                            "self_link": "https://www.googleapis.com/compute/v1/projects/handson-lab-user12/zones/us-central1-c/instanceGroups/bbl-env-ladoga-2018-04-19t03-44z-router-lb-2-us-central1-c",
                            "size": "0",
                            "zone": "us-central1-c"
                        },
                        "meta": {
                            "schema_version": "2"
                        },
                        "tainted": false
                    },
                    "deposed": [],
                    "provider": "provider.google"
                },
                "google_compute_instance_group.router-lb-3": {
                    "type": "google_compute_instance_group",
                    "depends_on": [],
                    "primary": {
                        "id": "us-central1-f/bbl-env-ladoga-2018-04-19t03-44z-router-lb-3-us-central1-f",
                        "attributes": {
                            "description": "terraform generated instance group that is multi-zone for https loadbalancing",
                            "id": "us-central1-f/bbl-env-ladoga-2018-04-19t03-44z-router-lb-3-us-central1-f",
                            "instances.#": "0",
                            "name": "bbl-env-ladoga-2018-04-19t03-44z-router-lb-3-us-central1-f",
                            "named_port.#": "1",
                            "named_port.0.name": "https",
                            "named_port.0.port": "443",
                            "network": "",
                            "project": "handson-lab-user12",
                            "self_link": "https://www.googleapis.com/compute/v1/projects/handson-lab-user12/zones/us-central1-f/instanceGroups/bbl-env-ladoga-2018-04-19t03-44z-router-lb-3-us-central1-f",
                            "size": "0",
                            "zone": "us-central1-f"
                        },
                        "meta": {
                            "schema_version": "2"
                        },
                        "tainted": false
                    },
                    "deposed": [],
                    "provider": "provider.google"
                },
                "google_compute_network.bbl-network": {
                    "type": "google_compute_network",
                    "depends_on": [],
                    "primary": {
                        "id": "bbl-env-ladoga-2018-04-19t03-44z-network",
                        "attributes": {
                            "auto_create_subnetworks": "false",
                            "description": "",
                            "gateway_ipv4": "",
                            "id": "bbl-env-ladoga-2018-04-19t03-44z-network",
                            "ipv4_range": "",
                            "name": "bbl-env-ladoga-2018-04-19t03-44z-network",
                            "project": "handson-lab-user12",
                            "routing_mode": "REGIONAL",
                            "self_link": "https://www.googleapis.com/compute/v1/projects/handson-lab-user12/global/networks/bbl-env-ladoga-2018-04-19t03-44z-network"
                        },
                        "meta": {},
                        "tainted": false
                    },
                    "deposed": [],
                    "provider": "provider.google"
                },
                "google_compute_ssl_certificate.cf-cert": {
                    "type": "google_compute_ssl_certificate",
                    "depends_on": [],
                    "primary": {
                        "id": "bbl-env-ladoga-2018-04-19t03-44z20180419034426141500000001",
                        "attributes": {
                            "certificate": "-----BEGIN CERTIFICATE-----\nMIICxDCCAawCCQDVZYvbpF6jmzANBgkqhkiG9w0BAQsFADAkMSIwIAYDVQQDDBkq\nLnVzZXIxMi5hbHRvcm9zLWxhYnMueHl6MB4XDTE4MDQxNjE4MjIwMloXDTE5MDQx\nNjE4MjIwMlowJDEiMCAGA1UEAwwZKi51c2VyMTIuYWx0b3Jvcy1sYWJzLnh5ejCC\nASIwDQYJKoZIhvcNAQEBBQADggEPADCCAQoCggEBAKl4kGGXCrxtIa+Qa4w40EHf\nI3kEzpG+/34o3EYgq8wAyBOQBh/wlfH/HeR7/IfqYBv/XRgl9nmMyE3WW+ICPmND\n/4ktefwXXN5hzYd8PIRPY2a2rk38cbdkGy59jJlNN/qARIOnyCP3BKEupiNmMJCa\nKriL4QnLI2SIbHtYrQPnQb/k/OWgZQLSMLy3SgpHttI4HxzEeVCT7vTwq/mxf1ds\nhzXIGfNOENgza6CtjZhHh5XMNCRLa6PRyVpjgbaZ1ocSmWOLOtKe0xE4VGjDw5JT\nJh111WWQ7BfvL7afWli1FeufRCs88LdNogcXn+b2HhaMj9aprt7pC2fcKjjgCJcC\nAwEAATANBgkqhkiG9w0BAQsFAAOCAQEACAkzUFhiX+UY26QaAtpPRi0RyLXc60Gu\nutewtEZpC4VKW4SlfVTcDL5f7Jzz+F5dmAu4CYQrIYYrJ4qO+873WyD6UnnMheFQ\nIs3EhK1ZaEWaeFEvvDKKsf8FUw1263JzCSVdBIueJNOft/c0VMSW9+tSJYPov46V\nm2C5MyuCKoV1iQ0HMfmsinX0n5Ep5FVs/zeMPY8FJHyTrYEblFXZ5yjpb3q/gkPa\neW653DlfMuyngzB4RLalpcBsCrTjIEq1wMs/LdT/2NyyZkprcQt2U79/ykOvhq0G\nb95muEQBtgqrpm//beltyp0Azij81klEwyJ3pZO4Pz8s5aUql6P5oA==\n-----END CERTIFICATE-----\n",
                            "certificate_id": "7135156049248890483",
                            "description": "user provided ssl private key / ssl certificate pair",
                            "id": "bbl-env-ladoga-2018-04-19t03-44z20180419034426141500000001",
                            "name": "bbl-env-ladoga-2018-04-19t03-44z20180419034426141500000001",
                            "name_prefix": "bbl-env-ladoga-2018-04-19t03-44z",
                            "private_key": "-----BEGIN PRIVATE KEY-----\nMIIEvAIBADANBgkqhkiG9w0BAQEFAASCBKYwggSiAgEAAoIBAQCpeJBhlwq8bSGv\nkGuMONBB3yN5BM6Rvv9+KNxGIKvMAMgTkAYf8JXx/x3ke/yH6mAb/10YJfZ5jMhN\n1lviAj5jQ/+JLXn8F1zeYc2HfDyET2Nmtq5N/HG3ZBsufYyZTTf6gESDp8gj9wSh\nLqYjZjCQmiq4i+EJyyNkiGx7WK0D50G/5PzloGUC0jC8t0oKR7bSOB8cxHlQk+70\n8Kv5sX9XbIc1yBnzThDYM2ugrY2YR4eVzDQkS2uj0claY4G2mdaHEpljizrSntMR\nOFRow8OSUyYdddVlkOwX7y+2n1pYtRXrn0QrPPC3TaIHF5/m9h4WjI/Wqa7e6Qtn\n3Co44AiXAgMBAAECggEAA83H99jLDeWpLuaf81rHGeNnSW0ZMd5Gn89M+mn7US3n\nT8EY0hi1VOQ0CI/b4DUbiSVXMpaPjLTjPhQEpfME8XdyQeL6bPUdSYSKd3MLbLDX\ne1O4X9m9t68QiR+aS0qXahD8+LOIY35E5VVFt1+w0V4UfWXuXCjqF3SUcsRPxdme\nmmrY/w8Sj1/qP9CQxvkLGueEAMXZuygDy5ACZQ7dZnxgU4eFwKNXmieS8C1d3nsh\nMOsnXtl54dBg8+b+clB28hsY5EucmfVgzkN6YnIO03FFxzlKX8/ijcCMgie74USm\nWnMQQJV/ZH5dSMMJlaTOKx1bYsrlA2M2KTEhQFIH+QKBgQDeSOD8rKcP4O78yZK7\nyQTunXlELdqh5jUyYVhJTnVLdxGHli810q/irJxByB81GDoeBVjQzFcuSg1kPenR\ne51S0IIZGY18vmhbvhQTIyfoDPeFPsU3mOfbmG8z+k0ssAK/39LBBwN2cWOpgHg4\nIpxy2BEiZmqfEk8WsZXIvnAtuwKBgQDDLPlQHoJcibOVdE5k6nNSvnhjf2KIDloL\n1ZZN8or1gx0TerqaqIUT+qgzzxr0dW/MDrzHaTW43MRvgRMfjolvQJBT170x4nGA\n9XaiC+1uUPUV6BNcsaP0MbCqsEVLPnICqvcHHlnZ/ehE51P9ULnEUYi9pA8QGSLS\ntKh1EMA01QKBgG8lvepaYobcEGQyXr6rO14dO7/Ntd7yf3Mbncu6AYiklw1XGXAu\nU2hiqxdxe7lOzfCo98ogAw/QU3XmR35J81avj/4A+vB/PStylhMjpxavNS1ZP8AX\nIwh45lH1PJW1xQowXu/KE/8rn4voAzT+iYAbbiXnVDUKMKXGUoE4SFt1AoGAPiNW\naKSd+lo4249A2i4ucxyC9aJ7uzdegcAJb12V0h5hJm9/c3fNjpPR81Svjz7ITh4v\nCgm7+dQHkjx02yolJU9X4+meqYAfhOAhWewUNnf933CYoX1I5pjfVyhxl0gVQjYu\nGY0XLCkDRtSjT9XgntkagM33obdu98hejY68stUCgYB3kixaJ+1l8ht59fOb0B8M\nWywtwyfPOmQ+lZFnSjGVbuGyJ9sSDejNIaNAMjVAk977DcM7K5B2JFJDi+t2EYHg\nwXy/Be+VO7FpAEwoBxl15A1sZnfhyMYU8XKn3dmDzXzMwep/wUUiruXlHdDqL7v1\nT5xzg77RSCPYENO5agDPCA==\n-----END PRIVATE KEY-----\n",
                            "project": "handson-lab-user12",
                            "self_link": "https://www.googleapis.com/compute/v1/projects/handson-lab-user12/global/sslCertificates/bbl-env-ladoga-2018-04-19t03-44z20180419034426141500000001"
                        },
                        "meta": {},
                        "tainted": false
                    },
                    "deposed": [],
                    "provider": "provider.google"
                },
                "google_compute_subnetwork.bbl-subnet": {
                    "type": "google_compute_subnetwork",
                    "depends_on": [
                        "google_compute_network.bbl-network"
                    ],
                    "primary": {
                        "id": "us-central1/bbl-env-ladoga-2018-04-19t03-44z-subnet",
                        "attributes": {
                            "description": "",
                            "gateway_address": "10.0.0.1",
                            "id": "us-central1/bbl-env-ladoga-2018-04-19t03-44z-subnet",
                            "ip_cidr_range": "10.0.0.0/16",
                            "name": "bbl-env-ladoga-2018-04-19t03-44z-subnet",
                            "network": "https://www.googleapis.com/compute/v1/projects/handson-lab-user12/global/networks/bbl-env-ladoga-2018-04-19t03-44z-network",
                            "private_ip_google_access": "false",
                            "project": "handson-lab-user12",
                            "region": "us-central1",
                            "secondary_ip_range.#": "0",
                            "self_link": "https://www.googleapis.com/compute/v1/projects/handson-lab-user12/regions/us-central1/subnetworks/bbl-env-ladoga-2018-04-19t03-44z-subnet"
                        },
                        "meta": {
                            "e2bfb730-ecaa-11e6-8f88-34363bc7c4c0": {
                                "create": 360000000000,
                                "delete": 360000000000,
                                "update": 360000000000
                            }
                        },
                        "tainted": false
                    },
                    "deposed": [],
                    "provider": "provider.google"
                },
                "google_compute_target_http_proxy.cf-http-lb-proxy": {
                    "type": "google_compute_target_http_proxy",
                    "depends_on": [
                        "google_compute_url_map.cf-https-lb-url-map"
                    ],
                    "primary": {
                        "id": "bbl-env-ladoga-2018-04-19t03-44z-http-proxy",
                        "attributes": {
                            "description": "really a load balancer but listed as an http proxy",
                            "id": "bbl-env-ladoga-2018-04-19t03-44z-http-proxy",
                            "name": "bbl-env-ladoga-2018-04-19t03-44z-http-proxy",
                            "project": "handson-lab-user12",
                            "proxy_id": "8688299498603392571",
                            "self_link": "https://www.googleapis.com/compute/v1/projects/handson-lab-user12/global/targetHttpProxies/bbl-env-ladoga-2018-04-19t03-44z-http-proxy",
                            "url_map": "https://www.googleapis.com/compute/v1/projects/handson-lab-user12/global/urlMaps/bbl-env-ladoga-2018-04-19t03-44z-cf-http"
                        },
                        "meta": {},
                        "tainted": false
                    },
                    "deposed": [],
                    "provider": "provider.google"
                },
                "google_compute_target_https_proxy.cf-https-lb-proxy": {
                    "type": "google_compute_target_https_proxy",
                    "depends_on": [
                        "google_compute_ssl_certificate.cf-cert",
                        "google_compute_url_map.cf-https-lb-url-map"
                    ],
                    "primary": {
                        "id": "bbl-env-ladoga-2018-04-19t03-44z-https-proxy",
                        "attributes": {
                            "description": "really a load balancer but listed as an https proxy",
                            "id": "bbl-env-ladoga-2018-04-19t03-44z-https-proxy",
                            "name": "bbl-env-ladoga-2018-04-19t03-44z-https-proxy",
                            "project": "handson-lab-user12",
                            "proxy_id": "5020274243862375995",
                            "self_link": "https://www.googleapis.com/compute/v1/projects/handson-lab-user12/global/targetHttpsProxies/bbl-env-ladoga-2018-04-19t03-44z-https-proxy",
                            "ssl_certificates.#": "1",
                            "ssl_certificates.0": "https://www.googleapis.com/compute/v1/projects/handson-lab-user12/global/sslCertificates/bbl-env-ladoga-2018-04-19t03-44z20180419034426141500000001",
                            "url_map": "https://www.googleapis.com/compute/v1/projects/handson-lab-user12/global/urlMaps/bbl-env-ladoga-2018-04-19t03-44z-cf-http"
                        },
                        "meta": {},
                        "tainted": false
                    },
                    "deposed": [],
                    "provider": "provider.google"
                },
                "google_compute_target_pool.cf-ssh-proxy": {
                    "type": "google_compute_target_pool",
                    "depends_on": [],
                    "primary": {
                        "id": "bbl-env-ladoga-2018-04-19t03-44z-cf-ssh-proxy",
                        "attributes": {
                            "backup_pool": "",
                            "description": "",
                            "failover_ratio": "0",
                            "health_checks.#": "0",
                            "id": "bbl-env-ladoga-2018-04-19t03-44z-cf-ssh-proxy",
                            "instances.#": "0",
                            "name": "bbl-env-ladoga-2018-04-19t03-44z-cf-ssh-proxy",
                            "project": "handson-lab-user12",
                            "region": "us-central1",
                            "self_link": "https://www.googleapis.com/compute/v1/projects/handson-lab-user12/regions/us-central1/targetPools/bbl-env-ladoga-2018-04-19t03-44z-cf-ssh-proxy",
                            "session_affinity": "NONE"
                        },
                        "meta": {},
                        "tainted": false
                    },
                    "deposed": [],
                    "provider": "provider.google"
                },
                "google_compute_target_pool.cf-tcp-router": {
                    "type": "google_compute_target_pool",
                    "depends_on": [
                        "google_compute_http_health_check.cf-tcp-router"
                    ],
                    "primary": {
                        "id": "bbl-env-ladoga-2018-04-19t03-44z-cf-tcp-router",
                        "attributes": {
                            "backup_pool": "",
                            "description": "",
                            "failover_ratio": "0",
                            "health_checks.#": "1",
                            "health_checks.0": "https://www.googleapis.com/compute/v1/projects/handson-lab-user12/global/httpHealthChecks/bbl-env-ladoga-2018-04-19t03-44z-cf-tcp-router",
                            "id": "bbl-env-ladoga-2018-04-19t03-44z-cf-tcp-router",
                            "instances.#": "0",
                            "name": "bbl-env-ladoga-2018-04-19t03-44z-cf-tcp-router",
                            "project": "handson-lab-user12",
                            "region": "us-central1",
                            "self_link": "https://www.googleapis.com/compute/v1/projects/handson-lab-user12/regions/us-central1/targetPools/bbl-env-ladoga-2018-04-19t03-44z-cf-tcp-router",
                            "session_affinity": "NONE"
                        },
                        "meta": {},
                        "tainted": false
                    },
                    "deposed": [],
                    "provider": "provider.google"
                },
                "google_compute_target_pool.cf-ws": {
                    "type": "google_compute_target_pool",
                    "depends_on": [
                        "google_compute_http_health_check.cf-public-health-check"
                    ],
                    "primary": {
                        "id": "bbl-env-ladoga-2018-04-19t03-44z-cf-ws",
                        "attributes": {
                            "backup_pool": "",
                            "description": "",
                            "failover_ratio": "0",
                            "health_checks.#": "1",
                            "health_checks.0": "https://www.googleapis.com/compute/v1/projects/handson-lab-user12/global/httpHealthChecks/bbl-env-ladoga-2018-04-19t03-44z-cf",
                            "id": "bbl-env-ladoga-2018-04-19t03-44z-cf-ws",
                            "instances.#": "0",
                            "name": "bbl-env-ladoga-2018-04-19t03-44z-cf-ws",
                            "project": "handson-lab-user12",
                            "region": "us-central1",
                            "self_link": "https://www.googleapis.com/compute/v1/projects/handson-lab-user12/regions/us-central1/targetPools/bbl-env-ladoga-2018-04-19t03-44z-cf-ws",
                            "session_affinity": "NONE"
                        },
                        "meta": {},
                        "tainted": false
                    },
                    "deposed": [],
                    "provider": "provider.google"
                },
                "google_compute_url_map.cf-https-lb-url-map": {
                    "type": "google_compute_url_map",
                    "depends_on": [
                        "google_compute_backend_service.router-lb-backend-service"
                    ],
                    "primary": {
                        "id": "bbl-env-ladoga-2018-04-19t03-44z-cf-http",
                        "attributes": {
                            "default_service": "https://www.googleapis.com/compute/v1/projects/handson-lab-user12/global/backendServices/bbl-env-ladoga-2018-04-19t03-44z-router-lb",
                            "fingerprint": "akWyXEPTepE=",
                            "host_rule.#": "0",
                            "id": "bbl-env-ladoga-2018-04-19t03-44z-cf-http",
                            "map_id": "3775276959780941350",
                            "name": "bbl-env-ladoga-2018-04-19t03-44z-cf-http",
                            "path_matcher.#": "0",
                            "project": "handson-lab-user12",
                            "self_link": "https://www.googleapis.com/compute/v1/projects/handson-lab-user12/global/urlMaps/bbl-env-ladoga-2018-04-19t03-44z-cf-http",
                            "test.#": "0"
                        },
                        "meta": {},
                        "tainted": false
                    },
                    "deposed": [],
                    "provider": "provider.google"
                }
            },
            "depends_on": []
        }
    ]
}
