{
    "version": 3,
    "terraform_version": "0.11.7",
    "serial": 1,
    "lineage": "7a782be5-353f-e771-e770-b4845d37e2b0",
    "modules": [
        {
            "path": [
                "root"
            ],
            "outputs": {
                "director__external_ip": {
                    "sensitive": false,
                    "type": "string",
                    "value": "35.195.99.40"
                },
                "director__internal_ip": {
                    "sensitive": false,
                    "type": "string",
                    "value": "10.0.0.6"
                },
                "director__tags": {
                    "sensitive": false,
                    "type": "list",
                    "value": [
                        "hol-user-5-bosh-director"
                    ]
                },
                "director_address": {
                    "sensitive": false,
                    "type": "string",
                    "value": "https://104.155.39.32:25555"
                },
                "director_name": {
                    "sensitive": false,
                    "type": "string",
                    "value": "bosh-hol-user-5"
                },
                "external_ip": {
                    "sensitive": false,
                    "type": "string",
                    "value": "104.155.39.32"
                },
                "internal_cidr": {
                    "sensitive": false,
                    "type": "string",
                    "value": "10.0.0.0/16"
                },
                "internal_gw": {
                    "sensitive": false,
                    "type": "string",
                    "value": "10.0.0.1"
                },
                "internal_tag_name": {
                    "sensitive": false,
                    "type": "string",
                    "value": "hol-user-5-internal"
                },
                "jumpbox__external_ip": {
                    "sensitive": false,
                    "type": "string",
                    "value": "104.155.39.32"
                },
                "jumpbox__internal_ip": {
                    "sensitive": false,
                    "type": "string",
                    "value": "10.0.0.5"
                },
                "jumpbox__tags": {
                    "sensitive": false,
                    "type": "list",
                    "value": [
                        "hol-user-5-bosh-open",
                        "hol-user-5-jumpbox"
                    ]
                },
                "jumpbox_url": {
                    "sensitive": false,
                    "type": "string",
                    "value": "104.155.39.32:22"
                },
                "network": {
                    "sensitive": false,
                    "type": "string",
                    "value": "hol-user-5-network"
                },
                "subnetwork": {
                    "sensitive": false,
                    "type": "string",
                    "value": "hol-user-5-subnet"
                }
            },
            "resources": {
                "google_compute_address.bosh-director-ip": {
                    "type": "google_compute_address",
                    "depends_on": [],
                    "primary": {
                        "id": "hol-basel-project-1/europe-west1/hol-user-5-bosh-director-ip",
                        "attributes": {
                            "address": "35.195.99.40",
                            "address_type": "EXTERNAL",
                            "creation_timestamp": "2018-10-06T10:59:30.118-07:00",
                            "description": "",
                            "id": "hol-basel-project-1/europe-west1/hol-user-5-bosh-director-ip",
                            "label_fingerprint": "42WmSpB8rSM=",
                            "labels.%": "0",
                            "name": "hol-user-5-bosh-director-ip",
                            "network_tier": "PREMIUM",
                            "project": "hol-basel-project-1",
                            "region": "europe-west1",
                            "self_link": "https://www.googleapis.com/compute/v1/projects/hol-basel-project-1/regions/europe-west1/addresses/hol-user-5-bosh-director-ip",
                            "subnetwork": "",
                            "users.#": "0"
                        },
                        "meta": {
                            "e2bfb730-ecaa-11e6-8f88-34363bc7c4c0": {
                                "create": 240000000000,
                                "delete": 240000000000,
                                "update": 240000000000
                            }
                        },
                        "tainted": false
                    },
                    "deposed": [],
                    "provider": "provider.google"
                },
                "google_compute_address.jumpbox-ip": {
                    "type": "google_compute_address",
                    "depends_on": [],
                    "primary": {
                        "id": "hol-basel-project-1/europe-west1/hol-user-5-jumpbox-ip",
                        "attributes": {
                            "address": "104.155.39.32",
                            "address_type": "EXTERNAL",
                            "creation_timestamp": "2018-10-06T10:59:30.111-07:00",
                            "description": "",
                            "id": "hol-basel-project-1/europe-west1/hol-user-5-jumpbox-ip",
                            "label_fingerprint": "42WmSpB8rSM=",
                            "labels.%": "0",
                            "name": "hol-user-5-jumpbox-ip",
                            "network_tier": "PREMIUM",
                            "project": "hol-basel-project-1",
                            "region": "europe-west1",
                            "self_link": "https://www.googleapis.com/compute/v1/projects/hol-basel-project-1/regions/europe-west1/addresses/hol-user-5-jumpbox-ip",
                            "subnetwork": "",
                            "users.#": "0"
                        },
                        "meta": {
                            "e2bfb730-ecaa-11e6-8f88-34363bc7c4c0": {
                                "create": 240000000000,
                                "delete": 240000000000,
                                "update": 240000000000
                            }
                        },
                        "tainted": false
                    },
                    "deposed": [],
                    "provider": "provider.google"
                },
                "google_compute_firewall.bosh-director": {
                    "type": "google_compute_firewall",
                    "depends_on": [
                        "google_compute_network.bbl-network"
                    ],
                    "primary": {
                        "id": "hol-user-5-bosh-director",
                        "attributes": {
                            "allow.#": "1",
                            "allow.3848845357.ports.#": "0",
                            "allow.3848845357.protocol": "tcp",
                            "creation_timestamp": "2018-10-06T10:59:41.066-07:00",
                            "deny.#": "0",
                            "description": "",
                            "destination_ranges.#": "0",
                            "direction": "INGRESS",
                            "disabled": "false",
                            "enable_logging": "false",
                            "id": "hol-user-5-bosh-director",
                            "name": "hol-user-5-bosh-director",
                            "network": "https://www.googleapis.com/compute/v1/projects/hol-basel-project-1/global/networks/hol-user-5-network",
                            "priority": "1000",
                            "project": "hol-basel-project-1",
                            "self_link": "https://www.googleapis.com/compute/v1/projects/hol-basel-project-1/global/firewalls/hol-user-5-bosh-director",
                            "source_ranges.#": "0",
                            "source_service_accounts.#": "0",
                            "source_tags.#": "1",
                            "source_tags.3472122831": "hol-user-5-bosh-director",
                            "target_service_accounts.#": "0",
                            "target_tags.#": "1",
                            "target_tags.4158426168": "hol-user-5-internal"
                        },
                        "meta": {
                            "e2bfb730-ecaa-11e6-8f88-34363bc7c4c0": {
                                "create": 240000000000,
                                "delete": 240000000000,
                                "update": 240000000000
                            },
                            "schema_version": "1"
                        },
                        "tainted": false
                    },
                    "deposed": [],
                    "provider": "provider.google"
                },
                "google_compute_firewall.bosh-director-lite": {
                    "type": "google_compute_firewall",
                    "depends_on": [
                        "google_compute_network.bbl-network",
                        "local.short_env_id"
                    ],
                    "primary": {
                        "id": "hol-user-5-bosh-director-lite",
                        "attributes": {
                            "allow.#": "1",
                            "allow.3955964910.ports.#": "3",
                            "allow.3955964910.ports.0": "80",
                            "allow.3955964910.ports.1": "443",
                            "allow.3955964910.ports.2": "2222",
                            "allow.3955964910.protocol": "tcp",
                            "creation_timestamp": "2018-10-06T10:59:40.974-07:00",
                            "deny.#": "0",
                            "description": "",
                            "destination_ranges.#": "0",
                            "direction": "INGRESS",
                            "disabled": "false",
                            "enable_logging": "false",
                            "id": "hol-user-5-bosh-director-lite",
                            "name": "hol-user-5-bosh-director-lite",
                            "network": "https://www.googleapis.com/compute/v1/projects/hol-basel-project-1/global/networks/hol-user-5-network",
                            "priority": "1000",
                            "project": "hol-basel-project-1",
                            "self_link": "https://www.googleapis.com/compute/v1/projects/hol-basel-project-1/global/firewalls/hol-user-5-bosh-director-lite",
                            "source_ranges.#": "1",
                            "source_ranges.1080289494": "0.0.0.0/0",
                            "source_service_accounts.#": "0",
                            "source_tags.#": "0",
                            "target_service_accounts.#": "0",
                            "target_tags.#": "1",
                            "target_tags.3472122831": "hol-user-5-bosh-director"
                        },
                        "meta": {
                            "e2bfb730-ecaa-11e6-8f88-34363bc7c4c0": {
                                "create": 240000000000,
                                "delete": 240000000000,
                                "update": 240000000000
                            },
                            "schema_version": "1"
                        },
                        "tainted": false
                    },
                    "deposed": [],
                    "provider": "provider.google"
                },
                "google_compute_firewall.bosh-director-lite-tcp-routing": {
                    "type": "google_compute_firewall",
                    "depends_on": [
                        "google_compute_network.bbl-network",
                        "local.short_env_id"
                    ],
                    "primary": {
                        "id": "hol-user-5-bosh-director-lite-tcp-routing",
                        "attributes": {
                            "allow.#": "1",
                            "allow.863525913.ports.#": "1",
                            "allow.863525913.ports.0": "1024-1123",
                            "allow.863525913.protocol": "tcp",
                            "creation_timestamp": "2018-10-06T10:59:41.097-07:00",
                            "deny.#": "0",
                            "description": "",
                            "destination_ranges.#": "0",
                            "direction": "INGRESS",
                            "disabled": "false",
                            "enable_logging": "false",
                            "id": "hol-user-5-bosh-director-lite-tcp-routing",
                            "name": "hol-user-5-bosh-director-lite-tcp-routing",
                            "network": "https://www.googleapis.com/compute/v1/projects/hol-basel-project-1/global/networks/hol-user-5-network",
                            "priority": "1000",
                            "project": "hol-basel-project-1",
                            "self_link": "https://www.googleapis.com/compute/v1/projects/hol-basel-project-1/global/firewalls/hol-user-5-bosh-director-lite-tcp-routing",
                            "source_ranges.#": "1",
                            "source_ranges.1080289494": "0.0.0.0/0",
                            "source_service_accounts.#": "0",
                            "source_tags.#": "0",
                            "target_service_accounts.#": "0",
                            "target_tags.#": "1",
                            "target_tags.3472122831": "hol-user-5-bosh-director"
                        },
                        "meta": {
                            "e2bfb730-ecaa-11e6-8f88-34363bc7c4c0": {
                                "create": 240000000000,
                                "delete": 240000000000,
                                "update": 240000000000
                            },
                            "schema_version": "1"
                        },
                        "tainted": false
                    },
                    "deposed": [],
                    "provider": "provider.google"
                },
                "google_compute_firewall.bosh-open": {
                    "type": "google_compute_firewall",
                    "depends_on": [
                        "google_compute_network.bbl-network"
                    ],
                    "primary": {
                        "id": "hol-user-5-bosh-open",
                        "attributes": {
                            "allow.#": "1",
                            "allow.4272252387.ports.#": "5",
                            "allow.4272252387.ports.0": "22",
                            "allow.4272252387.ports.1": "6868",
                            "allow.4272252387.ports.2": "8443",
                            "allow.4272252387.ports.3": "8844",
                            "allow.4272252387.ports.4": "25555",
                            "allow.4272252387.protocol": "tcp",
                            "creation_timestamp": "2018-10-06T10:59:41.372-07:00",
                            "deny.#": "0",
                            "description": "",
                            "destination_ranges.#": "0",
                            "direction": "INGRESS",
                            "disabled": "false",
                            "enable_logging": "false",
                            "id": "hol-user-5-bosh-open",
                            "name": "hol-user-5-bosh-open",
                            "network": "https://www.googleapis.com/compute/v1/projects/hol-basel-project-1/global/networks/hol-user-5-network",
                            "priority": "1000",
                            "project": "hol-basel-project-1",
                            "self_link": "https://www.googleapis.com/compute/v1/projects/hol-basel-project-1/global/firewalls/hol-user-5-bosh-open",
                            "source_ranges.#": "0",
                            "source_service_accounts.#": "0",
                            "source_tags.#": "1",
                            "source_tags.2850175394": "hol-user-5-bosh-open",
                            "target_service_accounts.#": "0",
                            "target_tags.#": "1",
                            "target_tags.3472122831": "hol-user-5-bosh-director"
                        },
                        "meta": {
                            "e2bfb730-ecaa-11e6-8f88-34363bc7c4c0": {
                                "create": 240000000000,
                                "delete": 240000000000,
                                "update": 240000000000
                            },
                            "schema_version": "1"
                        },
                        "tainted": false
                    },
                    "deposed": [],
                    "provider": "provider.google"
                },
                "google_compute_firewall.external": {
                    "type": "google_compute_firewall",
                    "depends_on": [
                        "google_compute_network.bbl-network"
                    ],
                    "primary": {
                        "id": "hol-user-5-external",
                        "attributes": {
                            "allow.#": "1",
                            "allow.4201408149.ports.#": "3",
                            "allow.4201408149.ports.0": "22",
                            "allow.4201408149.ports.1": "6868",
                            "allow.4201408149.ports.2": "25555",
                            "allow.4201408149.protocol": "tcp",
                            "creation_timestamp": "2018-10-06T10:59:41.095-07:00",
                            "deny.#": "0",
                            "description": "",
                            "destination_ranges.#": "0",
                            "direction": "INGRESS",
                            "disabled": "false",
                            "enable_logging": "false",
                            "id": "hol-user-5-external",
                            "name": "hol-user-5-external",
                            "network": "https://www.googleapis.com/compute/v1/projects/hol-basel-project-1/global/networks/hol-user-5-network",
                            "priority": "1000",
                            "project": "hol-basel-project-1",
                            "self_link": "https://www.googleapis.com/compute/v1/projects/hol-basel-project-1/global/firewalls/hol-user-5-external",
                            "source_ranges.#": "1",
                            "source_ranges.1080289494": "0.0.0.0/0",
                            "source_service_accounts.#": "0",
                            "source_tags.#": "0",
                            "target_service_accounts.#": "0",
                            "target_tags.#": "1",
                            "target_tags.2850175394": "hol-user-5-bosh-open"
                        },
                        "meta": {
                            "e2bfb730-ecaa-11e6-8f88-34363bc7c4c0": {
                                "create": 240000000000,
                                "delete": 240000000000,
                                "update": 240000000000
                            },
                            "schema_version": "1"
                        },
                        "tainted": false
                    },
                    "deposed": [],
                    "provider": "provider.google"
                },
                "google_compute_firewall.internal": {
                    "type": "google_compute_firewall",
                    "depends_on": [
                        "google_compute_network.bbl-network"
                    ],
                    "primary": {
                        "id": "hol-user-5-internal",
                        "attributes": {
                            "allow.#": "3",
                            "allow.1367131964.ports.#": "0",
                            "allow.1367131964.protocol": "icmp",
                            "allow.1486604749.ports.#": "0",
                            "allow.1486604749.protocol": "udp",
                            "allow.3848845357.ports.#": "0",
                            "allow.3848845357.protocol": "tcp",
                            "creation_timestamp": "2018-10-06T10:59:41.113-07:00",
                            "deny.#": "0",
                            "description": "",
                            "destination_ranges.#": "0",
                            "direction": "INGRESS",
                            "disabled": "false",
                            "enable_logging": "false",
                            "id": "hol-user-5-internal",
                            "name": "hol-user-5-internal",
                            "network": "https://www.googleapis.com/compute/v1/projects/hol-basel-project-1/global/networks/hol-user-5-network",
                            "priority": "1000",
                            "project": "hol-basel-project-1",
                            "self_link": "https://www.googleapis.com/compute/v1/projects/hol-basel-project-1/global/firewalls/hol-user-5-internal",
                            "source_ranges.#": "0",
                            "source_service_accounts.#": "0",
                            "source_tags.#": "1",
                            "source_tags.4158426168": "hol-user-5-internal",
                            "target_service_accounts.#": "0",
                            "target_tags.#": "1",
                            "target_tags.4158426168": "hol-user-5-internal"
                        },
                        "meta": {
                            "e2bfb730-ecaa-11e6-8f88-34363bc7c4c0": {
                                "create": 240000000000,
                                "delete": 240000000000,
                                "update": 240000000000
                            },
                            "schema_version": "1"
                        },
                        "tainted": false
                    },
                    "deposed": [],
                    "provider": "provider.google"
                },
                "google_compute_firewall.internal-to-director": {
                    "type": "google_compute_firewall",
                    "depends_on": [
                        "google_compute_network.bbl-network"
                    ],
                    "primary": {
                        "id": "hol-user-5-internal-to-director",
                        "attributes": {
                            "allow.#": "1",
                            "allow.3979585702.ports.#": "3",
                            "allow.3979585702.ports.0": "4222",
                            "allow.3979585702.ports.1": "25250",
                            "allow.3979585702.ports.2": "25777",
                            "allow.3979585702.protocol": "tcp",
                            "creation_timestamp": "2018-10-06T10:59:41.102-07:00",
                            "deny.#": "0",
                            "description": "",
                            "destination_ranges.#": "0",
                            "direction": "INGRESS",
                            "disabled": "false",
                            "enable_logging": "false",
                            "id": "hol-user-5-internal-to-director",
                            "name": "hol-user-5-internal-to-director",
                            "network": "https://www.googleapis.com/compute/v1/projects/hol-basel-project-1/global/networks/hol-user-5-network",
                            "priority": "1000",
                            "project": "hol-basel-project-1",
                            "self_link": "https://www.googleapis.com/compute/v1/projects/hol-basel-project-1/global/firewalls/hol-user-5-internal-to-director",
                            "source_ranges.#": "0",
                            "source_service_accounts.#": "0",
                            "source_tags.#": "1",
                            "source_tags.4158426168": "hol-user-5-internal",
                            "target_service_accounts.#": "0",
                            "target_tags.#": "1",
                            "target_tags.3472122831": "hol-user-5-bosh-director"
                        },
                        "meta": {
                            "e2bfb730-ecaa-11e6-8f88-34363bc7c4c0": {
                                "create": 240000000000,
                                "delete": 240000000000,
                                "update": 240000000000
                            },
                            "schema_version": "1"
                        },
                        "tainted": false
                    },
                    "deposed": [],
                    "provider": "provider.google"
                },
                "google_compute_firewall.jumpbox-to-all": {
                    "type": "google_compute_firewall",
                    "depends_on": [
                        "google_compute_network.bbl-network"
                    ],
                    "primary": {
                        "id": "hol-user-5-jumpbox-to-all",
                        "attributes": {
                            "allow.#": "1",
                            "allow.910322396.ports.#": "2",
                            "allow.910322396.ports.0": "22",
                            "allow.910322396.ports.1": "3389",
                            "allow.910322396.protocol": "tcp",
                            "creation_timestamp": "2018-10-06T10:59:40.977-07:00",
                            "deny.#": "0",
                            "description": "",
                            "destination_ranges.#": "0",
                            "direction": "INGRESS",
                            "disabled": "false",
                            "enable_logging": "false",
                            "id": "hol-user-5-jumpbox-to-all",
                            "name": "hol-user-5-jumpbox-to-all",
                            "network": "https://www.googleapis.com/compute/v1/projects/hol-basel-project-1/global/networks/hol-user-5-network",
                            "priority": "1000",
                            "project": "hol-basel-project-1",
                            "self_link": "https://www.googleapis.com/compute/v1/projects/hol-basel-project-1/global/firewalls/hol-user-5-jumpbox-to-all",
                            "source_ranges.#": "0",
                            "source_service_accounts.#": "0",
                            "source_tags.#": "1",
                            "source_tags.2183763380": "hol-user-5-jumpbox",
                            "target_service_accounts.#": "0",
                            "target_tags.#": "2",
                            "target_tags.3472122831": "hol-user-5-bosh-director",
                            "target_tags.4158426168": "hol-user-5-internal"
                        },
                        "meta": {
                            "e2bfb730-ecaa-11e6-8f88-34363bc7c4c0": {
                                "create": 240000000000,
                                "delete": 240000000000,
                                "update": 240000000000
                            },
                            "schema_version": "1"
                        },
                        "tainted": false
                    },
                    "deposed": [],
                    "provider": "provider.google"
                },
                "google_compute_network.bbl-network": {
                    "type": "google_compute_network",
                    "depends_on": [],
                    "primary": {
                        "id": "hol-user-5-network",
                        "attributes": {
                            "auto_create_subnetworks": "false",
                            "description": "",
                            "gateway_ipv4": "",
                            "id": "hol-user-5-network",
                            "ipv4_range": "",
                            "name": "hol-user-5-network",
                            "project": "hol-basel-project-1",
                            "routing_mode": "REGIONAL",
                            "self_link": "https://www.googleapis.com/compute/v1/projects/hol-basel-project-1/global/networks/hol-user-5-network"
                        },
                        "meta": {},
                        "tainted": false
                    },
                    "deposed": [],
                    "provider": "provider.google"
                },
                "google_compute_route.bosh-lite-vms": {
                    "type": "google_compute_route",
                    "depends_on": [
                        "google_compute_network.bbl-network",
                        "google_compute_subnetwork.bbl-subnet"
                    ],
                    "primary": {
                        "id": "hol-user-5-bosh-lite-vms",
                        "attributes": {
                            "description": "",
                            "dest_range": "10.244.0.0/16",
                            "id": "hol-user-5-bosh-lite-vms",
                            "name": "hol-user-5-bosh-lite-vms",
                            "network": "https://www.googleapis.com/compute/v1/projects/hol-basel-project-1/global/networks/hol-user-5-network",
                            "next_hop_gateway": "",
                            "next_hop_instance": "",
                            "next_hop_ip": "10.0.0.6",
                            "next_hop_network": "",
                            "next_hop_vpn_tunnel": "",
                            "priority": "1",
                            "project": "hol-basel-project-1",
                            "self_link": "https://www.googleapis.com/compute/v1/projects/hol-basel-project-1/global/routes/hol-user-5-bosh-lite-vms",
                            "tags.#": "0"
                        },
                        "meta": {
                            "e2bfb730-ecaa-11e6-8f88-34363bc7c4c0": {
                                "create": 240000000000,
                                "delete": 240000000000
                            }
                        },
                        "tainted": false
                    },
                    "deposed": [],
                    "provider": "provider.google"
                },
                "google_compute_subnetwork.bbl-subnet": {
                    "type": "google_compute_subnetwork",
                    "depends_on": [
                        "google_compute_network.bbl-network"
                    ],
                    "primary": {
                        "id": "europe-west1/hol-user-5-subnet",
                        "attributes": {
                            "creation_timestamp": "2018-10-06T10:59:41.334-07:00",
                            "description": "",
                            "enable_flow_logs": "false",
                            "fingerprint": "LYU9mKk7PeE=",
                            "gateway_address": "10.0.0.1",
                            "id": "europe-west1/hol-user-5-subnet",
                            "ip_cidr_range": "10.0.0.0/16",
                            "name": "hol-user-5-subnet",
                            "network": "https://www.googleapis.com/compute/v1/projects/hol-basel-project-1/global/networks/hol-user-5-network",
                            "private_ip_google_access": "false",
                            "project": "hol-basel-project-1",
                            "region": "europe-west1",
                            "secondary_ip_range.#": "0",
                            "self_link": "https://www.googleapis.com/compute/v1/projects/hol-basel-project-1/regions/europe-west1/subnetworks/hol-user-5-subnet"
                        },
                        "meta": {
                            "e2bfb730-ecaa-11e6-8f88-34363bc7c4c0": {
                                "create": 360000000000,
                                "delete": 360000000000,
                                "update": 360000000000
                            }
                        },
                        "tainted": false
                    },
                    "deposed": [],
                    "provider": "provider.google"
                }
            },
            "depends_on": []
        }
    ]
}
