{
    "version": 3,
    "terraform_version": "0.11.7",
    "serial": 2,
    "lineage": "bd437110-29e2-2dc8-a9b5-85ec1758d4e2",
    "modules": [
        {
            "path": [
                "root"
            ],
            "outputs": {
                "director__internal_ip": {
                    "sensitive": false,
                    "type": "string",
                    "value": "10.0.0.6"
                },
                "director__tags": {
                    "sensitive": false,
                    "type": "list",
                    "value": [
                        "bbl-env-saimaa-2018-04-19t03-41z-bosh-director"
                    ]
                },
                "director_address": {
                    "sensitive": false,
                    "type": "string",
                    "value": "https://35.188.64.196:25555"
                },
                "director_name": {
                    "sensitive": false,
                    "type": "string",
                    "value": "bosh-bbl-env-saimaa-2018-04-19t03-41z"
                },
                "external_ip": {
                    "sensitive": false,
                    "type": "string",
                    "value": "35.188.64.196"
                },
                "internal_cidr": {
                    "sensitive": false,
                    "type": "string",
                    "value": "10.0.0.0/24"
                },
                "internal_gw": {
                    "sensitive": false,
                    "type": "string",
                    "value": "10.0.0.1"
                },
                "internal_tag_name": {
                    "sensitive": false,
                    "type": "string",
                    "value": "bbl-env-saimaa-2018-04-19t03-41z-internal"
                },
                "jumpbox__internal_ip": {
                    "sensitive": false,
                    "type": "string",
                    "value": "10.0.0.5"
                },
                "jumpbox__tags": {
                    "sensitive": false,
                    "type": "list",
                    "value": [
                        "bbl-env-saimaa-2018-04-19t03-41z-bosh-open",
                        "bbl-env-saimaa-2018-04-19t03-41z-jumpbox"
                    ]
                },
                "jumpbox_url": {
                    "sensitive": false,
                    "type": "string",
                    "value": "35.188.64.196:22"
                },
                "network": {
                    "sensitive": false,
                    "type": "string",
                    "value": "bbl-env-saimaa-2018-04-19t03-41z-network"
                },
                "router_backend_service": {
                    "sensitive": false,
                    "type": "string",
                    "value": "bbl-env-saimaa-2018-04-19t03-41z-router-lb"
                },
                "router_lb_ip": {
                    "sensitive": false,
                    "type": "string",
                    "value": "35.190.22.111"
                },
                "ssh_proxy_lb_ip": {
                    "sensitive": false,
                    "type": "string",
                    "value": "35.184.21.243"
                },
                "ssh_proxy_target_pool": {
                    "sensitive": false,
                    "type": "string",
                    "value": "bbl-env-saimaa-2018-04-19t03-41z-cf-ssh-proxy"
                },
                "subnet_cidr_1": {
                    "sensitive": false,
                    "type": "string",
                    "value": "10.0.16.0/24"
                },
                "subnet_cidr_2": {
                    "sensitive": false,
                    "type": "string",
                    "value": "10.0.32.0/24"
                },
                "subnet_cidr_3": {
                    "sensitive": false,
                    "type": "string",
                    "value": "10.0.48.0/24"
                },
                "subnet_cidr_4": {
                    "sensitive": false,
                    "type": "string",
                    "value": "10.0.64.0/24"
                },
                "subnetwork": {
                    "sensitive": false,
                    "type": "string",
                    "value": "bbl-env-saimaa-2018-04-19t03-41z-subnet"
                },
                "tcp_router_lb_ip": {
                    "sensitive": false,
                    "type": "string",
                    "value": "35.184.62.33"
                },
                "tcp_router_target_pool": {
                    "sensitive": false,
                    "type": "string",
                    "value": "bbl-env-saimaa-2018-04-19t03-41z-cf-tcp-router"
                },
                "ws_lb_ip": {
                    "sensitive": false,
                    "type": "string",
                    "value": "35.188.25.137"
                },
                "ws_target_pool": {
                    "sensitive": false,
                    "type": "string",
                    "value": "bbl-env-saimaa-2018-04-19t03-41z-cf-ws"
                }
            },
            "resources": {
                "google_compute_address.cf-ssh-proxy": {
                    "type": "google_compute_address",
                    "depends_on": [],
                    "primary": {
                        "id": "projects/handson-lab-user5/regions/us-central1/addresses/bbl-env-saimaa-2018-04-19t03-41z-cf-ssh-proxy",
                        "attributes": {
                            "address": "35.184.21.243",
                            "address_type": "EXTERNAL",
                            "id": "projects/handson-lab-user5/regions/us-central1/addresses/bbl-env-saimaa-2018-04-19t03-41z-cf-ssh-proxy",
                            "name": "bbl-env-saimaa-2018-04-19t03-41z-cf-ssh-proxy",
                            "project": "handson-lab-user5",
                            "region": "us-central1",
                            "self_link": "https://www.googleapis.com/compute/v1/projects/handson-lab-user5/regions/us-central1/addresses/bbl-env-saimaa-2018-04-19t03-41z-cf-ssh-proxy",
                            "subnetwork": ""
                        },
                        "meta": {
                            "schema_version": "1"
                        },
                        "tainted": false
                    },
                    "deposed": [],
                    "provider": "provider.google"
                },
                "google_compute_address.cf-tcp-router": {
                    "type": "google_compute_address",
                    "depends_on": [],
                    "primary": {
                        "id": "projects/handson-lab-user5/regions/us-central1/addresses/bbl-env-saimaa-2018-04-19t03-41z-cf-tcp-router",
                        "attributes": {
                            "address": "35.184.62.33",
                            "address_type": "EXTERNAL",
                            "id": "projects/handson-lab-user5/regions/us-central1/addresses/bbl-env-saimaa-2018-04-19t03-41z-cf-tcp-router",
                            "name": "bbl-env-saimaa-2018-04-19t03-41z-cf-tcp-router",
                            "project": "handson-lab-user5",
                            "region": "us-central1",
                            "self_link": "https://www.googleapis.com/compute/v1/projects/handson-lab-user5/regions/us-central1/addresses/bbl-env-saimaa-2018-04-19t03-41z-cf-tcp-router",
                            "subnetwork": ""
                        },
                        "meta": {
                            "schema_version": "1"
                        },
                        "tainted": false
                    },
                    "deposed": [],
                    "provider": "provider.google"
                },
                "google_compute_address.cf-ws": {
                    "type": "google_compute_address",
                    "depends_on": [],
                    "primary": {
                        "id": "projects/handson-lab-user5/regions/us-central1/addresses/bbl-env-saimaa-2018-04-19t03-41z-cf-ws",
                        "attributes": {
                            "address": "35.188.25.137",
                            "address_type": "EXTERNAL",
                            "id": "projects/handson-lab-user5/regions/us-central1/addresses/bbl-env-saimaa-2018-04-19t03-41z-cf-ws",
                            "name": "bbl-env-saimaa-2018-04-19t03-41z-cf-ws",
                            "project": "handson-lab-user5",
                            "region": "us-central1",
                            "self_link": "https://www.googleapis.com/compute/v1/projects/handson-lab-user5/regions/us-central1/addresses/bbl-env-saimaa-2018-04-19t03-41z-cf-ws",
                            "subnetwork": ""
                        },
                        "meta": {
                            "schema_version": "1"
                        },
                        "tainted": false
                    },
                    "deposed": [],
                    "provider": "provider.google"
                },
                "google_compute_address.jumpbox-ip": {
                    "type": "google_compute_address",
                    "depends_on": [],
                    "primary": {
                        "id": "projects/handson-lab-user5/regions/us-central1/addresses/bbl-env-saimaa-2018-04-19t03-41z-jumpbox-ip",
                        "attributes": {
                            "address": "35.188.64.196",
                            "address_type": "EXTERNAL",
                            "id": "projects/handson-lab-user5/regions/us-central1/addresses/bbl-env-saimaa-2018-04-19t03-41z-jumpbox-ip",
                            "name": "bbl-env-saimaa-2018-04-19t03-41z-jumpbox-ip",
                            "project": "handson-lab-user5",
                            "region": "us-central1",
                            "self_link": "https://www.googleapis.com/compute/v1/projects/handson-lab-user5/regions/us-central1/addresses/bbl-env-saimaa-2018-04-19t03-41z-jumpbox-ip",
                            "subnetwork": ""
                        },
                        "meta": {
                            "schema_version": "1"
                        },
                        "tainted": false
                    },
                    "deposed": [],
                    "provider": "provider.google"
                },
                "google_compute_backend_service.router-lb-backend-service": {
                    "type": "google_compute_backend_service",
                    "depends_on": [
                        "google_compute_health_check.cf-public-health-check",
                        "google_compute_instance_group.router-lb-0",
                        "google_compute_instance_group.router-lb-1",
                        "google_compute_instance_group.router-lb-2",
                        "google_compute_instance_group.router-lb-3"
                    ],
                    "primary": {
                        "id": "bbl-env-saimaa-2018-04-19t03-41z-router-lb",
                        "attributes": {
                            "backend.#": "4",
                            "backend.1755928116.balancing_mode": "UTILIZATION",
                            "backend.1755928116.capacity_scaler": "1",
                            "backend.1755928116.description": "",
                            "backend.1755928116.group": "https://www.googleapis.com/compute/v1/projects/handson-lab-user5/zones/us-central1-a/instanceGroups/bbl-env-saimaa-2018-04-19t03-41z-router-lb-0-us-central1-a",
                            "backend.1755928116.max_rate": "0",
                            "backend.1755928116.max_rate_per_instance": "0",
                            "backend.1755928116.max_utilization": "0.8",
                            "backend.177067314.balancing_mode": "UTILIZATION",
                            "backend.177067314.capacity_scaler": "1",
                            "backend.177067314.description": "",
                            "backend.177067314.group": "https://www.googleapis.com/compute/v1/projects/handson-lab-user5/zones/us-central1-b/instanceGroups/bbl-env-saimaa-2018-04-19t03-41z-router-lb-1-us-central1-b",
                            "backend.177067314.max_rate": "0",
                            "backend.177067314.max_rate_per_instance": "0",
                            "backend.177067314.max_utilization": "0.8",
                            "backend.3449438708.balancing_mode": "UTILIZATION",
                            "backend.3449438708.capacity_scaler": "1",
                            "backend.3449438708.description": "",
                            "backend.3449438708.group": "https://www.googleapis.com/compute/v1/projects/handson-lab-user5/zones/us-central1-c/instanceGroups/bbl-env-saimaa-2018-04-19t03-41z-router-lb-2-us-central1-c",
                            "backend.3449438708.max_rate": "0",
                            "backend.3449438708.max_rate_per_instance": "0",
                            "backend.3449438708.max_utilization": "0.8",
                            "backend.4269399000.balancing_mode": "UTILIZATION",
                            "backend.4269399000.capacity_scaler": "1",
                            "backend.4269399000.description": "",
                            "backend.4269399000.group": "https://www.googleapis.com/compute/v1/projects/handson-lab-user5/zones/us-central1-f/instanceGroups/bbl-env-saimaa-2018-04-19t03-41z-router-lb-3-us-central1-f",
                            "backend.4269399000.max_rate": "0",
                            "backend.4269399000.max_rate_per_instance": "0",
                            "backend.4269399000.max_utilization": "0.8",
                            "cdn_policy.#": "1",
                            "cdn_policy.0.cache_key_policy.#": "1",
                            "cdn_policy.0.cache_key_policy.0.include_host": "false",
                            "cdn_policy.0.cache_key_policy.0.include_protocol": "false",
                            "cdn_policy.0.cache_key_policy.0.include_query_string": "false",
                            "cdn_policy.0.cache_key_policy.0.query_string_blacklist.#": "0",
                            "cdn_policy.0.cache_key_policy.0.query_string_whitelist.#": "0",
                            "connection_draining_timeout_sec": "300",
                            "description": "",
                            "enable_cdn": "false",
                            "fingerprint": "hQ9z9a2JAuU=",
                            "health_checks.#": "1",
                            "health_checks.135258294": "https://www.googleapis.com/compute/v1/projects/handson-lab-user5/global/healthChecks/bbl-env-saimaa-2018-04-19t03-41z-cf-public",
                            "iap.#": "0",
                            "id": "bbl-env-saimaa-2018-04-19t03-41z-router-lb",
                            "name": "bbl-env-saimaa-2018-04-19t03-41z-router-lb",
                            "port_name": "https",
                            "project": "handson-lab-user5",
                            "protocol": "HTTPS",
                            "security_policy": "",
                            "self_link": "https://www.googleapis.com/compute/v1/projects/handson-lab-user5/global/backendServices/bbl-env-saimaa-2018-04-19t03-41z-router-lb",
                            "session_affinity": "NONE",
                            "timeout_sec": "900"
                        },
                        "meta": {
                            "schema_version": "1"
                        },
                        "tainted": false
                    },
                    "deposed": [],
                    "provider": "provider.google"
                },
                "google_compute_firewall.bosh-director": {
                    "type": "google_compute_firewall",
                    "depends_on": [
                        "google_compute_network.bbl-network"
                    ],
                    "primary": {
                        "id": "bbl-env-saimaa-2018-04-19t03-41z-bosh-director",
                        "attributes": {
                            "allow.#": "1",
                            "allow.3848845357.ports.#": "0",
                            "allow.3848845357.protocol": "tcp",
                            "deny.#": "0",
                            "description": "",
                            "destination_ranges.#": "0",
                            "direction": "INGRESS",
                            "id": "bbl-env-saimaa-2018-04-19t03-41z-bosh-director",
                            "name": "bbl-env-saimaa-2018-04-19t03-41z-bosh-director",
                            "network": "https://www.googleapis.com/compute/v1/projects/handson-lab-user5/global/networks/bbl-env-saimaa-2018-04-19t03-41z-network",
                            "priority": "1000",
                            "project": "handson-lab-user5",
                            "self_link": "https://www.googleapis.com/compute/v1/projects/handson-lab-user5/global/firewalls/bbl-env-saimaa-2018-04-19t03-41z-bosh-director",
                            "source_ranges.#": "0",
                            "source_service_accounts.#": "0",
                            "source_tags.#": "1",
                            "source_tags.3718814928": "bbl-env-saimaa-2018-04-19t03-41z-bosh-director",
                            "target_service_accounts.#": "0",
                            "target_tags.#": "1",
                            "target_tags.3371467380": "bbl-env-saimaa-2018-04-19t03-41z-internal"
                        },
                        "meta": {
                            "schema_version": "1"
                        },
                        "tainted": false
                    },
                    "deposed": [],
                    "provider": "provider.google"
                },
                "google_compute_firewall.bosh-open": {
                    "type": "google_compute_firewall",
                    "depends_on": [
                        "google_compute_network.bbl-network"
                    ],
                    "primary": {
                        "id": "bbl-env-saimaa-2018-04-19t03-41z-bosh-open",
                        "attributes": {
                            "allow.#": "1",
                            "allow.4272252387.ports.#": "5",
                            "allow.4272252387.ports.0": "22",
                            "allow.4272252387.ports.1": "6868",
                            "allow.4272252387.ports.2": "8443",
                            "allow.4272252387.ports.3": "8844",
                            "allow.4272252387.ports.4": "25555",
                            "allow.4272252387.protocol": "tcp",
                            "deny.#": "0",
                            "description": "",
                            "destination_ranges.#": "0",
                            "direction": "INGRESS",
                            "id": "bbl-env-saimaa-2018-04-19t03-41z-bosh-open",
                            "name": "bbl-env-saimaa-2018-04-19t03-41z-bosh-open",
                            "network": "https://www.googleapis.com/compute/v1/projects/handson-lab-user5/global/networks/bbl-env-saimaa-2018-04-19t03-41z-network",
                            "priority": "1000",
                            "project": "handson-lab-user5",
                            "self_link": "https://www.googleapis.com/compute/v1/projects/handson-lab-user5/global/firewalls/bbl-env-saimaa-2018-04-19t03-41z-bosh-open",
                            "source_ranges.#": "0",
                            "source_service_accounts.#": "0",
                            "source_tags.#": "1",
                            "source_tags.3602324503": "bbl-env-saimaa-2018-04-19t03-41z-bosh-open",
                            "target_service_accounts.#": "0",
                            "target_tags.#": "1",
                            "target_tags.3718814928": "bbl-env-saimaa-2018-04-19t03-41z-bosh-director"
                        },
                        "meta": {
                            "schema_version": "1"
                        },
                        "tainted": false
                    },
                    "deposed": [],
                    "provider": "provider.google"
                },
                "google_compute_firewall.cf-health-check": {
                    "type": "google_compute_firewall",
                    "depends_on": [
                        "google_compute_backend_service.router-lb-backend-service",
                        "google_compute_network.bbl-network"
                    ],
                    "primary": {
                        "id": "bbl-env-saimaa-2018-04-19t03-41z-cf-health-check",
                        "attributes": {
                            "allow.#": "1",
                            "allow.2226799243.ports.#": "2",
                            "allow.2226799243.ports.0": "8080",
                            "allow.2226799243.ports.1": "80",
                            "allow.2226799243.protocol": "tcp",
                            "deny.#": "0",
                            "description": "",
                            "destination_ranges.#": "0",
                            "direction": "INGRESS",
                            "id": "bbl-env-saimaa-2018-04-19t03-41z-cf-health-check",
                            "name": "bbl-env-saimaa-2018-04-19t03-41z-cf-health-check",
                            "network": "https://www.googleapis.com/compute/v1/projects/handson-lab-user5/global/networks/bbl-env-saimaa-2018-04-19t03-41z-network",
                            "priority": "1000",
                            "project": "handson-lab-user5",
                            "self_link": "https://www.googleapis.com/compute/v1/projects/handson-lab-user5/global/firewalls/bbl-env-saimaa-2018-04-19t03-41z-cf-health-check",
                            "source_ranges.#": "2",
                            "source_ranges.2192388802": "130.211.0.0/22",
                            "source_ranges.2394378644": "35.191.0.0/16",
                            "source_service_accounts.#": "0",
                            "source_tags.#": "0",
                            "target_service_accounts.#": "0",
                            "target_tags.#": "1",
                            "target_tags.458457079": "bbl-env-saimaa-2018-04-19t03-41z-router-lb"
                        },
                        "meta": {
                            "schema_version": "1"
                        },
                        "tainted": false
                    },
                    "deposed": [],
                    "provider": "provider.google"
                },
                "google_compute_firewall.cf-ssh-proxy": {
                    "type": "google_compute_firewall",
                    "depends_on": [
                        "google_compute_network.bbl-network",
                        "google_compute_target_pool.cf-ssh-proxy"
                    ],
                    "primary": {
                        "id": "bbl-env-saimaa-2018-04-19t03-41z-cf-ssh-proxy-open",
                        "attributes": {
                            "allow.#": "1",
                            "allow.1291519450.ports.#": "1",
                            "allow.1291519450.ports.0": "2222",
                            "allow.1291519450.protocol": "tcp",
                            "deny.#": "0",
                            "description": "",
                            "destination_ranges.#": "0",
                            "direction": "INGRESS",
                            "id": "bbl-env-saimaa-2018-04-19t03-41z-cf-ssh-proxy-open",
                            "name": "bbl-env-saimaa-2018-04-19t03-41z-cf-ssh-proxy-open",
                            "network": "https://www.googleapis.com/compute/v1/projects/handson-lab-user5/global/networks/bbl-env-saimaa-2018-04-19t03-41z-network",
                            "priority": "1000",
                            "project": "handson-lab-user5",
                            "self_link": "https://www.googleapis.com/compute/v1/projects/handson-lab-user5/global/firewalls/bbl-env-saimaa-2018-04-19t03-41z-cf-ssh-proxy-open",
                            "source_ranges.#": "1",
                            "source_ranges.1080289494": "0.0.0.0/0",
                            "source_service_accounts.#": "0",
                            "source_tags.#": "0",
                            "target_service_accounts.#": "0",
                            "target_tags.#": "1",
                            "target_tags.916098307": "bbl-env-saimaa-2018-04-19t03-41z-cf-ssh-proxy"
                        },
                        "meta": {
                            "schema_version": "1"
                        },
                        "tainted": false
                    },
                    "deposed": [],
                    "provider": "provider.google"
                },
                "google_compute_firewall.cf-tcp-router": {
                    "type": "google_compute_firewall",
                    "depends_on": [
                        "google_compute_network.bbl-network",
                        "google_compute_target_pool.cf-tcp-router"
                    ],
                    "primary": {
                        "id": "bbl-env-saimaa-2018-04-19t03-41z-cf-tcp-router",
                        "attributes": {
                            "allow.#": "1",
                            "allow.4283264114.ports.#": "1",
                            "allow.4283264114.ports.0": "1024-32768",
                            "allow.4283264114.protocol": "tcp",
                            "deny.#": "0",
                            "description": "",
                            "destination_ranges.#": "0",
                            "direction": "INGRESS",
                            "id": "bbl-env-saimaa-2018-04-19t03-41z-cf-tcp-router",
                            "name": "bbl-env-saimaa-2018-04-19t03-41z-cf-tcp-router",
                            "network": "https://www.googleapis.com/compute/v1/projects/handson-lab-user5/global/networks/bbl-env-saimaa-2018-04-19t03-41z-network",
                            "priority": "1000",
                            "project": "handson-lab-user5",
                            "self_link": "https://www.googleapis.com/compute/v1/projects/handson-lab-user5/global/firewalls/bbl-env-saimaa-2018-04-19t03-41z-cf-tcp-router",
                            "source_ranges.#": "1",
                            "source_ranges.1080289494": "0.0.0.0/0",
                            "source_service_accounts.#": "0",
                            "source_tags.#": "0",
                            "target_service_accounts.#": "0",
                            "target_tags.#": "1",
                            "target_tags.285583046": "bbl-env-saimaa-2018-04-19t03-41z-cf-tcp-router"
                        },
                        "meta": {
                            "schema_version": "1"
                        },
                        "tainted": false
                    },
                    "deposed": [],
                    "provider": "provider.google"
                },
                "google_compute_firewall.external": {
                    "type": "google_compute_firewall",
                    "depends_on": [
                        "google_compute_network.bbl-network"
                    ],
                    "primary": {
                        "id": "bbl-env-saimaa-2018-04-19t03-41z-external",
                        "attributes": {
                            "allow.#": "1",
                            "allow.4201408149.ports.#": "3",
                            "allow.4201408149.ports.0": "22",
                            "allow.4201408149.ports.1": "6868",
                            "allow.4201408149.ports.2": "25555",
                            "allow.4201408149.protocol": "tcp",
                            "deny.#": "0",
                            "description": "",
                            "destination_ranges.#": "0",
                            "direction": "INGRESS",
                            "id": "bbl-env-saimaa-2018-04-19t03-41z-external",
                            "name": "bbl-env-saimaa-2018-04-19t03-41z-external",
                            "network": "https://www.googleapis.com/compute/v1/projects/handson-lab-user5/global/networks/bbl-env-saimaa-2018-04-19t03-41z-network",
                            "priority": "1000",
                            "project": "handson-lab-user5",
                            "self_link": "https://www.googleapis.com/compute/v1/projects/handson-lab-user5/global/firewalls/bbl-env-saimaa-2018-04-19t03-41z-external",
                            "source_ranges.#": "1",
                            "source_ranges.1080289494": "0.0.0.0/0",
                            "source_service_accounts.#": "0",
                            "source_tags.#": "0",
                            "target_service_accounts.#": "0",
                            "target_tags.#": "1",
                            "target_tags.3602324503": "bbl-env-saimaa-2018-04-19t03-41z-bosh-open"
                        },
                        "meta": {
                            "schema_version": "1"
                        },
                        "tainted": false
                    },
                    "deposed": [],
                    "provider": "provider.google"
                },
                "google_compute_firewall.firewall-cf": {
                    "type": "google_compute_firewall",
                    "depends_on": [
                        "google_compute_backend_service.router-lb-backend-service",
                        "google_compute_network.bbl-network"
                    ],
                    "primary": {
                        "id": "bbl-env-saimaa-2018-04-19t03-41z-cf-open",
                        "attributes": {
                            "allow.#": "1",
                            "allow.1250112605.ports.#": "2",
                            "allow.1250112605.ports.0": "80",
                            "allow.1250112605.ports.1": "443",
                            "allow.1250112605.protocol": "tcp",
                            "deny.#": "0",
                            "description": "",
                            "destination_ranges.#": "0",
                            "direction": "INGRESS",
                            "id": "bbl-env-saimaa-2018-04-19t03-41z-cf-open",
                            "name": "bbl-env-saimaa-2018-04-19t03-41z-cf-open",
                            "network": "https://www.googleapis.com/compute/v1/projects/handson-lab-user5/global/networks/bbl-env-saimaa-2018-04-19t03-41z-network",
                            "priority": "1000",
                            "project": "handson-lab-user5",
                            "self_link": "https://www.googleapis.com/compute/v1/projects/handson-lab-user5/global/firewalls/bbl-env-saimaa-2018-04-19t03-41z-cf-open",
                            "source_ranges.#": "1",
                            "source_ranges.1080289494": "0.0.0.0/0",
                            "source_service_accounts.#": "0",
                            "source_tags.#": "0",
                            "target_service_accounts.#": "0",
                            "target_tags.#": "1",
                            "target_tags.458457079": "bbl-env-saimaa-2018-04-19t03-41z-router-lb"
                        },
                        "meta": {
                            "schema_version": "1"
                        },
                        "tainted": false
                    },
                    "deposed": [],
                    "provider": "provider.google"
                },
                "google_compute_firewall.internal": {
                    "type": "google_compute_firewall",
                    "depends_on": [
                        "google_compute_network.bbl-network"
                    ],
                    "primary": {
                        "id": "bbl-env-saimaa-2018-04-19t03-41z-internal",
                        "attributes": {
                            "allow.#": "3",
                            "allow.1367131964.ports.#": "0",
                            "allow.1367131964.protocol": "icmp",
                            "allow.1486604749.ports.#": "0",
                            "allow.1486604749.protocol": "udp",
                            "allow.3848845357.ports.#": "0",
                            "allow.3848845357.protocol": "tcp",
                            "deny.#": "0",
                            "description": "",
                            "destination_ranges.#": "0",
                            "direction": "INGRESS",
                            "id": "bbl-env-saimaa-2018-04-19t03-41z-internal",
                            "name": "bbl-env-saimaa-2018-04-19t03-41z-internal",
                            "network": "https://www.googleapis.com/compute/v1/projects/handson-lab-user5/global/networks/bbl-env-saimaa-2018-04-19t03-41z-network",
                            "priority": "1000",
                            "project": "handson-lab-user5",
                            "self_link": "https://www.googleapis.com/compute/v1/projects/handson-lab-user5/global/firewalls/bbl-env-saimaa-2018-04-19t03-41z-internal",
                            "source_ranges.#": "0",
                            "source_service_accounts.#": "0",
                            "source_tags.#": "1",
                            "source_tags.3371467380": "bbl-env-saimaa-2018-04-19t03-41z-internal",
                            "target_service_accounts.#": "0",
                            "target_tags.#": "1",
                            "target_tags.3371467380": "bbl-env-saimaa-2018-04-19t03-41z-internal"
                        },
                        "meta": {
                            "schema_version": "1"
                        },
                        "tainted": false
                    },
                    "deposed": [],
                    "provider": "provider.google"
                },
                "google_compute_firewall.internal-to-director": {
                    "type": "google_compute_firewall",
                    "depends_on": [
                        "google_compute_network.bbl-network"
                    ],
                    "primary": {
                        "id": "bbl-env-saimaa-2018-04-19t03-41z-internal-to-director",
                        "attributes": {
                            "allow.#": "1",
                            "allow.3979585702.ports.#": "3",
                            "allow.3979585702.ports.0": "4222",
                            "allow.3979585702.ports.1": "25250",
                            "allow.3979585702.ports.2": "25777",
                            "allow.3979585702.protocol": "tcp",
                            "deny.#": "0",
                            "description": "",
                            "destination_ranges.#": "0",
                            "direction": "INGRESS",
                            "id": "bbl-env-saimaa-2018-04-19t03-41z-internal-to-director",
                            "name": "bbl-env-saimaa-2018-04-19t03-41z-internal-to-director",
                            "network": "https://www.googleapis.com/compute/v1/projects/handson-lab-user5/global/networks/bbl-env-saimaa-2018-04-19t03-41z-network",
                            "priority": "1000",
                            "project": "handson-lab-user5",
                            "self_link": "https://www.googleapis.com/compute/v1/projects/handson-lab-user5/global/firewalls/bbl-env-saimaa-2018-04-19t03-41z-internal-to-director",
                            "source_ranges.#": "0",
                            "source_service_accounts.#": "0",
                            "source_tags.#": "1",
                            "source_tags.3371467380": "bbl-env-saimaa-2018-04-19t03-41z-internal",
                            "target_service_accounts.#": "0",
                            "target_tags.#": "1",
                            "target_tags.3718814928": "bbl-env-saimaa-2018-04-19t03-41z-bosh-director"
                        },
                        "meta": {
                            "schema_version": "1"
                        },
                        "tainted": false
                    },
                    "deposed": [],
                    "provider": "provider.google"
                },
                "google_compute_firewall.jumpbox-to-all": {
                    "type": "google_compute_firewall",
                    "depends_on": [
                        "google_compute_network.bbl-network"
                    ],
                    "primary": {
                        "id": "bbl-env-saimaa-2018-04-19t03-41z-jumpbox-to-all",
                        "attributes": {
                            "allow.#": "1",
                            "allow.910322396.ports.#": "2",
                            "allow.910322396.ports.0": "22",
                            "allow.910322396.ports.1": "3389",
                            "allow.910322396.protocol": "tcp",
                            "deny.#": "0",
                            "description": "",
                            "destination_ranges.#": "0",
                            "direction": "INGRESS",
                            "id": "bbl-env-saimaa-2018-04-19t03-41z-jumpbox-to-all",
                            "name": "bbl-env-saimaa-2018-04-19t03-41z-jumpbox-to-all",
                            "network": "https://www.googleapis.com/compute/v1/projects/handson-lab-user5/global/networks/bbl-env-saimaa-2018-04-19t03-41z-network",
                            "priority": "1000",
                            "project": "handson-lab-user5",
                            "self_link": "https://www.googleapis.com/compute/v1/projects/handson-lab-user5/global/firewalls/bbl-env-saimaa-2018-04-19t03-41z-jumpbox-to-all",
                            "source_ranges.#": "0",
                            "source_service_accounts.#": "0",
                            "source_tags.#": "1",
                            "source_tags.522257426": "bbl-env-saimaa-2018-04-19t03-41z-jumpbox",
                            "target_service_accounts.#": "0",
                            "target_tags.#": "2",
                            "target_tags.3371467380": "bbl-env-saimaa-2018-04-19t03-41z-internal",
                            "target_tags.3718814928": "bbl-env-saimaa-2018-04-19t03-41z-bosh-director"
                        },
                        "meta": {
                            "schema_version": "1"
                        },
                        "tainted": false
                    },
                    "deposed": [],
                    "provider": "provider.google"
                },
                "google_compute_forwarding_rule.cf-ssh-proxy": {
                    "type": "google_compute_forwarding_rule",
                    "depends_on": [
                        "google_compute_address.cf-ssh-proxy",
                        "google_compute_target_pool.cf-ssh-proxy"
                    ],
                    "primary": {
                        "id": "bbl-env-saimaa-2018-04-19t03-41z-cf-ssh-proxy",
                        "attributes": {
                            "backend_service": "",
                            "description": "",
                            "id": "bbl-env-saimaa-2018-04-19t03-41z-cf-ssh-proxy",
                            "ip_address": "35.184.21.243",
                            "ip_protocol": "TCP",
                            "load_balancing_scheme": "EXTERNAL",
                            "name": "bbl-env-saimaa-2018-04-19t03-41z-cf-ssh-proxy",
                            "network": "",
                            "port_range": "2222-2222",
                            "ports.#": "0",
                            "project": "handson-lab-user5",
                            "region": "us-central1",
                            "self_link": "https://www.googleapis.com/compute/v1/projects/handson-lab-user5/regions/us-central1/forwardingRules/bbl-env-saimaa-2018-04-19t03-41z-cf-ssh-proxy",
                            "subnetwork": "",
                            "target": "https://www.googleapis.com/compute/v1/projects/handson-lab-user5/regions/us-central1/targetPools/bbl-env-saimaa-2018-04-19t03-41z-cf-ssh-proxy"
                        },
                        "meta": {},
                        "tainted": false
                    },
                    "deposed": [],
                    "provider": "provider.google"
                },
                "google_compute_forwarding_rule.cf-tcp-router": {
                    "type": "google_compute_forwarding_rule",
                    "depends_on": [
                        "google_compute_address.cf-tcp-router",
                        "google_compute_target_pool.cf-tcp-router"
                    ],
                    "primary": {
                        "id": "bbl-env-saimaa-2018-04-19t03-41z-cf-tcp-router",
                        "attributes": {
                            "backend_service": "",
                            "description": "",
                            "id": "bbl-env-saimaa-2018-04-19t03-41z-cf-tcp-router",
                            "ip_address": "35.184.62.33",
                            "ip_protocol": "TCP",
                            "load_balancing_scheme": "EXTERNAL",
                            "name": "bbl-env-saimaa-2018-04-19t03-41z-cf-tcp-router",
                            "network": "",
                            "port_range": "1024-32768",
                            "ports.#": "0",
                            "project": "handson-lab-user5",
                            "region": "us-central1",
                            "self_link": "https://www.googleapis.com/compute/v1/projects/handson-lab-user5/regions/us-central1/forwardingRules/bbl-env-saimaa-2018-04-19t03-41z-cf-tcp-router",
                            "subnetwork": "",
                            "target": "https://www.googleapis.com/compute/v1/projects/handson-lab-user5/regions/us-central1/targetPools/bbl-env-saimaa-2018-04-19t03-41z-cf-tcp-router"
                        },
                        "meta": {},
                        "tainted": false
                    },
                    "deposed": [],
                    "provider": "provider.google"
                },
                "google_compute_forwarding_rule.cf-ws-http": {
                    "type": "google_compute_forwarding_rule",
                    "depends_on": [
                        "google_compute_address.cf-ws",
                        "google_compute_target_pool.cf-ws"
                    ],
                    "primary": {
                        "id": "bbl-env-saimaa-2018-04-19t03-41z-cf-ws-http",
                        "attributes": {
                            "backend_service": "",
                            "description": "",
                            "id": "bbl-env-saimaa-2018-04-19t03-41z-cf-ws-http",
                            "ip_address": "35.188.25.137",
                            "ip_protocol": "TCP",
                            "load_balancing_scheme": "EXTERNAL",
                            "name": "bbl-env-saimaa-2018-04-19t03-41z-cf-ws-http",
                            "network": "",
                            "port_range": "80-80",
                            "ports.#": "0",
                            "project": "handson-lab-user5",
                            "region": "us-central1",
                            "self_link": "https://www.googleapis.com/compute/v1/projects/handson-lab-user5/regions/us-central1/forwardingRules/bbl-env-saimaa-2018-04-19t03-41z-cf-ws-http",
                            "subnetwork": "",
                            "target": "https://www.googleapis.com/compute/v1/projects/handson-lab-user5/regions/us-central1/targetPools/bbl-env-saimaa-2018-04-19t03-41z-cf-ws"
                        },
                        "meta": {},
                        "tainted": false
                    },
                    "deposed": [],
                    "provider": "provider.google"
                },
                "google_compute_forwarding_rule.cf-ws-https": {
                    "type": "google_compute_forwarding_rule",
                    "depends_on": [
                        "google_compute_address.cf-ws",
                        "google_compute_target_pool.cf-ws"
                    ],
                    "primary": {
                        "id": "bbl-env-saimaa-2018-04-19t03-41z-cf-ws-https",
                        "attributes": {
                            "backend_service": "",
                            "description": "",
                            "id": "bbl-env-saimaa-2018-04-19t03-41z-cf-ws-https",
                            "ip_address": "35.188.25.137",
                            "ip_protocol": "TCP",
                            "load_balancing_scheme": "EXTERNAL",
                            "name": "bbl-env-saimaa-2018-04-19t03-41z-cf-ws-https",
                            "network": "",
                            "port_range": "443-443",
                            "ports.#": "0",
                            "project": "handson-lab-user5",
                            "region": "us-central1",
                            "self_link": "https://www.googleapis.com/compute/v1/projects/handson-lab-user5/regions/us-central1/forwardingRules/bbl-env-saimaa-2018-04-19t03-41z-cf-ws-https",
                            "subnetwork": "",
                            "target": "https://www.googleapis.com/compute/v1/projects/handson-lab-user5/regions/us-central1/targetPools/bbl-env-saimaa-2018-04-19t03-41z-cf-ws"
                        },
                        "meta": {},
                        "tainted": false
                    },
                    "deposed": [],
                    "provider": "provider.google"
                },
                "google_compute_global_address.cf-address": {
                    "type": "google_compute_global_address",
                    "depends_on": [],
                    "primary": {
                        "id": "bbl-env-saimaa-2018-04-19t03-41z-cf",
                        "attributes": {
                            "address": "35.190.22.111",
                            "id": "bbl-env-saimaa-2018-04-19t03-41z-cf",
                            "ip_version": "",
                            "name": "bbl-env-saimaa-2018-04-19t03-41z-cf",
                            "project": "handson-lab-user5",
                            "self_link": "https://www.googleapis.com/compute/v1/projects/handson-lab-user5/global/addresses/bbl-env-saimaa-2018-04-19t03-41z-cf"
                        },
                        "meta": {},
                        "tainted": false
                    },
                    "deposed": [],
                    "provider": "provider.google"
                },
                "google_compute_global_forwarding_rule.cf-http-forwarding-rule": {
                    "type": "google_compute_global_forwarding_rule",
                    "depends_on": [
                        "google_compute_global_address.cf-address",
                        "google_compute_target_http_proxy.cf-http-lb-proxy"
                    ],
                    "primary": {
                        "id": "bbl-env-saimaa-2018-04-19t03-41z-cf-http",
                        "attributes": {
                            "description": "",
                            "id": "bbl-env-saimaa-2018-04-19t03-41z-cf-http",
                            "ip_address": "35.190.22.111",
                            "ip_protocol": "TCP",
                            "ip_version": "",
                            "label_fingerprint": "",
                            "labels.%": "0",
                            "name": "bbl-env-saimaa-2018-04-19t03-41z-cf-http",
                            "port_range": "80-80",
                            "project": "handson-lab-user5",
                            "self_link": "https://www.googleapis.com/compute/v1/projects/handson-lab-user5/global/forwardingRules/bbl-env-saimaa-2018-04-19t03-41z-cf-http",
                            "target": "https://www.googleapis.com/compute/v1/projects/handson-lab-user5/global/targetHttpProxies/bbl-env-saimaa-2018-04-19t03-41z-http-proxy"
                        },
                        "meta": {},
                        "tainted": false
                    },
                    "deposed": [],
                    "provider": "provider.google"
                },
                "google_compute_global_forwarding_rule.cf-https-forwarding-rule": {
                    "type": "google_compute_global_forwarding_rule",
                    "depends_on": [
                        "google_compute_global_address.cf-address",
                        "google_compute_target_https_proxy.cf-https-lb-proxy"
                    ],
                    "primary": {
                        "id": "bbl-env-saimaa-2018-04-19t03-41z-cf-https",
                        "attributes": {
                            "description": "",
                            "id": "bbl-env-saimaa-2018-04-19t03-41z-cf-https",
                            "ip_address": "35.190.22.111",
                            "ip_protocol": "TCP",
                            "ip_version": "",
                            "label_fingerprint": "",
                            "labels.%": "0",
                            "name": "bbl-env-saimaa-2018-04-19t03-41z-cf-https",
                            "port_range": "443-443",
                            "project": "handson-lab-user5",
                            "self_link": "https://www.googleapis.com/compute/v1/projects/handson-lab-user5/global/forwardingRules/bbl-env-saimaa-2018-04-19t03-41z-cf-https",
                            "target": "https://www.googleapis.com/compute/v1/projects/handson-lab-user5/global/targetHttpsProxies/bbl-env-saimaa-2018-04-19t03-41z-https-proxy"
                        },
                        "meta": {},
                        "tainted": false
                    },
                    "deposed": [],
                    "provider": "provider.google"
                },
                "google_compute_health_check.cf-public-health-check": {
                    "type": "google_compute_health_check",
                    "depends_on": [],
                    "primary": {
                        "id": "bbl-env-saimaa-2018-04-19t03-41z-cf-public",
                        "attributes": {
                            "check_interval_sec": "5",
                            "description": "",
                            "healthy_threshold": "2",
                            "http_health_check.#": "1",
                            "http_health_check.0.host": "",
                            "http_health_check.0.port": "8080",
                            "http_health_check.0.proxy_header": "NONE",
                            "http_health_check.0.request_path": "/health",
                            "https_health_check.#": "0",
                            "id": "bbl-env-saimaa-2018-04-19t03-41z-cf-public",
                            "name": "bbl-env-saimaa-2018-04-19t03-41z-cf-public",
                            "project": "handson-lab-user5",
                            "self_link": "https://www.googleapis.com/compute/v1/projects/handson-lab-user5/global/healthChecks/bbl-env-saimaa-2018-04-19t03-41z-cf-public",
                            "ssl_health_check.#": "0",
                            "tcp_health_check.#": "0",
                            "timeout_sec": "5",
                            "unhealthy_threshold": "2"
                        },
                        "meta": {},
                        "tainted": false
                    },
                    "deposed": [],
                    "provider": "provider.google"
                },
                "google_compute_http_health_check.cf-public-health-check": {
                    "type": "google_compute_http_health_check",
                    "depends_on": [],
                    "primary": {
                        "id": "bbl-env-saimaa-2018-04-19t03-41z-cf",
                        "attributes": {
                            "check_interval_sec": "5",
                            "creation_timestamp": "2018-04-18T20:41:52.379-07:00",
                            "description": "",
                            "healthy_threshold": "2",
                            "host": "",
                            "id": "bbl-env-saimaa-2018-04-19t03-41z-cf",
                            "name": "bbl-env-saimaa-2018-04-19t03-41z-cf",
                            "port": "8080",
                            "project": "handson-lab-user5",
                            "request_path": "/health",
                            "self_link": "https://www.googleapis.com/compute/v1/projects/handson-lab-user5/global/httpHealthChecks/bbl-env-saimaa-2018-04-19t03-41z-cf",
                            "timeout_sec": "5",
                            "unhealthy_threshold": "2"
                        },
                        "meta": {
                            "e2bfb730-ecaa-11e6-8f88-34363bc7c4c0": {
                                "create": 240000000000,
                                "delete": 240000000000,
                                "update": 240000000000
                            }
                        },
                        "tainted": false
                    },
                    "deposed": [],
                    "provider": "provider.google"
                },
                "google_compute_http_health_check.cf-tcp-router": {
                    "type": "google_compute_http_health_check",
                    "depends_on": [],
                    "primary": {
                        "id": "bbl-env-saimaa-2018-04-19t03-41z-cf-tcp-router",
                        "attributes": {
                            "check_interval_sec": "5",
                            "creation_timestamp": "2018-04-18T20:42:03.339-07:00",
                            "description": "",
                            "healthy_threshold": "2",
                            "host": "",
                            "id": "bbl-env-saimaa-2018-04-19t03-41z-cf-tcp-router",
                            "name": "bbl-env-saimaa-2018-04-19t03-41z-cf-tcp-router",
                            "port": "80",
                            "project": "handson-lab-user5",
                            "request_path": "/health",
                            "self_link": "https://www.googleapis.com/compute/v1/projects/handson-lab-user5/global/httpHealthChecks/bbl-env-saimaa-2018-04-19t03-41z-cf-tcp-router",
                            "timeout_sec": "5",
                            "unhealthy_threshold": "2"
                        },
                        "meta": {
                            "e2bfb730-ecaa-11e6-8f88-34363bc7c4c0": {
                                "create": 240000000000,
                                "delete": 240000000000,
                                "update": 240000000000
                            }
                        },
                        "tainted": false
                    },
                    "deposed": [],
                    "provider": "provider.google"
                },
                "google_compute_instance_group.router-lb-0": {
                    "type": "google_compute_instance_group",
                    "depends_on": [],
                    "primary": {
                        "id": "us-central1-a/bbl-env-saimaa-2018-04-19t03-41z-router-lb-0-us-central1-a",
                        "attributes": {
                            "description": "terraform generated instance group that is multi-zone for https loadbalancing",
                            "id": "us-central1-a/bbl-env-saimaa-2018-04-19t03-41z-router-lb-0-us-central1-a",
                            "instances.#": "1",
                            "instances.2448020516": "https://www.googleapis.com/compute/v1/projects/handson-lab-user5/zones/us-central1-a/instances/vm-54067f29-7bae-49b0-4720-7b389061ea16",
                            "name": "bbl-env-saimaa-2018-04-19t03-41z-router-lb-0-us-central1-a",
                            "named_port.#": "1",
                            "named_port.0.name": "https",
                            "named_port.0.port": "443",
                            "network": "https://www.googleapis.com/compute/v1/projects/handson-lab-user5/global/networks/bbl-env-saimaa-2018-04-19t03-41z-network",
                            "project": "handson-lab-user5",
                            "self_link": "https://www.googleapis.com/compute/v1/projects/handson-lab-user5/zones/us-central1-a/instanceGroups/bbl-env-saimaa-2018-04-19t03-41z-router-lb-0-us-central1-a",
                            "size": "1",
                            "zone": "us-central1-a"
                        },
                        "meta": {
                            "schema_version": "2"
                        },
                        "tainted": false
                    },
                    "deposed": [],
                    "provider": "provider.google"
                },
                "google_compute_instance_group.router-lb-1": {
                    "type": "google_compute_instance_group",
                    "depends_on": [],
                    "primary": {
                        "id": "us-central1-b/bbl-env-saimaa-2018-04-19t03-41z-router-lb-1-us-central1-b",
                        "attributes": {
                            "description": "terraform generated instance group that is multi-zone for https loadbalancing",
                            "id": "us-central1-b/bbl-env-saimaa-2018-04-19t03-41z-router-lb-1-us-central1-b",
                            "instances.#": "0",
                            "name": "bbl-env-saimaa-2018-04-19t03-41z-router-lb-1-us-central1-b",
                            "named_port.#": "1",
                            "named_port.0.name": "https",
                            "named_port.0.port": "443",
                            "network": "",
                            "project": "handson-lab-user5",
                            "self_link": "https://www.googleapis.com/compute/v1/projects/handson-lab-user5/zones/us-central1-b/instanceGroups/bbl-env-saimaa-2018-04-19t03-41z-router-lb-1-us-central1-b",
                            "size": "0",
                            "zone": "us-central1-b"
                        },
                        "meta": {
                            "schema_version": "2"
                        },
                        "tainted": false
                    },
                    "deposed": [],
                    "provider": "provider.google"
                },
                "google_compute_instance_group.router-lb-2": {
                    "type": "google_compute_instance_group",
                    "depends_on": [],
                    "primary": {
                        "id": "us-central1-c/bbl-env-saimaa-2018-04-19t03-41z-router-lb-2-us-central1-c",
                        "attributes": {
                            "description": "terraform generated instance group that is multi-zone for https loadbalancing",
                            "id": "us-central1-c/bbl-env-saimaa-2018-04-19t03-41z-router-lb-2-us-central1-c",
                            "instances.#": "0",
                            "name": "bbl-env-saimaa-2018-04-19t03-41z-router-lb-2-us-central1-c",
                            "named_port.#": "1",
                            "named_port.0.name": "https",
                            "named_port.0.port": "443",
                            "network": "",
                            "project": "handson-lab-user5",
                            "self_link": "https://www.googleapis.com/compute/v1/projects/handson-lab-user5/zones/us-central1-c/instanceGroups/bbl-env-saimaa-2018-04-19t03-41z-router-lb-2-us-central1-c",
                            "size": "0",
                            "zone": "us-central1-c"
                        },
                        "meta": {
                            "schema_version": "2"
                        },
                        "tainted": false
                    },
                    "deposed": [],
                    "provider": "provider.google"
                },
                "google_compute_instance_group.router-lb-3": {
                    "type": "google_compute_instance_group",
                    "depends_on": [],
                    "primary": {
                        "id": "us-central1-f/bbl-env-saimaa-2018-04-19t03-41z-router-lb-3-us-central1-f",
                        "attributes": {
                            "description": "terraform generated instance group that is multi-zone for https loadbalancing",
                            "id": "us-central1-f/bbl-env-saimaa-2018-04-19t03-41z-router-lb-3-us-central1-f",
                            "instances.#": "0",
                            "name": "bbl-env-saimaa-2018-04-19t03-41z-router-lb-3-us-central1-f",
                            "named_port.#": "1",
                            "named_port.0.name": "https",
                            "named_port.0.port": "443",
                            "network": "",
                            "project": "handson-lab-user5",
                            "self_link": "https://www.googleapis.com/compute/v1/projects/handson-lab-user5/zones/us-central1-f/instanceGroups/bbl-env-saimaa-2018-04-19t03-41z-router-lb-3-us-central1-f",
                            "size": "0",
                            "zone": "us-central1-f"
                        },
                        "meta": {
                            "schema_version": "2"
                        },
                        "tainted": false
                    },
                    "deposed": [],
                    "provider": "provider.google"
                },
                "google_compute_network.bbl-network": {
                    "type": "google_compute_network",
                    "depends_on": [],
                    "primary": {
                        "id": "bbl-env-saimaa-2018-04-19t03-41z-network",
                        "attributes": {
                            "auto_create_subnetworks": "false",
                            "description": "",
                            "gateway_ipv4": "",
                            "id": "bbl-env-saimaa-2018-04-19t03-41z-network",
                            "ipv4_range": "",
                            "name": "bbl-env-saimaa-2018-04-19t03-41z-network",
                            "project": "handson-lab-user5",
                            "routing_mode": "REGIONAL",
                            "self_link": "https://www.googleapis.com/compute/v1/projects/handson-lab-user5/global/networks/bbl-env-saimaa-2018-04-19t03-41z-network"
                        },
                        "meta": {},
                        "tainted": false
                    },
                    "deposed": [],
                    "provider": "provider.google"
                },
                "google_compute_ssl_certificate.cf-cert": {
                    "type": "google_compute_ssl_certificate",
                    "depends_on": [],
                    "primary": {
                        "id": "bbl-env-saimaa-2018-04-19t03-41z20180419034202570600000001",
                        "attributes": {
                            "certificate": "-----BEGIN CERTIFICATE-----\nMIICwjCCAaoCCQDsWT6e6WDG3TANBgkqhkiG9w0BAQsFADAjMSEwHwYDVQQDDBgq\nLnVzZXI1LmFsdG9yb3MtbGFicy54eXowHhcNMTgwNDE2MTgyMDE1WhcNMTkwNDE2\nMTgyMDE1WjAjMSEwHwYDVQQDDBgqLnVzZXI1LmFsdG9yb3MtbGFicy54eXowggEi\nMA0GCSqGSIb3DQEBAQUAA4IBDwAwggEKAoIBAQDElneyBpo7bOwdhBb7NvKa5so2\nf03MjmCsOiyY8r6vdYikg+6kAbD5rULzUxIGUXOxdcZ04m7Ru86n++2QuBgdFFu/\nIq7saCDj3kLlojs/+L7OwKrmZtQX2Sdev02JuebD/ieiiQw4j23DaOlSiURzzAyX\nXOjFzE2G2TN7LcKqRZOzCikZPWtvxQJU20r6IAenrcoqBzcLszNG6bvLaEoXcGxm\nQ0ydZB4mYq/0JlnTJeTEhPp+muhLXxrIqEwkfz/VodrbOsdqVtjynBZSQRdoaQYN\nvAL7JmBvNlBnqOUtsMkYZU+p2zfyvKvPebPy305VKi5xvyng4rrycicioWibAgMB\nAAEwDQYJKoZIhvcNAQELBQADggEBAE6nxQvwZL146gXm2ZHncpdXmu6fRYXw3fms\nhdAgtJZ/ESC0KmTwe3Afl4AtQY+IyZU5asC5ZIJaxEi9SX1nV/cZZQviCXrpMYTL\nGyQY3JC9MFQI67HQnTIrykNF0+5GePRbcN2DeP8+adNKWXh37qCdapmxg3gNE0Pu\ndVjlLDN5s4LK+9MXcKTjlEVlDbchTBpqM8to91rJcc6XY9/sPdi5Vg8thA+FqjDV\nY37GtP9ft/GBnV8DN2f8uS1vr4mjnpRBgDxKu0sJOWPhlG8Y30c9xIdENHC+QUhX\nSCGcvgszLEapRtS005tGMzSVnKOgHkd1ASoTxs5mGgDDpwrem6A=\n-----END CERTIFICATE-----\n",
                            "certificate_id": "1725266224469094116",
                            "description": "user provided ssl private key / ssl certificate pair",
                            "id": "bbl-env-saimaa-2018-04-19t03-41z20180419034202570600000001",
                            "name": "bbl-env-saimaa-2018-04-19t03-41z20180419034202570600000001",
                            "name_prefix": "bbl-env-saimaa-2018-04-19t03-41z",
                            "private_key": "-----BEGIN PRIVATE KEY-----\nMIIEvAIBADANBgkqhkiG9w0BAQEFAASCBKYwggSiAgEAAoIBAQDElneyBpo7bOwd\nhBb7NvKa5so2f03MjmCsOiyY8r6vdYikg+6kAbD5rULzUxIGUXOxdcZ04m7Ru86n\n++2QuBgdFFu/Iq7saCDj3kLlojs/+L7OwKrmZtQX2Sdev02JuebD/ieiiQw4j23D\naOlSiURzzAyXXOjFzE2G2TN7LcKqRZOzCikZPWtvxQJU20r6IAenrcoqBzcLszNG\n6bvLaEoXcGxmQ0ydZB4mYq/0JlnTJeTEhPp+muhLXxrIqEwkfz/VodrbOsdqVtjy\nnBZSQRdoaQYNvAL7JmBvNlBnqOUtsMkYZU+p2zfyvKvPebPy305VKi5xvyng4rry\ncicioWibAgMBAAECggEASg+t1GHsZQrqAUysI8RVrcnY0KMxOilBfmEEQDLjZ9LN\nwbz6gMsqU0XU/TqEheDVxztpostTmKw6dMrSezz/yKTM07tLT0EDcxVe+ogd7kHW\nEKpBOD/xE3L6BBXqLkLdD2WGpRMgiYZvgbjaff+8zCtJaxTTlQEdC/p0DKn2tpKK\nBo+FZJTNgqZxYwurEZq7lcPHw/YxigITPnb72yRh/2NLKv5ReAZLMRey4+OQIiCO\nhl8wInCKpFezTWNI5wmycyCO2VulI0GyPI5gKDbqaIoXIYKzphs0+lfWiQI9vmbG\nfjx7ENQCbQAssB6Z0cfB6ejw3cyu2X2lNIfFJR2RUQKBgQD2Vymar1qlc5SfIkC0\nHOKbH2zs4SbB1jZIhjzNTuo9aNJpkLh1lxbOzEbJZy5tguSanbZFyapKNmVvb5QJ\nqvyLuTr6RRK2wYt9AzCoPAQTADj+gB7x6MWR9qXPB/pKWO2R1rrppsJ/yHM99vPI\nR3XOGP1A8FkIntHojsTbF57g1wKBgQDMS99v3eMqm34Bl9+EtL4LSmasTmSu2yk1\ne9NqmMZ+SFQJMo3CU00sRWdyODYH1bucfTjao44gKCdQwcEPKukb3v0ePSsWajjG\nBhmIGxm3VSqe2wGb61eL6M5gOh55UC9EjyvDldJIdueC9AHYq5+2AonCh8pocmYb\nQgKs2wRJ3QKBgCJGyIw0gBlrdq+Z1YT6S/GnssFXJsxr4QvAWe97Xo6C6lwz/eam\nyk6mD+dwSv6D6wk0jqsxP1eqL/0Men3J4/ARKwqt18fEMIOJkRinmS2Hp2aKL0Qb\nznnb5wBirMnxi8TyKvnd8UxUeOyTUyJ4BwVRZtPFXa4cYzrHus59f+brAoGAENx+\nP3xfwGd++eCwCQLl4IaufLAnrSrXdtuWcmjTkR6lGPE8M/quFuZPiGTNSM5CIsNP\nCvSOyWanAApNxdOz06IO4A0KXlo7/1QHjW03LSNxVhUbR+QfoKOBTP3fAAI3NIBg\ni071QRfXOb6r3Fcl4l7JQe31LbOra7qCAAQ/kV0CgYBVD4CiIuhgK3Mzx3WDX5C0\nXPC3G4fFrxCJ4d8R1iEheLCGiKllAUbTMTiyDSGdjhBHLs1i6GWt8krQDjNaxylg\npB43O9aCWK/9rj3yzSAkigPUhSWlkadR29uROZjOYm7imRyXLaEfivrZpy5C2aZj\n98o1+9VG9L5yqXgO1vze5g==\n-----END PRIVATE KEY-----\n",
                            "project": "handson-lab-user5",
                            "self_link": "https://www.googleapis.com/compute/v1/projects/handson-lab-user5/global/sslCertificates/bbl-env-saimaa-2018-04-19t03-41z20180419034202570600000001"
                        },
                        "meta": {},
                        "tainted": false
                    },
                    "deposed": [],
                    "provider": "provider.google"
                },
                "google_compute_subnetwork.bbl-subnet": {
                    "type": "google_compute_subnetwork",
                    "depends_on": [
                        "google_compute_network.bbl-network"
                    ],
                    "primary": {
                        "id": "us-central1/bbl-env-saimaa-2018-04-19t03-41z-subnet",
                        "attributes": {
                            "description": "",
                            "gateway_address": "10.0.0.1",
                            "id": "us-central1/bbl-env-saimaa-2018-04-19t03-41z-subnet",
                            "ip_cidr_range": "10.0.0.0/16",
                            "name": "bbl-env-saimaa-2018-04-19t03-41z-subnet",
                            "network": "https://www.googleapis.com/compute/v1/projects/handson-lab-user5/global/networks/bbl-env-saimaa-2018-04-19t03-41z-network",
                            "private_ip_google_access": "false",
                            "project": "handson-lab-user5",
                            "region": "us-central1",
                            "secondary_ip_range.#": "0",
                            "self_link": "https://www.googleapis.com/compute/v1/projects/handson-lab-user5/regions/us-central1/subnetworks/bbl-env-saimaa-2018-04-19t03-41z-subnet"
                        },
                        "meta": {
                            "e2bfb730-ecaa-11e6-8f88-34363bc7c4c0": {
                                "create": 360000000000,
                                "delete": 360000000000,
                                "update": 360000000000
                            }
                        },
                        "tainted": false
                    },
                    "deposed": [],
                    "provider": "provider.google"
                },
                "google_compute_target_http_proxy.cf-http-lb-proxy": {
                    "type": "google_compute_target_http_proxy",
                    "depends_on": [
                        "google_compute_url_map.cf-https-lb-url-map"
                    ],
                    "primary": {
                        "id": "bbl-env-saimaa-2018-04-19t03-41z-http-proxy",
                        "attributes": {
                            "description": "really a load balancer but listed as an http proxy",
                            "id": "bbl-env-saimaa-2018-04-19t03-41z-http-proxy",
                            "name": "bbl-env-saimaa-2018-04-19t03-41z-http-proxy",
                            "project": "handson-lab-user5",
                            "proxy_id": "3404644440599801562",
                            "self_link": "https://www.googleapis.com/compute/v1/projects/handson-lab-user5/global/targetHttpProxies/bbl-env-saimaa-2018-04-19t03-41z-http-proxy",
                            "url_map": "https://www.googleapis.com/compute/v1/projects/handson-lab-user5/global/urlMaps/bbl-env-saimaa-2018-04-19t03-41z-cf-http"
                        },
                        "meta": {},
                        "tainted": false
                    },
                    "deposed": [],
                    "provider": "provider.google"
                },
                "google_compute_target_https_proxy.cf-https-lb-proxy": {
                    "type": "google_compute_target_https_proxy",
                    "depends_on": [
                        "google_compute_ssl_certificate.cf-cert",
                        "google_compute_url_map.cf-https-lb-url-map"
                    ],
                    "primary": {
                        "id": "bbl-env-saimaa-2018-04-19t03-41z-https-proxy",
                        "attributes": {
                            "description": "really a load balancer but listed as an https proxy",
                            "id": "bbl-env-saimaa-2018-04-19t03-41z-https-proxy",
                            "name": "bbl-env-saimaa-2018-04-19t03-41z-https-proxy",
                            "project": "handson-lab-user5",
                            "proxy_id": "6035893280467955419",
                            "self_link": "https://www.googleapis.com/compute/v1/projects/handson-lab-user5/global/targetHttpsProxies/bbl-env-saimaa-2018-04-19t03-41z-https-proxy",
                            "ssl_certificates.#": "1",
                            "ssl_certificates.0": "https://www.googleapis.com/compute/v1/projects/handson-lab-user5/global/sslCertificates/bbl-env-saimaa-2018-04-19t03-41z20180419034202570600000001",
                            "url_map": "https://www.googleapis.com/compute/v1/projects/handson-lab-user5/global/urlMaps/bbl-env-saimaa-2018-04-19t03-41z-cf-http"
                        },
                        "meta": {},
                        "tainted": false
                    },
                    "deposed": [],
                    "provider": "provider.google"
                },
                "google_compute_target_pool.cf-ssh-proxy": {
                    "type": "google_compute_target_pool",
                    "depends_on": [],
                    "primary": {
                        "id": "bbl-env-saimaa-2018-04-19t03-41z-cf-ssh-proxy",
                        "attributes": {
                            "backup_pool": "",
                            "description": "",
                            "failover_ratio": "0",
                            "health_checks.#": "0",
                            "id": "bbl-env-saimaa-2018-04-19t03-41z-cf-ssh-proxy",
                            "instances.#": "1",
                            "instances.0": "us-central1-a/vm-1fb44bab-5ee7-4602-590b-7ac757eb959d",
                            "name": "bbl-env-saimaa-2018-04-19t03-41z-cf-ssh-proxy",
                            "project": "handson-lab-user5",
                            "region": "us-central1",
                            "self_link": "https://www.googleapis.com/compute/v1/projects/handson-lab-user5/regions/us-central1/targetPools/bbl-env-saimaa-2018-04-19t03-41z-cf-ssh-proxy",
                            "session_affinity": "NONE"
                        },
                        "meta": {},
                        "tainted": false
                    },
                    "deposed": [],
                    "provider": "provider.google"
                },
                "google_compute_target_pool.cf-tcp-router": {
                    "type": "google_compute_target_pool",
                    "depends_on": [
                        "google_compute_http_health_check.cf-tcp-router"
                    ],
                    "primary": {
                        "id": "bbl-env-saimaa-2018-04-19t03-41z-cf-tcp-router",
                        "attributes": {
                            "backup_pool": "",
                            "description": "",
                            "failover_ratio": "0",
                            "health_checks.#": "1",
                            "health_checks.0": "https://www.googleapis.com/compute/v1/projects/handson-lab-user5/global/httpHealthChecks/bbl-env-saimaa-2018-04-19t03-41z-cf-tcp-router",
                            "id": "bbl-env-saimaa-2018-04-19t03-41z-cf-tcp-router",
                            "instances.#": "1",
                            "instances.0": "us-central1-a/vm-d0f70fa8-6658-4031-7993-b258d3c5ad5b",
                            "name": "bbl-env-saimaa-2018-04-19t03-41z-cf-tcp-router",
                            "project": "handson-lab-user5",
                            "region": "us-central1",
                            "self_link": "https://www.googleapis.com/compute/v1/projects/handson-lab-user5/regions/us-central1/targetPools/bbl-env-saimaa-2018-04-19t03-41z-cf-tcp-router",
                            "session_affinity": "NONE"
                        },
                        "meta": {},
                        "tainted": false
                    },
                    "deposed": [],
                    "provider": "provider.google"
                },
                "google_compute_target_pool.cf-ws": {
                    "type": "google_compute_target_pool",
                    "depends_on": [
                        "google_compute_http_health_check.cf-public-health-check"
                    ],
                    "primary": {
                        "id": "bbl-env-saimaa-2018-04-19t03-41z-cf-ws",
                        "attributes": {
                            "backup_pool": "",
                            "description": "",
                            "failover_ratio": "0",
                            "health_checks.#": "1",
                            "health_checks.0": "https://www.googleapis.com/compute/v1/projects/handson-lab-user5/global/httpHealthChecks/bbl-env-saimaa-2018-04-19t03-41z-cf",
                            "id": "bbl-env-saimaa-2018-04-19t03-41z-cf-ws",
                            "instances.#": "1",
                            "instances.0": "us-central1-a/vm-54067f29-7bae-49b0-4720-7b389061ea16",
                            "name": "bbl-env-saimaa-2018-04-19t03-41z-cf-ws",
                            "project": "handson-lab-user5",
                            "region": "us-central1",
                            "self_link": "https://www.googleapis.com/compute/v1/projects/handson-lab-user5/regions/us-central1/targetPools/bbl-env-saimaa-2018-04-19t03-41z-cf-ws",
                            "session_affinity": "NONE"
                        },
                        "meta": {},
                        "tainted": false
                    },
                    "deposed": [],
                    "provider": "provider.google"
                },
                "google_compute_url_map.cf-https-lb-url-map": {
                    "type": "google_compute_url_map",
                    "depends_on": [
                        "google_compute_backend_service.router-lb-backend-service"
                    ],
                    "primary": {
                        "id": "bbl-env-saimaa-2018-04-19t03-41z-cf-http",
                        "attributes": {
                            "default_service": "https://www.googleapis.com/compute/v1/projects/handson-lab-user5/global/backendServices/bbl-env-saimaa-2018-04-19t03-41z-router-lb",
                            "fingerprint": "u3896a-EAFM=",
                            "host_rule.#": "0",
                            "id": "bbl-env-saimaa-2018-04-19t03-41z-cf-http",
                            "map_id": "8406698262739136199",
                            "name": "bbl-env-saimaa-2018-04-19t03-41z-cf-http",
                            "path_matcher.#": "0",
                            "project": "handson-lab-user5",
                            "self_link": "https://www.googleapis.com/compute/v1/projects/handson-lab-user5/global/urlMaps/bbl-env-saimaa-2018-04-19t03-41z-cf-http",
                            "test.#": "0"
                        },
                        "meta": {},
                        "tainted": false
                    },
                    "deposed": [],
                    "provider": "provider.google"
                }
            },
            "depends_on": []
        }
    ]
}
